{
  "version": 4,
  "terraform_version": "1.4.6",
  "serial": 1,
  "lineage": "2603ab51-cdc6-3f3c-0f22-afd457ce652a",
  "outputs": {
    "bank_info": {
      "value": {
        "key_alias": "alias/khalani-bank",
        "key_id": "e6615864-bc07-4b3c-9a70-11b2ed673506",
        "role_arn": "arn:aws:iam::803035318642:role/khalani-bank",
        "role_name": "khalani-bank"
      },
      "type": [
        "object",
        {
          "key_alias": "string",
          "key_id": "string",
          "role_arn": "string",
          "role_name": "string"
        }
      ]
    }
  },
  "resources": [
    {
      "mode": "managed",
      "type": "aws_iam_role",
      "name": "bank_role",
      "provider": "provider[\"registry.terraform.io/hashicorp/aws\"]",
      "instances": [
        {
          "schema_version": 0,
          "attributes": {
            "arn": "arn:aws:iam::803035318642:role/khalani-bank",
            "assume_role_policy": "{\"Statement\":[{\"Action\":\"sts:AssumeRole\",\"Effect\":\"Allow\",\"Principal\":{\"Service\":\"kms.amazonaws.com\"}}],\"Version\":\"2012-10-17\"}",
            "create_date": "2023-05-27T13:08:42Z",
            "description": "",
            "force_detach_policies": false,
            "id": "khalani-bank",
            "inline_policy": [],
            "managed_policy_arns": [],
            "max_session_duration": 3600,
            "name": "khalani-bank",
            "name_prefix": "",
            "path": "/",
            "permissions_boundary": null,
            "role_last_used": [
              {
                "last_used_date": "",
                "region": ""
              }
            ],
            "tags": null,
            "tags_all": {},
            "unique_id": "AROA3V6FCRFZLDFOJYYBC"
          },
          "sensitive_attributes": [],
          "private": "bnVsbA=="
        }
      ]
    },
    {
      "mode": "managed",
      "type": "aws_kms_alias",
      "name": "bank_alias",
      "provider": "provider[\"registry.terraform.io/hashicorp/aws\"]",
      "instances": [
        {
          "schema_version": 0,
          "attributes": {
            "arn": "arn:aws:kms:us-east-1:803035318642:alias/khalani-bank",
            "id": "alias/khalani-bank",
            "name": "alias/khalani-bank",
            "name_prefix": "",
            "target_key_arn": "arn:aws:kms:us-east-1:803035318642:key/e6615864-bc07-4b3c-9a70-11b2ed673506",
            "target_key_id": "e6615864-bc07-4b3c-9a70-11b2ed673506"
          },
          "sensitive_attributes": [],
          "private": "bnVsbA==",
          "dependencies": [
            "aws_iam_role.bank_role",
            "aws_kms_key.bank_key"
          ]
        }
      ]
    },
    {
      "mode": "managed",
      "type": "aws_kms_grant",
      "name": "kms_grant",
      "provider": "provider[\"registry.terraform.io/hashicorp/aws\"]",
      "instances": [
        {
          "schema_version": 0,
          "attributes": {
            "constraints": [],
            "grant_creation_tokens": null,
            "grant_id": "2e6b24fe1ccaf34ca0bf0037a08f288969241c85472ef08cc2021f2321b9fe01",
            "grant_token": "AQpAZTZmYjE0NTAzZTA4MzE1ZmY0NGJjYWE2MTM0M2RjY2ZhNjAyYjc1OGRkZGQ0MjhhMTdmZWQyMTdkNjBiODQyNyKKAgEBAgB45vsUUD4IMV_0S8qmE0Pcz6YCt1jd3UKKF_7SF9YLhCcAAADhMIHeBgkqhkiG9w0BBwaggdAwgc0CAQAwgccGCSqGSIb3DQEHATAeBglghkgBZQMEAS4wEQQMa56t9hA2yGr2SPEdAgEQgIGZeIlLQxD3jct2CpwFucq4YVGdUA8WbPi4jJ8jy9Wq7i_hPHmFWtsiatQwjtZkwb_u4hV8KpUxLLpsYD7Y9QBPI5gKC69zSqKGqgJqOgIZqfoO5kUOiN0mUjdzKrfy_EZsOnWVk4I9Skmf9-CdiqwgKx32guuNUkK7vYFTL2v62lni-eAX0HqOccZSIZKFbXMRKQSoukPiRZjCKiAuayT-HMrzTKC_ADegjyiJaSQchUcu8IzCAh8jIbn-AQ",
            "grantee_principal": "arn:aws:iam::803035318642:role/khalani-bank",
            "id": "e6615864-bc07-4b3c-9a70-11b2ed673506:2e6b24fe1ccaf34ca0bf0037a08f288969241c85472ef08cc2021f2321b9fe01",
            "key_id": "e6615864-bc07-4b3c-9a70-11b2ed673506",
            "name": null,
            "operations": [
              "GetPublicKey",
              "Sign"
            ],
            "retire_on_delete": false,
            "retiring_principal": null
          },
          "sensitive_attributes": [],
          "private": "bnVsbA==",
          "dependencies": [
            "aws_iam_role.bank_role",
            "aws_kms_key.bank_key"
          ]
        }
      ]
    },
    {
      "mode": "managed",
      "type": "aws_kms_key",
      "name": "bank_key",
      "provider": "provider[\"registry.terraform.io/hashicorp/aws\"]",
      "instances": [
        {
          "schema_version": 0,
          "attributes": {
            "arn": "arn:aws:kms:us-east-1:803035318642:key/e6615864-bc07-4b3c-9a70-11b2ed673506",
            "bypass_policy_lockout_safety_check": false,
            "custom_key_store_id": "",
            "customer_master_key_spec": "ECC_SECG_P256K1",
            "deletion_window_in_days": null,
            "description": "khalani-bank",
            "enable_key_rotation": false,
            "id": "e6615864-bc07-4b3c-9a70-11b2ed673506",
            "is_enabled": true,
            "key_id": "e6615864-bc07-4b3c-9a70-11b2ed673506",
            "key_usage": "SIGN_VERIFY",
            "multi_region": false,
            "policy": "{\"Statement\":[{\"Action\":[\"kms:GetPublicKey\",\"kms:Sign\"],\"Effect\":\"Allow\",\"Principal\":{\"AWS\":\"arn:aws:iam::803035318642:role/khalani-bank\"},\"Resource\":\"*\"},{\"Action\":[\"kms:*\"],\"Effect\":\"Allow\",\"Principal\":{\"AWS\":\"arn:aws:iam::803035318642:root\"},\"Resource\":\"*\"}],\"Version\":\"2012-10-17\"}",
            "tags": null,
            "tags_all": {}
          },
          "sensitive_attributes": [],
          "private": "bnVsbA==",
          "dependencies": [
            "aws_iam_role.bank_role"
          ]
        }
      ]
    }
  ],
  "check_results": null
}
