{
  "version": 4,
  "terraform_version": "1.5.7",
  "serial": 567,
  "lineage": "58edc935-f1c8-e439-bc4f-c77269f58942",
  "outputs": {
    "axon_address_info": {
      "value": [
        {
          "key_alias": "alias/khalani-axon-key-0",
          "key_id": "054a2c9a-38f2-43da-83cc-1353589ccc49",
          "role_arn": "arn:aws:iam::803035318642:role/khalani-axon-address-0",
          "role_name": "khalani-axon-address-0"
        },
        {
          "key_alias": "alias/khalani-axon-key-1",
          "key_id": "76b4932c-d0d5-4d65-9d77-b2ba29f3349a",
          "role_arn": "arn:aws:iam::803035318642:role/khalani-axon-address-1",
          "role_name": "khalani-axon-address-1"
        },
        {
          "key_alias": "alias/khalani-axon-key-2",
          "key_id": "c8f2eb5a-82a6-4550-8fc3-30c444048ad2",
          "role_arn": "arn:aws:iam::803035318642:role/khalani-axon-address-2",
          "role_name": "khalani-axon-address-2"
        }
      ],
      "type": [
        "tuple",
        [
          [
            "object",
            {
              "key_alias": "string",
              "key_id": "string",
              "role_arn": "string",
              "role_name": "string"
            }
          ],
          [
            "object",
            {
              "key_alias": "string",
              "key_id": "string",
              "role_arn": "string",
              "role_name": "string"
            }
          ],
          [
            "object",
            {
              "key_alias": "string",
              "key_id": "string",
              "role_arn": "string",
              "role_name": "string"
            }
          ]
        ]
      ]
    },
    "bank_info": {
      "value": {
        "key_alias": "alias/khalani-bank",
        "key_id": "e6615864-bc07-4b3c-9a70-11b2ed673506",
        "role_arn": "arn:aws:iam::803035318642:role/khalani-bank",
        "role_name": "khalani-bank"
      },
      "type": [
        "object",
        {
          "key_alias": "string",
          "key_id": "string",
          "role_arn": "string",
          "role_name": "string"
        }
      ]
    },
    "blockscout_info": {
      "value": {
        "database": {
          "identifier": "blockscout-6282",
          "key_base_arn": "arn:aws:secretsmanager:us-east-1:803035318642:secret:blockscout-key-base-secret20240217093101301200000002-9hKFkx",
          "name": "blockscout",
          "secret_arn": "arn:aws:secretsmanager:us-east-1:803035318642:secret:blockscout-database-secret-320240319133516281400000001-PMvoDY"
        }
      },
      "type": [
        "object",
        {
          "database": [
            "object",
            {
              "identifier": "string",
              "key_base_arn": "string",
              "name": "string",
              "secret_arn": "string"
            }
          ]
        }
      ]
    },
    "deployer_info": {
      "value": {
        "key_alias": "alias/khalani-deployer",
        "key_id": "37125f6c-6fc9-4000-ae57-726fd75ea060"
      },
      "type": [
        "object",
        {
          "key_alias": "string",
          "key_id": "string"
        }
      ]
    },
    "faucet_key_id": {
      "value": "63b0217e-68cf-4e4d-9269-b292765b8ae9",
      "type": "string"
    },
    "frontend_deployer_iam_user": {
      "value": "khalani-frontend-deployer",
      "type": "string"
    },
    "frontend_environments_info": {
      "value": [
        {
          "bucket_id": "arn:aws:s3:::app.testnet.khalani.network20230725132024337400000002",
          "distribution_id": "arn:aws:cloudfront::803035318642:distribution/E2XBMB6M7P5CH6"
        },
        {
          "bucket_id": "arn:aws:s3:::app.staging.khalani.network20230725132024333600000001",
          "distribution_id": "arn:aws:cloudfront::803035318642:distribution/E13PLNYU5I70KF"
        },
        {
          "bucket_id": "arn:aws:s3:::cross-chain-explorer.testnet.khalani.20230725130925384100000001",
          "distribution_id": "arn:aws:cloudfront::803035318642:distribution/E2PUFKBE38F0M9"
        },
        {
          "bucket_id": "arn:aws:s3:::cross-chain-explorer.staging.khalani.20230725130925384100000002",
          "distribution_id": "arn:aws:cloudfront::803035318642:distribution/E2H7AK2W4QTT1S"
        }
      ],
      "type": [
        "tuple",
        [
          [
            "object",
            {
              "bucket_id": "string",
              "distribution_id": "string"
            }
          ],
          [
            "object",
            {
              "bucket_id": "string",
              "distribution_id": "string"
            }
          ],
          [
            "object",
            {
              "bucket_id": "string",
              "distribution_id": "string"
            }
          ],
          [
            "object",
            {
              "bucket_id": "string",
              "distribution_id": "string"
            }
          ]
        ]
      ]
    },
    "funding_bot_role_arn_info": {
      "value": "arn:aws:iam::803035318642:role/funding-bot",
      "type": "string"
    },
    "hyperlane_godwoken_validator_info": {
      "value": [
        {
          "bucket_name": "godwoken-testnet-validator-signatures-0",
          "key_alias": "alias/godwoken-testnet-hyperlane-validator-signer-0",
          "key_id": "ab6dd8cd-fe35-4f5f-adcb-c89d22d1f019",
          "role_arn": "arn:aws:iam::803035318642:role/godwoken-testnet-hyperlane-validator-0",
          "role_name": "godwoken-testnet-hyperlane-validator-0"
        },
        {
          "bucket_name": "godwoken-testnet-validator-signatures-1",
          "key_alias": "alias/godwoken-testnet-hyperlane-validator-signer-1",
          "key_id": "60f05e4e-fc1c-482e-97ea-5f98a3492cb2",
          "role_arn": "arn:aws:iam::803035318642:role/godwoken-testnet-hyperlane-validator-1",
          "role_name": "godwoken-testnet-hyperlane-validator-1"
        },
        {
          "bucket_name": "godwoken-testnet-validator-signatures-2",
          "key_alias": "alias/godwoken-testnet-hyperlane-validator-signer-2",
          "key_id": "64607902-11a3-4210-9e86-b5fa31fdb7f9",
          "role_arn": "arn:aws:iam::803035318642:role/godwoken-testnet-hyperlane-validator-2",
          "role_name": "godwoken-testnet-hyperlane-validator-2"
        }
      ],
      "type": [
        "tuple",
        [
          [
            "object",
            {
              "bucket_name": "string",
              "key_alias": "string",
              "key_id": "string",
              "role_arn": "string",
              "role_name": "string"
            }
          ],
          [
            "object",
            {
              "bucket_name": "string",
              "key_alias": "string",
              "key_id": "string",
              "role_arn": "string",
              "role_name": "string"
            }
          ],
          [
            "object",
            {
              "bucket_name": "string",
              "key_alias": "string",
              "key_id": "string",
              "role_arn": "string",
              "role_name": "string"
            }
          ]
        ]
      ]
    },
    "hyperlane_relayer_info": {
      "value": [
        {
          "key_alias": "alias/khalani-hyperlane-relayer-fuji",
          "key_id": "13a24612-90ef-4f1e-8cf8-30cc578ecec9",
          "role_arn": "arn:aws:iam::803035318642:role/khalani-hyperlane-relayer-fuji",
          "role_name": "khalani-hyperlane-relayer-fuji"
        },
        {
          "key_alias": "alias/khalani-hyperlane-relayer-khalani-testnet",
          "key_id": "541a29cf-b62b-4b0c-9031-94e2d00dfd9f",
          "role_arn": "arn:aws:iam::803035318642:role/khalani-hyperlane-relayer-khalani-testnet",
          "role_name": "khalani-hyperlane-relayer-khalani-testnet"
        },
        {
          "key_alias": "alias/khalani-hyperlane-relayer-sepolia",
          "key_id": "fad4314e-78f9-4737-af2b-ba341b9f825f",
          "role_arn": "arn:aws:iam::803035318642:role/khalani-hyperlane-relayer-sepolia",
          "role_name": "khalani-hyperlane-relayer-sepolia"
        }
      ],
      "type": [
        "tuple",
        [
          [
            "object",
            {
              "key_alias": "string",
              "key_id": "string",
              "role_arn": "string",
              "role_name": "string"
            }
          ],
          [
            "object",
            {
              "key_alias": "string",
              "key_id": "string",
              "role_arn": "string",
              "role_name": "string"
            }
          ],
          [
            "object",
            {
              "key_alias": "string",
              "key_id": "string",
              "role_arn": "string",
              "role_name": "string"
            }
          ]
        ]
      ]
    },
    "hyperlane_validator_info": {
      "value": [
        {
          "bucket_name": "khalani-validator-signatures-0",
          "key_alias": "alias/khalani-hyperlane-validator-signer-0",
          "key_id": "dea61829-8c8e-4ec4-8d35-dddd11a729c6",
          "role_arn": "arn:aws:iam::803035318642:role/khalani-hyperlane-validator-0",
          "role_name": "khalani-hyperlane-validator-0"
        },
        {
          "bucket_name": "khalani-validator-signatures-1",
          "key_alias": "alias/khalani-hyperlane-validator-signer-1",
          "key_id": "8eb4c72c-aab5-4717-acdf-40bd6e92e2ca",
          "role_arn": "arn:aws:iam::803035318642:role/khalani-hyperlane-validator-1",
          "role_name": "khalani-hyperlane-validator-1"
        },
        {
          "bucket_name": "khalani-validator-signatures-2",
          "key_alias": "alias/khalani-hyperlane-validator-signer-2",
          "key_id": "05f1b9aa-6e84-47f0-84ad-2584473502ca",
          "role_arn": "arn:aws:iam::803035318642:role/khalani-hyperlane-validator-2",
          "role_name": "khalani-hyperlane-validator-2"
        }
      ],
      "type": [
        "tuple",
        [
          [
            "object",
            {
              "bucket_name": "string",
              "key_alias": "string",
              "key_id": "string",
              "role_arn": "string",
              "role_name": "string"
            }
          ],
          [
            "object",
            {
              "bucket_name": "string",
              "key_alias": "string",
              "key_id": "string",
              "role_arn": "string",
              "role_name": "string"
            }
          ],
          [
            "object",
            {
              "bucket_name": "string",
              "key_alias": "string",
              "key_id": "string",
              "role_arn": "string",
              "role_name": "string"
            }
          ]
        ]
      ]
    },
    "khalani_solver_info": {
      "value": {
        "cross-chain-market-maker": {
          "key_alias": "alias/cross-chain-market-maker",
          "key_id": "af255340-3ca4-44a6-8790-0e6ee7af6a80",
          "role_arn": "arn:aws:iam::803035318642:role/cross-chain-market-maker",
          "role_name": "cross-chain-market-maker"
        },
        "intentbook-matchmaker": {
          "key_alias": "alias/intentbook-matchmaker",
          "key_id": "f6f2fb92-0891-4eab-bc00-9c8dc78655ba",
          "role_arn": "arn:aws:iam::803035318642:role/intentbook-matchmaker",
          "role_name": "intentbook-matchmaker"
        },
        "settler": {
          "key_alias": "alias/settler",
          "key_id": "e4d7cf35-07f5-4aee-8b6c-936eb7c41bc4",
          "role_arn": "arn:aws:iam::803035318642:role/settler",
          "role_name": "settler"
        },
        "spoke-chain-caller": {
          "key_alias": "alias/spoke-chain-caller",
          "key_id": "2ea0dfb8-8299-4c6c-9cf9-d1a9d7f7506d",
          "role_arn": "arn:aws:iam::803035318642:role/spoke-chain-caller",
          "role_name": "spoke-chain-caller"
        }
      },
      "type": [
        "object",
        {
          "cross-chain-market-maker": [
            "object",
            {
              "key_alias": "string",
              "key_id": "string",
              "role_arn": "string",
              "role_name": "string"
            }
          ],
          "intentbook-matchmaker": [
            "object",
            {
              "key_alias": "string",
              "key_id": "string",
              "role_arn": "string",
              "role_name": "string"
            }
          ],
          "settler": [
            "object",
            {
              "key_alias": "string",
              "key_id": "string",
              "role_arn": "string",
              "role_name": "string"
            }
          ],
          "spoke-chain-caller": [
            "object",
            {
              "key_alias": "string",
              "key_id": "string",
              "role_arn": "string",
              "role_name": "string"
            }
          ]
        }
      ]
    }
  },
  "resources": [
    {
      "mode": "managed",
      "type": "aws_eks_addon",
      "name": "ebs-csi",
      "provider": "provider[\"registry.terraform.io/hashicorp/aws\"]",
      "instances": [
        {
          "schema_version": 0,
          "attributes": {
            "addon_name": "aws-ebs-csi-driver",
            "addon_version": "v1.18.0-eksbuild.1",
            "arn": "arn:aws:eks:us-east-1:803035318642:addon/axon-eks/aws-ebs-csi-driver/2ec40fbe-649c-26a4-7a9b-2a5f15f1fa43",
            "cluster_name": "axon-eks",
            "configuration_values": "",
            "created_at": "2023-05-15T12:57:31Z",
            "id": "axon-eks:aws-ebs-csi-driver",
            "modified_at": "2024-05-18T13:57:09Z",
            "preserve": null,
            "resolve_conflicts": null,
            "resolve_conflicts_on_create": null,
            "resolve_conflicts_on_update": null,
            "service_account_role_arn": "arn:aws:iam::803035318642:role/ebs-csi",
            "tags": {
              "eks_addon": "ebs-csi",
              "terraform": "true"
            },
            "tags_all": {
              "eks_addon": "ebs-csi",
              "terraform": "true"
            },
            "timeouts": null
          },
          "sensitive_attributes": [],
          "private": "eyJlMmJmYjczMC1lY2FhLTExZTYtOGY4OC0zNDM2M2JjN2M0YzAiOnsiY3JlYXRlIjoxMjAwMDAwMDAwMDAwLCJkZWxldGUiOjI0MDAwMDAwMDAwMDAsInVwZGF0ZSI6MTIwMDAwMDAwMDAwMH19",
          "dependencies": [
            "module.ebs_csi_irsa_role.aws_iam_role.this",
            "module.ebs_csi_irsa_role.data.aws_caller_identity.current",
            "module.ebs_csi_irsa_role.data.aws_iam_policy_document.this",
            "module.ebs_csi_irsa_role.data.aws_partition.current",
            "module.eks.aws_cloudwatch_log_group.this",
            "module.eks.aws_eks_cluster.this",
            "module.eks.aws_iam_openid_connect_provider.oidc_provider",
            "module.eks.aws_iam_role.this",
            "module.eks.aws_iam_role_policy_attachment.this",
            "module.eks.aws_security_group.cluster",
            "module.eks.aws_security_group.node",
            "module.eks.aws_security_group_rule.cluster",
            "module.eks.aws_security_group_rule.node",
            "module.eks.data.aws_caller_identity.current",
            "module.eks.data.aws_iam_policy_document.assume_role_policy",
            "module.eks.data.aws_partition.current",
            "module.eks.data.tls_certificate.this",
            "module.eks.module.kms.aws_kms_external_key.this",
            "module.eks.module.kms.aws_kms_key.this",
            "module.eks.module.kms.data.aws_caller_identity.current",
            "module.eks.module.kms.data.aws_iam_policy_document.this",
            "module.eks.module.kms.data.aws_partition.current",
            "module.vpc.aws_subnet.private",
            "module.vpc.aws_vpc.this",
            "module.vpc.aws_vpc_ipv4_cidr_block_association.this"
          ]
        }
      ]
    },
    {
      "mode": "managed",
      "type": "aws_security_group",
      "name": "remote_access",
      "provider": "provider[\"registry.terraform.io/hashicorp/aws\"]",
      "instances": [
        {
          "schema_version": 1,
          "attributes": {
            "arn": "arn:aws:ec2:us-east-1:803035318642:security-group/sg-018640274fa8607fb",
            "description": "Allow remote SSH access",
            "egress": [
              {
                "cidr_blocks": [
                  "0.0.0.0/0"
                ],
                "description": "",
                "from_port": 0,
                "ipv6_cidr_blocks": [
                  "::/0"
                ],
                "prefix_list_ids": [],
                "protocol": "-1",
                "security_groups": [],
                "self": false,
                "to_port": 0
              }
            ],
            "id": "sg-018640274fa8607fb",
            "ingress": [
              {
                "cidr_blocks": [
                  "10.3.0.0/16"
                ],
                "description": "SSH access",
                "from_port": 22,
                "ipv6_cidr_blocks": [],
                "prefix_list_ids": [],
                "protocol": "tcp",
                "security_groups": [],
                "self": false,
                "to_port": 22
              }
            ],
            "name": "axon-eks-remote-access20221017113527391100000005",
            "name_prefix": "axon-eks-remote-access",
            "owner_id": "803035318642",
            "revoke_rules_on_delete": false,
            "tags": {
              "type": "development"
            },
            "tags_all": {
              "type": "development"
            },
            "timeouts": null,
            "vpc_id": "vpc-0d19730efc69cf3eb"
          },
          "sensitive_attributes": [],
          "private": "eyJlMmJmYjczMC1lY2FhLTExZTYtOGY4OC0zNDM2M2JjN2M0YzAiOnsiY3JlYXRlIjo2MDAwMDAwMDAwMDAsImRlbGV0ZSI6OTAwMDAwMDAwMDAwfSwic2NoZW1hX3ZlcnNpb24iOiIxIn0=",
          "dependencies": [
            "module.vpc.aws_vpc.this"
          ],
          "create_before_destroy": true
        }
      ]
    },
    {
      "mode": "managed",
      "type": "aws_security_group",
      "name": "worker_group",
      "provider": "provider[\"registry.terraform.io/hashicorp/aws\"]",
      "instances": [
        {
          "schema_version": 1,
          "attributes": {
            "arn": "arn:aws:ec2:us-east-1:803035318642:security-group/sg-0a28ea6264ba18ddf",
            "description": "Managed by Terraform",
            "egress": [],
            "id": "sg-0a28ea6264ba18ddf",
            "ingress": [
              {
                "cidr_blocks": [
                  "10.3.0.0/16"
                ],
                "description": "",
                "from_port": 22,
                "ipv6_cidr_blocks": [],
                "prefix_list_ids": [],
                "protocol": "tcp",
                "security_groups": [],
                "self": false,
                "to_port": 22
              }
            ],
            "name": "worker_group20221017113527388600000004",
            "name_prefix": "worker_group",
            "owner_id": "803035318642",
            "revoke_rules_on_delete": false,
            "tags": {},
            "tags_all": {},
            "timeouts": null,
            "vpc_id": "vpc-0d19730efc69cf3eb"
          },
          "sensitive_attributes": [],
          "private": "eyJlMmJmYjczMC1lY2FhLTExZTYtOGY4OC0zNDM2M2JjN2M0YzAiOnsiY3JlYXRlIjo2MDAwMDAwMDAwMDAsImRlbGV0ZSI6OTAwMDAwMDAwMDAwfSwic2NoZW1hX3ZlcnNpb24iOiIxIn0=",
          "dependencies": [
            "module.vpc.aws_vpc.this"
          ]
        }
      ]
    },
    {
      "mode": "managed",
      "type": "helm_release",
      "name": "aws-load-balancer-controller",
      "provider": "provider[\"registry.terraform.io/hashicorp/helm\"]",
      "instances": [
        {
          "schema_version": 1,
          "attributes": {
            "atomic": false,
            "chart": "aws-load-balancer-controller",
            "cleanup_on_fail": false,
            "create_namespace": true,
            "dependency_update": false,
            "description": null,
            "devel": null,
            "disable_crd_hooks": false,
            "disable_openapi_validation": false,
            "disable_webhooks": false,
            "force_update": false,
            "id": "aws-load-balancer-controller",
            "keyring": null,
            "lint": false,
            "manifest": null,
            "max_history": 0,
            "metadata": [
              {
                "app_version": "v2.5.3",
                "chart": "aws-load-balancer-controller",
                "first_deployed": 1688567482,
                "last_deployed": 1688567482,
                "name": "aws-load-balancer-controller",
                "namespace": "kube-system",
                "notes": "AWS Load Balancer controller installed!\n",
                "revision": 1,
                "values": "{\"clusterName\":\"axon-eks\",\"serviceAccount\":{\"annotations\":{\"eks.amazonaws.com/role-arn\":\"arn:aws:iam::803035318642:role/aws-load-balancer-controller\"},\"create\":true,\"name\":\"aws-load-balancer-controller\"}}",
                "version": "1.5.4"
              }
            ],
            "name": "aws-load-balancer-controller",
            "namespace": "kube-system",
            "pass_credentials": false,
            "postrender": [],
            "recreate_pods": false,
            "render_subchart_notes": true,
            "replace": false,
            "repository": "https://aws.github.io/eks-charts",
            "repository_ca_file": null,
            "repository_cert_file": null,
            "repository_key_file": null,
            "repository_password": null,
            "repository_username": null,
            "reset_values": false,
            "reuse_values": false,
            "set": [
              {
                "name": "clusterName",
                "type": "",
                "value": "axon-eks"
              },
              {
                "name": "serviceAccount.annotations.eks\\.amazonaws\\.com/role-arn",
                "type": "",
                "value": "arn:aws:iam::803035318642:role/aws-load-balancer-controller"
              },
              {
                "name": "serviceAccount.create",
                "type": "",
                "value": "true"
              },
              {
                "name": "serviceAccount.name",
                "type": "",
                "value": "aws-load-balancer-controller"
              }
            ],
            "set_list": [],
            "set_sensitive": [],
            "skip_crds": false,
            "status": "deployed",
            "timeout": 300,
            "upgrade_install": null,
            "values": null,
            "verify": false,
            "version": "1.5.4",
            "wait": true,
            "wait_for_jobs": false
          },
          "sensitive_attributes": [],
          "private": "eyJzY2hlbWFfdmVyc2lvbiI6IjEifQ==",
          "dependencies": [
            "module.eks.aws_cloudwatch_log_group.this",
            "module.eks.aws_eks_cluster.this",
            "module.eks.aws_iam_openid_connect_provider.oidc_provider",
            "module.eks.aws_iam_role.this",
            "module.eks.aws_iam_role_policy_attachment.this",
            "module.eks.aws_security_group.cluster",
            "module.eks.aws_security_group.node",
            "module.eks.aws_security_group_rule.cluster",
            "module.eks.aws_security_group_rule.node",
            "module.eks.data.aws_caller_identity.current",
            "module.eks.data.aws_iam_policy_document.assume_role_policy",
            "module.eks.data.aws_partition.current",
            "module.eks.data.tls_certificate.this",
            "module.eks.module.kms.aws_kms_external_key.this",
            "module.eks.module.kms.aws_kms_key.this",
            "module.eks.module.kms.data.aws_caller_identity.current",
            "module.eks.module.kms.data.aws_iam_policy_document.this",
            "module.eks.module.kms.data.aws_partition.current",
            "module.load_balancer_irsa_role.aws_iam_role.this",
            "module.load_balancer_irsa_role.data.aws_caller_identity.current",
            "module.load_balancer_irsa_role.data.aws_iam_policy_document.this",
            "module.load_balancer_irsa_role.data.aws_partition.current",
            "module.vpc.aws_subnet.private",
            "module.vpc.aws_vpc.this",
            "module.vpc.aws_vpc_ipv4_cidr_block_association.this"
          ]
        }
      ]
    },
    {
      "mode": "managed",
      "type": "helm_release",
      "name": "external_dns",
      "provider": "provider[\"registry.terraform.io/hashicorp/helm\"]",
      "instances": [
        {
          "schema_version": 1,
          "attributes": {
            "atomic": false,
            "chart": "external-dns",
            "cleanup_on_fail": false,
            "create_namespace": true,
            "dependency_update": false,
            "description": null,
            "devel": null,
            "disable_crd_hooks": false,
            "disable_openapi_validation": false,
            "disable_webhooks": false,
            "force_update": false,
            "id": "external-dns",
            "keyring": null,
            "lint": false,
            "manifest": null,
            "max_history": 0,
            "metadata": [
              {
                "app_version": "0.13.4",
                "chart": "external-dns",
                "first_deployed": 1687881391,
                "last_deployed": 1687881391,
                "name": "external-dns",
                "namespace": "kube-addons",
                "notes": "CHART NAME: external-dns\nCHART VERSION: 6.20.4\nAPP VERSION: 0.13.4\n\n** Please be patient while the chart is being deployed **\n\nTo verify that external-dns has started, run:\n\n  kubectl --namespace=kube-addons get pods -l \"app.kubernetes.io/name=external-dns,app.kubernetes.io/instance=external-dns\"\n\n\n\n",
                "revision": 1,
                "values": "{\"domainFilters\":[\"khalani.network\"],\"podSecurityContext\":{\"fsGroup\":65534,\"runAsUser\":0},\"provider\":\"aws\",\"serviceAccount\":{\"annotations\":{\"eks.amazonaws.com/role-arn\":\"arn:aws:iam::803035318642:role/external-dns\"},\"name\":\"external-dns\"},\"txtOwnerId\":\"Z08187603SUPEDOLVG3SQ\"}",
                "version": "6.20.4"
              }
            ],
            "name": "external-dns",
            "namespace": "kube-addons",
            "pass_credentials": false,
            "postrender": [],
            "recreate_pods": false,
            "render_subchart_notes": true,
            "replace": false,
            "repository": "https://charts.bitnami.com/bitnami",
            "repository_ca_file": null,
            "repository_cert_file": null,
            "repository_key_file": null,
            "repository_password": null,
            "repository_username": null,
            "reset_values": false,
            "reuse_values": false,
            "set": [
              {
                "name": "domainFilters[0]",
                "type": "",
                "value": "khalani.network"
              },
              {
                "name": "podSecurityContext.fsGroup",
                "type": "",
                "value": "65534"
              },
              {
                "name": "podSecurityContext.runAsUser",
                "type": "",
                "value": "0"
              },
              {
                "name": "provider",
                "type": "",
                "value": "aws"
              },
              {
                "name": "serviceAccount.annotations.eks\\.amazonaws\\.com/role-arn",
                "type": "",
                "value": "arn:aws:iam::803035318642:role/external-dns"
              },
              {
                "name": "serviceAccount.name",
                "type": "",
                "value": "external-dns"
              },
              {
                "name": "txtOwnerId",
                "type": "",
                "value": "Z08187603SUPEDOLVG3SQ"
              }
            ],
            "set_list": [],
            "set_sensitive": [],
            "skip_crds": false,
            "status": "deployed",
            "timeout": 300,
            "upgrade_install": null,
            "values": null,
            "verify": false,
            "version": "6.20.4",
            "wait": true,
            "wait_for_jobs": false
          },
          "sensitive_attributes": [],
          "private": "eyJzY2hlbWFfdmVyc2lvbiI6IjEifQ==",
          "dependencies": [
            "module.eks.aws_cloudwatch_log_group.this",
            "module.eks.aws_eks_cluster.this",
            "module.eks.aws_iam_openid_connect_provider.oidc_provider",
            "module.eks.aws_iam_role.this",
            "module.eks.aws_iam_role_policy_attachment.this",
            "module.eks.aws_security_group.cluster",
            "module.eks.aws_security_group.node",
            "module.eks.aws_security_group_rule.cluster",
            "module.eks.aws_security_group_rule.node",
            "module.eks.data.aws_caller_identity.current",
            "module.eks.data.aws_iam_policy_document.assume_role_policy",
            "module.eks.data.aws_partition.current",
            "module.eks.data.tls_certificate.this",
            "module.eks.module.kms.aws_kms_external_key.this",
            "module.eks.module.kms.aws_kms_key.this",
            "module.eks.module.kms.data.aws_caller_identity.current",
            "module.eks.module.kms.data.aws_iam_policy_document.this",
            "module.eks.module.kms.data.aws_partition.current",
            "module.external_dns_irsa_role.aws_iam_role.this",
            "module.external_dns_irsa_role.data.aws_caller_identity.current",
            "module.external_dns_irsa_role.data.aws_iam_policy_document.this",
            "module.external_dns_irsa_role.data.aws_partition.current",
            "module.vpc.aws_subnet.private",
            "module.vpc.aws_vpc.this",
            "module.vpc.aws_vpc_ipv4_cidr_block_association.this"
          ]
        }
      ]
    },
    {
      "mode": "managed",
      "type": "helm_release",
      "name": "ingress-nginx",
      "provider": "provider[\"registry.terraform.io/hashicorp/helm\"]",
      "instances": [
        {
          "schema_version": 1,
          "attributes": {
            "atomic": false,
            "chart": "ingress-nginx",
            "cleanup_on_fail": false,
            "create_namespace": true,
            "dependency_update": false,
            "description": null,
            "devel": null,
            "disable_crd_hooks": false,
            "disable_openapi_validation": false,
            "disable_webhooks": false,
            "force_update": false,
            "id": "ingress-nginx",
            "keyring": null,
            "lint": false,
            "manifest": null,
            "max_history": 0,
            "metadata": [
              {
                "app_version": "1.8.1",
                "chart": "ingress-nginx",
                "first_deployed": 1688488342,
                "last_deployed": 1689252617,
                "name": "ingress-nginx",
                "namespace": "ingress-nginx",
                "notes": "The ingress-nginx controller has been installed.\nIt may take a few minutes for the LoadBalancer IP to be available.\nYou can watch the status by running 'kubectl --namespace ingress-nginx get services -o wide -w ingress-nginx-controller'\n\nAn example Ingress that makes use of the controller:\n  apiVersion: networking.k8s.io/v1\n  kind: Ingress\n  metadata:\n    name: example\n    namespace: foo\n  spec:\n    ingressClassName: nginx\n    rules:\n      - host: www.example.com\n        http:\n          paths:\n            - pathType: Prefix\n              backend:\n                service:\n                  name: exampleService\n                  port:\n                    number: 80\n              path: /\n    # This section is only required if TLS is to be enabled for the Ingress\n    tls:\n      - hosts:\n        - www.example.com\n        secretName: example-tls\n\nIf TLS is enabled for the Ingress, a Secret containing the certificate and key must also be provided:\n\n  apiVersion: v1\n  kind: Secret\n  metadata:\n    name: example-tls\n    namespace: foo\n  data:\n    tls.crt: \u003cbase64 encoded cert\u003e\n    tls.key: \u003cbase64 encoded key\u003e\n  type: kubernetes.io/tls\n",
                "revision": 7,
                "values": "{\"controller\":{\"service\":{\"annotations\":{\"service.beta.kubernetes.io/aws-load-balancer-backend-protocol\":\"http\",\"service.beta.kubernetes.io/aws-load-balancer-connection-idle-timeout\":3600,\"service.beta.kubernetes.io/aws-load-balancer-scheme\":\"internet-facing\",\"service.beta.kubernetes.io/aws-load-balancer-ssl-cert\":\"arn:aws:acm:us-east-1:803035318642:certificate/adc6a739-925b-40a5-9537-4306e0e3dc56\",\"service.beta.kubernetes.io/aws-load-balancer-ssl-ports\":\"https\"},\"targetPorts\":{\"http\":\"http\",\"https\":\"http\"}}}}",
                "version": "4.7.1"
              }
            ],
            "name": "ingress-nginx",
            "namespace": "ingress-nginx",
            "pass_credentials": false,
            "postrender": [],
            "recreate_pods": false,
            "render_subchart_notes": true,
            "replace": false,
            "repository": "https://kubernetes.github.io/ingress-nginx",
            "repository_ca_file": null,
            "repository_cert_file": null,
            "repository_key_file": null,
            "repository_password": null,
            "repository_username": null,
            "reset_values": false,
            "reuse_values": false,
            "set": [
              {
                "name": "controller.service.annotations.service\\.beta\\.kubernetes\\.io/aws-load-balancer-backend-protocol",
                "type": "",
                "value": "http"
              },
              {
                "name": "controller.service.annotations.service\\.beta\\.kubernetes\\.io/aws-load-balancer-connection-idle-timeout",
                "type": "",
                "value": "3600"
              },
              {
                "name": "controller.service.annotations.service\\.beta\\.kubernetes\\.io/aws-load-balancer-scheme",
                "type": "",
                "value": "internet-facing"
              },
              {
                "name": "controller.service.annotations.service\\.beta\\.kubernetes\\.io/aws-load-balancer-ssl-cert",
                "type": "",
                "value": "arn:aws:acm:us-east-1:803035318642:certificate/adc6a739-925b-40a5-9537-4306e0e3dc56"
              },
              {
                "name": "controller.service.annotations.service\\.beta\\.kubernetes\\.io/aws-load-balancer-ssl-ports",
                "type": "",
                "value": "https"
              },
              {
                "name": "controller.service.targetPorts.http",
                "type": "",
                "value": "http"
              },
              {
                "name": "controller.service.targetPorts.https",
                "type": "",
                "value": "http"
              }
            ],
            "set_list": [],
            "set_sensitive": [],
            "skip_crds": false,
            "status": "deployed",
            "timeout": 300,
            "upgrade_install": null,
            "values": null,
            "verify": false,
            "version": "4.7.1",
            "wait": true,
            "wait_for_jobs": false
          },
          "sensitive_attributes": [],
          "private": "eyJzY2hlbWFfdmVyc2lvbiI6IjEifQ==",
          "dependencies": [
            "module.eks.aws_cloudwatch_log_group.this",
            "module.eks.aws_eks_cluster.this",
            "module.eks.aws_iam_role.this",
            "module.eks.aws_iam_role_policy_attachment.this",
            "module.eks.aws_security_group.cluster",
            "module.eks.aws_security_group.node",
            "module.eks.aws_security_group_rule.cluster",
            "module.eks.aws_security_group_rule.node",
            "module.eks.data.aws_caller_identity.current",
            "module.eks.data.aws_iam_policy_document.assume_role_policy",
            "module.eks.data.aws_partition.current",
            "module.eks.module.kms.aws_kms_external_key.this",
            "module.eks.module.kms.aws_kms_key.this",
            "module.eks.module.kms.data.aws_caller_identity.current",
            "module.eks.module.kms.data.aws_iam_policy_document.this",
            "module.eks.module.kms.data.aws_partition.current",
            "module.vpc.aws_subnet.private",
            "module.vpc.aws_vpc.this",
            "module.vpc.aws_vpc_ipv4_cidr_block_association.this"
          ]
        }
      ]
    },
    {
      "mode": "managed",
      "type": "helm_release",
      "name": "reloader",
      "provider": "provider[\"registry.terraform.io/hashicorp/helm\"]",
      "instances": [
        {
          "schema_version": 1,
          "attributes": {
            "atomic": false,
            "chart": "reloader",
            "cleanup_on_fail": false,
            "create_namespace": true,
            "dependency_update": false,
            "description": null,
            "devel": null,
            "disable_crd_hooks": false,
            "disable_openapi_validation": false,
            "disable_webhooks": false,
            "force_update": false,
            "id": "reloader",
            "keyring": null,
            "lint": false,
            "manifest": null,
            "max_history": 0,
            "metadata": [
              {
                "app_version": "v1.0.29",
                "chart": "reloader",
                "first_deployed": 1687959595,
                "last_deployed": 1687959595,
                "name": "reloader",
                "namespace": "kube-addons",
                "notes": "- For a `Deployment` called `foo` have a `ConfigMap` called `foo-configmap`. Then add this annotation to main metadata of your `Deployment`\n  configmap.reloader.stakater.com/reload: \"foo-configmap\"\n\n- For a `Deployment` called `foo` have a `Secret` called `foo-secret`. Then add this annotation to main metadata of your `Deployment`\n  secret.reloader.stakater.com/reload: \"foo-secret\"\n\n- After successful installation, your pods will get rolling updates when a change in data of configmap or secret will happen.\n",
                "revision": 1,
                "values": "{}",
                "version": "1.0.29"
              }
            ],
            "name": "reloader",
            "namespace": "kube-addons",
            "pass_credentials": false,
            "postrender": [],
            "recreate_pods": false,
            "render_subchart_notes": true,
            "replace": false,
            "repository": "https://stakater.github.io/stakater-charts",
            "repository_ca_file": null,
            "repository_cert_file": null,
            "repository_key_file": null,
            "repository_password": null,
            "repository_username": null,
            "reset_values": false,
            "reuse_values": false,
            "set": [],
            "set_list": [],
            "set_sensitive": [],
            "skip_crds": false,
            "status": "deployed",
            "timeout": 300,
            "upgrade_install": null,
            "values": null,
            "verify": false,
            "version": "1.0.29",
            "wait": true,
            "wait_for_jobs": false
          },
          "sensitive_attributes": [],
          "private": "eyJzY2hlbWFfdmVyc2lvbiI6IjEifQ==",
          "dependencies": [
            "module.eks.aws_cloudwatch_log_group.this",
            "module.eks.aws_eks_cluster.this",
            "module.eks.aws_iam_role.this",
            "module.eks.aws_iam_role_policy_attachment.this",
            "module.eks.aws_security_group.cluster",
            "module.eks.aws_security_group.node",
            "module.eks.aws_security_group_rule.cluster",
            "module.eks.aws_security_group_rule.node",
            "module.eks.data.aws_caller_identity.current",
            "module.eks.data.aws_iam_policy_document.assume_role_policy",
            "module.eks.data.aws_partition.current",
            "module.eks.module.kms.aws_kms_external_key.this",
            "module.eks.module.kms.aws_kms_key.this",
            "module.eks.module.kms.data.aws_caller_identity.current",
            "module.eks.module.kms.data.aws_iam_policy_document.this",
            "module.eks.module.kms.data.aws_partition.current",
            "module.vpc.aws_subnet.private",
            "module.vpc.aws_vpc.this",
            "module.vpc.aws_vpc_ipv4_cidr_block_association.this"
          ]
        }
      ]
    },
    {
      "mode": "managed",
      "type": "kubernetes_namespace",
      "name": "axon",
      "provider": "provider[\"registry.terraform.io/hashicorp/kubernetes\"]",
      "instances": [
        {
          "index_key": "axon",
          "schema_version": 0,
          "attributes": {
            "id": "axon",
            "metadata": [
              {
                "annotations": {},
                "generate_name": "",
                "generation": 0,
                "labels": {},
                "name": "axon",
                "resource_version": "65263986",
                "uid": "a774d420-7e5c-4fb5-ab28-406168a1db05"
              }
            ],
            "timeouts": null,
            "wait_for_default_service_account": null
          },
          "sensitive_attributes": [],
          "private": "eyJlMmJmYjczMC1lY2FhLTExZTYtOGY4OC0zNDM2M2JjN2M0YzAiOnsiZGVsZXRlIjozMDAwMDAwMDAwMDB9fQ==",
          "dependencies": [
            "module.eks.aws_cloudwatch_log_group.this",
            "module.eks.aws_eks_cluster.this",
            "module.eks.aws_iam_role.this",
            "module.eks.aws_iam_role_policy_attachment.this",
            "module.eks.aws_security_group.cluster",
            "module.eks.aws_security_group.node",
            "module.eks.aws_security_group_rule.cluster",
            "module.eks.aws_security_group_rule.node",
            "module.eks.data.aws_caller_identity.current",
            "module.eks.data.aws_iam_policy_document.assume_role_policy",
            "module.eks.data.aws_partition.current",
            "module.eks.module.kms.aws_kms_external_key.this",
            "module.eks.module.kms.aws_kms_key.this",
            "module.eks.module.kms.data.aws_caller_identity.current",
            "module.eks.module.kms.data.aws_iam_policy_document.this",
            "module.eks.module.kms.data.aws_partition.current",
            "module.vpc.aws_subnet.private",
            "module.vpc.aws_vpc.this",
            "module.vpc.aws_vpc_ipv4_cidr_block_association.this"
          ]
        }
      ]
    },
    {
      "module": "module.axon-address",
      "mode": "managed",
      "type": "aws_iam_role",
      "name": "axon_role",
      "provider": "provider[\"registry.terraform.io/hashicorp/aws\"]",
      "instances": [
        {
          "index_key": 0,
          "schema_version": 0,
          "attributes": {
            "arn": "arn:aws:iam::803035318642:role/khalani-axon-address-0",
            "assume_role_policy": "{\"Statement\":[{\"Action\":\"sts:AssumeRole\",\"Effect\":\"Allow\",\"Principal\":{\"Service\":\"kms.amazonaws.com\"}}],\"Version\":\"2012-10-17\"}",
            "create_date": "2023-05-23T12:51:01Z",
            "description": "",
            "force_detach_policies": false,
            "id": "khalani-axon-address-0",
            "inline_policy": [],
            "managed_policy_arns": [],
            "max_session_duration": 3600,
            "name": "khalani-axon-address-0",
            "name_prefix": "",
            "path": "/",
            "permissions_boundary": "",
            "tags": {},
            "tags_all": {},
            "unique_id": "AROA3V6FCRFZM4SG7YB6Q"
          },
          "sensitive_attributes": [],
          "private": "bnVsbA=="
        },
        {
          "index_key": 1,
          "schema_version": 0,
          "attributes": {
            "arn": "arn:aws:iam::803035318642:role/khalani-axon-address-1",
            "assume_role_policy": "{\"Statement\":[{\"Action\":\"sts:AssumeRole\",\"Effect\":\"Allow\",\"Principal\":{\"Service\":\"kms.amazonaws.com\"}}],\"Version\":\"2012-10-17\"}",
            "create_date": "2023-05-23T12:51:01Z",
            "description": "",
            "force_detach_policies": false,
            "id": "khalani-axon-address-1",
            "inline_policy": [],
            "managed_policy_arns": [],
            "max_session_duration": 3600,
            "name": "khalani-axon-address-1",
            "name_prefix": "",
            "path": "/",
            "permissions_boundary": "",
            "tags": {},
            "tags_all": {},
            "unique_id": "AROA3V6FCRFZC5NNFRT3P"
          },
          "sensitive_attributes": [],
          "private": "bnVsbA=="
        },
        {
          "index_key": 2,
          "schema_version": 0,
          "attributes": {
            "arn": "arn:aws:iam::803035318642:role/khalani-axon-address-2",
            "assume_role_policy": "{\"Statement\":[{\"Action\":\"sts:AssumeRole\",\"Effect\":\"Allow\",\"Principal\":{\"Service\":\"kms.amazonaws.com\"}}],\"Version\":\"2012-10-17\"}",
            "create_date": "2023-05-23T12:51:01Z",
            "description": "",
            "force_detach_policies": false,
            "id": "khalani-axon-address-2",
            "inline_policy": [],
            "managed_policy_arns": [],
            "max_session_duration": 3600,
            "name": "khalani-axon-address-2",
            "name_prefix": "",
            "path": "/",
            "permissions_boundary": "",
            "tags": {},
            "tags_all": {},
            "unique_id": "AROA3V6FCRFZBZJYX3X3D"
          },
          "sensitive_attributes": [],
          "private": "bnVsbA=="
        }
      ]
    },
    {
      "module": "module.axon-address",
      "mode": "managed",
      "type": "aws_kms_alias",
      "name": "axon_alias",
      "provider": "provider[\"registry.terraform.io/hashicorp/aws\"]",
      "instances": [
        {
          "index_key": 0,
          "schema_version": 0,
          "attributes": {
            "arn": "arn:aws:kms:us-east-1:803035318642:alias/khalani-axon-key-0",
            "id": "alias/khalani-axon-key-0",
            "name": "alias/khalani-axon-key-0",
            "name_prefix": "",
            "target_key_arn": "arn:aws:kms:us-east-1:803035318642:key/054a2c9a-38f2-43da-83cc-1353589ccc49",
            "target_key_id": "054a2c9a-38f2-43da-83cc-1353589ccc49"
          },
          "sensitive_attributes": [],
          "private": "bnVsbA==",
          "dependencies": [
            "module.axon-address.aws_iam_role.axon_role",
            "module.axon-address.aws_kms_key.axon_key"
          ]
        },
        {
          "index_key": 1,
          "schema_version": 0,
          "attributes": {
            "arn": "arn:aws:kms:us-east-1:803035318642:alias/khalani-axon-key-1",
            "id": "alias/khalani-axon-key-1",
            "name": "alias/khalani-axon-key-1",
            "name_prefix": "",
            "target_key_arn": "arn:aws:kms:us-east-1:803035318642:key/76b4932c-d0d5-4d65-9d77-b2ba29f3349a",
            "target_key_id": "76b4932c-d0d5-4d65-9d77-b2ba29f3349a"
          },
          "sensitive_attributes": [],
          "private": "bnVsbA==",
          "dependencies": [
            "module.axon-address.aws_iam_role.axon_role",
            "module.axon-address.aws_kms_key.axon_key"
          ]
        },
        {
          "index_key": 2,
          "schema_version": 0,
          "attributes": {
            "arn": "arn:aws:kms:us-east-1:803035318642:alias/khalani-axon-key-2",
            "id": "alias/khalani-axon-key-2",
            "name": "alias/khalani-axon-key-2",
            "name_prefix": "",
            "target_key_arn": "arn:aws:kms:us-east-1:803035318642:key/c8f2eb5a-82a6-4550-8fc3-30c444048ad2",
            "target_key_id": "c8f2eb5a-82a6-4550-8fc3-30c444048ad2"
          },
          "sensitive_attributes": [],
          "private": "bnVsbA==",
          "dependencies": [
            "module.axon-address.aws_iam_role.axon_role",
            "module.axon-address.aws_kms_key.axon_key"
          ]
        }
      ]
    },
    {
      "module": "module.axon-address",
      "mode": "managed",
      "type": "aws_kms_grant",
      "name": "kms_grant",
      "provider": "provider[\"registry.terraform.io/hashicorp/aws\"]",
      "instances": [
        {
          "index_key": 0,
          "schema_version": 0,
          "attributes": {
            "constraints": [],
            "grant_creation_tokens": null,
            "grant_id": "d8e1d98cb7fe6a5962a842f43572fbb8571e92e2de95ef151486403be810aba9",
            "grant_token": "AQpAZTZmYjE0NTAzZTA4MzE1ZmY0NGJjYWE2MTM0M2RjY2ZhNjAyYjc1OGRkZGQ0MjhhMTdmZWQyMTdkNjBiODQyNyKKAgEBAgB45vsUUD4IMV_0S8qmE0Pcz6YCt1jd3UKKF_7SF9YLhCcAAADhMIHeBgkqhkiG9w0BBwaggdAwgc0CAQAwgccGCSqGSIb3DQEHATAeBglghkgBZQMEAS4wEQQMRVb3-HzqFjMm3U0BAgEQgIGZBORWzgWvaURuDKwkfR_l-awNdmCKu9OUdGdS_X6bBn593k7jlgSryMZWHcsk9ETcRgWRMrbcVglfVWY78r_swlQ9whk0cLaQLgw2_wNUWmPMqEQ48hp8WimNsOZGiJ2WBLHUqwja9ggktMdT7Sq2IjF5idhOmjPF_WE_aJQf4Fr1JaYL9omL7CM1QO6A38tgPVKHHVOksCNlKiDY4dmMt_5qWWKoQvQ1cvu4Vx6S4t6V7xUUhkA76BCrqQ",
            "grantee_principal": "arn:aws:iam::803035318642:role/khalani-axon-address-0",
            "id": "054a2c9a-38f2-43da-83cc-1353589ccc49:d8e1d98cb7fe6a5962a842f43572fbb8571e92e2de95ef151486403be810aba9",
            "key_id": "054a2c9a-38f2-43da-83cc-1353589ccc49",
            "name": null,
            "operations": [
              "GetPublicKey",
              "Sign"
            ],
            "retire_on_delete": false,
            "retiring_principal": null
          },
          "sensitive_attributes": [],
          "private": "bnVsbA==",
          "dependencies": [
            "module.axon-address.aws_iam_role.axon_role",
            "module.axon-address.aws_kms_key.axon_key"
          ]
        },
        {
          "index_key": 1,
          "schema_version": 0,
          "attributes": {
            "constraints": [],
            "grant_creation_tokens": null,
            "grant_id": "f594c7ef8a00404e7704385a4dad5f3ac24da8b65bd11c76650b2c2a6a81e128",
            "grant_token": "AQpAZTZmYjE0NTAzZTA4MzE1ZmY0NGJjYWE2MTM0M2RjY2ZhNjAyYjc1OGRkZGQ0MjhhMTdmZWQyMTdkNjBiODQyNyKKAgEBAgB45vsUUD4IMV_0S8qmE0Pcz6YCt1jd3UKKF_7SF9YLhCcAAADhMIHeBgkqhkiG9w0BBwaggdAwgc0CAQAwgccGCSqGSIb3DQEHATAeBglghkgBZQMEAS4wEQQMgyh8zNpaYCCx-Nd0AgEQgIGZF7k6IeVFBfuZv3S4sueNIn9a-RHrVyJ7yCX-GVFahGqNpEfb1UX2Iwk7sxIkS_xZSleQ6bpuA_ftdDpv1Xg8T7hzwqzrzSpOJk3Snm6SdpknpqNQujIw0tMjD4oxvpljmpWzKw8j3wPmguLhmN2_EiX7kytlxtnhylVWiZr7PU4ZuQ_aTIuDRqs0fgXMNYqKzrr5NcdXmn3TKiD1lMfvigBATncEOFpNrV86wk2otlvRHHZlCywqaoHhKA",
            "grantee_principal": "arn:aws:iam::803035318642:role/khalani-axon-address-1",
            "id": "76b4932c-d0d5-4d65-9d77-b2ba29f3349a:f594c7ef8a00404e7704385a4dad5f3ac24da8b65bd11c76650b2c2a6a81e128",
            "key_id": "76b4932c-d0d5-4d65-9d77-b2ba29f3349a",
            "name": null,
            "operations": [
              "GetPublicKey",
              "Sign"
            ],
            "retire_on_delete": false,
            "retiring_principal": null
          },
          "sensitive_attributes": [],
          "private": "bnVsbA==",
          "dependencies": [
            "module.axon-address.aws_iam_role.axon_role",
            "module.axon-address.aws_kms_key.axon_key"
          ]
        },
        {
          "index_key": 2,
          "schema_version": 0,
          "attributes": {
            "constraints": [],
            "grant_creation_tokens": null,
            "grant_id": "e4c3a4eeda5d1ed740a17c9333bedf9a02895cb9ff41047685bc88a135392531",
            "grant_token": "AQpAZTZmYjE0NTAzZTA4MzE1ZmY0NGJjYWE2MTM0M2RjY2ZhNjAyYjc1OGRkZGQ0MjhhMTdmZWQyMTdkNjBiODQyNyKKAgEBAgB45vsUUD4IMV_0S8qmE0Pcz6YCt1jd3UKKF_7SF9YLhCcAAADhMIHeBgkqhkiG9w0BBwaggdAwgc0CAQAwgccGCSqGSIb3DQEHATAeBglghkgBZQMEAS4wEQQM3BzziCAV2pCay4kyAgEQgIGZyzj6ui3WmBldunqDnEiCJ6FmejCexc71RXbVKUOeSMvwnqshtt3krZSmr4wIcMO8lYcCUDz4rK7QIOcHddsv_nnRjwwwKNTd5bH6-MzkgyHqaYHEet2Zd_N3wwwafMZUgzAyVdq5WCm_dZSul78Srz_DuJU8eHgQ3J2WwuiQQ_nOB0zf_Imaz-Vf3hpkR0MXIyUViUEAjnfPKiDkw6Tu2l0e10ChfJMzvt-aAolcuf9BBHaFvIihNTklMQ",
            "grantee_principal": "arn:aws:iam::803035318642:role/khalani-axon-address-2",
            "id": "c8f2eb5a-82a6-4550-8fc3-30c444048ad2:e4c3a4eeda5d1ed740a17c9333bedf9a02895cb9ff41047685bc88a135392531",
            "key_id": "c8f2eb5a-82a6-4550-8fc3-30c444048ad2",
            "name": null,
            "operations": [
              "GetPublicKey",
              "Sign"
            ],
            "retire_on_delete": false,
            "retiring_principal": null
          },
          "sensitive_attributes": [],
          "private": "bnVsbA==",
          "dependencies": [
            "module.axon-address.aws_iam_role.axon_role",
            "module.axon-address.aws_kms_key.axon_key"
          ]
        }
      ]
    },
    {
      "module": "module.axon-address",
      "mode": "managed",
      "type": "aws_kms_key",
      "name": "axon_key",
      "provider": "provider[\"registry.terraform.io/hashicorp/aws\"]",
      "instances": [
        {
          "index_key": 0,
          "schema_version": 0,
          "attributes": {
            "arn": "arn:aws:kms:us-east-1:803035318642:key/054a2c9a-38f2-43da-83cc-1353589ccc49",
            "bypass_policy_lockout_safety_check": false,
            "custom_key_store_id": "",
            "customer_master_key_spec": "ECC_SECG_P256K1",
            "deletion_window_in_days": null,
            "description": "alias/khalani-axon-key-0",
            "enable_key_rotation": false,
            "id": "054a2c9a-38f2-43da-83cc-1353589ccc49",
            "is_enabled": true,
            "key_id": "054a2c9a-38f2-43da-83cc-1353589ccc49",
            "key_usage": "SIGN_VERIFY",
            "multi_region": false,
            "policy": "{\"Statement\":[{\"Action\":[\"kms:GetPublicKey\",\"kms:Sign\"],\"Effect\":\"Allow\",\"Principal\":{\"AWS\":\"arn:aws:iam::803035318642:role/khalani-axon-address-0\"},\"Resource\":\"*\"},{\"Action\":[\"kms:*\"],\"Effect\":\"Allow\",\"Principal\":{\"AWS\":\"arn:aws:iam::803035318642:root\"},\"Resource\":\"*\"}],\"Version\":\"2012-10-17\"}",
            "rotation_period_in_days": 0,
            "tags": {},
            "tags_all": {},
            "timeouts": null,
            "xks_key_id": ""
          },
          "sensitive_attributes": [],
          "private": "bnVsbA==",
          "dependencies": [
            "module.axon-address.aws_iam_role.axon_role"
          ]
        },
        {
          "index_key": 1,
          "schema_version": 0,
          "attributes": {
            "arn": "arn:aws:kms:us-east-1:803035318642:key/76b4932c-d0d5-4d65-9d77-b2ba29f3349a",
            "bypass_policy_lockout_safety_check": false,
            "custom_key_store_id": "",
            "customer_master_key_spec": "ECC_SECG_P256K1",
            "deletion_window_in_days": null,
            "description": "alias/khalani-axon-key-1",
            "enable_key_rotation": false,
            "id": "76b4932c-d0d5-4d65-9d77-b2ba29f3349a",
            "is_enabled": true,
            "key_id": "76b4932c-d0d5-4d65-9d77-b2ba29f3349a",
            "key_usage": "SIGN_VERIFY",
            "multi_region": false,
            "policy": "{\"Statement\":[{\"Action\":[\"kms:GetPublicKey\",\"kms:Sign\"],\"Effect\":\"Allow\",\"Principal\":{\"AWS\":\"arn:aws:iam::803035318642:role/khalani-axon-address-1\"},\"Resource\":\"*\"},{\"Action\":[\"kms:*\"],\"Effect\":\"Allow\",\"Principal\":{\"AWS\":\"arn:aws:iam::803035318642:root\"},\"Resource\":\"*\"}],\"Version\":\"2012-10-17\"}",
            "rotation_period_in_days": 0,
            "tags": {},
            "tags_all": {},
            "timeouts": null,
            "xks_key_id": ""
          },
          "sensitive_attributes": [],
          "private": "bnVsbA==",
          "dependencies": [
            "module.axon-address.aws_iam_role.axon_role"
          ]
        },
        {
          "index_key": 2,
          "schema_version": 0,
          "attributes": {
            "arn": "arn:aws:kms:us-east-1:803035318642:key/c8f2eb5a-82a6-4550-8fc3-30c444048ad2",
            "bypass_policy_lockout_safety_check": false,
            "custom_key_store_id": "",
            "customer_master_key_spec": "ECC_SECG_P256K1",
            "deletion_window_in_days": null,
            "description": "alias/khalani-axon-key-2",
            "enable_key_rotation": false,
            "id": "c8f2eb5a-82a6-4550-8fc3-30c444048ad2",
            "is_enabled": true,
            "key_id": "c8f2eb5a-82a6-4550-8fc3-30c444048ad2",
            "key_usage": "SIGN_VERIFY",
            "multi_region": false,
            "policy": "{\"Statement\":[{\"Action\":[\"kms:GetPublicKey\",\"kms:Sign\"],\"Effect\":\"Allow\",\"Principal\":{\"AWS\":\"arn:aws:iam::803035318642:role/khalani-axon-address-2\"},\"Resource\":\"*\"},{\"Action\":[\"kms:*\"],\"Effect\":\"Allow\",\"Principal\":{\"AWS\":\"arn:aws:iam::803035318642:root\"},\"Resource\":\"*\"}],\"Version\":\"2012-10-17\"}",
            "rotation_period_in_days": 0,
            "tags": {},
            "tags_all": {},
            "timeouts": null,
            "xks_key_id": ""
          },
          "sensitive_attributes": [],
          "private": "bnVsbA==",
          "dependencies": [
            "module.axon-address.aws_iam_role.axon_role"
          ]
        }
      ]
    },
    {
      "module": "module.axon-node",
      "mode": "managed",
      "type": "aws_iam_role",
      "name": "validator_role",
      "provider": "provider[\"registry.terraform.io/hashicorp/aws\"]",
      "instances": [
        {
          "schema_version": 0,
          "attributes": {
            "arn": "arn:aws:iam::803035318642:role/axon-node",
            "assume_role_policy": "{\"Statement\":[{\"Action\":\"sts:AssumeRoleWithWebIdentity\",\"Condition\":{\"StringEquals\":{\"oidc.eks.us-east-1.amazonaws.com/id/32803539C78C654C14D84BD9DDB105D9:aud\":\"sts.amazonaws.com\",\"oidc.eks.us-east-1.amazonaws.com/id/32803539C78C654C14D84BD9DDB105D9:sub\":\"system:serviceaccount:axon:axon-node\"}},\"Effect\":\"Allow\",\"Principal\":{\"Federated\":\"arn:aws:iam::803035318642:oidc-provider/oidc.eks.us-east-1.amazonaws.com/id/32803539C78C654C14D84BD9DDB105D9\"}}],\"Version\":\"2012-10-17\"}",
            "create_date": "2023-05-25T12:21:47Z",
            "description": "",
            "force_detach_policies": false,
            "id": "axon-node",
            "inline_policy": [],
            "managed_policy_arns": [],
            "max_session_duration": 3600,
            "name": "axon-node",
            "name_prefix": "",
            "path": "/",
            "permissions_boundary": "",
            "tags": {},
            "tags_all": {},
            "unique_id": "AROA3V6FCRFZNRYDRG3QC"
          },
          "sensitive_attributes": [],
          "private": "bnVsbA==",
          "dependencies": [
            "module.eks.aws_cloudwatch_log_group.this",
            "module.eks.aws_eks_cluster.this",
            "module.eks.aws_iam_role.this",
            "module.eks.aws_iam_role_policy_attachment.this",
            "module.eks.aws_security_group.cluster",
            "module.eks.aws_security_group.node",
            "module.eks.aws_security_group_rule.cluster",
            "module.eks.aws_security_group_rule.node",
            "module.eks.data.aws_caller_identity.current",
            "module.eks.data.aws_iam_policy_document.assume_role_policy",
            "module.eks.data.aws_partition.current",
            "module.eks.module.kms.aws_kms_external_key.this",
            "module.eks.module.kms.aws_kms_key.this",
            "module.eks.module.kms.data.aws_caller_identity.current",
            "module.eks.module.kms.data.aws_iam_policy_document.this",
            "module.eks.module.kms.data.aws_partition.current",
            "module.vpc.aws_subnet.private",
            "module.vpc.aws_vpc.this",
            "module.vpc.aws_vpc_ipv4_cidr_block_association.this"
          ]
        }
      ]
    },
    {
      "module": "module.bank",
      "mode": "managed",
      "type": "aws_iam_role",
      "name": "bank_role",
      "provider": "provider[\"registry.terraform.io/hashicorp/aws\"]",
      "instances": [
        {
          "schema_version": 0,
          "attributes": {
            "arn": "arn:aws:iam::803035318642:role/khalani-bank",
            "assume_role_policy": "{\"Statement\":[{\"Action\":\"sts:AssumeRole\",\"Effect\":\"Allow\",\"Principal\":{\"Service\":\"kms.amazonaws.com\"}}],\"Version\":\"2012-10-17\"}",
            "create_date": "2023-05-27T13:08:42Z",
            "description": "",
            "force_detach_policies": false,
            "id": "khalani-bank",
            "inline_policy": [],
            "managed_policy_arns": [],
            "max_session_duration": 3600,
            "name": "khalani-bank",
            "name_prefix": "",
            "path": "/",
            "permissions_boundary": "",
            "tags": {},
            "tags_all": {},
            "unique_id": "AROA3V6FCRFZLDFOJYYBC"
          },
          "sensitive_attributes": [],
          "private": "bnVsbA=="
        }
      ]
    },
    {
      "module": "module.bank",
      "mode": "managed",
      "type": "aws_kms_alias",
      "name": "bank_alias",
      "provider": "provider[\"registry.terraform.io/hashicorp/aws\"]",
      "instances": [
        {
          "schema_version": 0,
          "attributes": {
            "arn": "arn:aws:kms:us-east-1:803035318642:alias/khalani-bank",
            "id": "alias/khalani-bank",
            "name": "alias/khalani-bank",
            "name_prefix": "",
            "target_key_arn": "arn:aws:kms:us-east-1:803035318642:key/e6615864-bc07-4b3c-9a70-11b2ed673506",
            "target_key_id": "e6615864-bc07-4b3c-9a70-11b2ed673506"
          },
          "sensitive_attributes": [],
          "private": "bnVsbA==",
          "dependencies": [
            "module.bank.aws_iam_role.bank_role",
            "module.bank.aws_kms_key.bank_key",
            "module.eks.aws_cloudwatch_log_group.this",
            "module.eks.aws_eks_cluster.this",
            "module.eks.aws_iam_role.this",
            "module.eks.aws_iam_role_policy_attachment.this",
            "module.eks.aws_security_group.cluster",
            "module.eks.aws_security_group.node",
            "module.eks.aws_security_group_rule.cluster",
            "module.eks.aws_security_group_rule.node",
            "module.eks.data.aws_caller_identity.current",
            "module.eks.data.aws_iam_policy_document.assume_role_policy",
            "module.eks.data.aws_partition.current",
            "module.eks.module.kms.aws_kms_external_key.this",
            "module.eks.module.kms.aws_kms_key.this",
            "module.eks.module.kms.data.aws_caller_identity.current",
            "module.eks.module.kms.data.aws_iam_policy_document.this",
            "module.eks.module.kms.data.aws_partition.current",
            "module.funding-bot.aws_iam_role.funding_bot",
            "module.vpc.aws_subnet.private",
            "module.vpc.aws_vpc.this",
            "module.vpc.aws_vpc_ipv4_cidr_block_association.this"
          ]
        }
      ]
    },
    {
      "module": "module.bank",
      "mode": "managed",
      "type": "aws_kms_grant",
      "name": "kms_grant",
      "provider": "provider[\"registry.terraform.io/hashicorp/aws\"]",
      "instances": [
        {
          "schema_version": 0,
          "attributes": {
            "constraints": [],
            "grant_creation_tokens": null,
            "grant_id": "2e6b24fe1ccaf34ca0bf0037a08f288969241c85472ef08cc2021f2321b9fe01",
            "grant_token": "AQpAZTZmYjE0NTAzZTA4MzE1ZmY0NGJjYWE2MTM0M2RjY2ZhNjAyYjc1OGRkZGQ0MjhhMTdmZWQyMTdkNjBiODQyNyKKAgEBAgB45vsUUD4IMV_0S8qmE0Pcz6YCt1jd3UKKF_7SF9YLhCcAAADhMIHeBgkqhkiG9w0BBwaggdAwgc0CAQAwgccGCSqGSIb3DQEHATAeBglghkgBZQMEAS4wEQQMa56t9hA2yGr2SPEdAgEQgIGZeIlLQxD3jct2CpwFucq4YVGdUA8WbPi4jJ8jy9Wq7i_hPHmFWtsiatQwjtZkwb_u4hV8KpUxLLpsYD7Y9QBPI5gKC69zSqKGqgJqOgIZqfoO5kUOiN0mUjdzKrfy_EZsOnWVk4I9Skmf9-CdiqwgKx32guuNUkK7vYFTL2v62lni-eAX0HqOccZSIZKFbXMRKQSoukPiRZjCKiAuayT-HMrzTKC_ADegjyiJaSQchUcu8IzCAh8jIbn-AQ",
            "grantee_principal": "arn:aws:iam::803035318642:role/khalani-bank",
            "id": "e6615864-bc07-4b3c-9a70-11b2ed673506:2e6b24fe1ccaf34ca0bf0037a08f288969241c85472ef08cc2021f2321b9fe01",
            "key_id": "e6615864-bc07-4b3c-9a70-11b2ed673506",
            "name": null,
            "operations": [
              "GetPublicKey",
              "Sign"
            ],
            "retire_on_delete": false,
            "retiring_principal": null
          },
          "sensitive_attributes": [],
          "private": "bnVsbA==",
          "dependencies": [
            "module.bank.aws_iam_role.bank_role",
            "module.bank.aws_kms_key.bank_key",
            "module.eks.aws_cloudwatch_log_group.this",
            "module.eks.aws_eks_cluster.this",
            "module.eks.aws_iam_role.this",
            "module.eks.aws_iam_role_policy_attachment.this",
            "module.eks.aws_security_group.cluster",
            "module.eks.aws_security_group.node",
            "module.eks.aws_security_group_rule.cluster",
            "module.eks.aws_security_group_rule.node",
            "module.eks.data.aws_caller_identity.current",
            "module.eks.data.aws_iam_policy_document.assume_role_policy",
            "module.eks.data.aws_partition.current",
            "module.eks.module.kms.aws_kms_external_key.this",
            "module.eks.module.kms.aws_kms_key.this",
            "module.eks.module.kms.data.aws_caller_identity.current",
            "module.eks.module.kms.data.aws_iam_policy_document.this",
            "module.eks.module.kms.data.aws_partition.current",
            "module.funding-bot.aws_iam_role.funding_bot",
            "module.vpc.aws_subnet.private",
            "module.vpc.aws_vpc.this",
            "module.vpc.aws_vpc_ipv4_cidr_block_association.this"
          ]
        }
      ]
    },
    {
      "module": "module.bank",
      "mode": "managed",
      "type": "aws_kms_key",
      "name": "bank_key",
      "provider": "provider[\"registry.terraform.io/hashicorp/aws\"]",
      "instances": [
        {
          "schema_version": 0,
          "attributes": {
            "arn": "arn:aws:kms:us-east-1:803035318642:key/e6615864-bc07-4b3c-9a70-11b2ed673506",
            "bypass_policy_lockout_safety_check": false,
            "custom_key_store_id": "",
            "customer_master_key_spec": "ECC_SECG_P256K1",
            "deletion_window_in_days": null,
            "description": "khalani-bank",
            "enable_key_rotation": false,
            "id": "e6615864-bc07-4b3c-9a70-11b2ed673506",
            "is_enabled": true,
            "key_id": "e6615864-bc07-4b3c-9a70-11b2ed673506",
            "key_usage": "SIGN_VERIFY",
            "multi_region": false,
            "policy": "{\"Statement\":[{\"Action\":[\"kms:GetPublicKey\",\"kms:Sign\"],\"Effect\":\"Allow\",\"Principal\":{\"AWS\":\"arn:aws:iam::803035318642:role/khalani-bank\"},\"Resource\":\"*\"},{\"Action\":[\"kms:GetPublicKey\",\"kms:Sign\"],\"Effect\":\"Allow\",\"Principal\":{\"AWS\":\"arn:aws:iam::803035318642:role/funding-bot\"},\"Resource\":\"*\"},{\"Action\":[\"kms:*\"],\"Effect\":\"Allow\",\"Principal\":{\"AWS\":\"arn:aws:iam::803035318642:root\"},\"Resource\":\"*\"}],\"Version\":\"2012-10-17\"}",
            "rotation_period_in_days": 0,
            "tags": {},
            "tags_all": {},
            "timeouts": null,
            "xks_key_id": ""
          },
          "sensitive_attributes": [],
          "private": "bnVsbA==",
          "dependencies": [
            "module.bank.aws_iam_role.bank_role",
            "module.eks.aws_cloudwatch_log_group.this",
            "module.eks.aws_eks_cluster.this",
            "module.eks.aws_iam_role.this",
            "module.eks.aws_iam_role_policy_attachment.this",
            "module.eks.aws_security_group.cluster",
            "module.eks.aws_security_group.node",
            "module.eks.aws_security_group_rule.cluster",
            "module.eks.aws_security_group_rule.node",
            "module.eks.data.aws_caller_identity.current",
            "module.eks.data.aws_iam_policy_document.assume_role_policy",
            "module.eks.data.aws_partition.current",
            "module.eks.module.kms.aws_kms_external_key.this",
            "module.eks.module.kms.aws_kms_key.this",
            "module.eks.module.kms.data.aws_caller_identity.current",
            "module.eks.module.kms.data.aws_iam_policy_document.this",
            "module.eks.module.kms.data.aws_partition.current",
            "module.funding-bot.aws_iam_role.funding_bot",
            "module.vpc.aws_subnet.private",
            "module.vpc.aws_vpc.this",
            "module.vpc.aws_vpc_ipv4_cidr_block_association.this"
          ]
        }
      ]
    },
    {
      "module": "module.blockscout",
      "mode": "data",
      "type": "aws_secretsmanager_random_password",
      "name": "db_password",
      "provider": "provider[\"registry.terraform.io/hashicorp/aws\"]",
      "instances": [
        {
          "schema_version": 0,
          "attributes": {
            "exclude_characters": null,
            "exclude_lowercase": null,
            "exclude_numbers": null,
            "exclude_punctuation": true,
            "exclude_uppercase": null,
            "id": "s9yy2pZfBlQ7VpYaiIueobwDjEWMMJ",
            "include_space": null,
            "password_length": 30,
            "random_password": "s9yy2pZfBlQ7VpYaiIueobwDjEWMMJ",
            "require_each_included_type": null
          },
          "sensitive_attributes": []
        }
      ]
    },
    {
      "module": "module.blockscout",
      "mode": "data",
      "type": "aws_secretsmanager_random_password",
      "name": "key_base_password",
      "provider": "provider[\"registry.terraform.io/hashicorp/aws\"]",
      "instances": [
        {
          "schema_version": 0,
          "attributes": {
            "exclude_characters": null,
            "exclude_lowercase": null,
            "exclude_numbers": null,
            "exclude_punctuation": true,
            "exclude_uppercase": null,
            "id": "TKWwPVsMpLWDE0EkaOXXfoxadEghUk8xtN2QVfW6HW7KlH2wraE4wAtzZkgXP34f",
            "include_space": null,
            "password_length": 64,
            "random_password": "TKWwPVsMpLWDE0EkaOXXfoxadEghUk8xtN2QVfW6HW7KlH2wraE4wAtzZkgXP34f",
            "require_each_included_type": null
          },
          "sensitive_attributes": []
        }
      ]
    },
    {
      "module": "module.blockscout",
      "mode": "managed",
      "type": "aws_db_instance",
      "name": "this",
      "provider": "provider[\"registry.terraform.io/hashicorp/aws\"]",
      "instances": [
        {
          "schema_version": 2,
          "attributes": {
            "address": "blockscout-6282.cl2a6ysvczd1.us-east-1.rds.amazonaws.com",
            "allocated_storage": 80,
            "allow_major_version_upgrade": null,
            "apply_immediately": false,
            "arn": "arn:aws:rds:us-east-1:803035318642:db:blockscout-6282",
            "auto_minor_version_upgrade": true,
            "availability_zone": "us-east-1f",
            "backup_retention_period": 0,
            "backup_target": "region",
            "backup_window": "05:34-06:04",
            "blue_green_update": [],
            "ca_cert_identifier": "rds-ca-rsa2048-g1",
            "character_set_name": "",
            "copy_tags_to_snapshot": false,
            "custom_iam_instance_profile": "",
            "customer_owned_ip_enabled": false,
            "db_name": "blockscout",
            "db_subnet_group_name": "default",
            "dedicated_log_volume": false,
            "delete_automated_backups": true,
            "deletion_protection": false,
            "domain": "",
            "domain_auth_secret_arn": "",
            "domain_dns_ips": [],
            "domain_fqdn": "",
            "domain_iam_role_name": "",
            "domain_ou": "",
            "enabled_cloudwatch_logs_exports": [],
            "endpoint": "blockscout-6282.cl2a6ysvczd1.us-east-1.rds.amazonaws.com:5432",
            "engine": "postgres",
            "engine_lifecycle_support": "open-source-rds-extended-support",
            "engine_version": "13.15",
            "engine_version_actual": "13.15",
            "final_snapshot_identifier": null,
            "hosted_zone_id": "Z2R2ITUGPM61AM",
            "iam_database_authentication_enabled": false,
            "id": "db-NSN24SLK54BLCBKH4MZTPXNHZA",
            "identifier": "blockscout-6282",
            "identifier_prefix": "",
            "instance_class": "db.t4g.small",
            "iops": 0,
            "kms_key_id": "",
            "latest_restorable_time": "",
            "license_model": "postgresql-license",
            "listener_endpoint": [],
            "maintenance_window": "tue:09:52-tue:10:22",
            "manage_master_user_password": null,
            "master_user_secret": [],
            "master_user_secret_kms_key_id": null,
            "max_allocated_storage": 0,
            "monitoring_interval": 0,
            "monitoring_role_arn": "",
            "multi_az": false,
            "nchar_character_set_name": "",
            "network_type": "IPV4",
            "option_group_name": "default:postgres-13",
            "parameter_group_name": "default.postgres13",
            "password": "8g9HigN1EiL8Lfye9pYxme1mkMCDws",
            "performance_insights_enabled": false,
            "performance_insights_kms_key_id": "",
            "performance_insights_retention_period": 0,
            "port": 5432,
            "publicly_accessible": true,
            "replica_mode": "",
            "replicas": [],
            "replicate_source_db": "",
            "resource_id": "db-NSN24SLK54BLCBKH4MZTPXNHZA",
            "restore_to_point_in_time": [],
            "s3_import": [],
            "skip_final_snapshot": true,
            "snapshot_identifier": null,
            "status": "available",
            "storage_encrypted": false,
            "storage_throughput": 0,
            "storage_type": "gp2",
            "tags": {},
            "tags_all": {},
            "timeouts": null,
            "timezone": "",
            "upgrade_storage_config": null,
            "username": "blockscout",
            "vpc_security_group_ids": [
              "sg-07c1c4bd7afe4bfdb"
            ]
          },
          "sensitive_attributes": [],
          "private": "eyJlMmJmYjczMC1lY2FhLTExZTYtOGY4OC0zNDM2M2JjN2M0YzAiOnsiY3JlYXRlIjoyNDAwMDAwMDAwMDAwLCJkZWxldGUiOjM2MDAwMDAwMDAwMDAsInVwZGF0ZSI6NDgwMDAwMDAwMDAwMH0sInNjaGVtYV92ZXJzaW9uIjoiMiJ9",
          "dependencies": [
            "module.blockscout.aws_security_group.this",
            "module.blockscout.data.aws_secretsmanager_random_password.db_password",
            "module.blockscout.random_integer.db_identifier_suffix"
          ]
        }
      ]
    },
    {
      "module": "module.blockscout",
      "mode": "managed",
      "type": "aws_secretsmanager_secret",
      "name": "db_secret",
      "provider": "provider[\"registry.terraform.io/hashicorp/aws\"]",
      "instances": [
        {
          "schema_version": 0,
          "attributes": {
            "arn": "arn:aws:secretsmanager:us-east-1:803035318642:secret:blockscout-database-secret-320240319133516281400000001-PMvoDY",
            "description": "",
            "force_overwrite_replica_secret": false,
            "id": "arn:aws:secretsmanager:us-east-1:803035318642:secret:blockscout-database-secret-320240319133516281400000001-PMvoDY",
            "kms_key_id": "",
            "name": "blockscout-database-secret-320240319133516281400000001",
            "name_prefix": "blockscout-database-secret-3",
            "policy": "{\"Statement\":[{\"Action\":[\"secretsmanager:GetSecretValue\",\"secretsmanager:DescribeSecret\"],\"Effect\":\"Allow\",\"Principal\":{\"AWS\":\"arn:aws:iam::803035318642:role/blockscout\"},\"Resource\":\"*\"}],\"Version\":\"2012-10-17\"}",
            "recovery_window_in_days": 30,
            "replica": [],
            "tags": {},
            "tags_all": {}
          },
          "sensitive_attributes": [],
          "private": "bnVsbA=="
        }
      ]
    },
    {
      "module": "module.blockscout",
      "mode": "managed",
      "type": "aws_secretsmanager_secret",
      "name": "key_base_secret",
      "provider": "provider[\"registry.terraform.io/hashicorp/aws\"]",
      "instances": [
        {
          "schema_version": 0,
          "attributes": {
            "arn": "arn:aws:secretsmanager:us-east-1:803035318642:secret:blockscout-key-base-secret20240217093101301200000002-9hKFkx",
            "description": "",
            "force_overwrite_replica_secret": false,
            "id": "arn:aws:secretsmanager:us-east-1:803035318642:secret:blockscout-key-base-secret20240217093101301200000002-9hKFkx",
            "kms_key_id": "",
            "name": "blockscout-key-base-secret20240217093101301200000002",
            "name_prefix": "blockscout-key-base-secret",
            "policy": "{\"Statement\":[{\"Action\":[\"secretsmanager:GetSecretValue\",\"secretsmanager:DescribeSecret\"],\"Effect\":\"Allow\",\"Principal\":{\"AWS\":\"arn:aws:iam::803035318642:role/blockscout\"},\"Resource\":\"*\"}],\"Version\":\"2012-10-17\"}",
            "recovery_window_in_days": 30,
            "replica": [],
            "tags": {},
            "tags_all": {}
          },
          "sensitive_attributes": [],
          "private": "bnVsbA=="
        }
      ]
    },
    {
      "module": "module.blockscout",
      "mode": "managed",
      "type": "aws_secretsmanager_secret_policy",
      "name": "db_secret_policy",
      "provider": "provider[\"registry.terraform.io/hashicorp/aws\"]",
      "instances": [
        {
          "schema_version": 0,
          "attributes": {
            "block_public_policy": null,
            "id": "arn:aws:secretsmanager:us-east-1:803035318642:secret:blockscout-database-secret-320240319133516281400000001-PMvoDY",
            "policy": "{\"Statement\":[{\"Action\":[\"secretsmanager:GetSecretValue\",\"secretsmanager:DescribeSecret\"],\"Effect\":\"Allow\",\"Principal\":{\"AWS\":\"arn:aws:iam::803035318642:role/blockscout\"},\"Resource\":\"*\"}],\"Version\":\"2012-10-17\"}",
            "secret_arn": "arn:aws:secretsmanager:us-east-1:803035318642:secret:blockscout-database-secret-320240319133516281400000001-PMvoDY"
          },
          "sensitive_attributes": [],
          "private": "bnVsbA==",
          "dependencies": [
            "module.blockscout.aws_secretsmanager_secret.db_secret",
            "module.blockscout.module.irsa.aws_iam_role.this",
            "module.blockscout.module.irsa.data.aws_caller_identity.current",
            "module.blockscout.module.irsa.data.aws_iam_policy_document.this",
            "module.blockscout.module.irsa.data.aws_partition.current",
            "module.eks.aws_cloudwatch_log_group.this",
            "module.eks.aws_eks_cluster.this",
            "module.eks.aws_iam_openid_connect_provider.oidc_provider",
            "module.eks.aws_iam_role.this",
            "module.eks.aws_iam_role_policy_attachment.this",
            "module.eks.aws_security_group.cluster",
            "module.eks.aws_security_group.node",
            "module.eks.aws_security_group_rule.cluster",
            "module.eks.aws_security_group_rule.node",
            "module.eks.data.aws_caller_identity.current",
            "module.eks.data.aws_iam_policy_document.assume_role_policy",
            "module.eks.data.aws_partition.current",
            "module.eks.data.tls_certificate.this",
            "module.eks.module.kms.aws_kms_external_key.this",
            "module.eks.module.kms.aws_kms_key.this",
            "module.eks.module.kms.data.aws_caller_identity.current",
            "module.eks.module.kms.data.aws_iam_policy_document.this",
            "module.eks.module.kms.data.aws_partition.current",
            "module.vpc.aws_subnet.private",
            "module.vpc.aws_vpc.this",
            "module.vpc.aws_vpc_ipv4_cidr_block_association.this"
          ]
        }
      ]
    },
    {
      "module": "module.blockscout",
      "mode": "managed",
      "type": "aws_secretsmanager_secret_policy",
      "name": "key_base_secret_policy",
      "provider": "provider[\"registry.terraform.io/hashicorp/aws\"]",
      "instances": [
        {
          "schema_version": 0,
          "attributes": {
            "block_public_policy": null,
            "id": "arn:aws:secretsmanager:us-east-1:803035318642:secret:blockscout-key-base-secret20240217093101301200000002-9hKFkx",
            "policy": "{\"Statement\":[{\"Action\":[\"secretsmanager:GetSecretValue\",\"secretsmanager:DescribeSecret\"],\"Effect\":\"Allow\",\"Principal\":{\"AWS\":\"arn:aws:iam::803035318642:role/blockscout\"},\"Resource\":\"*\"}],\"Version\":\"2012-10-17\"}",
            "secret_arn": "arn:aws:secretsmanager:us-east-1:803035318642:secret:blockscout-key-base-secret20240217093101301200000002-9hKFkx"
          },
          "sensitive_attributes": [],
          "private": "bnVsbA==",
          "dependencies": [
            "module.blockscout.aws_secretsmanager_secret.key_base_secret",
            "module.blockscout.module.irsa.aws_iam_role.this",
            "module.blockscout.module.irsa.data.aws_caller_identity.current",
            "module.blockscout.module.irsa.data.aws_iam_policy_document.this",
            "module.blockscout.module.irsa.data.aws_partition.current",
            "module.eks.aws_cloudwatch_log_group.this",
            "module.eks.aws_eks_cluster.this",
            "module.eks.aws_iam_openid_connect_provider.oidc_provider",
            "module.eks.aws_iam_role.this",
            "module.eks.aws_iam_role_policy_attachment.this",
            "module.eks.aws_security_group.cluster",
            "module.eks.aws_security_group.node",
            "module.eks.aws_security_group_rule.cluster",
            "module.eks.aws_security_group_rule.node",
            "module.eks.data.aws_caller_identity.current",
            "module.eks.data.aws_iam_policy_document.assume_role_policy",
            "module.eks.data.aws_partition.current",
            "module.eks.data.tls_certificate.this",
            "module.eks.module.kms.aws_kms_external_key.this",
            "module.eks.module.kms.aws_kms_key.this",
            "module.eks.module.kms.data.aws_caller_identity.current",
            "module.eks.module.kms.data.aws_iam_policy_document.this",
            "module.eks.module.kms.data.aws_partition.current",
            "module.vpc.aws_subnet.private",
            "module.vpc.aws_vpc.this",
            "module.vpc.aws_vpc_ipv4_cidr_block_association.this"
          ]
        }
      ]
    },
    {
      "module": "module.blockscout",
      "mode": "managed",
      "type": "aws_secretsmanager_secret_version",
      "name": "db_secret_version",
      "provider": "provider[\"registry.terraform.io/hashicorp/aws\"]",
      "instances": [
        {
          "schema_version": 0,
          "attributes": {
            "arn": "arn:aws:secretsmanager:us-east-1:803035318642:secret:blockscout-database-secret-320240319133516281400000001-PMvoDY",
            "id": "arn:aws:secretsmanager:us-east-1:803035318642:secret:blockscout-database-secret-320240319133516281400000001-PMvoDY|terraform-20240319133517224500000003",
            "secret_binary": "",
            "secret_id": "arn:aws:secretsmanager:us-east-1:803035318642:secret:blockscout-database-secret-320240319133516281400000001-PMvoDY",
            "secret_string": "{\"username\":\"blockscout\",\"password\":\"8g9HigN1EiL8Lfye9pYxme1mkMCDws\"}",
            "version_id": "terraform-20240319133517224500000003",
            "version_stages": [
              "AWSCURRENT"
            ]
          },
          "sensitive_attributes": [],
          "private": "bnVsbA==",
          "dependencies": [
            "module.blockscout.aws_secretsmanager_secret.db_secret",
            "module.blockscout.data.aws_secretsmanager_random_password.db_password"
          ]
        }
      ]
    },
    {
      "module": "module.blockscout",
      "mode": "managed",
      "type": "aws_secretsmanager_secret_version",
      "name": "key_base_secret_version",
      "provider": "provider[\"registry.terraform.io/hashicorp/aws\"]",
      "instances": [
        {
          "schema_version": 0,
          "attributes": {
            "arn": "arn:aws:secretsmanager:us-east-1:803035318642:secret:blockscout-key-base-secret20240217093101301200000002-9hKFkx",
            "id": "arn:aws:secretsmanager:us-east-1:803035318642:secret:blockscout-key-base-secret20240217093101301200000002-9hKFkx|158293E4-1389-4C4C-AC6A-2087C0E86027",
            "secret_binary": "",
            "secret_id": "arn:aws:secretsmanager:us-east-1:803035318642:secret:blockscout-key-base-secret20240217093101301200000002-9hKFkx",
            "secret_string": "{\"password\":\"AwcfBTyxQGfccw0gCJH5pVZHhesZm8pSsNHFIa7lZBPk5T4QspGJ8LQJifkUZ7XS\"}",
            "version_id": "158293E4-1389-4C4C-AC6A-2087C0E86027",
            "version_stages": [
              "AWSCURRENT"
            ]
          },
          "sensitive_attributes": [],
          "private": "bnVsbA==",
          "dependencies": [
            "module.blockscout.aws_secretsmanager_secret.key_base_secret",
            "module.blockscout.data.aws_secretsmanager_random_password.key_base_password"
          ]
        }
      ]
    },
    {
      "module": "module.blockscout",
      "mode": "managed",
      "type": "aws_security_group",
      "name": "this",
      "provider": "provider[\"registry.terraform.io/hashicorp/aws\"]",
      "instances": [
        {
          "schema_version": 1,
          "attributes": {
            "arn": "arn:aws:ec2:us-east-1:803035318642:security-group/sg-07c1c4bd7afe4bfdb",
            "description": "Managed by Terraform",
            "egress": [],
            "id": "sg-07c1c4bd7afe4bfdb",
            "ingress": [
              {
                "cidr_blocks": [
                  "0.0.0.0/0"
                ],
                "description": "",
                "from_port": 5432,
                "ipv6_cidr_blocks": [],
                "prefix_list_ids": [],
                "protocol": "tcp",
                "security_groups": [],
                "self": false,
                "to_port": 5432
              }
            ],
            "name": "terraform-20240217093525185300000003",
            "name_prefix": "terraform-",
            "owner_id": "803035318642",
            "revoke_rules_on_delete": false,
            "tags": {},
            "tags_all": {},
            "timeouts": null,
            "vpc_id": "vpc-0d75975d3e2183c38"
          },
          "sensitive_attributes": [],
          "private": "eyJlMmJmYjczMC1lY2FhLTExZTYtOGY4OC0zNDM2M2JjN2M0YzAiOnsiY3JlYXRlIjo2MDAwMDAwMDAwMDAsImRlbGV0ZSI6OTAwMDAwMDAwMDAwfSwic2NoZW1hX3ZlcnNpb24iOiIxIn0="
        }
      ]
    },
    {
      "module": "module.blockscout",
      "mode": "managed",
      "type": "helm_release",
      "name": "this",
      "provider": "provider[\"registry.terraform.io/hashicorp/helm\"]",
      "instances": [
        {
          "schema_version": 1,
          "attributes": {
            "atomic": false,
            "chart": "./../helm/blockscout",
            "cleanup_on_fail": false,
            "create_namespace": true,
            "dependency_update": false,
            "description": null,
            "devel": null,
            "disable_crd_hooks": false,
            "disable_openapi_validation": false,
            "disable_webhooks": false,
            "force_update": false,
            "id": "blockscout",
            "keyring": null,
            "lint": false,
            "manifest": null,
            "max_history": 0,
            "metadata": [
              {
                "app_version": "",
                "chart": "blockscout",
                "first_deployed": 1710856230,
                "last_deployed": 1710856230,
                "name": "blockscout",
                "namespace": "blockscout",
                "notes": "",
                "revision": 1,
                "values": "{\"dbSecretName\":\"arn:aws:secretsmanager:us-east-1:803035318642:secret:blockscout-database-secret-320240319133516281400000001-PMvoDY\",\"domainName\":\"testnet.khalani.network\",\"iamRoleArn\":\"arn:aws:iam::803035318642:role/blockscout\",\"image\":{\"repository\":\"ghcr.io/tvl-labs/blockscan\",\"tag\":\"5.1.1-prerelease-61eb7a2a\"},\"keyBaseSecretName\":\"arn:aws:secretsmanager:us-east-1:803035318642:secret:blockscout-key-base-secret20240217093101301200000002-9hKFkx\",\"postgresHost\":\"blockscout-6282.cl2a6ysvczd1.us-east-1.rds.amazonaws.com\",\"rpcUrl\":\"https://testnet-trial.khalani.network\",\"serviceAccount\":{\"create\":true},\"serviceAccountName\":\"blockscout\"}",
                "version": "1.0.0"
              }
            ],
            "name": "blockscout",
            "namespace": "blockscout",
            "pass_credentials": false,
            "postrender": [],
            "recreate_pods": false,
            "render_subchart_notes": true,
            "replace": false,
            "repository": null,
            "repository_ca_file": null,
            "repository_cert_file": null,
            "repository_key_file": null,
            "repository_password": null,
            "repository_username": null,
            "reset_values": false,
            "reuse_values": false,
            "set": [
              {
                "name": "dbSecretName",
                "type": "",
                "value": "arn:aws:secretsmanager:us-east-1:803035318642:secret:blockscout-database-secret-320240319133516281400000001-PMvoDY"
              },
              {
                "name": "domainName",
                "type": "",
                "value": "testnet.khalani.network"
              },
              {
                "name": "iamRoleArn",
                "type": "",
                "value": "arn:aws:iam::803035318642:role/blockscout"
              },
              {
                "name": "keyBaseSecretName",
                "type": "",
                "value": "arn:aws:secretsmanager:us-east-1:803035318642:secret:blockscout-key-base-secret20240217093101301200000002-9hKFkx"
              },
              {
                "name": "postgresHost",
                "type": "",
                "value": "blockscout-6282.cl2a6ysvczd1.us-east-1.rds.amazonaws.com"
              },
              {
                "name": "rpcUrl",
                "type": "",
                "value": "https://testnet-trial.khalani.network"
              },
              {
                "name": "serviceAccountName",
                "type": "",
                "value": "blockscout"
              }
            ],
            "set_list": [],
            "set_sensitive": [],
            "skip_crds": false,
            "status": "deployed",
            "timeout": 300,
            "upgrade_install": null,
            "values": [
              "image:\n  repository: ghcr.io/tvl-labs/blockscan\n  tag: \"5.1.1-prerelease-61eb7a2a\"\n\nserviceAccount:\n  create: true\n\ndbSecretName: \"\"\ndomainName: \"\"\niamRoleArn: \"\"\nkeyBaseSecretName: \"\"\npostgresHost: \"\"\nrpcUrl: \"\""
            ],
            "verify": false,
            "version": "1.0.0",
            "wait": true,
            "wait_for_jobs": false
          },
          "sensitive_attributes": [],
          "private": "eyJzY2hlbWFfdmVyc2lvbiI6IjEifQ==",
          "dependencies": [
            "module.blockscout.aws_db_instance.this",
            "module.blockscout.aws_secretsmanager_secret.db_secret",
            "module.blockscout.aws_secretsmanager_secret.key_base_secret",
            "module.blockscout.aws_security_group.this",
            "module.blockscout.data.aws_secretsmanager_random_password.db_password",
            "module.blockscout.module.irsa.aws_iam_role.this",
            "module.blockscout.module.irsa.data.aws_caller_identity.current",
            "module.blockscout.module.irsa.data.aws_iam_policy_document.this",
            "module.blockscout.module.irsa.data.aws_partition.current",
            "module.blockscout.random_integer.db_identifier_suffix",
            "module.eks.aws_cloudwatch_log_group.this",
            "module.eks.aws_eks_cluster.this",
            "module.eks.aws_iam_openid_connect_provider.oidc_provider",
            "module.eks.aws_iam_role.this",
            "module.eks.aws_iam_role_policy_attachment.this",
            "module.eks.aws_security_group.cluster",
            "module.eks.aws_security_group.node",
            "module.eks.aws_security_group_rule.cluster",
            "module.eks.aws_security_group_rule.node",
            "module.eks.data.aws_caller_identity.current",
            "module.eks.data.aws_iam_policy_document.assume_role_policy",
            "module.eks.data.aws_partition.current",
            "module.eks.data.tls_certificate.this",
            "module.eks.module.kms.aws_kms_external_key.this",
            "module.eks.module.kms.aws_kms_key.this",
            "module.eks.module.kms.data.aws_caller_identity.current",
            "module.eks.module.kms.data.aws_iam_policy_document.this",
            "module.eks.module.kms.data.aws_partition.current",
            "module.vpc.aws_subnet.private",
            "module.vpc.aws_vpc.this",
            "module.vpc.aws_vpc_ipv4_cidr_block_association.this"
          ]
        }
      ]
    },
    {
      "module": "module.blockscout",
      "mode": "managed",
      "type": "random_integer",
      "name": "db_identifier_suffix",
      "provider": "provider[\"registry.terraform.io/hashicorp/random\"]",
      "instances": [
        {
          "schema_version": 0,
          "attributes": {
            "id": "6282",
            "keepers": null,
            "max": 9999,
            "min": 1000,
            "result": 6282,
            "seed": null
          },
          "sensitive_attributes": []
        }
      ]
    },
    {
      "module": "module.blockscout.module.irsa",
      "mode": "data",
      "type": "aws_caller_identity",
      "name": "current",
      "provider": "provider[\"registry.terraform.io/hashicorp/aws\"]",
      "instances": [
        {
          "schema_version": 0,
          "attributes": {
            "account_id": "803035318642",
            "arn": "arn:aws:iam::803035318642:user/Konrad-s3",
            "id": "803035318642",
            "user_id": "AIDA3V6FCRFZMJQK7AVIF"
          },
          "sensitive_attributes": []
        }
      ]
    },
    {
      "module": "module.blockscout.module.irsa",
      "mode": "data",
      "type": "aws_iam_policy_document",
      "name": "this",
      "provider": "provider[\"registry.terraform.io/hashicorp/aws\"]",
      "instances": [
        {
          "index_key": 0,
          "schema_version": 0,
          "attributes": {
            "id": "3340278422",
            "json": "{\n  \"Version\": \"2012-10-17\",\n  \"Statement\": [\n    {\n      \"Effect\": \"Allow\",\n      \"Action\": \"sts:AssumeRoleWithWebIdentity\",\n      \"Principal\": {\n        \"Federated\": \"arn:aws:iam::803035318642:oidc-provider/oidc.eks.us-east-1.amazonaws.com/id/32803539C78C654C14D84BD9DDB105D9\"\n      },\n      \"Condition\": {\n        \"StringEquals\": {\n          \"oidc.eks.us-east-1.amazonaws.com/id/32803539C78C654C14D84BD9DDB105D9:aud\": \"sts.amazonaws.com\",\n          \"oidc.eks.us-east-1.amazonaws.com/id/32803539C78C654C14D84BD9DDB105D9:sub\": \"system:serviceaccount:blockscout:blockscout\"\n        }\n      }\n    }\n  ]\n}",
            "minified_json": "{\"Version\":\"2012-10-17\",\"Statement\":[{\"Effect\":\"Allow\",\"Action\":\"sts:AssumeRoleWithWebIdentity\",\"Principal\":{\"Federated\":\"arn:aws:iam::803035318642:oidc-provider/oidc.eks.us-east-1.amazonaws.com/id/32803539C78C654C14D84BD9DDB105D9\"},\"Condition\":{\"StringEquals\":{\"oidc.eks.us-east-1.amazonaws.com/id/32803539C78C654C14D84BD9DDB105D9:aud\":\"sts.amazonaws.com\",\"oidc.eks.us-east-1.amazonaws.com/id/32803539C78C654C14D84BD9DDB105D9:sub\":\"system:serviceaccount:blockscout:blockscout\"}}}]}",
            "override_json": null,
            "override_policy_documents": null,
            "policy_id": null,
            "source_json": null,
            "source_policy_documents": null,
            "statement": [
              {
                "actions": [
                  "sts:AssumeRoleWithWebIdentity"
                ],
                "condition": [
                  {
                    "test": "StringEquals",
                    "values": [
                      "sts.amazonaws.com"
                    ],
                    "variable": "oidc.eks.us-east-1.amazonaws.com/id/32803539C78C654C14D84BD9DDB105D9:aud"
                  },
                  {
                    "test": "StringEquals",
                    "values": [
                      "system:serviceaccount:blockscout:blockscout"
                    ],
                    "variable": "oidc.eks.us-east-1.amazonaws.com/id/32803539C78C654C14D84BD9DDB105D9:sub"
                  }
                ],
                "effect": "Allow",
                "not_actions": [],
                "not_principals": [],
                "not_resources": [],
                "principals": [
                  {
                    "identifiers": [
                      "arn:aws:iam::803035318642:oidc-provider/oidc.eks.us-east-1.amazonaws.com/id/32803539C78C654C14D84BD9DDB105D9"
                    ],
                    "type": "Federated"
                  }
                ],
                "resources": [],
                "sid": ""
              }
            ],
            "version": "2012-10-17"
          },
          "sensitive_attributes": []
        }
      ]
    },
    {
      "module": "module.blockscout.module.irsa",
      "mode": "data",
      "type": "aws_partition",
      "name": "current",
      "provider": "provider[\"registry.terraform.io/hashicorp/aws\"]",
      "instances": [
        {
          "schema_version": 0,
          "attributes": {
            "dns_suffix": "amazonaws.com",
            "id": "aws",
            "partition": "aws",
            "reverse_dns_prefix": "com.amazonaws"
          },
          "sensitive_attributes": []
        }
      ]
    },
    {
      "module": "module.blockscout.module.irsa",
      "mode": "data",
      "type": "aws_region",
      "name": "current",
      "provider": "provider[\"registry.terraform.io/hashicorp/aws\"]",
      "instances": [
        {
          "schema_version": 0,
          "attributes": {
            "description": "US East (N. Virginia)",
            "endpoint": "ec2.us-east-1.amazonaws.com",
            "id": "us-east-1",
            "name": "us-east-1"
          },
          "sensitive_attributes": []
        }
      ]
    },
    {
      "module": "module.blockscout.module.irsa",
      "mode": "managed",
      "type": "aws_iam_role",
      "name": "this",
      "provider": "provider[\"registry.terraform.io/hashicorp/aws\"]",
      "instances": [
        {
          "index_key": 0,
          "schema_version": 0,
          "attributes": {
            "arn": "arn:aws:iam::803035318642:role/blockscout",
            "assume_role_policy": "{\"Statement\":[{\"Action\":\"sts:AssumeRoleWithWebIdentity\",\"Condition\":{\"StringEquals\":{\"oidc.eks.us-east-1.amazonaws.com/id/32803539C78C654C14D84BD9DDB105D9:aud\":\"sts.amazonaws.com\",\"oidc.eks.us-east-1.amazonaws.com/id/32803539C78C654C14D84BD9DDB105D9:sub\":\"system:serviceaccount:blockscout:blockscout\"}},\"Effect\":\"Allow\",\"Principal\":{\"Federated\":\"arn:aws:iam::803035318642:oidc-provider/oidc.eks.us-east-1.amazonaws.com/id/32803539C78C654C14D84BD9DDB105D9\"}}],\"Version\":\"2012-10-17\"}",
            "create_date": "2024-02-17T09:31:03Z",
            "description": "",
            "force_detach_policies": true,
            "id": "blockscout",
            "inline_policy": [],
            "managed_policy_arns": [],
            "max_session_duration": 3600,
            "name": "blockscout",
            "name_prefix": "",
            "path": "/",
            "permissions_boundary": "",
            "tags": {},
            "tags_all": {},
            "unique_id": "AROA3V6FCRFZD4JPFJV4M"
          },
          "sensitive_attributes": [],
          "private": "bnVsbA==",
          "dependencies": [
            "module.blockscout.module.irsa.data.aws_caller_identity.current",
            "module.blockscout.module.irsa.data.aws_iam_policy_document.this",
            "module.blockscout.module.irsa.data.aws_partition.current",
            "module.eks.aws_cloudwatch_log_group.this",
            "module.eks.aws_eks_cluster.this",
            "module.eks.aws_iam_openid_connect_provider.oidc_provider",
            "module.eks.aws_iam_role.this",
            "module.eks.aws_iam_role_policy_attachment.this",
            "module.eks.aws_security_group.cluster",
            "module.eks.aws_security_group.node",
            "module.eks.aws_security_group_rule.cluster",
            "module.eks.aws_security_group_rule.node",
            "module.eks.data.aws_caller_identity.current",
            "module.eks.data.aws_iam_policy_document.assume_role_policy",
            "module.eks.data.aws_partition.current",
            "module.eks.data.tls_certificate.this",
            "module.eks.module.kms.aws_kms_external_key.this",
            "module.eks.module.kms.aws_kms_key.this",
            "module.eks.module.kms.data.aws_caller_identity.current",
            "module.eks.module.kms.data.aws_iam_policy_document.this",
            "module.eks.module.kms.data.aws_partition.current",
            "module.vpc.aws_subnet.private",
            "module.vpc.aws_vpc.this",
            "module.vpc.aws_vpc_ipv4_cidr_block_association.this"
          ]
        }
      ]
    },
    {
      "module": "module.deployer",
      "mode": "data",
      "type": "aws_iam_policy_document",
      "name": "deployer_kms_read",
      "provider": "provider[\"registry.terraform.io/hashicorp/aws\"]",
      "instances": [
        {
          "schema_version": 0,
          "attributes": {
            "id": "839988329",
            "json": "{\n  \"Version\": \"2012-10-17\",\n  \"Statement\": [\n    {\n      \"Sid\": \"0\",\n      \"Effect\": \"Allow\",\n      \"Action\": [\n        \"kms:Sign\",\n        \"kms:GetPublicKey\"\n      ],\n      \"Resource\": \"arn:aws:kms:us-east-1:803035318642:key/37125f6c-6fc9-4000-ae57-726fd75ea060\"\n    }\n  ]\n}",
            "minified_json": "{\"Version\":\"2012-10-17\",\"Statement\":[{\"Sid\":\"0\",\"Effect\":\"Allow\",\"Action\":[\"kms:Sign\",\"kms:GetPublicKey\"],\"Resource\":\"arn:aws:kms:us-east-1:803035318642:key/37125f6c-6fc9-4000-ae57-726fd75ea060\"}]}",
            "override_json": null,
            "override_policy_documents": null,
            "policy_id": null,
            "source_json": null,
            "source_policy_documents": null,
            "statement": [
              {
                "actions": [
                  "kms:GetPublicKey",
                  "kms:Sign"
                ],
                "condition": [],
                "effect": "Allow",
                "not_actions": [],
                "not_principals": [],
                "not_resources": [],
                "principals": [],
                "resources": [
                  "arn:aws:kms:us-east-1:803035318642:key/37125f6c-6fc9-4000-ae57-726fd75ea060"
                ],
                "sid": "0"
              }
            ],
            "version": "2012-10-17"
          },
          "sensitive_attributes": []
        }
      ]
    },
    {
      "module": "module.deployer",
      "mode": "data",
      "type": "aws_identitystore_group",
      "name": "this",
      "provider": "provider[\"registry.terraform.io/hashicorp/aws\"]",
      "instances": [
        {
          "schema_version": 0,
          "attributes": {
            "alternate_identifier": [
              {
                "external_id": [],
                "unique_attribute": [
                  {
                    "attribute_path": "DisplayName",
                    "attribute_value": "TVL Smart Contract Deployer"
                  }
                ]
              }
            ],
            "description": "",
            "display_name": "TVL Smart Contract Deployer",
            "external_ids": [],
            "filter": null,
            "group_id": "14b82488-8091-70e6-6eca-7394714ca16d",
            "id": "14b82488-8091-70e6-6eca-7394714ca16d",
            "identity_store_id": "d-9067b9f3d0"
          },
          "sensitive_attributes": []
        }
      ]
    },
    {
      "module": "module.deployer",
      "mode": "data",
      "type": "aws_organizations_organization",
      "name": "this",
      "provider": "provider[\"registry.terraform.io/hashicorp/aws\"]",
      "instances": [
        {
          "schema_version": 0,
          "attributes": {
            "accounts": [
              {
                "arn": "arn:aws:organizations::803035318642:account/o-lqjvp7lrha/803035318642",
                "email": "aws-admin@tunnelvisionlabs.xyz",
                "id": "803035318642",
                "name": "tunnelvisionlabs.xyz",
                "status": "ACTIVE"
              }
            ],
            "arn": "arn:aws:organizations::803035318642:organization/o-lqjvp7lrha",
            "aws_service_access_principals": [
              "sso.amazonaws.com"
            ],
            "enabled_policy_types": [],
            "feature_set": "ALL",
            "id": "o-lqjvp7lrha",
            "master_account_arn": "arn:aws:organizations::803035318642:account/o-lqjvp7lrha/803035318642",
            "master_account_email": "aws-admin@tunnelvisionlabs.xyz",
            "master_account_id": "803035318642",
            "master_account_name": "tunnelvisionlabs.xyz",
            "non_master_accounts": [],
            "roots": [
              {
                "arn": "arn:aws:organizations::803035318642:root/o-lqjvp7lrha/r-2b8m",
                "id": "r-2b8m",
                "name": "Root",
                "policy_types": []
              }
            ]
          },
          "sensitive_attributes": []
        }
      ]
    },
    {
      "module": "module.deployer",
      "mode": "data",
      "type": "aws_ssoadmin_instances",
      "name": "this",
      "provider": "provider[\"registry.terraform.io/hashicorp/aws\"]",
      "instances": [
        {
          "schema_version": 0,
          "attributes": {
            "arns": [
              "arn:aws:sso:::instance/ssoins-722333d230634fd6"
            ],
            "id": "us-east-1",
            "identity_store_ids": [
              "d-9067b9f3d0"
            ]
          },
          "sensitive_attributes": []
        }
      ]
    },
    {
      "module": "module.deployer",
      "mode": "managed",
      "type": "aws_kms_alias",
      "name": "deployer_alias",
      "provider": "provider[\"registry.terraform.io/hashicorp/aws\"]",
      "instances": [
        {
          "schema_version": 0,
          "attributes": {
            "arn": "arn:aws:kms:us-east-1:803035318642:alias/khalani-deployer",
            "id": "alias/khalani-deployer",
            "name": "alias/khalani-deployer",
            "name_prefix": "",
            "target_key_arn": "arn:aws:kms:us-east-1:803035318642:key/37125f6c-6fc9-4000-ae57-726fd75ea060",
            "target_key_id": "37125f6c-6fc9-4000-ae57-726fd75ea060"
          },
          "sensitive_attributes": [],
          "private": "bnVsbA==",
          "dependencies": [
            "module.deployer.aws_kms_key.deployer_key"
          ]
        }
      ]
    },
    {
      "module": "module.deployer",
      "mode": "managed",
      "type": "aws_kms_key",
      "name": "deployer_key",
      "provider": "provider[\"registry.terraform.io/hashicorp/aws\"]",
      "instances": [
        {
          "schema_version": 0,
          "attributes": {
            "arn": "arn:aws:kms:us-east-1:803035318642:key/37125f6c-6fc9-4000-ae57-726fd75ea060",
            "bypass_policy_lockout_safety_check": false,
            "custom_key_store_id": "",
            "customer_master_key_spec": "ECC_SECG_P256K1",
            "deletion_window_in_days": null,
            "description": "khalani-deployer",
            "enable_key_rotation": false,
            "id": "37125f6c-6fc9-4000-ae57-726fd75ea060",
            "is_enabled": true,
            "key_id": "37125f6c-6fc9-4000-ae57-726fd75ea060",
            "key_usage": "SIGN_VERIFY",
            "multi_region": false,
            "policy": "{\"Statement\":[{\"Action\":[\"kms:*\"],\"Effect\":\"Allow\",\"Principal\":{\"AWS\":\"arn:aws:iam::803035318642:root\"},\"Resource\":\"*\"}],\"Version\":\"2012-10-17\"}",
            "rotation_period_in_days": 0,
            "tags": {},
            "tags_all": {},
            "timeouts": null,
            "xks_key_id": ""
          },
          "sensitive_attributes": [],
          "private": "bnVsbA=="
        }
      ]
    },
    {
      "module": "module.deployer",
      "mode": "managed",
      "type": "aws_ssoadmin_account_assignment",
      "name": "this",
      "provider": "provider[\"registry.terraform.io/hashicorp/aws\"]",
      "instances": [
        {
          "index_key": "803035318642",
          "schema_version": 0,
          "attributes": {
            "id": "14b82488-8091-70e6-6eca-7394714ca16d,GROUP,803035318642,AWS_ACCOUNT,arn:aws:sso:::permissionSet/ssoins-722333d230634fd6/ps-d7562a45981320ae,arn:aws:sso:::instance/ssoins-722333d230634fd6",
            "instance_arn": "arn:aws:sso:::instance/ssoins-722333d230634fd6",
            "permission_set_arn": "arn:aws:sso:::permissionSet/ssoins-722333d230634fd6/ps-d7562a45981320ae",
            "principal_id": "14b82488-8091-70e6-6eca-7394714ca16d",
            "principal_type": "GROUP",
            "target_id": "803035318642",
            "target_type": "AWS_ACCOUNT",
            "timeouts": null
          },
          "sensitive_attributes": [
            [
              {
                "type": "get_attr",
                "value": "target_id"
              }
            ]
          ],
          "private": "bnVsbA==",
          "dependencies": [
            "module.deployer.aws_ssoadmin_permission_set.this",
            "module.deployer.data.aws_identitystore_group.this",
            "module.deployer.data.aws_organizations_organization.this",
            "module.deployer.data.aws_ssoadmin_instances.this"
          ]
        }
      ]
    },
    {
      "module": "module.deployer",
      "mode": "managed",
      "type": "aws_ssoadmin_permission_set",
      "name": "this",
      "provider": "provider[\"registry.terraform.io/hashicorp/aws\"]",
      "instances": [
        {
          "schema_version": 0,
          "attributes": {
            "arn": "arn:aws:sso:::permissionSet/ssoins-722333d230634fd6/ps-d7562a45981320ae",
            "created_date": "2023-05-25T19:22:09Z",
            "description": "",
            "id": "arn:aws:sso:::permissionSet/ssoins-722333d230634fd6/ps-d7562a45981320ae,arn:aws:sso:::instance/ssoins-722333d230634fd6",
            "instance_arn": "arn:aws:sso:::instance/ssoins-722333d230634fd6",
            "name": "TVLSmartContractDeployer",
            "relay_state": "",
            "session_duration": "PT12H",
            "tags": {},
            "tags_all": {},
            "timeouts": null
          },
          "sensitive_attributes": [],
          "private": "bnVsbA==",
          "dependencies": [
            "module.deployer.data.aws_ssoadmin_instances.this"
          ]
        }
      ]
    },
    {
      "module": "module.deployer",
      "mode": "managed",
      "type": "aws_ssoadmin_permission_set_inline_policy",
      "name": "this",
      "provider": "provider[\"registry.terraform.io/hashicorp/aws\"]",
      "instances": [
        {
          "schema_version": 0,
          "attributes": {
            "id": "arn:aws:sso:::permissionSet/ssoins-722333d230634fd6/ps-d7562a45981320ae,arn:aws:sso:::instance/ssoins-722333d230634fd6",
            "inline_policy": "{\"Statement\":[{\"Action\":[\"kms:Sign\",\"kms:GetPublicKey\"],\"Effect\":\"Allow\",\"Resource\":\"arn:aws:kms:us-east-1:803035318642:key/37125f6c-6fc9-4000-ae57-726fd75ea060\",\"Sid\":\"0\"}],\"Version\":\"2012-10-17\"}",
            "instance_arn": "arn:aws:sso:::instance/ssoins-722333d230634fd6",
            "permission_set_arn": "arn:aws:sso:::permissionSet/ssoins-722333d230634fd6/ps-d7562a45981320ae",
            "timeouts": null
          },
          "sensitive_attributes": [],
          "private": "bnVsbA==",
          "dependencies": [
            "module.deployer.aws_kms_key.deployer_key",
            "module.deployer.aws_ssoadmin_permission_set.this",
            "module.deployer.data.aws_iam_policy_document.deployer_kms_read",
            "module.deployer.data.aws_ssoadmin_instances.this"
          ]
        }
      ]
    },
    {
      "module": "module.ebs_csi_irsa_role",
      "mode": "data",
      "type": "aws_caller_identity",
      "name": "current",
      "provider": "provider[\"registry.terraform.io/hashicorp/aws\"]",
      "instances": [
        {
          "schema_version": 0,
          "attributes": {
            "account_id": "803035318642",
            "arn": "arn:aws:iam::803035318642:user/Konrad-s3",
            "id": "803035318642",
            "user_id": "AIDA3V6FCRFZMJQK7AVIF"
          },
          "sensitive_attributes": []
        }
      ]
    },
    {
      "module": "module.ebs_csi_irsa_role",
      "mode": "data",
      "type": "aws_iam_policy_document",
      "name": "ebs_csi",
      "provider": "provider[\"registry.terraform.io/hashicorp/aws\"]",
      "instances": [
        {
          "index_key": 0,
          "schema_version": 0,
          "attributes": {
            "id": "212299854",
            "json": "{\n  \"Version\": \"2012-10-17\",\n  \"Statement\": [\n    {\n      \"Effect\": \"Allow\",\n      \"Action\": [\n        \"ec2:ModifyVolume\",\n        \"ec2:EnableFastSnapshotRestores\",\n        \"ec2:DetachVolume\",\n        \"ec2:DescribeVolumesModifications\",\n        \"ec2:DescribeVolumes\",\n        \"ec2:DescribeTags\",\n        \"ec2:DescribeSnapshots\",\n        \"ec2:DescribeInstances\",\n        \"ec2:DescribeAvailabilityZones\",\n        \"ec2:CreateSnapshot\",\n        \"ec2:AttachVolume\"\n      ],\n      \"Resource\": \"*\"\n    },\n    {\n      \"Effect\": \"Allow\",\n      \"Action\": \"ec2:CreateTags\",\n      \"Resource\": [\n        \"arn:aws:ec2:*:*:volume/*\",\n        \"arn:aws:ec2:*:*:snapshot/*\"\n      ],\n      \"Condition\": {\n        \"StringEquals\": {\n          \"ec2:CreateAction\": [\n            \"CreateVolume\",\n            \"CreateSnapshot\"\n          ]\n        }\n      }\n    },\n    {\n      \"Effect\": \"Allow\",\n      \"Action\": \"ec2:DeleteTags\",\n      \"Resource\": [\n        \"arn:aws:ec2:*:*:volume/*\",\n        \"arn:aws:ec2:*:*:snapshot/*\"\n      ]\n    },\n    {\n      \"Effect\": \"Allow\",\n      \"Action\": \"ec2:CreateVolume\",\n      \"Resource\": \"*\",\n      \"Condition\": {\n        \"StringLike\": {\n          \"aws:RequestTag/ebs.csi.aws.com/cluster\": \"true\"\n        }\n      }\n    },\n    {\n      \"Effect\": \"Allow\",\n      \"Action\": \"ec2:CreateVolume\",\n      \"Resource\": \"*\",\n      \"Condition\": {\n        \"StringLike\": {\n          \"aws:RequestTag/CSIVolumeName\": \"*\"\n        }\n      }\n    },\n    {\n      \"Effect\": \"Allow\",\n      \"Action\": \"ec2:CreateVolume\",\n      \"Resource\": \"*\",\n      \"Condition\": {\n        \"StringLike\": {\n          \"aws:RequestTag/kubernetes.io/cluster/*\": \"owned\"\n        }\n      }\n    },\n    {\n      \"Effect\": \"Allow\",\n      \"Action\": \"ec2:DeleteVolume\",\n      \"Resource\": \"*\",\n      \"Condition\": {\n        \"StringLike\": {\n          \"ec2:ResourceTag/ebs.csi.aws.com/cluster\": \"true\"\n        }\n      }\n    },\n    {\n      \"Effect\": \"Allow\",\n      \"Action\": \"ec2:DeleteVolume\",\n      \"Resource\": \"*\",\n      \"Condition\": {\n        \"StringLike\": {\n          \"ec2:ResourceTag/CSIVolumeName\": \"*\"\n        }\n      }\n    },\n    {\n      \"Effect\": \"Allow\",\n      \"Action\": \"ec2:DeleteVolume\",\n      \"Resource\": \"*\",\n      \"Condition\": {\n        \"StringLike\": {\n          \"ec2:ResourceTag/kubernetes.io/cluster/*\": \"owned\"\n        }\n      }\n    },\n    {\n      \"Effect\": \"Allow\",\n      \"Action\": \"ec2:DeleteVolume\",\n      \"Resource\": \"*\",\n      \"Condition\": {\n        \"StringLike\": {\n          \"ec2:ResourceTag/kubernetes.io/created-for/pvc/name\": \"*\"\n        }\n      }\n    },\n    {\n      \"Effect\": \"Allow\",\n      \"Action\": \"ec2:DeleteSnapshot\",\n      \"Resource\": \"*\",\n      \"Condition\": {\n        \"StringLike\": {\n          \"ec2:ResourceTag/CSIVolumeSnapshotName\": \"*\"\n        }\n      }\n    },\n    {\n      \"Effect\": \"Allow\",\n      \"Action\": \"ec2:DeleteSnapshot\",\n      \"Resource\": \"*\",\n      \"Condition\": {\n        \"StringLike\": {\n          \"ec2:ResourceTag/ebs.csi.aws.com/cluster\": \"true\"\n        }\n      }\n    }\n  ]\n}",
            "minified_json": "{\"Version\":\"2012-10-17\",\"Statement\":[{\"Effect\":\"Allow\",\"Action\":[\"ec2:ModifyVolume\",\"ec2:EnableFastSnapshotRestores\",\"ec2:DetachVolume\",\"ec2:DescribeVolumesModifications\",\"ec2:DescribeVolumes\",\"ec2:DescribeTags\",\"ec2:DescribeSnapshots\",\"ec2:DescribeInstances\",\"ec2:DescribeAvailabilityZones\",\"ec2:CreateSnapshot\",\"ec2:AttachVolume\"],\"Resource\":\"*\"},{\"Effect\":\"Allow\",\"Action\":\"ec2:CreateTags\",\"Resource\":[\"arn:aws:ec2:*:*:volume/*\",\"arn:aws:ec2:*:*:snapshot/*\"],\"Condition\":{\"StringEquals\":{\"ec2:CreateAction\":[\"CreateVolume\",\"CreateSnapshot\"]}}},{\"Effect\":\"Allow\",\"Action\":\"ec2:DeleteTags\",\"Resource\":[\"arn:aws:ec2:*:*:volume/*\",\"arn:aws:ec2:*:*:snapshot/*\"]},{\"Effect\":\"Allow\",\"Action\":\"ec2:CreateVolume\",\"Resource\":\"*\",\"Condition\":{\"StringLike\":{\"aws:RequestTag/ebs.csi.aws.com/cluster\":\"true\"}}},{\"Effect\":\"Allow\",\"Action\":\"ec2:CreateVolume\",\"Resource\":\"*\",\"Condition\":{\"StringLike\":{\"aws:RequestTag/CSIVolumeName\":\"*\"}}},{\"Effect\":\"Allow\",\"Action\":\"ec2:CreateVolume\",\"Resource\":\"*\",\"Condition\":{\"StringLike\":{\"aws:RequestTag/kubernetes.io/cluster/*\":\"owned\"}}},{\"Effect\":\"Allow\",\"Action\":\"ec2:DeleteVolume\",\"Resource\":\"*\",\"Condition\":{\"StringLike\":{\"ec2:ResourceTag/ebs.csi.aws.com/cluster\":\"true\"}}},{\"Effect\":\"Allow\",\"Action\":\"ec2:DeleteVolume\",\"Resource\":\"*\",\"Condition\":{\"StringLike\":{\"ec2:ResourceTag/CSIVolumeName\":\"*\"}}},{\"Effect\":\"Allow\",\"Action\":\"ec2:DeleteVolume\",\"Resource\":\"*\",\"Condition\":{\"StringLike\":{\"ec2:ResourceTag/kubernetes.io/cluster/*\":\"owned\"}}},{\"Effect\":\"Allow\",\"Action\":\"ec2:DeleteVolume\",\"Resource\":\"*\",\"Condition\":{\"StringLike\":{\"ec2:ResourceTag/kubernetes.io/created-for/pvc/name\":\"*\"}}},{\"Effect\":\"Allow\",\"Action\":\"ec2:DeleteSnapshot\",\"Resource\":\"*\",\"Condition\":{\"StringLike\":{\"ec2:ResourceTag/CSIVolumeSnapshotName\":\"*\"}}},{\"Effect\":\"Allow\",\"Action\":\"ec2:DeleteSnapshot\",\"Resource\":\"*\",\"Condition\":{\"StringLike\":{\"ec2:ResourceTag/ebs.csi.aws.com/cluster\":\"true\"}}}]}",
            "override_json": null,
            "override_policy_documents": null,
            "policy_id": null,
            "source_json": null,
            "source_policy_documents": null,
            "statement": [
              {
                "actions": [
                  "ec2:AttachVolume",
                  "ec2:CreateSnapshot",
                  "ec2:DescribeAvailabilityZones",
                  "ec2:DescribeInstances",
                  "ec2:DescribeSnapshots",
                  "ec2:DescribeTags",
                  "ec2:DescribeVolumes",
                  "ec2:DescribeVolumesModifications",
                  "ec2:DetachVolume",
                  "ec2:EnableFastSnapshotRestores",
                  "ec2:ModifyVolume"
                ],
                "condition": [],
                "effect": "Allow",
                "not_actions": [],
                "not_principals": [],
                "not_resources": [],
                "principals": [],
                "resources": [
                  "*"
                ],
                "sid": ""
              },
              {
                "actions": [
                  "ec2:CreateTags"
                ],
                "condition": [
                  {
                    "test": "StringEquals",
                    "values": [
                      "CreateVolume",
                      "CreateSnapshot"
                    ],
                    "variable": "ec2:CreateAction"
                  }
                ],
                "effect": "Allow",
                "not_actions": [],
                "not_principals": [],
                "not_resources": [],
                "principals": [],
                "resources": [
                  "arn:aws:ec2:*:*:snapshot/*",
                  "arn:aws:ec2:*:*:volume/*"
                ],
                "sid": ""
              },
              {
                "actions": [
                  "ec2:DeleteTags"
                ],
                "condition": [],
                "effect": "Allow",
                "not_actions": [],
                "not_principals": [],
                "not_resources": [],
                "principals": [],
                "resources": [
                  "arn:aws:ec2:*:*:snapshot/*",
                  "arn:aws:ec2:*:*:volume/*"
                ],
                "sid": ""
              },
              {
                "actions": [
                  "ec2:CreateVolume"
                ],
                "condition": [
                  {
                    "test": "StringLike",
                    "values": [
                      "true"
                    ],
                    "variable": "aws:RequestTag/ebs.csi.aws.com/cluster"
                  }
                ],
                "effect": "Allow",
                "not_actions": [],
                "not_principals": [],
                "not_resources": [],
                "principals": [],
                "resources": [
                  "*"
                ],
                "sid": ""
              },
              {
                "actions": [
                  "ec2:CreateVolume"
                ],
                "condition": [
                  {
                    "test": "StringLike",
                    "values": [
                      "*"
                    ],
                    "variable": "aws:RequestTag/CSIVolumeName"
                  }
                ],
                "effect": "Allow",
                "not_actions": [],
                "not_principals": [],
                "not_resources": [],
                "principals": [],
                "resources": [
                  "*"
                ],
                "sid": ""
              },
              {
                "actions": [
                  "ec2:CreateVolume"
                ],
                "condition": [
                  {
                    "test": "StringLike",
                    "values": [
                      "owned"
                    ],
                    "variable": "aws:RequestTag/kubernetes.io/cluster/*"
                  }
                ],
                "effect": "Allow",
                "not_actions": [],
                "not_principals": [],
                "not_resources": [],
                "principals": [],
                "resources": [
                  "*"
                ],
                "sid": ""
              },
              {
                "actions": [
                  "ec2:DeleteVolume"
                ],
                "condition": [
                  {
                    "test": "StringLike",
                    "values": [
                      "true"
                    ],
                    "variable": "ec2:ResourceTag/ebs.csi.aws.com/cluster"
                  }
                ],
                "effect": "Allow",
                "not_actions": [],
                "not_principals": [],
                "not_resources": [],
                "principals": [],
                "resources": [
                  "*"
                ],
                "sid": ""
              },
              {
                "actions": [
                  "ec2:DeleteVolume"
                ],
                "condition": [
                  {
                    "test": "StringLike",
                    "values": [
                      "*"
                    ],
                    "variable": "ec2:ResourceTag/CSIVolumeName"
                  }
                ],
                "effect": "Allow",
                "not_actions": [],
                "not_principals": [],
                "not_resources": [],
                "principals": [],
                "resources": [
                  "*"
                ],
                "sid": ""
              },
              {
                "actions": [
                  "ec2:DeleteVolume"
                ],
                "condition": [
                  {
                    "test": "StringLike",
                    "values": [
                      "owned"
                    ],
                    "variable": "ec2:ResourceTag/kubernetes.io/cluster/*"
                  }
                ],
                "effect": "Allow",
                "not_actions": [],
                "not_principals": [],
                "not_resources": [],
                "principals": [],
                "resources": [
                  "*"
                ],
                "sid": ""
              },
              {
                "actions": [
                  "ec2:DeleteVolume"
                ],
                "condition": [
                  {
                    "test": "StringLike",
                    "values": [
                      "*"
                    ],
                    "variable": "ec2:ResourceTag/kubernetes.io/created-for/pvc/name"
                  }
                ],
                "effect": "Allow",
                "not_actions": [],
                "not_principals": [],
                "not_resources": [],
                "principals": [],
                "resources": [
                  "*"
                ],
                "sid": ""
              },
              {
                "actions": [
                  "ec2:DeleteSnapshot"
                ],
                "condition": [
                  {
                    "test": "StringLike",
                    "values": [
                      "*"
                    ],
                    "variable": "ec2:ResourceTag/CSIVolumeSnapshotName"
                  }
                ],
                "effect": "Allow",
                "not_actions": [],
                "not_principals": [],
                "not_resources": [],
                "principals": [],
                "resources": [
                  "*"
                ],
                "sid": ""
              },
              {
                "actions": [
                  "ec2:DeleteSnapshot"
                ],
                "condition": [
                  {
                    "test": "StringLike",
                    "values": [
                      "true"
                    ],
                    "variable": "ec2:ResourceTag/ebs.csi.aws.com/cluster"
                  }
                ],
                "effect": "Allow",
                "not_actions": [],
                "not_principals": [],
                "not_resources": [],
                "principals": [],
                "resources": [
                  "*"
                ],
                "sid": ""
              }
            ],
            "version": "2012-10-17"
          },
          "sensitive_attributes": []
        }
      ]
    },
    {
      "module": "module.ebs_csi_irsa_role",
      "mode": "data",
      "type": "aws_iam_policy_document",
      "name": "this",
      "provider": "provider[\"registry.terraform.io/hashicorp/aws\"]",
      "instances": [
        {
          "index_key": 0,
          "schema_version": 0,
          "attributes": {
            "id": "2045768564",
            "json": "{\n  \"Version\": \"2012-10-17\",\n  \"Statement\": [\n    {\n      \"Effect\": \"Allow\",\n      \"Action\": \"sts:AssumeRoleWithWebIdentity\",\n      \"Principal\": {\n        \"Federated\": \"arn:aws:iam::803035318642:oidc-provider/oidc.eks.us-east-1.amazonaws.com/id/32803539C78C654C14D84BD9DDB105D9\"\n      },\n      \"Condition\": {\n        \"StringEquals\": {\n          \"oidc.eks.us-east-1.amazonaws.com/id/32803539C78C654C14D84BD9DDB105D9:aud\": \"sts.amazonaws.com\",\n          \"oidc.eks.us-east-1.amazonaws.com/id/32803539C78C654C14D84BD9DDB105D9:sub\": \"system:serviceaccount:kube-system:ebs-csi-controller-sa\"\n        }\n      }\n    }\n  ]\n}",
            "minified_json": "{\"Version\":\"2012-10-17\",\"Statement\":[{\"Effect\":\"Allow\",\"Action\":\"sts:AssumeRoleWithWebIdentity\",\"Principal\":{\"Federated\":\"arn:aws:iam::803035318642:oidc-provider/oidc.eks.us-east-1.amazonaws.com/id/32803539C78C654C14D84BD9DDB105D9\"},\"Condition\":{\"StringEquals\":{\"oidc.eks.us-east-1.amazonaws.com/id/32803539C78C654C14D84BD9DDB105D9:aud\":\"sts.amazonaws.com\",\"oidc.eks.us-east-1.amazonaws.com/id/32803539C78C654C14D84BD9DDB105D9:sub\":\"system:serviceaccount:kube-system:ebs-csi-controller-sa\"}}}]}",
            "override_json": null,
            "override_policy_documents": null,
            "policy_id": null,
            "source_json": null,
            "source_policy_documents": null,
            "statement": [
              {
                "actions": [
                  "sts:AssumeRoleWithWebIdentity"
                ],
                "condition": [
                  {
                    "test": "StringEquals",
                    "values": [
                      "sts.amazonaws.com"
                    ],
                    "variable": "oidc.eks.us-east-1.amazonaws.com/id/32803539C78C654C14D84BD9DDB105D9:aud"
                  },
                  {
                    "test": "StringEquals",
                    "values": [
                      "system:serviceaccount:kube-system:ebs-csi-controller-sa"
                    ],
                    "variable": "oidc.eks.us-east-1.amazonaws.com/id/32803539C78C654C14D84BD9DDB105D9:sub"
                  }
                ],
                "effect": "Allow",
                "not_actions": [],
                "not_principals": [],
                "not_resources": [],
                "principals": [
                  {
                    "identifiers": [
                      "arn:aws:iam::803035318642:oidc-provider/oidc.eks.us-east-1.amazonaws.com/id/32803539C78C654C14D84BD9DDB105D9"
                    ],
                    "type": "Federated"
                  }
                ],
                "resources": [],
                "sid": ""
              }
            ],
            "version": "2012-10-17"
          },
          "sensitive_attributes": []
        }
      ]
    },
    {
      "module": "module.ebs_csi_irsa_role",
      "mode": "data",
      "type": "aws_partition",
      "name": "current",
      "provider": "provider[\"registry.terraform.io/hashicorp/aws\"]",
      "instances": [
        {
          "schema_version": 0,
          "attributes": {
            "dns_suffix": "amazonaws.com",
            "id": "aws",
            "partition": "aws",
            "reverse_dns_prefix": "com.amazonaws"
          },
          "sensitive_attributes": []
        }
      ]
    },
    {
      "module": "module.ebs_csi_irsa_role",
      "mode": "data",
      "type": "aws_region",
      "name": "current",
      "provider": "provider[\"registry.terraform.io/hashicorp/aws\"]",
      "instances": [
        {
          "schema_version": 0,
          "attributes": {
            "description": "US East (N. Virginia)",
            "endpoint": "ec2.us-east-1.amazonaws.com",
            "id": "us-east-1",
            "name": "us-east-1"
          },
          "sensitive_attributes": []
        }
      ]
    },
    {
      "module": "module.ebs_csi_irsa_role",
      "mode": "managed",
      "type": "aws_iam_policy",
      "name": "ebs_csi",
      "provider": "provider[\"registry.terraform.io/hashicorp/aws\"]",
      "instances": [
        {
          "index_key": 0,
          "schema_version": 0,
          "attributes": {
            "arn": "arn:aws:iam::803035318642:policy/AmazonEKS_EBS_CSI_Policy-20230705152840323800000001",
            "attachment_count": 1,
            "description": "Provides permissions to manage EBS volumes via the container storage interface driver",
            "id": "arn:aws:iam::803035318642:policy/AmazonEKS_EBS_CSI_Policy-20230705152840323800000001",
            "name": "AmazonEKS_EBS_CSI_Policy-20230705152840323800000001",
            "name_prefix": "AmazonEKS_EBS_CSI_Policy-",
            "path": "/",
            "policy": "{\"Statement\":[{\"Action\":[\"ec2:ModifyVolume\",\"ec2:EnableFastSnapshotRestores\",\"ec2:DetachVolume\",\"ec2:DescribeVolumesModifications\",\"ec2:DescribeVolumes\",\"ec2:DescribeTags\",\"ec2:DescribeSnapshots\",\"ec2:DescribeInstances\",\"ec2:DescribeAvailabilityZones\",\"ec2:CreateSnapshot\",\"ec2:AttachVolume\"],\"Effect\":\"Allow\",\"Resource\":\"*\"},{\"Action\":\"ec2:CreateTags\",\"Condition\":{\"StringEquals\":{\"ec2:CreateAction\":[\"CreateVolume\",\"CreateSnapshot\"]}},\"Effect\":\"Allow\",\"Resource\":[\"arn:aws:ec2:*:*:volume/*\",\"arn:aws:ec2:*:*:snapshot/*\"]},{\"Action\":\"ec2:DeleteTags\",\"Effect\":\"Allow\",\"Resource\":[\"arn:aws:ec2:*:*:volume/*\",\"arn:aws:ec2:*:*:snapshot/*\"]},{\"Action\":\"ec2:CreateVolume\",\"Condition\":{\"StringLike\":{\"aws:RequestTag/ebs.csi.aws.com/cluster\":\"true\"}},\"Effect\":\"Allow\",\"Resource\":\"*\"},{\"Action\":\"ec2:CreateVolume\",\"Condition\":{\"StringLike\":{\"aws:RequestTag/CSIVolumeName\":\"*\"}},\"Effect\":\"Allow\",\"Resource\":\"*\"},{\"Action\":\"ec2:CreateVolume\",\"Condition\":{\"StringLike\":{\"aws:RequestTag/kubernetes.io/cluster/*\":\"owned\"}},\"Effect\":\"Allow\",\"Resource\":\"*\"},{\"Action\":\"ec2:DeleteVolume\",\"Condition\":{\"StringLike\":{\"ec2:ResourceTag/ebs.csi.aws.com/cluster\":\"true\"}},\"Effect\":\"Allow\",\"Resource\":\"*\"},{\"Action\":\"ec2:DeleteVolume\",\"Condition\":{\"StringLike\":{\"ec2:ResourceTag/CSIVolumeName\":\"*\"}},\"Effect\":\"Allow\",\"Resource\":\"*\"},{\"Action\":\"ec2:DeleteVolume\",\"Condition\":{\"StringLike\":{\"ec2:ResourceTag/kubernetes.io/cluster/*\":\"owned\"}},\"Effect\":\"Allow\",\"Resource\":\"*\"},{\"Action\":\"ec2:DeleteVolume\",\"Condition\":{\"StringLike\":{\"ec2:ResourceTag/kubernetes.io/created-for/pvc/name\":\"*\"}},\"Effect\":\"Allow\",\"Resource\":\"*\"},{\"Action\":\"ec2:DeleteSnapshot\",\"Condition\":{\"StringLike\":{\"ec2:ResourceTag/CSIVolumeSnapshotName\":\"*\"}},\"Effect\":\"Allow\",\"Resource\":\"*\"},{\"Action\":\"ec2:DeleteSnapshot\",\"Condition\":{\"StringLike\":{\"ec2:ResourceTag/ebs.csi.aws.com/cluster\":\"true\"}},\"Effect\":\"Allow\",\"Resource\":\"*\"}],\"Version\":\"2012-10-17\"}",
            "policy_id": "ANPA3V6FCRFZIOUCNZYEM",
            "tags": {},
            "tags_all": {}
          },
          "sensitive_attributes": [],
          "private": "bnVsbA==",
          "dependencies": [
            "module.ebs_csi_irsa_role.data.aws_iam_policy_document.ebs_csi",
            "module.ebs_csi_irsa_role.data.aws_partition.current"
          ]
        }
      ]
    },
    {
      "module": "module.ebs_csi_irsa_role",
      "mode": "managed",
      "type": "aws_iam_role",
      "name": "this",
      "provider": "provider[\"registry.terraform.io/hashicorp/aws\"]",
      "instances": [
        {
          "index_key": 0,
          "schema_version": 0,
          "attributes": {
            "arn": "arn:aws:iam::803035318642:role/ebs-csi",
            "assume_role_policy": "{\"Statement\":[{\"Action\":\"sts:AssumeRoleWithWebIdentity\",\"Condition\":{\"StringEquals\":{\"oidc.eks.us-east-1.amazonaws.com/id/32803539C78C654C14D84BD9DDB105D9:aud\":\"sts.amazonaws.com\",\"oidc.eks.us-east-1.amazonaws.com/id/32803539C78C654C14D84BD9DDB105D9:sub\":\"system:serviceaccount:kube-system:ebs-csi-controller-sa\"}},\"Effect\":\"Allow\",\"Principal\":{\"Federated\":\"arn:aws:iam::803035318642:oidc-provider/oidc.eks.us-east-1.amazonaws.com/id/32803539C78C654C14D84BD9DDB105D9\"}}],\"Version\":\"2012-10-17\"}",
            "create_date": "2023-07-05T15:28:39Z",
            "description": "",
            "force_detach_policies": true,
            "id": "ebs-csi",
            "inline_policy": [],
            "managed_policy_arns": [
              "arn:aws:iam::803035318642:policy/AmazonEKS_EBS_CSI_Policy-20230705152840323800000001"
            ],
            "max_session_duration": 3600,
            "name": "ebs-csi",
            "name_prefix": "",
            "path": "/",
            "permissions_boundary": "",
            "tags": {},
            "tags_all": {},
            "unique_id": "AROA3V6FCRFZLORLU5YEL"
          },
          "sensitive_attributes": [],
          "private": "bnVsbA==",
          "dependencies": [
            "module.ebs_csi_irsa_role.data.aws_caller_identity.current",
            "module.ebs_csi_irsa_role.data.aws_iam_policy_document.this",
            "module.ebs_csi_irsa_role.data.aws_partition.current",
            "module.eks.aws_cloudwatch_log_group.this",
            "module.eks.aws_eks_cluster.this",
            "module.eks.aws_iam_openid_connect_provider.oidc_provider",
            "module.eks.aws_iam_role.this",
            "module.eks.aws_iam_role_policy_attachment.this",
            "module.eks.aws_security_group.cluster",
            "module.eks.aws_security_group.node",
            "module.eks.aws_security_group_rule.cluster",
            "module.eks.aws_security_group_rule.node",
            "module.eks.data.aws_caller_identity.current",
            "module.eks.data.aws_iam_policy_document.assume_role_policy",
            "module.eks.data.aws_partition.current",
            "module.eks.data.tls_certificate.this",
            "module.eks.module.kms.aws_kms_external_key.this",
            "module.eks.module.kms.aws_kms_key.this",
            "module.eks.module.kms.data.aws_caller_identity.current",
            "module.eks.module.kms.data.aws_iam_policy_document.this",
            "module.eks.module.kms.data.aws_partition.current",
            "module.vpc.aws_subnet.private",
            "module.vpc.aws_vpc.this",
            "module.vpc.aws_vpc_ipv4_cidr_block_association.this"
          ]
        }
      ]
    },
    {
      "module": "module.ebs_csi_irsa_role",
      "mode": "managed",
      "type": "aws_iam_role_policy_attachment",
      "name": "ebs_csi",
      "provider": "provider[\"registry.terraform.io/hashicorp/aws\"]",
      "instances": [
        {
          "index_key": 0,
          "schema_version": 0,
          "attributes": {
            "id": "ebs-csi-20230705152841680500000002",
            "policy_arn": "arn:aws:iam::803035318642:policy/AmazonEKS_EBS_CSI_Policy-20230705152840323800000001",
            "role": "ebs-csi"
          },
          "sensitive_attributes": [],
          "private": "bnVsbA==",
          "dependencies": [
            "module.ebs_csi_irsa_role.aws_iam_policy.ebs_csi",
            "module.ebs_csi_irsa_role.aws_iam_role.this",
            "module.ebs_csi_irsa_role.data.aws_caller_identity.current",
            "module.ebs_csi_irsa_role.data.aws_iam_policy_document.ebs_csi",
            "module.ebs_csi_irsa_role.data.aws_iam_policy_document.this",
            "module.ebs_csi_irsa_role.data.aws_partition.current",
            "module.eks.aws_cloudwatch_log_group.this",
            "module.eks.aws_eks_cluster.this",
            "module.eks.aws_iam_openid_connect_provider.oidc_provider",
            "module.eks.aws_iam_role.this",
            "module.eks.aws_iam_role_policy_attachment.this",
            "module.eks.aws_security_group.cluster",
            "module.eks.aws_security_group.node",
            "module.eks.aws_security_group_rule.cluster",
            "module.eks.aws_security_group_rule.node",
            "module.eks.data.aws_caller_identity.current",
            "module.eks.data.aws_iam_policy_document.assume_role_policy",
            "module.eks.data.aws_partition.current",
            "module.eks.data.tls_certificate.this",
            "module.eks.module.kms.aws_kms_external_key.this",
            "module.eks.module.kms.aws_kms_key.this",
            "module.eks.module.kms.data.aws_caller_identity.current",
            "module.eks.module.kms.data.aws_iam_policy_document.this",
            "module.eks.module.kms.data.aws_partition.current",
            "module.vpc.aws_subnet.private",
            "module.vpc.aws_vpc.this",
            "module.vpc.aws_vpc_ipv4_cidr_block_association.this"
          ]
        }
      ]
    },
    {
      "module": "module.eks",
      "mode": "data",
      "type": "aws_caller_identity",
      "name": "current",
      "provider": "provider[\"registry.terraform.io/hashicorp/aws\"]",
      "instances": [
        {
          "schema_version": 0,
          "attributes": {
            "account_id": "803035318642",
            "arn": "arn:aws:iam::803035318642:user/Konrad-s3",
            "id": "803035318642",
            "user_id": "AIDA3V6FCRFZMJQK7AVIF"
          },
          "sensitive_attributes": []
        }
      ]
    },
    {
      "module": "module.eks",
      "mode": "data",
      "type": "aws_default_tags",
      "name": "current",
      "provider": "provider[\"registry.terraform.io/hashicorp/aws\"]",
      "instances": [
        {
          "schema_version": 0,
          "attributes": {
            "id": "aws",
            "tags": {}
          },
          "sensitive_attributes": []
        }
      ]
    },
    {
      "module": "module.eks",
      "mode": "data",
      "type": "aws_iam_policy_document",
      "name": "assume_role_policy",
      "provider": "provider[\"registry.terraform.io/hashicorp/aws\"]",
      "instances": [
        {
          "index_key": 0,
          "schema_version": 0,
          "attributes": {
            "id": "2764486067",
            "json": "{\n  \"Version\": \"2012-10-17\",\n  \"Statement\": [\n    {\n      \"Sid\": \"EKSClusterAssumeRole\",\n      \"Effect\": \"Allow\",\n      \"Action\": \"sts:AssumeRole\",\n      \"Principal\": {\n        \"Service\": \"eks.amazonaws.com\"\n      }\n    }\n  ]\n}",
            "minified_json": "{\"Version\":\"2012-10-17\",\"Statement\":[{\"Sid\":\"EKSClusterAssumeRole\",\"Effect\":\"Allow\",\"Action\":\"sts:AssumeRole\",\"Principal\":{\"Service\":\"eks.amazonaws.com\"}}]}",
            "override_json": null,
            "override_policy_documents": null,
            "policy_id": null,
            "source_json": null,
            "source_policy_documents": null,
            "statement": [
              {
                "actions": [
                  "sts:AssumeRole"
                ],
                "condition": [],
                "effect": "Allow",
                "not_actions": [],
                "not_principals": [],
                "not_resources": [],
                "principals": [
                  {
                    "identifiers": [
                      "eks.amazonaws.com"
                    ],
                    "type": "Service"
                  }
                ],
                "resources": [],
                "sid": "EKSClusterAssumeRole"
              }
            ],
            "version": "2012-10-17"
          },
          "sensitive_attributes": []
        }
      ]
    },
    {
      "module": "module.eks",
      "mode": "data",
      "type": "aws_partition",
      "name": "current",
      "provider": "provider[\"registry.terraform.io/hashicorp/aws\"]",
      "instances": [
        {
          "schema_version": 0,
          "attributes": {
            "dns_suffix": "amazonaws.com",
            "id": "aws",
            "partition": "aws",
            "reverse_dns_prefix": "com.amazonaws"
          },
          "sensitive_attributes": []
        }
      ]
    },
    {
      "module": "module.eks",
      "mode": "data",
      "type": "tls_certificate",
      "name": "this",
      "provider": "provider[\"registry.terraform.io/hashicorp/tls\"]",
      "instances": [
        {
          "index_key": 0,
          "schema_version": 0,
          "attributes": {
            "certificates": [
              {
                "cert_pem": "-----BEGIN CERTIFICATE-----\nMIIEdTCCA12gAwIBAgIJAKcOSkw0grd/MA0GCSqGSIb3DQEBCwUAMGgxCzAJBgNV\nBAYTAlVTMSUwIwYDVQQKExxTdGFyZmllbGQgVGVjaG5vbG9naWVzLCBJbmMuMTIw\nMAYDVQQLEylTdGFyZmllbGQgQ2xhc3MgMiBDZXJ0aWZpY2F0aW9uIEF1dGhvcml0\neTAeFw0wOTA5MDIwMDAwMDBaFw0zNDA2MjgxNzM5MTZaMIGYMQswCQYDVQQGEwJV\nUzEQMA4GA1UECBMHQXJpem9uYTETMBEGA1UEBxMKU2NvdHRzZGFsZTElMCMGA1UE\nChMcU3RhcmZpZWxkIFRlY2hub2xvZ2llcywgSW5jLjE7MDkGA1UEAxMyU3RhcmZp\nZWxkIFNlcnZpY2VzIFJvb3QgQ2VydGlmaWNhdGUgQXV0aG9yaXR5IC0gRzIwggEi\nMA0GCSqGSIb3DQEBAQUAA4IBDwAwggEKAoIBAQDVDDrEKvlO4vW+GZdfjohTsR8/\ny8+fIBNtKTrID30892t2OGPZNmCom15cAICyL1l/9of5JUOG52kbUpqQ4XHj2C0N\nTm/2yEnZtvMaVq4rtnQU68/7JuMauh2WLmo7WJSJR1b/JaCTcFOD2oR0FMNnngRo\nOt+OQFodSk7PQ5E751bWAHDLUu57fa4657wx+UX2wmDPE1kCK4DMNEffud6QZW0C\nzyyRpqbn3oUYSXxmTqM6bam17jQuug0DuDPfR+uxa40l2ZvOgdFFRjKWcIfeAg5J\nQ4W2bHO7ZOphQazJ1FTfhy/HIrImzJ9ZVGif/L4qL8RVHHVAYBeFAlU5i38FAgMB\nAAGjgfAwge0wDwYDVR0TAQH/BAUwAwEB/zAOBgNVHQ8BAf8EBAMCAYYwHQYDVR0O\nBBYEFJxfAN+qAdcwKziIorhtSpzyEZGDMB8GA1UdIwQYMBaAFL9ft9HO3R+G9FtV\nrNzXEMIOqYjnME8GCCsGAQUFBwEBBEMwQTAcBggrBgEFBQcwAYYQaHR0cDovL28u\nc3MyLnVzLzAhBggrBgEFBQcwAoYVaHR0cDovL3guc3MyLnVzL3guY2VyMCYGA1Ud\nHwQfMB0wG6AZoBeGFWh0dHA6Ly9zLnNzMi51cy9yLmNybDARBgNVHSAECjAIMAYG\nBFUdIAAwDQYJKoZIhvcNAQELBQADggEBACMd44pXyn3pF3lM8R5V/cxTbj5HD9/G\nVfKyBDbtgB9TxF00KGu+x1X8Z+rLP3+QsjPNG1gQggL4+C/1E2DUBc7xgQjB3ad1\nl08YuW3e95ORCLp+QCztweq7dp4zBncdDQh/U90bZKuCJ/Fp1U1ervShw3WnWEQt\n8jxwmKy6abaVd38PMV4s/KCHOkdp8Hlf9BRUpJVeEXgSYCfOn8J3/yNTd126/+pZ\n59vPr5KW7ySaNRB6nJHGDn2Z9j8Z3/VyVOEVqQdZe4O/Ui5GjLIAZHYcSNPYeehu\nVsyuLAOQ1xk4meTKCRlb/weWsKh/NEnfVqn3sF/tM+2MR7cwA130A4w=\n-----END CERTIFICATE-----\n",
                "is_ca": true,
                "issuer": "OU=Starfield Class 2 Certification Authority,O=Starfield Technologies\\, Inc.,C=US",
                "not_after": "2034-06-28T17:39:16Z",
                "not_before": "2009-09-02T00:00:00Z",
                "public_key_algorithm": "RSA",
                "serial_number": "12037640545166866303",
                "sha1_fingerprint": "9e99a48a9960b14926bb7f3b02e22da2b0ab7280",
                "signature_algorithm": "SHA256-RSA",
                "subject": "CN=Starfield Services Root Certificate Authority - G2,O=Starfield Technologies\\, Inc.,L=Scottsdale,ST=Arizona,C=US",
                "version": 3
              },
              {
                "cert_pem": "-----BEGIN CERTIFICATE-----\nMIIEkjCCA3qgAwIBAgITBn+USionzfP6wq4rAfkI7rnExjANBgkqhkiG9w0BAQsF\nADCBmDELMAkGA1UEBhMCVVMxEDAOBgNVBAgTB0FyaXpvbmExEzARBgNVBAcTClNj\nb3R0c2RhbGUxJTAjBgNVBAoTHFN0YXJmaWVsZCBUZWNobm9sb2dpZXMsIEluYy4x\nOzA5BgNVBAMTMlN0YXJmaWVsZCBTZXJ2aWNlcyBSb290IENlcnRpZmljYXRlIEF1\ndGhvcml0eSAtIEcyMB4XDTE1MDUyNTEyMDAwMFoXDTM3MTIzMTAxMDAwMFowOTEL\nMAkGA1UEBhMCVVMxDzANBgNVBAoTBkFtYXpvbjEZMBcGA1UEAxMQQW1hem9uIFJv\nb3QgQ0EgMTCCASIwDQYJKoZIhvcNAQEBBQADggEPADCCAQoCggEBALJ4gHHKeNXj\nca9HgFB0fW7Y14h29Jlo91ghYPl0hAEvrAIthtOgQ3pOsqTQNroBvo3bSMgHFzZM\n9O6II8c+6zf1tRn4SWiw3te5djgdYZ6k/oI2peVKVuRF4fn9tBb6dNqcmzU5L/qw\nIFAGbHrQgLKm+a/sRxmPUDgH3KKHOVj4utWp+UhnMJbulHheb4mjUcAwhmahRWa6\nVOujw5H5SNz/0egwLX0tdHA114gk957EWW67c4cX8jJGKLhD+rcdqsq08p8kDi1L\n93FcXmn/6pUCyziKrlA4b9v7LWIbxcceVOF34GfID5yHI9Y/QCB/IIDEgEw+OyQm\njgSubJrIqg0CAwEAAaOCATEwggEtMA8GA1UdEwEB/wQFMAMBAf8wDgYDVR0PAQH/\nBAQDAgGGMB0GA1UdDgQWBBSEGMyFNOy8DJSULghZnMeyEE4KCDAfBgNVHSMEGDAW\ngBScXwDfqgHXMCs4iKK4bUqc8hGRgzB4BggrBgEFBQcBAQRsMGowLgYIKwYBBQUH\nMAGGImh0dHA6Ly9vY3NwLnJvb3RnMi5hbWF6b250cnVzdC5jb20wOAYIKwYBBQUH\nMAKGLGh0dHA6Ly9jcnQucm9vdGcyLmFtYXpvbnRydXN0LmNvbS9yb290ZzIuY2Vy\nMD0GA1UdHwQ2MDQwMqAwoC6GLGh0dHA6Ly9jcmwucm9vdGcyLmFtYXpvbnRydXN0\nLmNvbS9yb290ZzIuY3JsMBEGA1UdIAQKMAgwBgYEVR0gADANBgkqhkiG9w0BAQsF\nAAOCAQEAYjdCXLwQtT6LLOkMm2xF4gcAevnFWAu5CIw+7bMlPLVvUOTNNWqnkzSW\nMiGpSESrnO09tKpzbeR/FoCJbM8oAxiDR3mjEH4wW6w7sGDgd9QIpuEdfF7Au/ma\neyKdpwAJfqxGF4PcnCZXmTA5YpaP7dreqsXMGz7KQ2hsVxa81Q4gLv7/wmpdLqBK\nbRRYh5TmOTFffHPLkIhqhBGWJ6bt2YFGpn6jcgAKUj6DiAdjd4lpFw85hdKrCEVN\n0FE6/V1dN2RMfjCyVSRCnTawXZwXgWHxyvkQAiSr6w10kY17RSlQOYiypok1JR4U\nakcjMS9cmvqtmg5iUaQqqcT5NJ0hGA==\n-----END CERTIFICATE-----\n",
                "is_ca": true,
                "issuer": "CN=Starfield Services Root Certificate Authority - G2,O=Starfield Technologies\\, Inc.,L=Scottsdale,ST=Arizona,C=US",
                "not_after": "2037-12-31T01:00:00Z",
                "not_before": "2015-05-25T12:00:00Z",
                "public_key_algorithm": "RSA",
                "serial_number": "144918191876577076464031512351042010504348870",
                "sha1_fingerprint": "06b25927c42a721631c1efd9431e648fa62e1e39",
                "signature_algorithm": "SHA256-RSA",
                "subject": "CN=Amazon Root CA 1,O=Amazon,C=US",
                "version": 3
              },
              {
                "cert_pem": "-----BEGIN CERTIFICATE-----\nMIIEXjCCA0agAwIBAgITB3MSSkvL1E7HtTvq8ZSELToPoTANBgkqhkiG9w0BAQsF\nADA5MQswCQYDVQQGEwJVUzEPMA0GA1UEChMGQW1hem9uMRkwFwYDVQQDExBBbWF6\nb24gUm9vdCBDQSAxMB4XDTIyMDgyMzIyMjUzMFoXDTMwMDgyMzIyMjUzMFowPDEL\nMAkGA1UEBhMCVVMxDzANBgNVBAoTBkFtYXpvbjEcMBoGA1UEAxMTQW1hem9uIFJT\nQSAyMDQ4IE0wMjCCASIwDQYJKoZIhvcNAQEBBQADggEPADCCAQoCggEBALtDGMZa\nqHneKei1by6+pUPPLljTB143Si6VpEWPc6mSkFhZb/6qrkZyoHlQLbDYnI2D7hD0\nsdzEqfnuAjIsuXQLG3A8TvX6V3oFNBFVe8NlLJHvBseKY88saLwufxkZVwk74g4n\nWlNMXzla9Y5F3wwRHwMVH443xGz6UtGSZSqQ94eFx5X7Tlqt8whi8qCaKdZ5rNak\n+r9nUThOeClqFd4oXych//Rc7Y0eX1KNWHYSI1Nk31mYgiK3JvH063g+K9tHA63Z\neTgKgndlh+WI+zv7i44HepRZjA1FYwYZ9Vv/9UkC5Yz8/yU65fgjaE+wVHM4e/Yy\nC2osrPWE7gJ+dXMCAwEAAaOCAVowggFWMBIGA1UdEwEB/wQIMAYBAf8CAQAwDgYD\nVR0PAQH/BAQDAgGGMB0GA1UdJQQWMBQGCCsGAQUFBwMBBggrBgEFBQcDAjAdBgNV\nHQ4EFgQUwDFSzVpQw4J8dHHOy+mc+XrrguIwHwYDVR0jBBgwFoAUhBjMhTTsvAyU\nlC4IWZzHshBOCggwewYIKwYBBQUHAQEEbzBtMC8GCCsGAQUFBzABhiNodHRwOi8v\nb2NzcC5yb290Y2ExLmFtYXpvbnRydXN0LmNvbTA6BggrBgEFBQcwAoYuaHR0cDov\nL2NydC5yb290Y2ExLmFtYXpvbnRydXN0LmNvbS9yb290Y2ExLmNlcjA/BgNVHR8E\nODA2MDSgMqAwhi5odHRwOi8vY3JsLnJvb3RjYTEuYW1hem9udHJ1c3QuY29tL3Jv\nb3RjYTEuY3JsMBMGA1UdIAQMMAowCAYGZ4EMAQIBMA0GCSqGSIb3DQEBCwUAA4IB\nAQAtTi6Fs0Azfi+iwm7jrz+CSxHH+uHl7Law3MQSXVtR8RV53PtR6r/6gNpqlzdo\nZq4FKbADi1v9Bun8RY8D51uedRfjsbeodizeBB8nXmeyD33Ep7VATj4ozcd31YFV\nfgRhvTSxNrrTlNpWkUk0m3BMPv8sg381HhA6uEYokE5q9uws/3YkKqRiEz3TsaWm\nJqIRZhMbgAfp7O7FUwFIb7UIspogZSKxPIWJpxiPo3TcBambbVtQOcNRWz5qCQdD\nslI2yayq0n2TXoHyNCLEH8rpsJRVILFsg0jc7BaFrMnF462+ajSehgj12IidNeRN\n4zl+EoNaWdpnWndvSpAEkq2P\n-----END CERTIFICATE-----\n",
                "is_ca": true,
                "issuer": "CN=Amazon Root CA 1,O=Amazon,C=US",
                "not_after": "2030-08-23T22:25:30Z",
                "not_before": "2022-08-23T22:25:30Z",
                "public_key_algorithm": "RSA",
                "serial_number": "166129353110899469622597955040406457904926625",
                "sha1_fingerprint": "414a2060b738c635cc7fc243e052615592830c53",
                "signature_algorithm": "SHA256-RSA",
                "subject": "CN=Amazon RSA 2048 M02,O=Amazon,C=US",
                "version": 3
              },
              {
                "cert_pem": "-----BEGIN CERTIFICATE-----\nMIIF5TCCBM2gAwIBAgIQCJL9XGbawpZ6IsGGvDqdyDANBgkqhkiG9w0BAQsFADA8\nMQswCQYDVQQGEwJVUzEPMA0GA1UEChMGQW1hem9uMRwwGgYDVQQDExNBbWF6b24g\nUlNBIDIwNDggTTAyMB4XDTI0MDMyODAwMDAwMFoXDTI1MDQyNjIzNTk1OVowKDEm\nMCQGA1UEAwwdKi5la3MudXMtZWFzdC0xLmFtYXpvbmF3cy5jb20wggEiMA0GCSqG\nSIb3DQEBAQUAA4IBDwAwggEKAoIBAQC4iVpgxjgOmMKdC2tYTHa9yzuuLdYCjpC6\nxN1VgI71uTiSxUGf6R3N/Rdk5vjz2COu3fsVgMh6cCpqrPlxU/5uP0/DFfQGdVxB\nbZ4vYRC9jIbgyKmwqOEJMD/9B3iGHz3KpBpnXDcuulqWsCtuuqxjnMLL4h1UdOeA\nPNwhOyQxKMHl+LfrCZeCuehKch+XM/8lhdKgYyLp8o1Nm7IsNG1aN6iNoZ6rxEyU\nVw6fV+pZDaIrxkYf7unQrAfUWR122pXGzWRtv5VGZLjrci8ev4ZpgGViIzb2LOqT\nFm8gde6aURlAm4uMDFzmZ/iOqEV+52vO9Z0E6Yo5M3dJZqQo7uUpAgMBAAGjggL1\nMIIC8TAfBgNVHSMEGDAWgBTAMVLNWlDDgnx0cc7L6Zz5euuC4jAdBgNVHQ4EFgQU\nhG1ZDKa76htLZVXP+E3P3GnYHjEwKAYDVR0RBCEwH4IdKi5la3MudXMtZWFzdC0x\nLmFtYXpvbmF3cy5jb20wEwYDVR0gBAwwCjAIBgZngQwBAgEwDgYDVR0PAQH/BAQD\nAgWgMB0GA1UdJQQWMBQGCCsGAQUFBwMBBggrBgEFBQcDAjA7BgNVHR8ENDAyMDCg\nLqAshipodHRwOi8vY3JsLnIybTAyLmFtYXpvbnRydXN0LmNvbS9yMm0wMi5jcmww\ndQYIKwYBBQUHAQEEaTBnMC0GCCsGAQUFBzABhiFodHRwOi8vb2NzcC5yMm0wMi5h\nbWF6b250cnVzdC5jb20wNgYIKwYBBQUHMAKGKmh0dHA6Ly9jcnQucjJtMDIuYW1h\nem9udHJ1c3QuY29tL3IybTAyLmNlcjAMBgNVHRMBAf8EAjAAMIIBfQYKKwYBBAHW\neQIEAgSCAW0EggFpAWcAdgDPEVbu1S58r/OHW9lpLpvpGnFnSrAX7KwB0lt3zsw7\nCAAAAY6HAoTcAAAEAwBHMEUCIHI392+k5Ds777nM4CwNr+xjjCr49CQ/vHIJDZJX\nokM7AiEA++VPDyyMLijPy0GR8ZBIvAcrYbjfJXTF3GkizeJLVJIAdgB9WR4S4Xgq\nexxhZ3xe/fjQh1wUoE6VnrkDL9kOjC55uAAAAY6HAoTeAAAEAwBHMEUCICBkhMaf\n9gdR3bCbLxXFbHNEXUh7t3P/SxaUKDcE6UmIAiEA25zZ9aBt/mrhDcMc155V8qnw\nadTEqttLdP4XMEmMsPAAdQDm0jFjQHeMwRBBBtdxuc7B0kD2loSG+7qHMh39HjeO\nUAAAAY6HAoTxAAAEAwBGMEQCIFFF4kpqcNgHFzRi2cnL4HbNApZlnlc+Re9IyYXi\nCldqAiBkZUgs12iu2uWGU97VUAICt2+zZkhjUV3i+O3kYh1yrTANBgkqhkiG9w0B\nAQsFAAOCAQEAWY5OxR7rWtYFS09xAYYIHlBF7wdUxQH60zi/IqAHZIRCFI1xHdsJ\n0BUv30lLyiGtVr4DheBo81/IErBRpXmSkdoDJA+5d/Jz3EFtbrVogjESALAgBfSG\nuJX0QLshjyTl9O2r00qkxIhbKmSPSl9JQVxqt2jTaB6pD3SjWX6U+l397Ns1L6pI\nb1418oVo7LeHwEeEx6APMIyjzlfcXdCHA6lVKeiNF8SH+QW+h6ZOpGXJIU6llBjg\nWAhscqrGRj1APpuKWGVkVCweAjIOcEuWV8Fqmfp1h9jmeUkG6SoBifrl41PvhK0o\nqQ3LlAF6Op6n7JLa2rlXkf6LienZDVlSuQ==\n-----END CERTIFICATE-----\n",
                "is_ca": false,
                "issuer": "CN=Amazon RSA 2048 M02,O=Amazon,C=US",
                "not_after": "2025-04-26T23:59:59Z",
                "not_before": "2024-03-28T00:00:00Z",
                "public_key_algorithm": "RSA",
                "serial_number": "11397038078078022747295509550808604104",
                "sha1_fingerprint": "9451ad2b53c7f41fab22886cc07d482085336561",
                "signature_algorithm": "SHA256-RSA",
                "subject": "CN=*.eks.us-east-1.amazonaws.com",
                "version": 3
              }
            ],
            "content": null,
            "id": "99d41e43229a4cdaf4141f3e8310e6d95c31dab9",
            "url": "https://oidc.eks.us-east-1.amazonaws.com/id/32803539C78C654C14D84BD9DDB105D9",
            "verify_chain": true
          },
          "sensitive_attributes": []
        }
      ]
    },
    {
      "module": "module.eks",
      "mode": "managed",
      "type": "aws_cloudwatch_log_group",
      "name": "this",
      "provider": "provider[\"registry.terraform.io/hashicorp/aws\"]",
      "instances": [
        {
          "index_key": 0,
          "schema_version": 0,
          "attributes": {
            "arn": "arn:aws:logs:us-east-1:803035318642:log-group:/aws/eks/axon-eks/cluster",
            "id": "/aws/eks/axon-eks/cluster",
            "kms_key_id": "",
            "log_group_class": "STANDARD",
            "name": "/aws/eks/axon-eks/cluster",
            "name_prefix": "",
            "retention_in_days": 90,
            "skip_destroy": false,
            "tags": {},
            "tags_all": {}
          },
          "sensitive_attributes": [],
          "private": "bnVsbA==",
          "create_before_destroy": true
        }
      ]
    },
    {
      "module": "module.eks",
      "mode": "managed",
      "type": "aws_eks_cluster",
      "name": "this",
      "provider": "provider[\"registry.terraform.io/hashicorp/aws\"]",
      "instances": [
        {
          "index_key": 0,
          "schema_version": 1,
          "attributes": {
            "access_config": [
              {
                "authentication_mode": "API_AND_CONFIG_MAP",
                "bootstrap_cluster_creator_admin_permissions": false
              }
            ],
            "arn": "arn:aws:eks:us-east-1:803035318642:cluster/axon-eks",
            "bootstrap_self_managed_addons": true,
            "certificate_authority": [
              {
                "data": "LS0tLS1CRUdJTiBDRVJUSUZJQ0FURS0tLS0tCk1JSUM1ekNDQWMrZ0F3SUJBZ0lCQURBTkJna3Foa2lHOXcwQkFRc0ZBREFWTVJNd0VRWURWUVFERXdwcmRXSmwKY201bGRHVnpNQjRYRFRJeU1UQXhOekV4TkRFeE1Wb1hEVE15TVRBeE5ERXhOREV4TVZvd0ZURVRNQkVHQTFVRQpBeE1LYTNWaVpYSnVaWFJsY3pDQ0FTSXdEUVlKS29aSWh2Y05BUUVCQlFBRGdnRVBBRENDQVFvQ2dnRUJBTkQ5Cmp6TjBiQXhxOWNaKzRYdkpVcDdYZTFYTWZBcURoK0F6QnhSVmQvUTNqbFFjdklkbEwrZXlFSUFiOFV0bkJ1S0YKelZpRDdpeDRPNEpTeHNjbHdkbW1raTdEbFJHd2VaUnc3Z2wxSHlsN3ZjOWZVY1JYUXdUQ05MaTRFdDhKU2NFTQpMOFhGbHdWekFqSFYwWG1aby85ZVRDYjQydFhPbS90WDM2amxrZXo1VXhsZTFHaGVrWFl5bWR5QlE1bytNWEpECkI5SXhENVpiazhteWVUb0VjMUliejFUM2hsUzFNUTRiWGppUzFFK1pSUFhTeS81WkNqSkpsSjc5aEJiWFZZNTcKdGVwc2hka0RhVlV6U1Q1SHM5NHFObmczYUI5djZyYlRHdWx5MHVYdjRVZW8wNEtOSGRmSW4zU3lRVS9ZTEhSRQppd2JqaFk0NFBveDg1aHl2RFlFQ0F3RUFBYU5DTUVBd0RnWURWUjBQQVFIL0JBUURBZ0trTUE4R0ExVWRFd0VCCi93UUZNQU1CQWY4d0hRWURWUjBPQkJZRUZIcUVmOFFnVmxFQ09aU1FPbUZHQzExR1FxRG5NQTBHQ1NxR1NJYjMKRFFFQkN3VUFBNElCQVFCUDdWSGpaQ2FrZU4zd1VISFI2UmtQUVlNOUVkWDVmQTRHZEpwUTBiRG91RXlhOE9LbwpuWTBKYkc2aGUrYjAxMUZTT3pGV1Q3MFhKNEhhbnZyNGJHeWdrRTVsSSsrQ0hkT3Z5VjRONzQrZWpQYzEzcjdTCk5va2p1UUZiTXdJeDZCbTg3emxtTmx2bE0wa1JQVjhOOHh6RnVIVktxbU9LU1hYYmY4L2NYb0VxTnVFUDRGM0sKTHMwUDhSM1pwM1NMRUxEbENKanZpQllOcktQTU14dFlmZFZyNEpoOTUzNWNhQUNBZldJR295YnhmbklnaHUrdwpwVm9NZFhZUnlUR3R5N3E3Z1lCb1VZdmxDUUlJNDdrdDAwdWw3NExmekt2SWZSUEFwZ216elJtSTdhUHB0QUJZCnFBc0hqVEhGZzY2S0dLbHhWd1BYaVpxUkdMaXl6UHpVeGJySwotLS0tLUVORCBDRVJUSUZJQ0FURS0tLS0tCg=="
              }
            ],
            "cluster_id": null,
            "created_at": "2022-10-17T11:35:48Z",
            "enabled_cluster_log_types": [
              "api",
              "audit",
              "authenticator"
            ],
            "encryption_config": [],
            "endpoint": "https://32803539C78C654C14D84BD9DDB105D9.gr7.us-east-1.eks.amazonaws.com",
            "id": "axon-eks",
            "identity": [
              {
                "oidc": [
                  {
                    "issuer": "https://oidc.eks.us-east-1.amazonaws.com/id/32803539C78C654C14D84BD9DDB105D9"
                  }
                ]
              }
            ],
            "kubernetes_network_config": [
              {
                "ip_family": "ipv4",
                "service_ipv4_cidr": "172.20.0.0/16",
                "service_ipv6_cidr": ""
              }
            ],
            "name": "axon-eks",
            "outpost_config": [],
            "platform_version": "eks.25",
            "role_arn": "arn:aws:iam::803035318642:role/axon-eks-cluster-20221017113527386100000003",
            "status": "ACTIVE",
            "tags": {},
            "tags_all": {},
            "timeouts": {
              "create": null,
              "delete": null,
              "update": null
            },
            "upgrade_policy": [
              {
                "support_type": "EXTENDED"
              }
            ],
            "version": "1.25",
            "vpc_config": [
              {
                "cluster_security_group_id": "sg-0f01ef99126a536c4",
                "endpoint_private_access": false,
                "endpoint_public_access": true,
                "public_access_cidrs": [
                  "0.0.0.0/0"
                ],
                "security_group_ids": [
                  "sg-0183361b893756462"
                ],
                "subnet_ids": [
                  "subnet-00a93b97fbdce7bb1",
                  "subnet-01a9fe393503b760a",
                  "subnet-076c0ef7dc7936d83"
                ],
                "vpc_id": "vpc-0d19730efc69cf3eb"
              }
            ]
          },
          "sensitive_attributes": [],
          "private": "eyJlMmJmYjczMC1lY2FhLTExZTYtOGY4OC0zNDM2M2JjN2M0YzAiOnsiY3JlYXRlIjoxODAwMDAwMDAwMDAwLCJkZWxldGUiOjkwMDAwMDAwMDAwMCwidXBkYXRlIjozNjAwMDAwMDAwMDAwfX0=",
          "dependencies": [
            "module.eks.aws_cloudwatch_log_group.this",
            "module.eks.aws_iam_role.this",
            "module.eks.aws_iam_role_policy_attachment.this",
            "module.eks.aws_security_group.cluster",
            "module.eks.aws_security_group.node",
            "module.eks.aws_security_group_rule.cluster",
            "module.eks.aws_security_group_rule.node",
            "module.eks.data.aws_caller_identity.current",
            "module.eks.data.aws_iam_policy_document.assume_role_policy",
            "module.eks.data.aws_partition.current",
            "module.eks.module.kms.aws_kms_external_key.this",
            "module.eks.module.kms.aws_kms_key.this",
            "module.eks.module.kms.data.aws_caller_identity.current",
            "module.eks.module.kms.data.aws_iam_policy_document.this",
            "module.eks.module.kms.data.aws_partition.current",
            "module.vpc.aws_subnet.private",
            "module.vpc.aws_vpc.this",
            "module.vpc.aws_vpc_ipv4_cidr_block_association.this"
          ],
          "create_before_destroy": true
        }
      ]
    },
    {
      "module": "module.eks",
      "mode": "managed",
      "type": "aws_iam_openid_connect_provider",
      "name": "oidc_provider",
      "provider": "provider[\"registry.terraform.io/hashicorp/aws\"]",
      "instances": [
        {
          "index_key": 0,
          "schema_version": 0,
          "attributes": {
            "arn": "arn:aws:iam::803035318642:oidc-provider/oidc.eks.us-east-1.amazonaws.com/id/32803539C78C654C14D84BD9DDB105D9",
            "client_id_list": [
              "sts.amazonaws.com"
            ],
            "id": "arn:aws:iam::803035318642:oidc-provider/oidc.eks.us-east-1.amazonaws.com/id/32803539C78C654C14D84BD9DDB105D9",
            "tags": {
              "Name": "axon-eks-eks-irsa"
            },
            "tags_all": {
              "Name": "axon-eks-eks-irsa"
            },
            "thumbprint_list": [
              "9e99a48a9960b14926bb7f3b02e22da2b0ab7280",
              "06b25927c42a721631c1efd9431e648fa62e1e39",
              "414a2060b738c635cc7fc243e052615592830c53",
              "9451ad2b53c7f41fab22886cc07d482085336561"
            ],
            "url": "oidc.eks.us-east-1.amazonaws.com/id/32803539C78C654C14D84BD9DDB105D9"
          },
          "sensitive_attributes": [],
          "private": "bnVsbA==",
          "dependencies": [
            "module.eks.aws_cloudwatch_log_group.this",
            "module.eks.aws_eks_cluster.this",
            "module.eks.aws_iam_role.this",
            "module.eks.aws_iam_role_policy_attachment.this",
            "module.eks.aws_security_group.cluster",
            "module.eks.aws_security_group.node",
            "module.eks.aws_security_group_rule.cluster",
            "module.eks.aws_security_group_rule.node",
            "module.eks.data.aws_caller_identity.current",
            "module.eks.data.aws_iam_policy_document.assume_role_policy",
            "module.eks.data.aws_partition.current",
            "module.eks.data.tls_certificate.this",
            "module.eks.module.kms.aws_kms_external_key.this",
            "module.eks.module.kms.aws_kms_key.this",
            "module.eks.module.kms.data.aws_caller_identity.current",
            "module.eks.module.kms.data.aws_iam_policy_document.this",
            "module.eks.module.kms.data.aws_partition.current",
            "module.vpc.aws_subnet.private",
            "module.vpc.aws_vpc.this",
            "module.vpc.aws_vpc_ipv4_cidr_block_association.this"
          ]
        }
      ]
    },
    {
      "module": "module.eks",
      "mode": "managed",
      "type": "aws_iam_role",
      "name": "this",
      "provider": "provider[\"registry.terraform.io/hashicorp/aws\"]",
      "instances": [
        {
          "index_key": 0,
          "schema_version": 0,
          "attributes": {
            "arn": "arn:aws:iam::803035318642:role/axon-eks-cluster-20221017113527386100000003",
            "assume_role_policy": "{\"Statement\":[{\"Action\":\"sts:AssumeRole\",\"Effect\":\"Allow\",\"Principal\":{\"Service\":\"eks.amazonaws.com\"},\"Sid\":\"EKSClusterAssumeRole\"}],\"Version\":\"2012-10-17\"}",
            "create_date": "2022-10-17T11:35:28Z",
            "description": "",
            "force_detach_policies": true,
            "id": "axon-eks-cluster-20221017113527386100000003",
            "inline_policy": [
              {
                "name": "axon-eks-cluster",
                "policy": "{\"Statement\":[{\"Action\":[\"logs:CreateLogGroup\"],\"Effect\":\"Deny\",\"Resource\":\"*\"}],\"Version\":\"2012-10-17\"}"
              }
            ],
            "managed_policy_arns": [
              "arn:aws:iam::803035318642:policy/terraform-deployer-policy",
              "arn:aws:iam::aws:policy/AdministratorAccess",
              "arn:aws:iam::aws:policy/AmazonEKSClusterPolicy",
              "arn:aws:iam::aws:policy/AmazonEKSVPCResourceController",
              "arn:aws:iam::aws:policy/SecretsManagerReadWrite"
            ],
            "max_session_duration": 3600,
            "name": "axon-eks-cluster-20221017113527386100000003",
            "name_prefix": "axon-eks-cluster-",
            "path": "/",
            "permissions_boundary": "",
            "tags": {},
            "tags_all": {},
            "unique_id": "AROA3V6FCRFZNAIXFSEGR"
          },
          "sensitive_attributes": [],
          "private": "bnVsbA==",
          "dependencies": [
            "module.eks.data.aws_iam_policy_document.assume_role_policy",
            "module.eks.data.aws_partition.current"
          ],
          "create_before_destroy": true
        }
      ]
    },
    {
      "module": "module.eks",
      "mode": "managed",
      "type": "aws_iam_role_policy_attachment",
      "name": "this",
      "provider": "provider[\"registry.terraform.io/hashicorp/aws\"]",
      "instances": [
        {
          "index_key": "arn:aws:iam::aws:policy/AmazonEKSClusterPolicy",
          "schema_version": 0,
          "attributes": {
            "id": "axon-eks-cluster-20221017113527386100000003-20221017113530370600000007",
            "policy_arn": "arn:aws:iam::aws:policy/AmazonEKSClusterPolicy",
            "role": "axon-eks-cluster-20221017113527386100000003"
          },
          "sensitive_attributes": [],
          "private": "bnVsbA==",
          "dependencies": [
            "module.eks.aws_iam_role.this",
            "module.eks.data.aws_iam_policy_document.assume_role_policy",
            "module.eks.data.aws_partition.current"
          ],
          "create_before_destroy": true
        },
        {
          "index_key": "arn:aws:iam::aws:policy/AmazonEKSVPCResourceController",
          "schema_version": 0,
          "attributes": {
            "id": "axon-eks-cluster-20221017113527386100000003-20221017113530146700000006",
            "policy_arn": "arn:aws:iam::aws:policy/AmazonEKSVPCResourceController",
            "role": "axon-eks-cluster-20221017113527386100000003"
          },
          "sensitive_attributes": [],
          "private": "bnVsbA==",
          "dependencies": [
            "module.eks.aws_iam_role.this",
            "module.eks.data.aws_iam_policy_document.assume_role_policy",
            "module.eks.data.aws_partition.current"
          ],
          "create_before_destroy": true
        }
      ]
    },
    {
      "module": "module.eks",
      "mode": "managed",
      "type": "aws_security_group",
      "name": "cluster",
      "provider": "provider[\"registry.terraform.io/hashicorp/aws\"]",
      "instances": [
        {
          "index_key": 0,
          "schema_version": 1,
          "attributes": {
            "arn": "arn:aws:ec2:us-east-1:803035318642:security-group/sg-0183361b893756462",
            "description": "EKS cluster security group",
            "egress": [
              {
                "cidr_blocks": [],
                "description": "Cluster API to node groups",
                "from_port": 443,
                "ipv6_cidr_blocks": [],
                "prefix_list_ids": [],
                "protocol": "tcp",
                "security_groups": [
                  "sg-0f89a01974e44c222"
                ],
                "self": false,
                "to_port": 443
              },
              {
                "cidr_blocks": [],
                "description": "Cluster API to node kubelets",
                "from_port": 10250,
                "ipv6_cidr_blocks": [],
                "prefix_list_ids": [],
                "protocol": "tcp",
                "security_groups": [
                  "sg-0f89a01974e44c222"
                ],
                "self": false,
                "to_port": 10250
              }
            ],
            "id": "sg-0183361b893756462",
            "ingress": [
              {
                "cidr_blocks": [],
                "description": "Node groups to cluster API",
                "from_port": 443,
                "ipv6_cidr_blocks": [],
                "prefix_list_ids": [],
                "protocol": "tcp",
                "security_groups": [
                  "sg-0f89a01974e44c222"
                ],
                "self": false,
                "to_port": 443
              }
            ],
            "name": "axon-eks-cluster-20221017113527382100000001",
            "name_prefix": "axon-eks-cluster-",
            "owner_id": "803035318642",
            "revoke_rules_on_delete": false,
            "tags": {
              "Name": "axon-eks-cluster"
            },
            "tags_all": {
              "Name": "axon-eks-cluster"
            },
            "timeouts": null,
            "vpc_id": "vpc-0d19730efc69cf3eb"
          },
          "sensitive_attributes": [],
          "private": "eyJlMmJmYjczMC1lY2FhLTExZTYtOGY4OC0zNDM2M2JjN2M0YzAiOnsiY3JlYXRlIjo2MDAwMDAwMDAwMDAsImRlbGV0ZSI6OTAwMDAwMDAwMDAwfSwic2NoZW1hX3ZlcnNpb24iOiIxIn0=",
          "dependencies": [
            "module.vpc.aws_vpc.this"
          ],
          "create_before_destroy": true
        }
      ]
    },
    {
      "module": "module.eks",
      "mode": "managed",
      "type": "aws_security_group",
      "name": "node",
      "provider": "provider[\"registry.terraform.io/hashicorp/aws\"]",
      "instances": [
        {
          "index_key": 0,
          "schema_version": 1,
          "attributes": {
            "arn": "arn:aws:ec2:us-east-1:803035318642:security-group/sg-0f89a01974e44c222",
            "description": "EKS node shared security group",
            "egress": [
              {
                "cidr_blocks": [
                  "0.0.0.0/0"
                ],
                "description": "Egress NTP/TCP to internet",
                "from_port": 123,
                "ipv6_cidr_blocks": [],
                "prefix_list_ids": [],
                "protocol": "tcp",
                "security_groups": [],
                "self": false,
                "to_port": 123
              },
              {
                "cidr_blocks": [
                  "0.0.0.0/0"
                ],
                "description": "Egress NTP/UDP to internet",
                "from_port": 123,
                "ipv6_cidr_blocks": [],
                "prefix_list_ids": [],
                "protocol": "udp",
                "security_groups": [],
                "self": false,
                "to_port": 123
              },
              {
                "cidr_blocks": [
                  "0.0.0.0/0"
                ],
                "description": "Egress all HTTPS to internet",
                "from_port": 443,
                "ipv6_cidr_blocks": [],
                "prefix_list_ids": [],
                "protocol": "tcp",
                "security_groups": [],
                "self": false,
                "to_port": 443
              },
              {
                "cidr_blocks": [],
                "description": "Node groups to cluster API",
                "from_port": 443,
                "ipv6_cidr_blocks": [],
                "prefix_list_ids": [],
                "protocol": "tcp",
                "security_groups": [
                  "sg-0183361b893756462"
                ],
                "self": false,
                "to_port": 443
              },
              {
                "cidr_blocks": [],
                "description": "Node to node CoreDNS",
                "from_port": 53,
                "ipv6_cidr_blocks": [],
                "prefix_list_ids": [],
                "protocol": "tcp",
                "security_groups": [],
                "self": true,
                "to_port": 53
              },
              {
                "cidr_blocks": [],
                "description": "Node to node CoreDNS",
                "from_port": 53,
                "ipv6_cidr_blocks": [],
                "prefix_list_ids": [],
                "protocol": "udp",
                "security_groups": [],
                "self": true,
                "to_port": 53
              }
            ],
            "id": "sg-0f89a01974e44c222",
            "ingress": [
              {
                "cidr_blocks": [],
                "description": "Cluster API to node groups",
                "from_port": 443,
                "ipv6_cidr_blocks": [],
                "prefix_list_ids": [],
                "protocol": "tcp",
                "security_groups": [
                  "sg-0183361b893756462"
                ],
                "self": false,
                "to_port": 443
              },
              {
                "cidr_blocks": [],
                "description": "Cluster API to node kubelets",
                "from_port": 10250,
                "ipv6_cidr_blocks": [],
                "prefix_list_ids": [],
                "protocol": "tcp",
                "security_groups": [
                  "sg-0183361b893756462"
                ],
                "self": false,
                "to_port": 10250
              },
              {
                "cidr_blocks": [],
                "description": "Node to node CoreDNS",
                "from_port": 53,
                "ipv6_cidr_blocks": [],
                "prefix_list_ids": [],
                "protocol": "tcp",
                "security_groups": [],
                "self": true,
                "to_port": 53
              },
              {
                "cidr_blocks": [],
                "description": "Node to node CoreDNS",
                "from_port": 53,
                "ipv6_cidr_blocks": [],
                "prefix_list_ids": [],
                "protocol": "udp",
                "security_groups": [],
                "self": true,
                "to_port": 53
              }
            ],
            "name": "axon-eks-node-20221017113527385900000002",
            "name_prefix": "axon-eks-node-",
            "owner_id": "803035318642",
            "revoke_rules_on_delete": false,
            "tags": {
              "Name": "axon-eks-node",
              "kubernetes.io/cluster/axon-eks": "owned"
            },
            "tags_all": {
              "Name": "axon-eks-node",
              "kubernetes.io/cluster/axon-eks": "owned"
            },
            "timeouts": null,
            "vpc_id": "vpc-0d19730efc69cf3eb"
          },
          "sensitive_attributes": [],
          "private": "eyJlMmJmYjczMC1lY2FhLTExZTYtOGY4OC0zNDM2M2JjN2M0YzAiOnsiY3JlYXRlIjo2MDAwMDAwMDAwMDAsImRlbGV0ZSI6OTAwMDAwMDAwMDAwfSwic2NoZW1hX3ZlcnNpb24iOiIxIn0=",
          "dependencies": [
            "module.vpc.aws_vpc.this"
          ],
          "create_before_destroy": true
        }
      ]
    },
    {
      "module": "module.eks",
      "mode": "managed",
      "type": "aws_security_group_rule",
      "name": "cluster",
      "provider": "provider[\"registry.terraform.io/hashicorp/aws\"]",
      "instances": [
        {
          "index_key": "egress_nodes_443",
          "schema_version": 2,
          "attributes": {
            "cidr_blocks": null,
            "description": "Cluster API to node groups",
            "from_port": 443,
            "id": "sgrule-1923018219",
            "ipv6_cidr_blocks": null,
            "prefix_list_ids": [],
            "protocol": "tcp",
            "security_group_id": "sg-0183361b893756462",
            "security_group_rule_id": "sgr-0e81ab1aa16ca78a1",
            "self": false,
            "source_security_group_id": "sg-0f89a01974e44c222",
            "timeouts": null,
            "to_port": 443,
            "type": "egress"
          },
          "sensitive_attributes": [],
          "private": "eyJlMmJmYjczMC1lY2FhLTExZTYtOGY4OC0zNDM2M2JjN2M0YzAiOnsiY3JlYXRlIjozMDAwMDAwMDAwMDB9LCJzY2hlbWFfdmVyc2lvbiI6IjIifQ==",
          "dependencies": [
            "module.eks.aws_security_group.cluster",
            "module.eks.aws_security_group.node",
            "module.vpc.aws_vpc.this"
          ],
          "create_before_destroy": true
        },
        {
          "index_key": "egress_nodes_kubelet",
          "schema_version": 2,
          "attributes": {
            "cidr_blocks": null,
            "description": "Cluster API to node kubelets",
            "from_port": 10250,
            "id": "sgrule-1084929498",
            "ipv6_cidr_blocks": null,
            "prefix_list_ids": [],
            "protocol": "tcp",
            "security_group_id": "sg-0183361b893756462",
            "security_group_rule_id": "sgr-0cb25b689ea8bb312",
            "self": false,
            "source_security_group_id": "sg-0f89a01974e44c222",
            "timeouts": null,
            "to_port": 10250,
            "type": "egress"
          },
          "sensitive_attributes": [],
          "private": "eyJlMmJmYjczMC1lY2FhLTExZTYtOGY4OC0zNDM2M2JjN2M0YzAiOnsiY3JlYXRlIjozMDAwMDAwMDAwMDB9LCJzY2hlbWFfdmVyc2lvbiI6IjIifQ==",
          "dependencies": [
            "module.eks.aws_security_group.cluster",
            "module.eks.aws_security_group.node",
            "module.vpc.aws_vpc.this"
          ],
          "create_before_destroy": true
        },
        {
          "index_key": "ingress_nodes_443",
          "schema_version": 2,
          "attributes": {
            "cidr_blocks": null,
            "description": "Node groups to cluster API",
            "from_port": 443,
            "id": "sgrule-317901191",
            "ipv6_cidr_blocks": null,
            "prefix_list_ids": [],
            "protocol": "tcp",
            "security_group_id": "sg-0183361b893756462",
            "security_group_rule_id": "sgr-0a8e1f14240c9dbf6",
            "self": false,
            "source_security_group_id": "sg-0f89a01974e44c222",
            "timeouts": null,
            "to_port": 443,
            "type": "ingress"
          },
          "sensitive_attributes": [],
          "private": "eyJlMmJmYjczMC1lY2FhLTExZTYtOGY4OC0zNDM2M2JjN2M0YzAiOnsiY3JlYXRlIjozMDAwMDAwMDAwMDB9LCJzY2hlbWFfdmVyc2lvbiI6IjIifQ==",
          "dependencies": [
            "module.eks.aws_security_group.cluster",
            "module.eks.aws_security_group.node",
            "module.vpc.aws_vpc.this"
          ],
          "create_before_destroy": true
        }
      ]
    },
    {
      "module": "module.eks",
      "mode": "managed",
      "type": "aws_security_group_rule",
      "name": "node",
      "provider": "provider[\"registry.terraform.io/hashicorp/aws\"]",
      "instances": [
        {
          "index_key": "egress_cluster_443",
          "schema_version": 2,
          "attributes": {
            "cidr_blocks": null,
            "description": "Node groups to cluster API",
            "from_port": 443,
            "id": "sgrule-1024307106",
            "ipv6_cidr_blocks": null,
            "prefix_list_ids": [],
            "protocol": "tcp",
            "security_group_id": "sg-0f89a01974e44c222",
            "security_group_rule_id": "sgr-027c3c01691c9c3e2",
            "self": false,
            "source_security_group_id": "sg-0183361b893756462",
            "timeouts": null,
            "to_port": 443,
            "type": "egress"
          },
          "sensitive_attributes": [],
          "private": "eyJlMmJmYjczMC1lY2FhLTExZTYtOGY4OC0zNDM2M2JjN2M0YzAiOnsiY3JlYXRlIjozMDAwMDAwMDAwMDB9LCJzY2hlbWFfdmVyc2lvbiI6IjIifQ==",
          "dependencies": [
            "module.eks.aws_security_group.cluster",
            "module.eks.aws_security_group.node",
            "module.vpc.aws_vpc.this"
          ],
          "create_before_destroy": true
        },
        {
          "index_key": "egress_https",
          "schema_version": 2,
          "attributes": {
            "cidr_blocks": [
              "0.0.0.0/0"
            ],
            "description": "Egress all HTTPS to internet",
            "from_port": 443,
            "id": "sgrule-1037351334",
            "ipv6_cidr_blocks": null,
            "prefix_list_ids": [],
            "protocol": "tcp",
            "security_group_id": "sg-0f89a01974e44c222",
            "security_group_rule_id": "sgr-0bf0232f37860cb04",
            "self": false,
            "source_security_group_id": null,
            "timeouts": null,
            "to_port": 443,
            "type": "egress"
          },
          "sensitive_attributes": [],
          "private": "eyJlMmJmYjczMC1lY2FhLTExZTYtOGY4OC0zNDM2M2JjN2M0YzAiOnsiY3JlYXRlIjozMDAwMDAwMDAwMDB9LCJzY2hlbWFfdmVyc2lvbiI6IjIifQ==",
          "dependencies": [
            "module.eks.aws_security_group.cluster",
            "module.eks.aws_security_group.node",
            "module.vpc.aws_vpc.this"
          ],
          "create_before_destroy": true
        },
        {
          "index_key": "egress_ntp_tcp",
          "schema_version": 2,
          "attributes": {
            "cidr_blocks": [
              "0.0.0.0/0"
            ],
            "description": "Egress NTP/TCP to internet",
            "from_port": 123,
            "id": "sgrule-3792340152",
            "ipv6_cidr_blocks": null,
            "prefix_list_ids": [],
            "protocol": "tcp",
            "security_group_id": "sg-0f89a01974e44c222",
            "security_group_rule_id": "sgr-063c04280ff27453f",
            "self": false,
            "source_security_group_id": null,
            "timeouts": null,
            "to_port": 123,
            "type": "egress"
          },
          "sensitive_attributes": [],
          "private": "eyJlMmJmYjczMC1lY2FhLTExZTYtOGY4OC0zNDM2M2JjN2M0YzAiOnsiY3JlYXRlIjozMDAwMDAwMDAwMDB9LCJzY2hlbWFfdmVyc2lvbiI6IjIifQ==",
          "dependencies": [
            "module.eks.aws_security_group.cluster",
            "module.eks.aws_security_group.node",
            "module.vpc.aws_vpc.this"
          ],
          "create_before_destroy": true
        },
        {
          "index_key": "egress_ntp_udp",
          "schema_version": 2,
          "attributes": {
            "cidr_blocks": [
              "0.0.0.0/0"
            ],
            "description": "Egress NTP/UDP to internet",
            "from_port": 123,
            "id": "sgrule-2626986421",
            "ipv6_cidr_blocks": null,
            "prefix_list_ids": [],
            "protocol": "udp",
            "security_group_id": "sg-0f89a01974e44c222",
            "security_group_rule_id": "sgr-04b893d17a8187cab",
            "self": false,
            "source_security_group_id": null,
            "timeouts": null,
            "to_port": 123,
            "type": "egress"
          },
          "sensitive_attributes": [],
          "private": "eyJlMmJmYjczMC1lY2FhLTExZTYtOGY4OC0zNDM2M2JjN2M0YzAiOnsiY3JlYXRlIjozMDAwMDAwMDAwMDB9LCJzY2hlbWFfdmVyc2lvbiI6IjIifQ==",
          "dependencies": [
            "module.eks.aws_security_group.cluster",
            "module.eks.aws_security_group.node",
            "module.vpc.aws_vpc.this"
          ],
          "create_before_destroy": true
        },
        {
          "index_key": "egress_self_coredns_tcp",
          "schema_version": 2,
          "attributes": {
            "cidr_blocks": null,
            "description": "Node to node CoreDNS",
            "from_port": 53,
            "id": "sgrule-1955663195",
            "ipv6_cidr_blocks": null,
            "prefix_list_ids": [],
            "protocol": "tcp",
            "security_group_id": "sg-0f89a01974e44c222",
            "security_group_rule_id": "sgr-0f350536f63ecd5cf",
            "self": true,
            "source_security_group_id": null,
            "timeouts": null,
            "to_port": 53,
            "type": "egress"
          },
          "sensitive_attributes": [],
          "private": "eyJlMmJmYjczMC1lY2FhLTExZTYtOGY4OC0zNDM2M2JjN2M0YzAiOnsiY3JlYXRlIjozMDAwMDAwMDAwMDB9LCJzY2hlbWFfdmVyc2lvbiI6IjIifQ==",
          "dependencies": [
            "module.eks.aws_security_group.cluster",
            "module.eks.aws_security_group.node",
            "module.vpc.aws_vpc.this"
          ],
          "create_before_destroy": true
        },
        {
          "index_key": "egress_self_coredns_udp",
          "schema_version": 2,
          "attributes": {
            "cidr_blocks": null,
            "description": "Node to node CoreDNS",
            "from_port": 53,
            "id": "sgrule-4210462525",
            "ipv6_cidr_blocks": null,
            "prefix_list_ids": [],
            "protocol": "udp",
            "security_group_id": "sg-0f89a01974e44c222",
            "security_group_rule_id": "sgr-020b251ce573096a3",
            "self": true,
            "source_security_group_id": null,
            "timeouts": null,
            "to_port": 53,
            "type": "egress"
          },
          "sensitive_attributes": [],
          "private": "eyJlMmJmYjczMC1lY2FhLTExZTYtOGY4OC0zNDM2M2JjN2M0YzAiOnsiY3JlYXRlIjozMDAwMDAwMDAwMDB9LCJzY2hlbWFfdmVyc2lvbiI6IjIifQ==",
          "dependencies": [
            "module.eks.aws_security_group.cluster",
            "module.eks.aws_security_group.node",
            "module.vpc.aws_vpc.this"
          ],
          "create_before_destroy": true
        },
        {
          "index_key": "ingress_cluster_443",
          "schema_version": 2,
          "attributes": {
            "cidr_blocks": null,
            "description": "Cluster API to node groups",
            "from_port": 443,
            "id": "sgrule-334284352",
            "ipv6_cidr_blocks": null,
            "prefix_list_ids": [],
            "protocol": "tcp",
            "security_group_id": "sg-0f89a01974e44c222",
            "security_group_rule_id": "sgr-04be7e7bf9cb6cfb4",
            "self": false,
            "source_security_group_id": "sg-0183361b893756462",
            "timeouts": null,
            "to_port": 443,
            "type": "ingress"
          },
          "sensitive_attributes": [],
          "private": "eyJlMmJmYjczMC1lY2FhLTExZTYtOGY4OC0zNDM2M2JjN2M0YzAiOnsiY3JlYXRlIjozMDAwMDAwMDAwMDB9LCJzY2hlbWFfdmVyc2lvbiI6IjIifQ==",
          "dependencies": [
            "module.eks.aws_security_group.cluster",
            "module.eks.aws_security_group.node",
            "module.vpc.aws_vpc.this"
          ],
          "create_before_destroy": true
        },
        {
          "index_key": "ingress_cluster_kubelet",
          "schema_version": 2,
          "attributes": {
            "cidr_blocks": null,
            "description": "Cluster API to node kubelets",
            "from_port": 10250,
            "id": "sgrule-3000744502",
            "ipv6_cidr_blocks": null,
            "prefix_list_ids": [],
            "protocol": "tcp",
            "security_group_id": "sg-0f89a01974e44c222",
            "security_group_rule_id": "sgr-001a17798fb24d31a",
            "self": false,
            "source_security_group_id": "sg-0183361b893756462",
            "timeouts": null,
            "to_port": 10250,
            "type": "ingress"
          },
          "sensitive_attributes": [],
          "private": "eyJlMmJmYjczMC1lY2FhLTExZTYtOGY4OC0zNDM2M2JjN2M0YzAiOnsiY3JlYXRlIjozMDAwMDAwMDAwMDB9LCJzY2hlbWFfdmVyc2lvbiI6IjIifQ==",
          "dependencies": [
            "module.eks.aws_security_group.cluster",
            "module.eks.aws_security_group.node",
            "module.vpc.aws_vpc.this"
          ],
          "create_before_destroy": true
        },
        {
          "index_key": "ingress_self_coredns_tcp",
          "schema_version": 2,
          "attributes": {
            "cidr_blocks": null,
            "description": "Node to node CoreDNS",
            "from_port": 53,
            "id": "sgrule-3650450923",
            "ipv6_cidr_blocks": null,
            "prefix_list_ids": [],
            "protocol": "tcp",
            "security_group_id": "sg-0f89a01974e44c222",
            "security_group_rule_id": "sgr-0d99521c3563cf421",
            "self": true,
            "source_security_group_id": null,
            "timeouts": null,
            "to_port": 53,
            "type": "ingress"
          },
          "sensitive_attributes": [],
          "private": "eyJlMmJmYjczMC1lY2FhLTExZTYtOGY4OC0zNDM2M2JjN2M0YzAiOnsiY3JlYXRlIjozMDAwMDAwMDAwMDB9LCJzY2hlbWFfdmVyc2lvbiI6IjIifQ==",
          "dependencies": [
            "module.eks.aws_security_group.cluster",
            "module.eks.aws_security_group.node",
            "module.vpc.aws_vpc.this"
          ],
          "create_before_destroy": true
        },
        {
          "index_key": "ingress_self_coredns_udp",
          "schema_version": 2,
          "attributes": {
            "cidr_blocks": null,
            "description": "Node to node CoreDNS",
            "from_port": 53,
            "id": "sgrule-2110445060",
            "ipv6_cidr_blocks": null,
            "prefix_list_ids": [],
            "protocol": "udp",
            "security_group_id": "sg-0f89a01974e44c222",
            "security_group_rule_id": "sgr-020b251ce573096a3",
            "self": true,
            "source_security_group_id": null,
            "timeouts": null,
            "to_port": 53,
            "type": "ingress"
          },
          "sensitive_attributes": [],
          "private": "eyJlMmJmYjczMC1lY2FhLTExZTYtOGY4OC0zNDM2M2JjN2M0YzAiOnsiY3JlYXRlIjozMDAwMDAwMDAwMDB9LCJzY2hlbWFfdmVyc2lvbiI6IjIifQ==",
          "dependencies": [
            "module.eks.aws_security_group.cluster",
            "module.eks.aws_security_group.node",
            "module.vpc.aws_vpc.this"
          ],
          "create_before_destroy": true
        }
      ]
    },
    {
      "module": "module.eks.module.eks_managed_node_group[\"default_node_group\"]",
      "mode": "data",
      "type": "aws_caller_identity",
      "name": "current",
      "provider": "provider[\"registry.terraform.io/hashicorp/aws\"]",
      "instances": [
        {
          "schema_version": 0,
          "attributes": {
            "account_id": "803035318642",
            "arn": "arn:aws:iam::803035318642:user/Konrad-s3",
            "id": "803035318642",
            "user_id": "AIDA3V6FCRFZMJQK7AVIF"
          },
          "sensitive_attributes": []
        }
      ]
    },
    {
      "module": "module.eks.module.eks_managed_node_group[\"default_node_group\"]",
      "mode": "data",
      "type": "aws_iam_policy_document",
      "name": "assume_role_policy",
      "provider": "provider[\"registry.terraform.io/hashicorp/aws\"]",
      "instances": [
        {
          "index_key": 0,
          "schema_version": 0,
          "attributes": {
            "id": "2560088296",
            "json": "{\n  \"Version\": \"2012-10-17\",\n  \"Statement\": [\n    {\n      \"Sid\": \"EKSNodeAssumeRole\",\n      \"Effect\": \"Allow\",\n      \"Action\": \"sts:AssumeRole\",\n      \"Principal\": {\n        \"Service\": \"ec2.amazonaws.com\"\n      }\n    }\n  ]\n}",
            "minified_json": "{\"Version\":\"2012-10-17\",\"Statement\":[{\"Sid\":\"EKSNodeAssumeRole\",\"Effect\":\"Allow\",\"Action\":\"sts:AssumeRole\",\"Principal\":{\"Service\":\"ec2.amazonaws.com\"}}]}",
            "override_json": null,
            "override_policy_documents": null,
            "policy_id": null,
            "source_json": null,
            "source_policy_documents": null,
            "statement": [
              {
                "actions": [
                  "sts:AssumeRole"
                ],
                "condition": [],
                "effect": "Allow",
                "not_actions": [],
                "not_principals": [],
                "not_resources": [],
                "principals": [
                  {
                    "identifiers": [
                      "ec2.amazonaws.com"
                    ],
                    "type": "Service"
                  }
                ],
                "resources": [],
                "sid": "EKSNodeAssumeRole"
              }
            ],
            "version": "2012-10-17"
          },
          "sensitive_attributes": []
        }
      ]
    },
    {
      "module": "module.eks.module.eks_managed_node_group[\"default_node_group\"]",
      "mode": "data",
      "type": "aws_partition",
      "name": "current",
      "provider": "provider[\"registry.terraform.io/hashicorp/aws\"]",
      "instances": [
        {
          "schema_version": 0,
          "attributes": {
            "dns_suffix": "amazonaws.com",
            "id": "aws",
            "partition": "aws",
            "reverse_dns_prefix": "com.amazonaws"
          },
          "sensitive_attributes": []
        }
      ]
    },
    {
      "module": "module.eks.module.eks_managed_node_group[\"default_node_group\"]",
      "mode": "managed",
      "type": "aws_eks_node_group",
      "name": "this",
      "provider": "provider[\"registry.terraform.io/hashicorp/aws\"]",
      "instances": [
        {
          "index_key": 0,
          "schema_version": 0,
          "attributes": {
            "ami_type": "AL2_x86_64",
            "arn": "arn:aws:eks:us-east-1:803035318642:nodegroup/axon-eks/default_node_group-20230201080924281100000001/50c30602-ff6c-a550-7dd0-1d021942f7db",
            "capacity_type": "ON_DEMAND",
            "cluster_name": "axon-eks",
            "disk_size": 60,
            "force_update_version": null,
            "id": "axon-eks:default_node_group-20230201080924281100000001",
            "instance_types": [
              "t3a.xlarge"
            ],
            "labels": {
              "Name": "dev-services-node",
              "type": "development"
            },
            "launch_template": [],
            "node_group_name": "default_node_group-20230201080924281100000001",
            "node_group_name_prefix": "default_node_group-",
            "node_role_arn": "arn:aws:iam::803035318642:role/default_node_group-eks-node-group-20221017113536967300000009",
            "release_version": "1.25.9-20230513",
            "remote_access": [
              {
                "ec2_ssh_key": "axon-eks",
                "source_security_group_ids": [
                  "sg-018640274fa8607fb"
                ]
              }
            ],
            "resources": [
              {
                "autoscaling_groups": [
                  {
                    "name": "eks-default_node_group-20230201080924281100000001-50c30602-ff6c-a550-7dd0-1d021942f7db"
                  }
                ],
                "remote_access_security_group_id": "sg-045d3eda7b1163926"
              }
            ],
            "scaling_config": [
              {
                "desired_size": 4,
                "max_size": 7,
                "min_size": 3
              }
            ],
            "status": "ACTIVE",
            "subnet_ids": [
              "subnet-00a93b97fbdce7bb1",
              "subnet-01a9fe393503b760a",
              "subnet-076c0ef7dc7936d83"
            ],
            "tags": {
              "Name": "default_node_group"
            },
            "tags_all": {
              "Name": "default_node_group"
            },
            "taint": [],
            "timeouts": {
              "create": null,
              "delete": null,
              "update": null
            },
            "update_config": [
              {
                "max_unavailable": 1,
                "max_unavailable_percentage": 0
              }
            ],
            "version": "1.25"
          },
          "sensitive_attributes": [],
          "private": "eyJlMmJmYjczMC1lY2FhLTExZTYtOGY4OC0zNDM2M2JjN2M0YzAiOnsiY3JlYXRlIjozNjAwMDAwMDAwMDAwLCJkZWxldGUiOjM2MDAwMDAwMDAwMDAsInVwZGF0ZSI6MzYwMDAwMDAwMDAwMH19",
          "dependencies": [
            "aws_security_group.remote_access",
            "module.eks.aws_cloudwatch_log_group.this",
            "module.eks.aws_eks_cluster.this",
            "module.eks.aws_iam_role.this",
            "module.eks.aws_iam_role_policy_attachment.this",
            "module.eks.aws_security_group.cluster",
            "module.eks.aws_security_group.node",
            "module.eks.aws_security_group_rule.cluster",
            "module.eks.aws_security_group_rule.node",
            "module.eks.data.aws_caller_identity.current",
            "module.eks.data.aws_iam_policy_document.assume_role_policy",
            "module.eks.data.aws_partition.current",
            "module.eks.module.eks_managed_node_group.aws_iam_role.this",
            "module.eks.module.eks_managed_node_group.aws_iam_role_policy_attachment.this",
            "module.eks.module.eks_managed_node_group.aws_launch_template.this",
            "module.eks.module.eks_managed_node_group.aws_security_group.this",
            "module.eks.module.eks_managed_node_group.aws_security_group_rule.this",
            "module.eks.module.eks_managed_node_group.data.aws_caller_identity.current",
            "module.eks.module.eks_managed_node_group.data.aws_iam_policy_document.assume_role_policy",
            "module.eks.module.eks_managed_node_group.data.aws_partition.current",
            "module.eks.module.eks_managed_node_group.module.user_data.data.cloudinit_config.linux_eks_managed_node_group",
            "module.eks.module.kms.aws_kms_external_key.this",
            "module.eks.module.kms.aws_kms_key.this",
            "module.eks.module.kms.data.aws_caller_identity.current",
            "module.eks.module.kms.data.aws_iam_policy_document.this",
            "module.eks.module.kms.data.aws_partition.current",
            "module.vpc.aws_subnet.private",
            "module.vpc.aws_vpc.this",
            "module.vpc.aws_vpc_ipv4_cidr_block_association.this"
          ],
          "create_before_destroy": true
        }
      ]
    },
    {
      "module": "module.eks.module.eks_managed_node_group[\"default_node_group\"]",
      "mode": "managed",
      "type": "aws_iam_role",
      "name": "this",
      "provider": "provider[\"registry.terraform.io/hashicorp/aws\"]",
      "instances": [
        {
          "index_key": 0,
          "schema_version": 0,
          "attributes": {
            "arn": "arn:aws:iam::803035318642:role/default_node_group-eks-node-group-20221017113536967300000009",
            "assume_role_policy": "{\"Statement\":[{\"Action\":\"sts:AssumeRole\",\"Effect\":\"Allow\",\"Principal\":{\"Service\":\"ec2.amazonaws.com\"},\"Sid\":\"EKSNodeAssumeRole\"}],\"Version\":\"2012-10-17\"}",
            "create_date": "2022-10-17T11:35:37Z",
            "description": "EKS managed node group IAM role",
            "force_detach_policies": true,
            "id": "default_node_group-eks-node-group-20221017113536967300000009",
            "inline_policy": [],
            "managed_policy_arns": [
              "arn:aws:iam::aws:policy/AmazonEC2ContainerRegistryReadOnly",
              "arn:aws:iam::aws:policy/AmazonEKSWorkerNodePolicy",
              "arn:aws:iam::aws:policy/AmazonEKS_CNI_Policy"
            ],
            "max_session_duration": 3600,
            "name": "default_node_group-eks-node-group-20221017113536967300000009",
            "name_prefix": "default_node_group-eks-node-group-",
            "path": "/",
            "permissions_boundary": "",
            "tags": {},
            "tags_all": {},
            "unique_id": "AROA3V6FCRFZOYITMO2EY"
          },
          "sensitive_attributes": [],
          "private": "bnVsbA==",
          "dependencies": [
            "aws_security_group.remote_access",
            "module.eks.module.eks_managed_node_group.data.aws_iam_policy_document.assume_role_policy",
            "module.eks.module.eks_managed_node_group.data.aws_partition.current",
            "module.vpc.aws_vpc.this"
          ],
          "create_before_destroy": true
        }
      ]
    },
    {
      "module": "module.eks.module.eks_managed_node_group[\"default_node_group\"]",
      "mode": "managed",
      "type": "aws_iam_role_policy_attachment",
      "name": "this",
      "provider": "provider[\"registry.terraform.io/hashicorp/aws\"]",
      "instances": [
        {
          "index_key": "arn:aws:iam::aws:policy/AmazonEC2ContainerRegistryReadOnly",
          "schema_version": 0,
          "attributes": {
            "id": "default_node_group-eks-node-group-20221017113536967300000009-2022101711353845160000000a",
            "policy_arn": "arn:aws:iam::aws:policy/AmazonEC2ContainerRegistryReadOnly",
            "role": "default_node_group-eks-node-group-20221017113536967300000009"
          },
          "sensitive_attributes": [],
          "private": "bnVsbA==",
          "dependencies": [
            "aws_security_group.remote_access",
            "module.eks.module.eks_managed_node_group.aws_iam_role.this",
            "module.eks.module.eks_managed_node_group.data.aws_caller_identity.current",
            "module.eks.module.eks_managed_node_group.data.aws_iam_policy_document.assume_role_policy",
            "module.eks.module.eks_managed_node_group.data.aws_partition.current",
            "module.vpc.aws_vpc.this"
          ],
          "create_before_destroy": true
        },
        {
          "index_key": "arn:aws:iam::aws:policy/AmazonEKSWorkerNodePolicy",
          "schema_version": 0,
          "attributes": {
            "id": "default_node_group-eks-node-group-20221017113536967300000009-2022101711353845180000000b",
            "policy_arn": "arn:aws:iam::aws:policy/AmazonEKSWorkerNodePolicy",
            "role": "default_node_group-eks-node-group-20221017113536967300000009"
          },
          "sensitive_attributes": [],
          "private": "bnVsbA==",
          "dependencies": [
            "aws_security_group.remote_access",
            "module.eks.module.eks_managed_node_group.aws_iam_role.this",
            "module.eks.module.eks_managed_node_group.data.aws_caller_identity.current",
            "module.eks.module.eks_managed_node_group.data.aws_iam_policy_document.assume_role_policy",
            "module.eks.module.eks_managed_node_group.data.aws_partition.current",
            "module.vpc.aws_vpc.this"
          ],
          "create_before_destroy": true
        },
        {
          "index_key": "arn:aws:iam::aws:policy/AmazonEKS_CNI_Policy",
          "schema_version": 0,
          "attributes": {
            "id": "default_node_group-eks-node-group-20221017113536967300000009-2022101711353860110000000c",
            "policy_arn": "arn:aws:iam::aws:policy/AmazonEKS_CNI_Policy",
            "role": "default_node_group-eks-node-group-20221017113536967300000009"
          },
          "sensitive_attributes": [],
          "private": "bnVsbA==",
          "dependencies": [
            "aws_security_group.remote_access",
            "module.eks.module.eks_managed_node_group.aws_iam_role.this",
            "module.eks.module.eks_managed_node_group.data.aws_caller_identity.current",
            "module.eks.module.eks_managed_node_group.data.aws_iam_policy_document.assume_role_policy",
            "module.eks.module.eks_managed_node_group.data.aws_partition.current",
            "module.vpc.aws_vpc.this"
          ],
          "create_before_destroy": true
        }
      ]
    },
    {
      "module": "module.eks.module.eks_managed_node_group[\"default_node_group\"]",
      "mode": "managed",
      "type": "aws_security_group",
      "name": "this",
      "provider": "provider[\"registry.terraform.io/hashicorp/aws\"]",
      "instances": [
        {
          "index_key": 0,
          "schema_version": 1,
          "attributes": {
            "arn": "arn:aws:ec2:us-east-1:803035318642:security-group/sg-0622aad92455ade8f",
            "description": "EKS managed node group security group",
            "egress": [],
            "id": "sg-0622aad92455ade8f",
            "ingress": [],
            "name": "default_node_group-eks-node-group-20221017113535993100000008",
            "name_prefix": "default_node_group-eks-node-group-",
            "owner_id": "803035318642",
            "revoke_rules_on_delete": false,
            "tags": {
              "Name": "default_node_group-eks-node-group"
            },
            "tags_all": {
              "Name": "default_node_group-eks-node-group"
            },
            "timeouts": null,
            "vpc_id": "vpc-0d19730efc69cf3eb"
          },
          "sensitive_attributes": [],
          "private": "eyJlMmJmYjczMC1lY2FhLTExZTYtOGY4OC0zNDM2M2JjN2M0YzAiOnsiY3JlYXRlIjo2MDAwMDAwMDAwMDAsImRlbGV0ZSI6OTAwMDAwMDAwMDAwfSwic2NoZW1hX3ZlcnNpb24iOiIxIn0=",
          "dependencies": [
            "aws_security_group.remote_access",
            "module.vpc.aws_vpc.this"
          ],
          "create_before_destroy": true
        }
      ]
    },
    {
      "module": "module.eks.module.kms",
      "mode": "data",
      "type": "aws_caller_identity",
      "name": "current",
      "provider": "provider[\"registry.terraform.io/hashicorp/aws\"]",
      "instances": [
        {
          "schema_version": 0,
          "attributes": {
            "account_id": "803035318642",
            "arn": "arn:aws:iam::803035318642:user/Konrad-s3",
            "id": "803035318642",
            "user_id": "AIDA3V6FCRFZMJQK7AVIF"
          },
          "sensitive_attributes": []
        }
      ]
    },
    {
      "module": "module.eks.module.kms",
      "mode": "data",
      "type": "aws_partition",
      "name": "current",
      "provider": "provider[\"registry.terraform.io/hashicorp/aws\"]",
      "instances": [
        {
          "schema_version": 0,
          "attributes": {
            "dns_suffix": "amazonaws.com",
            "id": "aws",
            "partition": "aws",
            "reverse_dns_prefix": "com.amazonaws"
          },
          "sensitive_attributes": []
        }
      ]
    },
    {
      "module": "module.external_dns_irsa_role",
      "mode": "data",
      "type": "aws_caller_identity",
      "name": "current",
      "provider": "provider[\"registry.terraform.io/hashicorp/aws\"]",
      "instances": [
        {
          "schema_version": 0,
          "attributes": {
            "account_id": "803035318642",
            "arn": "arn:aws:iam::803035318642:user/Konrad-s3",
            "id": "803035318642",
            "user_id": "AIDA3V6FCRFZMJQK7AVIF"
          },
          "sensitive_attributes": []
        }
      ]
    },
    {
      "module": "module.external_dns_irsa_role",
      "mode": "data",
      "type": "aws_iam_policy_document",
      "name": "external_dns",
      "provider": "provider[\"registry.terraform.io/hashicorp/aws\"]",
      "instances": [
        {
          "index_key": 0,
          "schema_version": 0,
          "attributes": {
            "id": "4152062837",
            "json": "{\n  \"Version\": \"2012-10-17\",\n  \"Statement\": [\n    {\n      \"Effect\": \"Allow\",\n      \"Action\": \"route53:ChangeResourceRecordSets\",\n      \"Resource\": \"arn:aws:route53:::hostedzone/Z08187603SUPEDOLVG3SQ\"\n    },\n    {\n      \"Effect\": \"Allow\",\n      \"Action\": [\n        \"route53:ListTagsForResource\",\n        \"route53:ListResourceRecordSets\",\n        \"route53:ListHostedZones\"\n      ],\n      \"Resource\": \"*\"\n    }\n  ]\n}",
            "minified_json": "{\"Version\":\"2012-10-17\",\"Statement\":[{\"Effect\":\"Allow\",\"Action\":\"route53:ChangeResourceRecordSets\",\"Resource\":\"arn:aws:route53:::hostedzone/Z08187603SUPEDOLVG3SQ\"},{\"Effect\":\"Allow\",\"Action\":[\"route53:ListTagsForResource\",\"route53:ListResourceRecordSets\",\"route53:ListHostedZones\"],\"Resource\":\"*\"}]}",
            "override_json": null,
            "override_policy_documents": null,
            "policy_id": null,
            "source_json": null,
            "source_policy_documents": null,
            "statement": [
              {
                "actions": [
                  "route53:ChangeResourceRecordSets"
                ],
                "condition": [],
                "effect": "Allow",
                "not_actions": [],
                "not_principals": [],
                "not_resources": [],
                "principals": [],
                "resources": [
                  "arn:aws:route53:::hostedzone/Z08187603SUPEDOLVG3SQ"
                ],
                "sid": ""
              },
              {
                "actions": [
                  "route53:ListHostedZones",
                  "route53:ListResourceRecordSets",
                  "route53:ListTagsForResource"
                ],
                "condition": [],
                "effect": "Allow",
                "not_actions": [],
                "not_principals": [],
                "not_resources": [],
                "principals": [],
                "resources": [
                  "*"
                ],
                "sid": ""
              }
            ],
            "version": "2012-10-17"
          },
          "sensitive_attributes": []
        }
      ]
    },
    {
      "module": "module.external_dns_irsa_role",
      "mode": "data",
      "type": "aws_iam_policy_document",
      "name": "this",
      "provider": "provider[\"registry.terraform.io/hashicorp/aws\"]",
      "instances": [
        {
          "index_key": 0,
          "schema_version": 0,
          "attributes": {
            "id": "3216390705",
            "json": "{\n  \"Version\": \"2012-10-17\",\n  \"Statement\": [\n    {\n      \"Effect\": \"Allow\",\n      \"Action\": \"sts:AssumeRoleWithWebIdentity\",\n      \"Principal\": {\n        \"Federated\": \"arn:aws:iam::803035318642:oidc-provider/oidc.eks.us-east-1.amazonaws.com/id/32803539C78C654C14D84BD9DDB105D9\"\n      },\n      \"Condition\": {\n        \"StringEquals\": {\n          \"oidc.eks.us-east-1.amazonaws.com/id/32803539C78C654C14D84BD9DDB105D9:aud\": \"sts.amazonaws.com\",\n          \"oidc.eks.us-east-1.amazonaws.com/id/32803539C78C654C14D84BD9DDB105D9:sub\": \"system:serviceaccount:kube-addons:external-dns\"\n        }\n      }\n    }\n  ]\n}",
            "minified_json": "{\"Version\":\"2012-10-17\",\"Statement\":[{\"Effect\":\"Allow\",\"Action\":\"sts:AssumeRoleWithWebIdentity\",\"Principal\":{\"Federated\":\"arn:aws:iam::803035318642:oidc-provider/oidc.eks.us-east-1.amazonaws.com/id/32803539C78C654C14D84BD9DDB105D9\"},\"Condition\":{\"StringEquals\":{\"oidc.eks.us-east-1.amazonaws.com/id/32803539C78C654C14D84BD9DDB105D9:aud\":\"sts.amazonaws.com\",\"oidc.eks.us-east-1.amazonaws.com/id/32803539C78C654C14D84BD9DDB105D9:sub\":\"system:serviceaccount:kube-addons:external-dns\"}}}]}",
            "override_json": null,
            "override_policy_documents": null,
            "policy_id": null,
            "source_json": null,
            "source_policy_documents": null,
            "statement": [
              {
                "actions": [
                  "sts:AssumeRoleWithWebIdentity"
                ],
                "condition": [
                  {
                    "test": "StringEquals",
                    "values": [
                      "sts.amazonaws.com"
                    ],
                    "variable": "oidc.eks.us-east-1.amazonaws.com/id/32803539C78C654C14D84BD9DDB105D9:aud"
                  },
                  {
                    "test": "StringEquals",
                    "values": [
                      "system:serviceaccount:kube-addons:external-dns"
                    ],
                    "variable": "oidc.eks.us-east-1.amazonaws.com/id/32803539C78C654C14D84BD9DDB105D9:sub"
                  }
                ],
                "effect": "Allow",
                "not_actions": [],
                "not_principals": [],
                "not_resources": [],
                "principals": [
                  {
                    "identifiers": [
                      "arn:aws:iam::803035318642:oidc-provider/oidc.eks.us-east-1.amazonaws.com/id/32803539C78C654C14D84BD9DDB105D9"
                    ],
                    "type": "Federated"
                  }
                ],
                "resources": [],
                "sid": ""
              }
            ],
            "version": "2012-10-17"
          },
          "sensitive_attributes": []
        }
      ]
    },
    {
      "module": "module.external_dns_irsa_role",
      "mode": "data",
      "type": "aws_partition",
      "name": "current",
      "provider": "provider[\"registry.terraform.io/hashicorp/aws\"]",
      "instances": [
        {
          "schema_version": 0,
          "attributes": {
            "dns_suffix": "amazonaws.com",
            "id": "aws",
            "partition": "aws",
            "reverse_dns_prefix": "com.amazonaws"
          },
          "sensitive_attributes": []
        }
      ]
    },
    {
      "module": "module.external_dns_irsa_role",
      "mode": "data",
      "type": "aws_region",
      "name": "current",
      "provider": "provider[\"registry.terraform.io/hashicorp/aws\"]",
      "instances": [
        {
          "schema_version": 0,
          "attributes": {
            "description": "US East (N. Virginia)",
            "endpoint": "ec2.us-east-1.amazonaws.com",
            "id": "us-east-1",
            "name": "us-east-1"
          },
          "sensitive_attributes": []
        }
      ]
    },
    {
      "module": "module.external_dns_irsa_role",
      "mode": "managed",
      "type": "aws_iam_policy",
      "name": "external_dns",
      "provider": "provider[\"registry.terraform.io/hashicorp/aws\"]",
      "instances": [
        {
          "index_key": 0,
          "schema_version": 0,
          "attributes": {
            "arn": "arn:aws:iam::803035318642:policy/AmazonEKS_External_DNS_Policy-20230627151502005100000001",
            "attachment_count": 1,
            "description": "External DNS policy to allow management of Route53 hosted zone records",
            "id": "arn:aws:iam::803035318642:policy/AmazonEKS_External_DNS_Policy-20230627151502005100000001",
            "name": "AmazonEKS_External_DNS_Policy-20230627151502005100000001",
            "name_prefix": "AmazonEKS_External_DNS_Policy-",
            "path": "/",
            "policy": "{\"Statement\":[{\"Action\":\"route53:ChangeResourceRecordSets\",\"Effect\":\"Allow\",\"Resource\":\"arn:aws:route53:::hostedzone/Z08187603SUPEDOLVG3SQ\"},{\"Action\":[\"route53:ListTagsForResource\",\"route53:ListResourceRecordSets\",\"route53:ListHostedZones\"],\"Effect\":\"Allow\",\"Resource\":\"*\"}],\"Version\":\"2012-10-17\"}",
            "policy_id": "ANPA3V6FCRFZD6JE4UEAR",
            "tags": {},
            "tags_all": {}
          },
          "sensitive_attributes": [],
          "private": "bnVsbA==",
          "dependencies": [
            "module.external_dns_irsa_role.data.aws_iam_policy_document.external_dns"
          ]
        }
      ]
    },
    {
      "module": "module.external_dns_irsa_role",
      "mode": "managed",
      "type": "aws_iam_role",
      "name": "this",
      "provider": "provider[\"registry.terraform.io/hashicorp/aws\"]",
      "instances": [
        {
          "index_key": 0,
          "schema_version": 0,
          "attributes": {
            "arn": "arn:aws:iam::803035318642:role/external-dns",
            "assume_role_policy": "{\"Statement\":[{\"Action\":\"sts:AssumeRoleWithWebIdentity\",\"Condition\":{\"StringEquals\":{\"oidc.eks.us-east-1.amazonaws.com/id/32803539C78C654C14D84BD9DDB105D9:aud\":\"sts.amazonaws.com\",\"oidc.eks.us-east-1.amazonaws.com/id/32803539C78C654C14D84BD9DDB105D9:sub\":\"system:serviceaccount:kube-addons:external-dns\"}},\"Effect\":\"Allow\",\"Principal\":{\"Federated\":\"arn:aws:iam::803035318642:oidc-provider/oidc.eks.us-east-1.amazonaws.com/id/32803539C78C654C14D84BD9DDB105D9\"}}],\"Version\":\"2012-10-17\"}",
            "create_date": "2023-06-27T15:14:51Z",
            "description": "",
            "force_detach_policies": true,
            "id": "external-dns",
            "inline_policy": [],
            "managed_policy_arns": [
              "arn:aws:iam::803035318642:policy/AmazonEKS_External_DNS_Policy-20230627151502005100000001"
            ],
            "max_session_duration": 3600,
            "name": "external-dns",
            "name_prefix": "",
            "path": "/",
            "permissions_boundary": "",
            "tags": {},
            "tags_all": {},
            "unique_id": "AROA3V6FCRFZEAP7FIWKS"
          },
          "sensitive_attributes": [],
          "private": "bnVsbA==",
          "dependencies": [
            "module.eks.aws_cloudwatch_log_group.this",
            "module.eks.aws_eks_cluster.this",
            "module.eks.aws_iam_openid_connect_provider.oidc_provider",
            "module.eks.aws_iam_role.this",
            "module.eks.aws_iam_role_policy_attachment.this",
            "module.eks.aws_security_group.cluster",
            "module.eks.aws_security_group.node",
            "module.eks.aws_security_group_rule.cluster",
            "module.eks.aws_security_group_rule.node",
            "module.eks.data.aws_caller_identity.current",
            "module.eks.data.aws_iam_policy_document.assume_role_policy",
            "module.eks.data.aws_partition.current",
            "module.eks.data.tls_certificate.this",
            "module.eks.module.kms.aws_kms_external_key.this",
            "module.eks.module.kms.aws_kms_key.this",
            "module.eks.module.kms.data.aws_caller_identity.current",
            "module.eks.module.kms.data.aws_iam_policy_document.this",
            "module.eks.module.kms.data.aws_partition.current",
            "module.external_dns_irsa_role.data.aws_caller_identity.current",
            "module.external_dns_irsa_role.data.aws_iam_policy_document.this",
            "module.external_dns_irsa_role.data.aws_partition.current",
            "module.vpc.aws_subnet.private",
            "module.vpc.aws_vpc.this",
            "module.vpc.aws_vpc_ipv4_cidr_block_association.this"
          ]
        }
      ]
    },
    {
      "module": "module.external_dns_irsa_role",
      "mode": "managed",
      "type": "aws_iam_role_policy_attachment",
      "name": "external_dns",
      "provider": "provider[\"registry.terraform.io/hashicorp/aws\"]",
      "instances": [
        {
          "index_key": 0,
          "schema_version": 0,
          "attributes": {
            "id": "external-dns-20230627151503209900000002",
            "policy_arn": "arn:aws:iam::803035318642:policy/AmazonEKS_External_DNS_Policy-20230627151502005100000001",
            "role": "external-dns"
          },
          "sensitive_attributes": [],
          "private": "bnVsbA==",
          "dependencies": [
            "module.eks.aws_cloudwatch_log_group.this",
            "module.eks.aws_eks_cluster.this",
            "module.eks.aws_iam_openid_connect_provider.oidc_provider",
            "module.eks.aws_iam_role.this",
            "module.eks.aws_iam_role_policy_attachment.this",
            "module.eks.aws_security_group.cluster",
            "module.eks.aws_security_group.node",
            "module.eks.aws_security_group_rule.cluster",
            "module.eks.aws_security_group_rule.node",
            "module.eks.data.aws_caller_identity.current",
            "module.eks.data.aws_iam_policy_document.assume_role_policy",
            "module.eks.data.aws_partition.current",
            "module.eks.data.tls_certificate.this",
            "module.eks.module.kms.aws_kms_external_key.this",
            "module.eks.module.kms.aws_kms_key.this",
            "module.eks.module.kms.data.aws_caller_identity.current",
            "module.eks.module.kms.data.aws_iam_policy_document.this",
            "module.eks.module.kms.data.aws_partition.current",
            "module.external_dns_irsa_role.aws_iam_policy.external_dns",
            "module.external_dns_irsa_role.aws_iam_role.this",
            "module.external_dns_irsa_role.data.aws_caller_identity.current",
            "module.external_dns_irsa_role.data.aws_iam_policy_document.external_dns",
            "module.external_dns_irsa_role.data.aws_iam_policy_document.this",
            "module.external_dns_irsa_role.data.aws_partition.current",
            "module.vpc.aws_subnet.private",
            "module.vpc.aws_vpc.this",
            "module.vpc.aws_vpc_ipv4_cidr_block_association.this"
          ]
        }
      ]
    },
    {
      "module": "module.faucet",
      "mode": "managed",
      "type": "aws_kms_key",
      "name": "faucet",
      "provider": "provider[\"registry.terraform.io/hashicorp/aws\"]",
      "instances": [
        {
          "schema_version": 0,
          "attributes": {
            "arn": "arn:aws:kms:us-east-1:803035318642:key/63b0217e-68cf-4e4d-9269-b292765b8ae9",
            "bypass_policy_lockout_safety_check": false,
            "custom_key_store_id": "",
            "customer_master_key_spec": "ECC_SECG_P256K1",
            "deletion_window_in_days": null,
            "description": "KMS key for the faucet wallet",
            "enable_key_rotation": false,
            "id": "63b0217e-68cf-4e4d-9269-b292765b8ae9",
            "is_enabled": true,
            "key_id": "63b0217e-68cf-4e4d-9269-b292765b8ae9",
            "key_usage": "SIGN_VERIFY",
            "multi_region": false,
            "policy": "{\"Statement\":[{\"Action\":[\"kms:GetPublicKey\",\"kms:Sign\"],\"Effect\":\"Allow\",\"Principal\":{\"AWS\":\"arn:aws:iam::803035318642:role/faucet\"},\"Resource\":\"*\"},{\"Action\":[\"kms:*\"],\"Effect\":\"Allow\",\"Principal\":{\"AWS\":\"arn:aws:iam::803035318642:root\"},\"Resource\":\"*\"}],\"Version\":\"2012-10-17\"}",
            "rotation_period_in_days": 0,
            "tags": {},
            "tags_all": {},
            "timeouts": null,
            "xks_key_id": ""
          },
          "sensitive_attributes": [],
          "private": "bnVsbA=="
        }
      ]
    },
    {
      "module": "module.frontend",
      "mode": "managed",
      "type": "aws_cloudfront_distribution",
      "name": "this",
      "provider": "provider[\"registry.terraform.io/hashicorp/aws\"]",
      "instances": [
        {
          "index_key": 0,
          "schema_version": 1,
          "attributes": {
            "aliases": [
              "app.testnet.khalani.network"
            ],
            "arn": "arn:aws:cloudfront::803035318642:distribution/E2XBMB6M7P5CH6",
            "caller_reference": "eb7cee4c-0fe5-4931-94cf-69f1df9aad44",
            "comment": null,
            "continuous_deployment_policy_id": "",
            "custom_error_response": [],
            "default_cache_behavior": [
              {
                "allowed_methods": [
                  "GET",
                  "HEAD"
                ],
                "cache_policy_id": "658327ea-f89d-4fab-a63d-7e88639e58f6",
                "cached_methods": [
                  "GET",
                  "HEAD"
                ],
                "compress": true,
                "default_ttl": 0,
                "field_level_encryption_id": "",
                "forwarded_values": [],
                "function_association": [],
                "lambda_function_association": [],
                "max_ttl": 0,
                "min_ttl": 0,
                "origin_request_policy_id": "",
                "realtime_log_config_arn": "",
                "response_headers_policy_id": "",
                "smooth_streaming": false,
                "target_origin_id": "app.testnet.khalani.network20230725132024337400000002.s3.us-east-1.amazonaws.com",
                "trusted_key_groups": [],
                "trusted_signers": [],
                "viewer_protocol_policy": "allow-all"
              }
            ],
            "default_root_object": "index.html",
            "domain_name": "d13duxcoc7kl4w.cloudfront.net",
            "enabled": true,
            "etag": "EVJO7U262PUS2",
            "hosted_zone_id": "Z2FDTNDATAQYW2",
            "http_version": "http2",
            "id": "E2XBMB6M7P5CH6",
            "in_progress_validation_batches": 0,
            "is_ipv6_enabled": true,
            "last_modified_time": "2023-07-25 13:20:29.222 +0000 UTC",
            "logging_config": [],
            "ordered_cache_behavior": [],
            "origin": [
              {
                "connection_attempts": 3,
                "connection_timeout": 10,
                "custom_header": [],
                "custom_origin_config": [
                  {
                    "http_port": 80,
                    "https_port": 443,
                    "origin_keepalive_timeout": 5,
                    "origin_protocol_policy": "http-only",
                    "origin_read_timeout": 30,
                    "origin_ssl_protocols": [
                      "TLSv1.2"
                    ]
                  }
                ],
                "domain_name": "app.testnet.khalani.network20230725132024337400000002.s3-website-us-east-1.amazonaws.com",
                "origin_access_control_id": "",
                "origin_id": "app.testnet.khalani.network20230725132024337400000002.s3.us-east-1.amazonaws.com",
                "origin_path": "",
                "origin_shield": [],
                "s3_origin_config": []
              }
            ],
            "origin_group": [],
            "price_class": "PriceClass_200",
            "restrictions": [
              {
                "geo_restriction": [
                  {
                    "locations": [],
                    "restriction_type": "none"
                  }
                ]
              }
            ],
            "retain_on_delete": false,
            "staging": false,
            "status": "Deployed",
            "tags": {},
            "tags_all": {},
            "trusted_key_groups": [
              {
                "enabled": false,
                "items": []
              }
            ],
            "trusted_signers": [
              {
                "enabled": false,
                "items": []
              }
            ],
            "viewer_certificate": [
              {
                "acm_certificate_arn": "arn:aws:acm:us-east-1:803035318642:certificate/adc6a739-925b-40a5-9537-4306e0e3dc56",
                "cloudfront_default_certificate": false,
                "iam_certificate_id": "",
                "minimum_protocol_version": "TLSv1.2_2021",
                "ssl_support_method": "sni-only"
              }
            ],
            "wait_for_deployment": true,
            "web_acl_id": ""
          },
          "sensitive_attributes": [],
          "private": "eyJzY2hlbWFfdmVyc2lvbiI6IjEifQ==",
          "dependencies": [
            "module.frontend.aws_s3_bucket.bucket",
            "module.frontend.aws_s3_bucket_website_configuration.bucket_static"
          ]
        },
        {
          "index_key": 1,
          "schema_version": 1,
          "attributes": {
            "aliases": [
              "app.staging.khalani.network"
            ],
            "arn": "arn:aws:cloudfront::803035318642:distribution/E13PLNYU5I70KF",
            "caller_reference": "terraform-20230713125016324200000002",
            "comment": null,
            "continuous_deployment_policy_id": "",
            "custom_error_response": [],
            "default_cache_behavior": [
              {
                "allowed_methods": [
                  "GET",
                  "HEAD"
                ],
                "cache_policy_id": "658327ea-f89d-4fab-a63d-7e88639e58f6",
                "cached_methods": [
                  "GET",
                  "HEAD"
                ],
                "compress": true,
                "default_ttl": 0,
                "field_level_encryption_id": "",
                "forwarded_values": [],
                "function_association": [],
                "lambda_function_association": [],
                "max_ttl": 0,
                "min_ttl": 0,
                "origin_request_policy_id": "",
                "realtime_log_config_arn": "",
                "response_headers_policy_id": "",
                "smooth_streaming": false,
                "target_origin_id": "app.staging.khalani.network20230725132024333600000001.s3.us-east-1.amazonaws.com",
                "trusted_key_groups": [],
                "trusted_signers": [],
                "viewer_protocol_policy": "allow-all"
              }
            ],
            "default_root_object": "index.html",
            "domain_name": "d3lga14xcj2grf.cloudfront.net",
            "enabled": true,
            "etag": "E2QNU55J4JMHLZ",
            "hosted_zone_id": "Z2FDTNDATAQYW2",
            "http_version": "http2",
            "id": "E13PLNYU5I70KF",
            "in_progress_validation_batches": 0,
            "is_ipv6_enabled": true,
            "last_modified_time": "2023-07-25 13:20:29.198 +0000 UTC",
            "logging_config": [],
            "ordered_cache_behavior": [],
            "origin": [
              {
                "connection_attempts": 3,
                "connection_timeout": 10,
                "custom_header": [],
                "custom_origin_config": [
                  {
                    "http_port": 80,
                    "https_port": 443,
                    "origin_keepalive_timeout": 5,
                    "origin_protocol_policy": "http-only",
                    "origin_read_timeout": 30,
                    "origin_ssl_protocols": [
                      "TLSv1.2"
                    ]
                  }
                ],
                "domain_name": "app.staging.khalani.network20230725132024333600000001.s3-website-us-east-1.amazonaws.com",
                "origin_access_control_id": "",
                "origin_id": "app.staging.khalani.network20230725132024333600000001.s3.us-east-1.amazonaws.com",
                "origin_path": "",
                "origin_shield": [],
                "s3_origin_config": []
              }
            ],
            "origin_group": [],
            "price_class": "PriceClass_200",
            "restrictions": [
              {
                "geo_restriction": [
                  {
                    "locations": [],
                    "restriction_type": "none"
                  }
                ]
              }
            ],
            "retain_on_delete": false,
            "staging": false,
            "status": "Deployed",
            "tags": {},
            "tags_all": {},
            "trusted_key_groups": [
              {
                "enabled": false,
                "items": []
              }
            ],
            "trusted_signers": [
              {
                "enabled": false,
                "items": []
              }
            ],
            "viewer_certificate": [
              {
                "acm_certificate_arn": "arn:aws:acm:us-east-1:803035318642:certificate/adc6a739-925b-40a5-9537-4306e0e3dc56",
                "cloudfront_default_certificate": false,
                "iam_certificate_id": "",
                "minimum_protocol_version": "TLSv1.2_2021",
                "ssl_support_method": "sni-only"
              }
            ],
            "wait_for_deployment": true,
            "web_acl_id": ""
          },
          "sensitive_attributes": [],
          "private": "eyJzY2hlbWFfdmVyc2lvbiI6IjEifQ==",
          "dependencies": [
            "module.frontend.aws_s3_bucket.bucket",
            "module.frontend.aws_s3_bucket_website_configuration.bucket_static"
          ]
        },
        {
          "index_key": 2,
          "schema_version": 1,
          "attributes": {
            "aliases": [
              "cross-chain-explorer.testnet.khalani.network"
            ],
            "arn": "arn:aws:cloudfront::803035318642:distribution/E2PUFKBE38F0M9",
            "caller_reference": "e993602b-4780-4a08-b991-230e89ff07d0",
            "comment": null,
            "continuous_deployment_policy_id": "",
            "custom_error_response": [],
            "default_cache_behavior": [
              {
                "allowed_methods": [
                  "GET",
                  "HEAD"
                ],
                "cache_policy_id": "658327ea-f89d-4fab-a63d-7e88639e58f6",
                "cached_methods": [
                  "GET",
                  "HEAD"
                ],
                "compress": true,
                "default_ttl": 0,
                "field_level_encryption_id": "",
                "forwarded_values": [],
                "function_association": [],
                "lambda_function_association": [],
                "max_ttl": 0,
                "min_ttl": 0,
                "origin_request_policy_id": "",
                "realtime_log_config_arn": "",
                "response_headers_policy_id": "",
                "smooth_streaming": false,
                "target_origin_id": "cross-chain-explorer.testnet.khalani.20230725130925384100000001.s3.us-east-1.amazonaws.com",
                "trusted_key_groups": [],
                "trusted_signers": [],
                "viewer_protocol_policy": "allow-all"
              }
            ],
            "default_root_object": "index.html",
            "domain_name": "d35f56v89x1p1u.cloudfront.net",
            "enabled": true,
            "etag": "E3KPSMSXIRUH6E",
            "hosted_zone_id": "Z2FDTNDATAQYW2",
            "http_version": "http2",
            "id": "E2PUFKBE38F0M9",
            "in_progress_validation_batches": 0,
            "is_ipv6_enabled": true,
            "last_modified_time": "2023-07-25 13:27:03.345 +0000 UTC",
            "logging_config": [],
            "ordered_cache_behavior": [],
            "origin": [
              {
                "connection_attempts": 3,
                "connection_timeout": 10,
                "custom_header": [],
                "custom_origin_config": [
                  {
                    "http_port": 80,
                    "https_port": 443,
                    "origin_keepalive_timeout": 5,
                    "origin_protocol_policy": "http-only",
                    "origin_read_timeout": 30,
                    "origin_ssl_protocols": [
                      "TLSv1.2"
                    ]
                  }
                ],
                "domain_name": "cross-chain-explorer.testnet.khalani.20230725130925384100000001.s3-website-us-east-1.amazonaws.com",
                "origin_access_control_id": "",
                "origin_id": "cross-chain-explorer.testnet.khalani.20230725130925384100000001.s3.us-east-1.amazonaws.com",
                "origin_path": "",
                "origin_shield": [],
                "s3_origin_config": []
              }
            ],
            "origin_group": [],
            "price_class": "PriceClass_200",
            "restrictions": [
              {
                "geo_restriction": [
                  {
                    "locations": [],
                    "restriction_type": "none"
                  }
                ]
              }
            ],
            "retain_on_delete": false,
            "staging": false,
            "status": "Deployed",
            "tags": {},
            "tags_all": {},
            "trusted_key_groups": [
              {
                "enabled": false,
                "items": []
              }
            ],
            "trusted_signers": [
              {
                "enabled": false,
                "items": []
              }
            ],
            "viewer_certificate": [
              {
                "acm_certificate_arn": "arn:aws:acm:us-east-1:803035318642:certificate/adc6a739-925b-40a5-9537-4306e0e3dc56",
                "cloudfront_default_certificate": false,
                "iam_certificate_id": "",
                "minimum_protocol_version": "TLSv1.2_2021",
                "ssl_support_method": "sni-only"
              }
            ],
            "wait_for_deployment": true,
            "web_acl_id": ""
          },
          "sensitive_attributes": [],
          "private": "eyJzY2hlbWFfdmVyc2lvbiI6IjEifQ==",
          "dependencies": [
            "module.frontend.aws_s3_bucket.bucket",
            "module.frontend.aws_s3_bucket_website_configuration.bucket_static"
          ]
        },
        {
          "index_key": 3,
          "schema_version": 1,
          "attributes": {
            "aliases": [
              "cross-chain-explorer.staging.khalani.network"
            ],
            "arn": "arn:aws:cloudfront::803035318642:distribution/E2H7AK2W4QTT1S",
            "caller_reference": "terraform-20230725132029379200000003",
            "comment": null,
            "continuous_deployment_policy_id": "",
            "custom_error_response": [],
            "default_cache_behavior": [
              {
                "allowed_methods": [
                  "GET",
                  "HEAD"
                ],
                "cache_policy_id": "658327ea-f89d-4fab-a63d-7e88639e58f6",
                "cached_methods": [
                  "GET",
                  "HEAD"
                ],
                "compress": true,
                "default_ttl": 0,
                "field_level_encryption_id": "",
                "forwarded_values": [],
                "function_association": [],
                "lambda_function_association": [],
                "max_ttl": 0,
                "min_ttl": 0,
                "origin_request_policy_id": "",
                "realtime_log_config_arn": "",
                "response_headers_policy_id": "",
                "smooth_streaming": false,
                "target_origin_id": "cross-chain-explorer.staging.khalani.20230725130925384100000002.s3.us-east-1.amazonaws.com",
                "trusted_key_groups": [],
                "trusted_signers": [],
                "viewer_protocol_policy": "allow-all"
              }
            ],
            "default_root_object": "index.html",
            "domain_name": "d112ecky90urd5.cloudfront.net",
            "enabled": true,
            "etag": "E1Q2SGPGWGRWCJ",
            "hosted_zone_id": "Z2FDTNDATAQYW2",
            "http_version": "http2",
            "id": "E2H7AK2W4QTT1S",
            "in_progress_validation_batches": 0,
            "is_ipv6_enabled": true,
            "last_modified_time": "2023-07-25 13:20:29.155 +0000 UTC",
            "logging_config": [],
            "ordered_cache_behavior": [],
            "origin": [
              {
                "connection_attempts": 3,
                "connection_timeout": 10,
                "custom_header": [],
                "custom_origin_config": [
                  {
                    "http_port": 80,
                    "https_port": 443,
                    "origin_keepalive_timeout": 5,
                    "origin_protocol_policy": "http-only",
                    "origin_read_timeout": 30,
                    "origin_ssl_protocols": [
                      "TLSv1.2"
                    ]
                  }
                ],
                "domain_name": "cross-chain-explorer.staging.khalani.20230725130925384100000002.s3-website-us-east-1.amazonaws.com",
                "origin_access_control_id": "",
                "origin_id": "cross-chain-explorer.staging.khalani.20230725130925384100000002.s3.us-east-1.amazonaws.com",
                "origin_path": "",
                "origin_shield": [],
                "s3_origin_config": []
              }
            ],
            "origin_group": [],
            "price_class": "PriceClass_200",
            "restrictions": [
              {
                "geo_restriction": [
                  {
                    "locations": [],
                    "restriction_type": "none"
                  }
                ]
              }
            ],
            "retain_on_delete": false,
            "staging": false,
            "status": "Deployed",
            "tags": {},
            "tags_all": {},
            "trusted_key_groups": [
              {
                "enabled": false,
                "items": []
              }
            ],
            "trusted_signers": [
              {
                "enabled": false,
                "items": []
              }
            ],
            "viewer_certificate": [
              {
                "acm_certificate_arn": "arn:aws:acm:us-east-1:803035318642:certificate/adc6a739-925b-40a5-9537-4306e0e3dc56",
                "cloudfront_default_certificate": false,
                "iam_certificate_id": "",
                "minimum_protocol_version": "TLSv1.2_2021",
                "ssl_support_method": "sni-only"
              }
            ],
            "wait_for_deployment": true,
            "web_acl_id": ""
          },
          "sensitive_attributes": [],
          "private": "eyJzY2hlbWFfdmVyc2lvbiI6IjEifQ==",
          "dependencies": [
            "module.frontend.aws_s3_bucket.bucket",
            "module.frontend.aws_s3_bucket_website_configuration.bucket_static"
          ]
        }
      ]
    },
    {
      "module": "module.frontend",
      "mode": "managed",
      "type": "aws_iam_user",
      "name": "deployer",
      "provider": "provider[\"registry.terraform.io/hashicorp/aws\"]",
      "instances": [
        {
          "schema_version": 0,
          "attributes": {
            "arn": "arn:aws:iam::803035318642:user/khalani-frontend-deployer",
            "force_destroy": false,
            "id": "khalani-frontend-deployer",
            "name": "khalani-frontend-deployer",
            "path": "/",
            "permissions_boundary": "",
            "tags": {},
            "tags_all": {},
            "unique_id": "AIDA3V6FCRFZMLFQCWCJT"
          },
          "sensitive_attributes": [],
          "private": "bnVsbA=="
        }
      ]
    },
    {
      "module": "module.frontend",
      "mode": "managed",
      "type": "aws_iam_user_policy",
      "name": "deployer_policy",
      "provider": "provider[\"registry.terraform.io/hashicorp/aws\"]",
      "instances": [
        {
          "index_key": 0,
          "schema_version": 0,
          "attributes": {
            "id": "khalani-frontend-deployer:app.testnet.khalani.network-deployer",
            "name": "app.testnet.khalani.network-deployer",
            "name_prefix": "",
            "policy": "{\"Version\":\"2012-10-17\",\"Statement\":[{\"Action\":[\"cloudfront:CreateInvalidation\"],\"Effect\":\"Allow\",\"Resource\":\"arn:aws:cloudfront::803035318642:distribution/E2XBMB6M7P5CH6\"}]}",
            "user": "khalani-frontend-deployer"
          },
          "sensitive_attributes": [],
          "private": "bnVsbA==",
          "dependencies": [
            "module.frontend.aws_cloudfront_distribution.this",
            "module.frontend.aws_iam_user.deployer",
            "module.frontend.aws_s3_bucket.bucket",
            "module.frontend.aws_s3_bucket_website_configuration.bucket_static"
          ]
        },
        {
          "index_key": 1,
          "schema_version": 0,
          "attributes": {
            "id": "khalani-frontend-deployer:app.staging.khalani.network-deployer",
            "name": "app.staging.khalani.network-deployer",
            "name_prefix": "",
            "policy": "{\"Version\":\"2012-10-17\",\"Statement\":[{\"Action\":[\"cloudfront:CreateInvalidation\"],\"Effect\":\"Allow\",\"Resource\":\"arn:aws:cloudfront::803035318642:distribution/E13PLNYU5I70KF\"}]}",
            "user": "khalani-frontend-deployer"
          },
          "sensitive_attributes": [],
          "private": "bnVsbA==",
          "dependencies": [
            "module.frontend.aws_cloudfront_distribution.this",
            "module.frontend.aws_iam_user.deployer",
            "module.frontend.aws_s3_bucket.bucket",
            "module.frontend.aws_s3_bucket_website_configuration.bucket_static"
          ]
        },
        {
          "index_key": 2,
          "schema_version": 0,
          "attributes": {
            "id": "khalani-frontend-deployer:cross-chain-explorer.testnet.khalani.network-deployer",
            "name": "cross-chain-explorer.testnet.khalani.network-deployer",
            "name_prefix": "",
            "policy": "{\"Version\":\"2012-10-17\",\"Statement\":[{\"Action\":[\"cloudfront:CreateInvalidation\"],\"Effect\":\"Allow\",\"Resource\":\"arn:aws:cloudfront::803035318642:distribution/E2PUFKBE38F0M9\"}]}",
            "user": "khalani-frontend-deployer"
          },
          "sensitive_attributes": [],
          "private": "bnVsbA==",
          "dependencies": [
            "module.frontend.aws_cloudfront_distribution.this",
            "module.frontend.aws_iam_user.deployer",
            "module.frontend.aws_s3_bucket.bucket",
            "module.frontend.aws_s3_bucket_website_configuration.bucket_static"
          ]
        },
        {
          "index_key": 3,
          "schema_version": 0,
          "attributes": {
            "id": "khalani-frontend-deployer:cross-chain-explorer.staging.khalani.network-deployer",
            "name": "cross-chain-explorer.staging.khalani.network-deployer",
            "name_prefix": "",
            "policy": "{\"Version\":\"2012-10-17\",\"Statement\":[{\"Action\":[\"cloudfront:CreateInvalidation\"],\"Effect\":\"Allow\",\"Resource\":\"arn:aws:cloudfront::803035318642:distribution/E2H7AK2W4QTT1S\"}]}",
            "user": "khalani-frontend-deployer"
          },
          "sensitive_attributes": [],
          "private": "bnVsbA==",
          "dependencies": [
            "module.frontend.aws_cloudfront_distribution.this",
            "module.frontend.aws_iam_user.deployer",
            "module.frontend.aws_s3_bucket.bucket",
            "module.frontend.aws_s3_bucket_website_configuration.bucket_static"
          ]
        }
      ]
    },
    {
      "module": "module.frontend",
      "mode": "managed",
      "type": "aws_route53_record",
      "name": "this",
      "provider": "provider[\"registry.terraform.io/hashicorp/aws\"]",
      "instances": [
        {
          "index_key": 0,
          "schema_version": 2,
          "attributes": {
            "alias": [
              {
                "evaluate_target_health": false,
                "name": "d13duxcoc7kl4w.cloudfront.net",
                "zone_id": "Z2FDTNDATAQYW2"
              }
            ],
            "allow_overwrite": null,
            "cidr_routing_policy": [],
            "failover_routing_policy": [],
            "fqdn": "app.testnet.khalani.network",
            "geolocation_routing_policy": [],
            "geoproximity_routing_policy": [],
            "health_check_id": "",
            "id": "Z08187603SUPEDOLVG3SQ_app.testnet.khalani.network_A",
            "latency_routing_policy": [],
            "multivalue_answer_routing_policy": false,
            "name": "app.testnet.khalani.network",
            "records": [],
            "set_identifier": "",
            "ttl": 0,
            "type": "A",
            "weighted_routing_policy": [],
            "zone_id": "Z08187603SUPEDOLVG3SQ"
          },
          "sensitive_attributes": [],
          "private": "eyJzY2hlbWFfdmVyc2lvbiI6IjIifQ==",
          "dependencies": [
            "module.frontend.aws_cloudfront_distribution.this",
            "module.frontend.aws_s3_bucket.bucket",
            "module.frontend.aws_s3_bucket_website_configuration.bucket_static"
          ]
        },
        {
          "index_key": 1,
          "schema_version": 2,
          "attributes": {
            "alias": [
              {
                "evaluate_target_health": false,
                "name": "d3lga14xcj2grf.cloudfront.net",
                "zone_id": "Z2FDTNDATAQYW2"
              }
            ],
            "allow_overwrite": null,
            "cidr_routing_policy": [],
            "failover_routing_policy": [],
            "fqdn": "app.staging.khalani.network",
            "geolocation_routing_policy": [],
            "geoproximity_routing_policy": [],
            "health_check_id": "",
            "id": "Z08187603SUPEDOLVG3SQ_app.staging.khalani.network_A",
            "latency_routing_policy": [],
            "multivalue_answer_routing_policy": false,
            "name": "app.staging.khalani.network",
            "records": [],
            "set_identifier": "",
            "ttl": 0,
            "type": "A",
            "weighted_routing_policy": [],
            "zone_id": "Z08187603SUPEDOLVG3SQ"
          },
          "sensitive_attributes": [],
          "private": "eyJzY2hlbWFfdmVyc2lvbiI6IjIifQ==",
          "dependencies": [
            "module.frontend.aws_cloudfront_distribution.this",
            "module.frontend.aws_s3_bucket.bucket",
            "module.frontend.aws_s3_bucket_website_configuration.bucket_static"
          ]
        },
        {
          "index_key": 2,
          "schema_version": 2,
          "attributes": {
            "alias": [
              {
                "evaluate_target_health": false,
                "name": "d35f56v89x1p1u.cloudfront.net",
                "zone_id": "Z2FDTNDATAQYW2"
              }
            ],
            "allow_overwrite": null,
            "cidr_routing_policy": [],
            "failover_routing_policy": [],
            "fqdn": "cross-chain-explorer.testnet.khalani.network",
            "geolocation_routing_policy": [],
            "geoproximity_routing_policy": [],
            "health_check_id": "",
            "id": "Z08187603SUPEDOLVG3SQ_cross-chain-explorer.testnet.khalani.network_A",
            "latency_routing_policy": [],
            "multivalue_answer_routing_policy": false,
            "name": "cross-chain-explorer.testnet.khalani.network",
            "records": [],
            "set_identifier": "",
            "ttl": 0,
            "type": "A",
            "weighted_routing_policy": [],
            "zone_id": "Z08187603SUPEDOLVG3SQ"
          },
          "sensitive_attributes": [],
          "private": "eyJzY2hlbWFfdmVyc2lvbiI6IjIifQ==",
          "dependencies": [
            "module.frontend.aws_cloudfront_distribution.this",
            "module.frontend.aws_s3_bucket.bucket",
            "module.frontend.aws_s3_bucket_website_configuration.bucket_static"
          ]
        },
        {
          "index_key": 3,
          "schema_version": 2,
          "attributes": {
            "alias": [
              {
                "evaluate_target_health": false,
                "name": "d112ecky90urd5.cloudfront.net",
                "zone_id": "Z2FDTNDATAQYW2"
              }
            ],
            "allow_overwrite": null,
            "cidr_routing_policy": [],
            "failover_routing_policy": [],
            "fqdn": "cross-chain-explorer.staging.khalani.network",
            "geolocation_routing_policy": [],
            "geoproximity_routing_policy": [],
            "health_check_id": "",
            "id": "Z08187603SUPEDOLVG3SQ_cross-chain-explorer.staging.khalani.network_A",
            "latency_routing_policy": [],
            "multivalue_answer_routing_policy": false,
            "name": "cross-chain-explorer.staging.khalani.network",
            "records": [],
            "set_identifier": "",
            "ttl": 0,
            "type": "A",
            "weighted_routing_policy": [],
            "zone_id": "Z08187603SUPEDOLVG3SQ"
          },
          "sensitive_attributes": [],
          "private": "eyJzY2hlbWFfdmVyc2lvbiI6IjIifQ==",
          "dependencies": [
            "module.frontend.aws_cloudfront_distribution.this",
            "module.frontend.aws_s3_bucket.bucket",
            "module.frontend.aws_s3_bucket_website_configuration.bucket_static"
          ]
        }
      ]
    },
    {
      "module": "module.frontend",
      "mode": "managed",
      "type": "aws_s3_bucket",
      "name": "bucket",
      "provider": "provider[\"registry.terraform.io/hashicorp/aws\"]",
      "instances": [
        {
          "index_key": 0,
          "schema_version": 0,
          "attributes": {
            "acceleration_status": "",
            "acl": null,
            "arn": "arn:aws:s3:::app.testnet.khalani.network20230725132024337400000002",
            "bucket": "app.testnet.khalani.network20230725132024337400000002",
            "bucket_domain_name": "app.testnet.khalani.network20230725132024337400000002.s3.amazonaws.com",
            "bucket_prefix": "app.testnet.khalani.network",
            "bucket_regional_domain_name": "app.testnet.khalani.network20230725132024337400000002.s3.us-east-1.amazonaws.com",
            "cors_rule": [],
            "force_destroy": true,
            "grant": [
              {
                "id": "3bc8cf0784d7e39ed7d4259e44a9686c524e8228cf8e9ff743c0e9b5dfc563d4",
                "permissions": [
                  "FULL_CONTROL"
                ],
                "type": "CanonicalUser",
                "uri": ""
              }
            ],
            "hosted_zone_id": "Z3AQBSTGFYJSTF",
            "id": "app.testnet.khalani.network20230725132024337400000002",
            "lifecycle_rule": [],
            "logging": [],
            "object_lock_configuration": [],
            "object_lock_enabled": false,
            "policy": "{\"Statement\":[{\"Action\":[\"s3:GetBucketLocation\",\"s3:ListBucket\"],\"Effect\":\"Allow\",\"Principal\":{\"AWS\":\"arn:aws:iam::803035318642:user/khalani-frontend-deployer\"},\"Resource\":\"arn:aws:s3:::app.testnet.khalani.network20230725132024337400000002\"},{\"Action\":[\"s3:GetObject\",\"s3:PutObject\",\"s3:DeleteObject\"],\"Effect\":\"Allow\",\"Principal\":{\"AWS\":\"arn:aws:iam::803035318642:user/khalani-frontend-deployer\"},\"Resource\":\"arn:aws:s3:::app.testnet.khalani.network20230725132024337400000002/*\"},{\"Action\":\"s3:GetObject\",\"Effect\":\"Allow\",\"Principal\":\"*\",\"Resource\":\"arn:aws:s3:::app.testnet.khalani.network20230725132024337400000002/*\"}],\"Version\":\"2012-10-17\"}",
            "region": "us-east-1",
            "replication_configuration": [],
            "request_payer": "BucketOwner",
            "server_side_encryption_configuration": [
              {
                "rule": [
                  {
                    "apply_server_side_encryption_by_default": [
                      {
                        "kms_master_key_id": "",
                        "sse_algorithm": "AES256"
                      }
                    ],
                    "bucket_key_enabled": false
                  }
                ]
              }
            ],
            "tags": {},
            "tags_all": {},
            "timeouts": null,
            "versioning": [
              {
                "enabled": false,
                "mfa_delete": false
              }
            ],
            "website": [
              {
                "error_document": "index.html",
                "index_document": "index.html",
                "redirect_all_requests_to": "",
                "routing_rules": ""
              }
            ],
            "website_domain": "s3-website-us-east-1.amazonaws.com",
            "website_endpoint": "app.testnet.khalani.network20230725132024337400000002.s3-website-us-east-1.amazonaws.com"
          },
          "sensitive_attributes": [],
          "private": "eyJlMmJmYjczMC1lY2FhLTExZTYtOGY4OC0zNDM2M2JjN2M0YzAiOnsiY3JlYXRlIjoxMjAwMDAwMDAwMDAwLCJkZWxldGUiOjM2MDAwMDAwMDAwMDAsInJlYWQiOjEyMDAwMDAwMDAwMDAsInVwZGF0ZSI6MTIwMDAwMDAwMDAwMH19"
        },
        {
          "index_key": 1,
          "schema_version": 0,
          "attributes": {
            "acceleration_status": "",
            "acl": null,
            "arn": "arn:aws:s3:::app.staging.khalani.network20230725132024333600000001",
            "bucket": "app.staging.khalani.network20230725132024333600000001",
            "bucket_domain_name": "app.staging.khalani.network20230725132024333600000001.s3.amazonaws.com",
            "bucket_prefix": "app.staging.khalani.network",
            "bucket_regional_domain_name": "app.staging.khalani.network20230725132024333600000001.s3.us-east-1.amazonaws.com",
            "cors_rule": [],
            "force_destroy": true,
            "grant": [
              {
                "id": "3bc8cf0784d7e39ed7d4259e44a9686c524e8228cf8e9ff743c0e9b5dfc563d4",
                "permissions": [
                  "FULL_CONTROL"
                ],
                "type": "CanonicalUser",
                "uri": ""
              }
            ],
            "hosted_zone_id": "Z3AQBSTGFYJSTF",
            "id": "app.staging.khalani.network20230725132024333600000001",
            "lifecycle_rule": [],
            "logging": [],
            "object_lock_configuration": [],
            "object_lock_enabled": false,
            "policy": "{\"Statement\":[{\"Action\":[\"s3:GetBucketLocation\",\"s3:ListBucket\"],\"Effect\":\"Allow\",\"Principal\":{\"AWS\":\"arn:aws:iam::803035318642:user/khalani-frontend-deployer\"},\"Resource\":\"arn:aws:s3:::app.staging.khalani.network20230725132024333600000001\"},{\"Action\":[\"s3:GetObject\",\"s3:PutObject\",\"s3:DeleteObject\"],\"Effect\":\"Allow\",\"Principal\":{\"AWS\":\"arn:aws:iam::803035318642:user/khalani-frontend-deployer\"},\"Resource\":\"arn:aws:s3:::app.staging.khalani.network20230725132024333600000001/*\"},{\"Action\":\"s3:GetObject\",\"Effect\":\"Allow\",\"Principal\":\"*\",\"Resource\":\"arn:aws:s3:::app.staging.khalani.network20230725132024333600000001/*\"}],\"Version\":\"2012-10-17\"}",
            "region": "us-east-1",
            "replication_configuration": [],
            "request_payer": "BucketOwner",
            "server_side_encryption_configuration": [
              {
                "rule": [
                  {
                    "apply_server_side_encryption_by_default": [
                      {
                        "kms_master_key_id": "",
                        "sse_algorithm": "AES256"
                      }
                    ],
                    "bucket_key_enabled": false
                  }
                ]
              }
            ],
            "tags": {},
            "tags_all": {},
            "timeouts": null,
            "versioning": [
              {
                "enabled": false,
                "mfa_delete": false
              }
            ],
            "website": [
              {
                "error_document": "index.html",
                "index_document": "index.html",
                "redirect_all_requests_to": "",
                "routing_rules": ""
              }
            ],
            "website_domain": "s3-website-us-east-1.amazonaws.com",
            "website_endpoint": "app.staging.khalani.network20230725132024333600000001.s3-website-us-east-1.amazonaws.com"
          },
          "sensitive_attributes": [],
          "private": "eyJlMmJmYjczMC1lY2FhLTExZTYtOGY4OC0zNDM2M2JjN2M0YzAiOnsiY3JlYXRlIjoxMjAwMDAwMDAwMDAwLCJkZWxldGUiOjM2MDAwMDAwMDAwMDAsInJlYWQiOjEyMDAwMDAwMDAwMDAsInVwZGF0ZSI6MTIwMDAwMDAwMDAwMH19"
        },
        {
          "index_key": 2,
          "schema_version": 0,
          "attributes": {
            "acceleration_status": "",
            "acl": null,
            "arn": "arn:aws:s3:::cross-chain-explorer.testnet.khalani.20230725130925384100000001",
            "bucket": "cross-chain-explorer.testnet.khalani.20230725130925384100000001",
            "bucket_domain_name": "cross-chain-explorer.testnet.khalani.20230725130925384100000001.s3.amazonaws.com",
            "bucket_prefix": "cross-chain-explorer.testnet.khalani.",
            "bucket_regional_domain_name": "cross-chain-explorer.testnet.khalani.20230725130925384100000001.s3.us-east-1.amazonaws.com",
            "cors_rule": [],
            "force_destroy": true,
            "grant": [
              {
                "id": "3bc8cf0784d7e39ed7d4259e44a9686c524e8228cf8e9ff743c0e9b5dfc563d4",
                "permissions": [
                  "FULL_CONTROL"
                ],
                "type": "CanonicalUser",
                "uri": ""
              }
            ],
            "hosted_zone_id": "Z3AQBSTGFYJSTF",
            "id": "cross-chain-explorer.testnet.khalani.20230725130925384100000001",
            "lifecycle_rule": [],
            "logging": [],
            "object_lock_configuration": [],
            "object_lock_enabled": false,
            "policy": "{\"Statement\":[{\"Action\":[\"s3:GetBucketLocation\",\"s3:ListBucket\"],\"Effect\":\"Allow\",\"Principal\":{\"AWS\":\"arn:aws:iam::803035318642:user/khalani-frontend-deployer\"},\"Resource\":\"arn:aws:s3:::cross-chain-explorer.testnet.khalani.20230725130925384100000001\"},{\"Action\":[\"s3:GetObject\",\"s3:PutObject\",\"s3:DeleteObject\"],\"Effect\":\"Allow\",\"Principal\":{\"AWS\":\"arn:aws:iam::803035318642:user/khalani-frontend-deployer\"},\"Resource\":\"arn:aws:s3:::cross-chain-explorer.testnet.khalani.20230725130925384100000001/*\"},{\"Action\":\"s3:GetObject\",\"Effect\":\"Allow\",\"Principal\":\"*\",\"Resource\":\"arn:aws:s3:::cross-chain-explorer.testnet.khalani.20230725130925384100000001/*\"}],\"Version\":\"2012-10-17\"}",
            "region": "us-east-1",
            "replication_configuration": [],
            "request_payer": "BucketOwner",
            "server_side_encryption_configuration": [
              {
                "rule": [
                  {
                    "apply_server_side_encryption_by_default": [
                      {
                        "kms_master_key_id": "",
                        "sse_algorithm": "AES256"
                      }
                    ],
                    "bucket_key_enabled": false
                  }
                ]
              }
            ],
            "tags": {},
            "tags_all": {},
            "timeouts": null,
            "versioning": [
              {
                "enabled": false,
                "mfa_delete": false
              }
            ],
            "website": [
              {
                "error_document": "index.html",
                "index_document": "index.html",
                "redirect_all_requests_to": "",
                "routing_rules": ""
              }
            ],
            "website_domain": "s3-website-us-east-1.amazonaws.com",
            "website_endpoint": "cross-chain-explorer.testnet.khalani.20230725130925384100000001.s3-website-us-east-1.amazonaws.com"
          },
          "sensitive_attributes": [],
          "private": "eyJlMmJmYjczMC1lY2FhLTExZTYtOGY4OC0zNDM2M2JjN2M0YzAiOnsiY3JlYXRlIjoxMjAwMDAwMDAwMDAwLCJkZWxldGUiOjM2MDAwMDAwMDAwMDAsInJlYWQiOjEyMDAwMDAwMDAwMDAsInVwZGF0ZSI6MTIwMDAwMDAwMDAwMH19"
        },
        {
          "index_key": 3,
          "schema_version": 0,
          "attributes": {
            "acceleration_status": "",
            "acl": null,
            "arn": "arn:aws:s3:::cross-chain-explorer.staging.khalani.20230725130925384100000002",
            "bucket": "cross-chain-explorer.staging.khalani.20230725130925384100000002",
            "bucket_domain_name": "cross-chain-explorer.staging.khalani.20230725130925384100000002.s3.amazonaws.com",
            "bucket_prefix": "cross-chain-explorer.staging.khalani.",
            "bucket_regional_domain_name": "cross-chain-explorer.staging.khalani.20230725130925384100000002.s3.us-east-1.amazonaws.com",
            "cors_rule": [],
            "force_destroy": true,
            "grant": [
              {
                "id": "3bc8cf0784d7e39ed7d4259e44a9686c524e8228cf8e9ff743c0e9b5dfc563d4",
                "permissions": [
                  "FULL_CONTROL"
                ],
                "type": "CanonicalUser",
                "uri": ""
              }
            ],
            "hosted_zone_id": "Z3AQBSTGFYJSTF",
            "id": "cross-chain-explorer.staging.khalani.20230725130925384100000002",
            "lifecycle_rule": [],
            "logging": [],
            "object_lock_configuration": [],
            "object_lock_enabled": false,
            "policy": "{\"Statement\":[{\"Action\":[\"s3:GetBucketLocation\",\"s3:ListBucket\"],\"Effect\":\"Allow\",\"Principal\":{\"AWS\":\"arn:aws:iam::803035318642:user/khalani-frontend-deployer\"},\"Resource\":\"arn:aws:s3:::cross-chain-explorer.staging.khalani.20230725130925384100000002\"},{\"Action\":[\"s3:GetObject\",\"s3:PutObject\",\"s3:DeleteObject\"],\"Effect\":\"Allow\",\"Principal\":{\"AWS\":\"arn:aws:iam::803035318642:user/khalani-frontend-deployer\"},\"Resource\":\"arn:aws:s3:::cross-chain-explorer.staging.khalani.20230725130925384100000002/*\"},{\"Action\":\"s3:GetObject\",\"Effect\":\"Allow\",\"Principal\":\"*\",\"Resource\":\"arn:aws:s3:::cross-chain-explorer.staging.khalani.20230725130925384100000002/*\"}],\"Version\":\"2012-10-17\"}",
            "region": "us-east-1",
            "replication_configuration": [],
            "request_payer": "BucketOwner",
            "server_side_encryption_configuration": [
              {
                "rule": [
                  {
                    "apply_server_side_encryption_by_default": [
                      {
                        "kms_master_key_id": "",
                        "sse_algorithm": "AES256"
                      }
                    ],
                    "bucket_key_enabled": false
                  }
                ]
              }
            ],
            "tags": {},
            "tags_all": {},
            "timeouts": null,
            "versioning": [
              {
                "enabled": false,
                "mfa_delete": false
              }
            ],
            "website": [
              {
                "error_document": "index.html",
                "index_document": "index.html",
                "redirect_all_requests_to": "",
                "routing_rules": ""
              }
            ],
            "website_domain": "s3-website-us-east-1.amazonaws.com",
            "website_endpoint": "cross-chain-explorer.staging.khalani.20230725130925384100000002.s3-website-us-east-1.amazonaws.com"
          },
          "sensitive_attributes": [],
          "private": "eyJlMmJmYjczMC1lY2FhLTExZTYtOGY4OC0zNDM2M2JjN2M0YzAiOnsiY3JlYXRlIjoxMjAwMDAwMDAwMDAwLCJkZWxldGUiOjM2MDAwMDAwMDAwMDAsInJlYWQiOjEyMDAwMDAwMDAwMDAsInVwZGF0ZSI6MTIwMDAwMDAwMDAwMH19"
        }
      ]
    },
    {
      "module": "module.frontend",
      "mode": "managed",
      "type": "aws_s3_bucket_ownership_controls",
      "name": "bucket_controls",
      "provider": "provider[\"registry.terraform.io/hashicorp/aws\"]",
      "instances": [
        {
          "index_key": 0,
          "schema_version": 0,
          "attributes": {
            "bucket": "app.testnet.khalani.network20230725132024337400000002",
            "id": "app.testnet.khalani.network20230725132024337400000002",
            "rule": [
              {
                "object_ownership": "BucketOwnerEnforced"
              }
            ]
          },
          "sensitive_attributes": [],
          "private": "bnVsbA==",
          "dependencies": [
            "module.frontend.aws_s3_bucket.bucket"
          ]
        },
        {
          "index_key": 1,
          "schema_version": 0,
          "attributes": {
            "bucket": "app.staging.khalani.network20230725132024333600000001",
            "id": "app.staging.khalani.network20230725132024333600000001",
            "rule": [
              {
                "object_ownership": "BucketOwnerEnforced"
              }
            ]
          },
          "sensitive_attributes": [],
          "private": "bnVsbA==",
          "dependencies": [
            "module.frontend.aws_s3_bucket.bucket"
          ]
        },
        {
          "index_key": 2,
          "schema_version": 0,
          "attributes": {
            "bucket": "cross-chain-explorer.testnet.khalani.20230725130925384100000001",
            "id": "cross-chain-explorer.testnet.khalani.20230725130925384100000001",
            "rule": [
              {
                "object_ownership": "BucketOwnerEnforced"
              }
            ]
          },
          "sensitive_attributes": [],
          "private": "bnVsbA==",
          "dependencies": [
            "module.frontend.aws_s3_bucket.bucket"
          ]
        },
        {
          "index_key": 3,
          "schema_version": 0,
          "attributes": {
            "bucket": "cross-chain-explorer.staging.khalani.20230725130925384100000002",
            "id": "cross-chain-explorer.staging.khalani.20230725130925384100000002",
            "rule": [
              {
                "object_ownership": "BucketOwnerEnforced"
              }
            ]
          },
          "sensitive_attributes": [],
          "private": "bnVsbA==",
          "dependencies": [
            "module.frontend.aws_s3_bucket.bucket"
          ]
        }
      ]
    },
    {
      "module": "module.frontend",
      "mode": "managed",
      "type": "aws_s3_bucket_policy",
      "name": "bucket_policy",
      "provider": "provider[\"registry.terraform.io/hashicorp/aws\"]",
      "instances": [
        {
          "index_key": 0,
          "schema_version": 0,
          "attributes": {
            "bucket": "app.testnet.khalani.network20230725132024337400000002",
            "id": "app.testnet.khalani.network20230725132024337400000002",
            "policy": "{\"Statement\":[{\"Action\":[\"s3:GetBucketLocation\",\"s3:ListBucket\"],\"Effect\":\"Allow\",\"Principal\":{\"AWS\":\"arn:aws:iam::803035318642:user/khalani-frontend-deployer\"},\"Resource\":\"arn:aws:s3:::app.testnet.khalani.network20230725132024337400000002\"},{\"Action\":[\"s3:GetObject\",\"s3:PutObject\",\"s3:DeleteObject\"],\"Effect\":\"Allow\",\"Principal\":{\"AWS\":\"arn:aws:iam::803035318642:user/khalani-frontend-deployer\"},\"Resource\":\"arn:aws:s3:::app.testnet.khalani.network20230725132024337400000002/*\"},{\"Action\":\"s3:GetObject\",\"Effect\":\"Allow\",\"Principal\":\"*\",\"Resource\":\"arn:aws:s3:::app.testnet.khalani.network20230725132024337400000002/*\"}],\"Version\":\"2012-10-17\"}"
          },
          "sensitive_attributes": [],
          "private": "bnVsbA==",
          "dependencies": [
            "module.frontend.aws_iam_user.deployer",
            "module.frontend.aws_s3_bucket.bucket"
          ]
        },
        {
          "index_key": 1,
          "schema_version": 0,
          "attributes": {
            "bucket": "app.staging.khalani.network20230725132024333600000001",
            "id": "app.staging.khalani.network20230725132024333600000001",
            "policy": "{\"Statement\":[{\"Action\":[\"s3:GetBucketLocation\",\"s3:ListBucket\"],\"Effect\":\"Allow\",\"Principal\":{\"AWS\":\"arn:aws:iam::803035318642:user/khalani-frontend-deployer\"},\"Resource\":\"arn:aws:s3:::app.staging.khalani.network20230725132024333600000001\"},{\"Action\":[\"s3:GetObject\",\"s3:PutObject\",\"s3:DeleteObject\"],\"Effect\":\"Allow\",\"Principal\":{\"AWS\":\"arn:aws:iam::803035318642:user/khalani-frontend-deployer\"},\"Resource\":\"arn:aws:s3:::app.staging.khalani.network20230725132024333600000001/*\"},{\"Action\":\"s3:GetObject\",\"Effect\":\"Allow\",\"Principal\":\"*\",\"Resource\":\"arn:aws:s3:::app.staging.khalani.network20230725132024333600000001/*\"}],\"Version\":\"2012-10-17\"}"
          },
          "sensitive_attributes": [],
          "private": "bnVsbA==",
          "dependencies": [
            "module.frontend.aws_iam_user.deployer",
            "module.frontend.aws_s3_bucket.bucket"
          ]
        },
        {
          "index_key": 2,
          "schema_version": 0,
          "attributes": {
            "bucket": "cross-chain-explorer.testnet.khalani.20230725130925384100000001",
            "id": "cross-chain-explorer.testnet.khalani.20230725130925384100000001",
            "policy": "{\"Statement\":[{\"Action\":[\"s3:GetBucketLocation\",\"s3:ListBucket\"],\"Effect\":\"Allow\",\"Principal\":{\"AWS\":\"arn:aws:iam::803035318642:user/khalani-frontend-deployer\"},\"Resource\":\"arn:aws:s3:::cross-chain-explorer.testnet.khalani.20230725130925384100000001\"},{\"Action\":[\"s3:GetObject\",\"s3:PutObject\",\"s3:DeleteObject\"],\"Effect\":\"Allow\",\"Principal\":{\"AWS\":\"arn:aws:iam::803035318642:user/khalani-frontend-deployer\"},\"Resource\":\"arn:aws:s3:::cross-chain-explorer.testnet.khalani.20230725130925384100000001/*\"},{\"Action\":\"s3:GetObject\",\"Effect\":\"Allow\",\"Principal\":\"*\",\"Resource\":\"arn:aws:s3:::cross-chain-explorer.testnet.khalani.20230725130925384100000001/*\"}],\"Version\":\"2012-10-17\"}"
          },
          "sensitive_attributes": [],
          "private": "bnVsbA==",
          "dependencies": [
            "module.frontend.aws_iam_user.deployer",
            "module.frontend.aws_s3_bucket.bucket"
          ]
        },
        {
          "index_key": 3,
          "schema_version": 0,
          "attributes": {
            "bucket": "cross-chain-explorer.staging.khalani.20230725130925384100000002",
            "id": "cross-chain-explorer.staging.khalani.20230725130925384100000002",
            "policy": "{\"Statement\":[{\"Action\":[\"s3:GetBucketLocation\",\"s3:ListBucket\"],\"Effect\":\"Allow\",\"Principal\":{\"AWS\":\"arn:aws:iam::803035318642:user/khalani-frontend-deployer\"},\"Resource\":\"arn:aws:s3:::cross-chain-explorer.staging.khalani.20230725130925384100000002\"},{\"Action\":[\"s3:GetObject\",\"s3:PutObject\",\"s3:DeleteObject\"],\"Effect\":\"Allow\",\"Principal\":{\"AWS\":\"arn:aws:iam::803035318642:user/khalani-frontend-deployer\"},\"Resource\":\"arn:aws:s3:::cross-chain-explorer.staging.khalani.20230725130925384100000002/*\"},{\"Action\":\"s3:GetObject\",\"Effect\":\"Allow\",\"Principal\":\"*\",\"Resource\":\"arn:aws:s3:::cross-chain-explorer.staging.khalani.20230725130925384100000002/*\"}],\"Version\":\"2012-10-17\"}"
          },
          "sensitive_attributes": [],
          "private": "bnVsbA==",
          "dependencies": [
            "module.frontend.aws_iam_user.deployer",
            "module.frontend.aws_s3_bucket.bucket"
          ]
        }
      ]
    },
    {
      "module": "module.frontend",
      "mode": "managed",
      "type": "aws_s3_bucket_public_access_block",
      "name": "bucket_access_block",
      "provider": "provider[\"registry.terraform.io/hashicorp/aws\"]",
      "instances": [
        {
          "index_key": 0,
          "schema_version": 0,
          "attributes": {
            "block_public_acls": false,
            "block_public_policy": false,
            "bucket": "app.testnet.khalani.network20230725132024337400000002",
            "id": "app.testnet.khalani.network20230725132024337400000002",
            "ignore_public_acls": false,
            "restrict_public_buckets": false
          },
          "sensitive_attributes": [],
          "private": "bnVsbA==",
          "dependencies": [
            "module.frontend.aws_s3_bucket.bucket"
          ]
        },
        {
          "index_key": 1,
          "schema_version": 0,
          "attributes": {
            "block_public_acls": false,
            "block_public_policy": false,
            "bucket": "app.staging.khalani.network20230725132024333600000001",
            "id": "app.staging.khalani.network20230725132024333600000001",
            "ignore_public_acls": false,
            "restrict_public_buckets": false
          },
          "sensitive_attributes": [],
          "private": "bnVsbA==",
          "dependencies": [
            "module.frontend.aws_s3_bucket.bucket"
          ]
        },
        {
          "index_key": 2,
          "schema_version": 0,
          "attributes": {
            "block_public_acls": false,
            "block_public_policy": false,
            "bucket": "cross-chain-explorer.testnet.khalani.20230725130925384100000001",
            "id": "cross-chain-explorer.testnet.khalani.20230725130925384100000001",
            "ignore_public_acls": false,
            "restrict_public_buckets": false
          },
          "sensitive_attributes": [],
          "private": "bnVsbA==",
          "dependencies": [
            "module.frontend.aws_s3_bucket.bucket"
          ]
        },
        {
          "index_key": 3,
          "schema_version": 0,
          "attributes": {
            "block_public_acls": false,
            "block_public_policy": false,
            "bucket": "cross-chain-explorer.staging.khalani.20230725130925384100000002",
            "id": "cross-chain-explorer.staging.khalani.20230725130925384100000002",
            "ignore_public_acls": false,
            "restrict_public_buckets": false
          },
          "sensitive_attributes": [],
          "private": "bnVsbA==",
          "dependencies": [
            "module.frontend.aws_s3_bucket.bucket"
          ]
        }
      ]
    },
    {
      "module": "module.frontend",
      "mode": "managed",
      "type": "aws_s3_bucket_website_configuration",
      "name": "bucket_static",
      "provider": "provider[\"registry.terraform.io/hashicorp/aws\"]",
      "instances": [
        {
          "index_key": 0,
          "schema_version": 0,
          "attributes": {
            "bucket": "app.testnet.khalani.network20230725132024337400000002",
            "error_document": [
              {
                "key": "index.html"
              }
            ],
            "expected_bucket_owner": "",
            "id": "app.testnet.khalani.network20230725132024337400000002",
            "index_document": [
              {
                "suffix": "index.html"
              }
            ],
            "redirect_all_requests_to": [],
            "routing_rule": [],
            "routing_rules": "",
            "website_domain": "s3-website-us-east-1.amazonaws.com",
            "website_endpoint": "app.testnet.khalani.network20230725132024337400000002.s3-website-us-east-1.amazonaws.com"
          },
          "sensitive_attributes": [],
          "private": "bnVsbA==",
          "dependencies": [
            "module.frontend.aws_s3_bucket.bucket"
          ]
        },
        {
          "index_key": 1,
          "schema_version": 0,
          "attributes": {
            "bucket": "app.staging.khalani.network20230725132024333600000001",
            "error_document": [
              {
                "key": "index.html"
              }
            ],
            "expected_bucket_owner": "",
            "id": "app.staging.khalani.network20230725132024333600000001",
            "index_document": [
              {
                "suffix": "index.html"
              }
            ],
            "redirect_all_requests_to": [],
            "routing_rule": [],
            "routing_rules": "",
            "website_domain": "s3-website-us-east-1.amazonaws.com",
            "website_endpoint": "app.staging.khalani.network20230725132024333600000001.s3-website-us-east-1.amazonaws.com"
          },
          "sensitive_attributes": [],
          "private": "bnVsbA==",
          "dependencies": [
            "module.frontend.aws_s3_bucket.bucket"
          ]
        },
        {
          "index_key": 2,
          "schema_version": 0,
          "attributes": {
            "bucket": "cross-chain-explorer.testnet.khalani.20230725130925384100000001",
            "error_document": [
              {
                "key": "index.html"
              }
            ],
            "expected_bucket_owner": "",
            "id": "cross-chain-explorer.testnet.khalani.20230725130925384100000001",
            "index_document": [
              {
                "suffix": "index.html"
              }
            ],
            "redirect_all_requests_to": [],
            "routing_rule": [],
            "routing_rules": "",
            "website_domain": "s3-website-us-east-1.amazonaws.com",
            "website_endpoint": "cross-chain-explorer.testnet.khalani.20230725130925384100000001.s3-website-us-east-1.amazonaws.com"
          },
          "sensitive_attributes": [],
          "private": "bnVsbA==",
          "dependencies": [
            "module.frontend.aws_s3_bucket.bucket"
          ]
        },
        {
          "index_key": 3,
          "schema_version": 0,
          "attributes": {
            "bucket": "cross-chain-explorer.staging.khalani.20230725130925384100000002",
            "error_document": [
              {
                "key": "index.html"
              }
            ],
            "expected_bucket_owner": "",
            "id": "cross-chain-explorer.staging.khalani.20230725130925384100000002",
            "index_document": [
              {
                "suffix": "index.html"
              }
            ],
            "redirect_all_requests_to": [],
            "routing_rule": [],
            "routing_rules": "",
            "website_domain": "s3-website-us-east-1.amazonaws.com",
            "website_endpoint": "cross-chain-explorer.staging.khalani.20230725130925384100000002.s3-website-us-east-1.amazonaws.com"
          },
          "sensitive_attributes": [],
          "private": "bnVsbA==",
          "dependencies": [
            "module.frontend.aws_s3_bucket.bucket"
          ]
        }
      ]
    },
    {
      "module": "module.funding-bot",
      "mode": "managed",
      "type": "aws_iam_role",
      "name": "funding_bot",
      "provider": "provider[\"registry.terraform.io/hashicorp/aws\"]",
      "instances": [
        {
          "schema_version": 0,
          "attributes": {
            "arn": "arn:aws:iam::803035318642:role/funding-bot",
            "assume_role_policy": "{\"Statement\":[{\"Action\":\"sts:AssumeRoleWithWebIdentity\",\"Condition\":{\"StringEquals\":{\"oidc.eks.us-east-1.amazonaws.com/id/32803539C78C654C14D84BD9DDB105D9:aud\":\"sts.amazonaws.com\",\"oidc.eks.us-east-1.amazonaws.com/id/32803539C78C654C14D84BD9DDB105D9:sub\":\"system:serviceaccount:applications:funding-bot\"}},\"Effect\":\"Allow\",\"Principal\":{\"Federated\":\"arn:aws:iam::803035318642:oidc-provider/oidc.eks.us-east-1.amazonaws.com/id/32803539C78C654C14D84BD9DDB105D9\"}}],\"Version\":\"2012-10-17\"}",
            "create_date": "2023-06-23T10:55:28Z",
            "description": "",
            "force_detach_policies": false,
            "id": "funding-bot",
            "inline_policy": [],
            "managed_policy_arns": [],
            "max_session_duration": 3600,
            "name": "funding-bot",
            "name_prefix": "",
            "path": "/",
            "permissions_boundary": "",
            "tags": {},
            "tags_all": {},
            "unique_id": "AROA3V6FCRFZNEER5SCML"
          },
          "sensitive_attributes": [],
          "private": "bnVsbA==",
          "dependencies": [
            "module.eks.aws_cloudwatch_log_group.this",
            "module.eks.aws_eks_cluster.this",
            "module.eks.aws_iam_role.this",
            "module.eks.aws_iam_role_policy_attachment.this",
            "module.eks.aws_security_group.cluster",
            "module.eks.aws_security_group.node",
            "module.eks.aws_security_group_rule.cluster",
            "module.eks.aws_security_group_rule.node",
            "module.eks.data.aws_caller_identity.current",
            "module.eks.data.aws_iam_policy_document.assume_role_policy",
            "module.eks.data.aws_partition.current",
            "module.eks.module.kms.aws_kms_external_key.this",
            "module.eks.module.kms.aws_kms_key.this",
            "module.eks.module.kms.data.aws_caller_identity.current",
            "module.eks.module.kms.data.aws_iam_policy_document.this",
            "module.eks.module.kms.data.aws_partition.current",
            "module.vpc.aws_subnet.private",
            "module.vpc.aws_vpc.this",
            "module.vpc.aws_vpc_ipv4_cidr_block_association.this"
          ]
        }
      ]
    },
    {
      "module": "module.graph-node",
      "mode": "data",
      "type": "aws_secretsmanager_random_password",
      "name": "db_password",
      "provider": "provider[\"registry.terraform.io/hashicorp/aws\"]",
      "instances": [
        {
          "schema_version": 0,
          "attributes": {
            "exclude_characters": null,
            "exclude_lowercase": null,
            "exclude_numbers": null,
            "exclude_punctuation": true,
            "exclude_uppercase": null,
            "id": "DLWFh4scIRmgw6iViAu6QLOOfCk73f",
            "include_space": null,
            "password_length": 30,
            "random_password": "DLWFh4scIRmgw6iViAu6QLOOfCk73f",
            "require_each_included_type": null
          },
          "sensitive_attributes": []
        }
      ]
    },
    {
      "module": "module.graph-node",
      "mode": "data",
      "type": "aws_secretsmanager_random_password",
      "name": "graph_access_token_password",
      "provider": "provider[\"registry.terraform.io/hashicorp/aws\"]",
      "instances": [
        {
          "schema_version": 0,
          "attributes": {
            "exclude_characters": null,
            "exclude_lowercase": null,
            "exclude_numbers": null,
            "exclude_punctuation": true,
            "exclude_uppercase": null,
            "id": "6n5NIH5gqeaxKMNDAp99uK7YjZojJykizWIZpf6U",
            "include_space": null,
            "password_length": 40,
            "random_password": "6n5NIH5gqeaxKMNDAp99uK7YjZojJykizWIZpf6U",
            "require_each_included_type": null
          },
          "sensitive_attributes": []
        }
      ]
    },
    {
      "module": "module.graph-node",
      "mode": "managed",
      "type": "aws_db_instance",
      "name": "this",
      "provider": "provider[\"registry.terraform.io/hashicorp/aws\"]",
      "instances": [
        {
          "schema_version": 2,
          "attributes": {
            "address": "terraform-20241106111208638900000001.cl2a6ysvczd1.us-east-1.rds.amazonaws.com",
            "allocated_storage": 400,
            "allow_major_version_upgrade": null,
            "apply_immediately": false,
            "arn": "arn:aws:rds:us-east-1:803035318642:db:terraform-20241106111208638900000001",
            "auto_minor_version_upgrade": true,
            "availability_zone": "us-east-1f",
            "backup_retention_period": 0,
            "backup_target": "region",
            "backup_window": "04:28-04:58",
            "blue_green_update": [],
            "ca_cert_identifier": "rds-ca-rsa2048-g1",
            "character_set_name": "",
            "copy_tags_to_snapshot": false,
            "custom_iam_instance_profile": "",
            "customer_owned_ip_enabled": false,
            "db_name": "graphnode",
            "db_subnet_group_name": "default",
            "dedicated_log_volume": false,
            "delete_automated_backups": true,
            "deletion_protection": false,
            "domain": "",
            "domain_auth_secret_arn": "",
            "domain_dns_ips": [],
            "domain_fqdn": "",
            "domain_iam_role_name": "",
            "domain_ou": "",
            "enabled_cloudwatch_logs_exports": [],
            "endpoint": "terraform-20241106111208638900000001.cl2a6ysvczd1.us-east-1.rds.amazonaws.com:5432",
            "engine": "postgres",
            "engine_lifecycle_support": "open-source-rds-extended-support",
            "engine_version": "13.15",
            "engine_version_actual": "13.13",
            "final_snapshot_identifier": null,
            "hosted_zone_id": "Z2R2ITUGPM61AM",
            "iam_database_authentication_enabled": false,
            "id": "db-5QIGULURGGSEK7UQ7VI2ZII7DQ",
            "identifier": "terraform-20241106111208638900000001",
            "identifier_prefix": "terraform-",
            "instance_class": "db.t4g.small",
            "iops": 0,
            "kms_key_id": "",
            "latest_restorable_time": "",
            "license_model": "postgresql-license",
            "listener_endpoint": [],
            "maintenance_window": "sun:07:20-sun:07:50",
            "manage_master_user_password": null,
            "master_user_secret": [],
            "master_user_secret_kms_key_id": null,
            "max_allocated_storage": 0,
            "monitoring_interval": 0,
            "monitoring_role_arn": "",
            "multi_az": false,
            "nchar_character_set_name": "",
            "network_type": "IPV4",
            "option_group_name": "default:postgres-13",
            "parameter_group_name": "default.postgres13",
            "password": "8hAdVJqwAbbbH622HUum2RMphtvh4t",
            "performance_insights_enabled": false,
            "performance_insights_kms_key_id": "",
            "performance_insights_retention_period": 0,
            "port": 5432,
            "publicly_accessible": true,
            "replica_mode": "",
            "replicas": [],
            "replicate_source_db": "",
            "resource_id": "db-5QIGULURGGSEK7UQ7VI2ZII7DQ",
            "restore_to_point_in_time": [],
            "s3_import": [],
            "skip_final_snapshot": true,
            "snapshot_identifier": null,
            "status": "available",
            "storage_encrypted": false,
            "storage_throughput": 0,
            "storage_type": "gp2",
            "tags": {},
            "tags_all": {},
            "timeouts": null,
            "timezone": "",
            "upgrade_storage_config": null,
            "username": "graphnode",
            "vpc_security_group_ids": [
              "sg-01847c4dfff150298"
            ]
          },
          "sensitive_attributes": [],
          "private": "eyJlMmJmYjczMC1lY2FhLTExZTYtOGY4OC0zNDM2M2JjN2M0YzAiOnsiY3JlYXRlIjoyNDAwMDAwMDAwMDAwLCJkZWxldGUiOjM2MDAwMDAwMDAwMDAsInVwZGF0ZSI6NDgwMDAwMDAwMDAwMH0sInNjaGVtYV92ZXJzaW9uIjoiMiJ9",
          "dependencies": [
            "module.graph-node.aws_security_group.sg1",
            "module.graph-node.data.aws_secretsmanager_random_password.db_password"
          ]
        }
      ]
    },
    {
      "module": "module.graph-node",
      "mode": "managed",
      "type": "aws_iam_role",
      "name": "graph_node_service_account_role",
      "provider": "provider[\"registry.terraform.io/hashicorp/aws\"]",
      "instances": [
        {
          "schema_version": 0,
          "attributes": {
            "arn": "arn:aws:iam::803035318642:role/graph-node",
            "assume_role_policy": "{\"Statement\":[{\"Action\":\"sts:AssumeRoleWithWebIdentity\",\"Condition\":{\"StringEquals\":{\"oidc.eks.us-east-1.amazonaws.com/id/32803539C78C654C14D84BD9DDB105D9:aud\":\"sts.amazonaws.com\",\"oidc.eks.us-east-1.amazonaws.com/id/32803539C78C654C14D84BD9DDB105D9:sub\":\"system:serviceaccount:graph-node:graph-node\"}},\"Effect\":\"Allow\",\"Principal\":{\"Federated\":\"arn:aws:iam::803035318642:oidc-provider/oidc.eks.us-east-1.amazonaws.com/id/32803539C78C654C14D84BD9DDB105D9\"}}],\"Version\":\"2012-10-17\"}",
            "create_date": "2024-09-18T09:30:58Z",
            "description": "",
            "force_detach_policies": false,
            "id": "graph-node",
            "inline_policy": [],
            "managed_policy_arns": [],
            "max_session_duration": 3600,
            "name": "graph-node",
            "name_prefix": "",
            "path": "/",
            "permissions_boundary": "",
            "tags": {},
            "tags_all": {},
            "unique_id": "AROA3V6FCRFZKDKJ55WUK"
          },
          "sensitive_attributes": [],
          "private": "bnVsbA==",
          "dependencies": [
            "module.eks.aws_cloudwatch_log_group.this",
            "module.eks.aws_eks_cluster.this",
            "module.eks.aws_iam_role.this",
            "module.eks.aws_iam_role_policy_attachment.this",
            "module.eks.aws_security_group.cluster",
            "module.eks.aws_security_group.node",
            "module.eks.aws_security_group_rule.cluster",
            "module.eks.aws_security_group_rule.node",
            "module.eks.data.aws_caller_identity.current",
            "module.eks.data.aws_iam_policy_document.assume_role_policy",
            "module.eks.data.aws_partition.current",
            "module.eks.module.kms.aws_kms_external_key.this",
            "module.eks.module.kms.aws_kms_key.this",
            "module.eks.module.kms.data.aws_caller_identity.current",
            "module.eks.module.kms.data.aws_iam_policy_document.this",
            "module.eks.module.kms.data.aws_partition.current",
            "module.vpc.aws_subnet.private",
            "module.vpc.aws_vpc.this",
            "module.vpc.aws_vpc_ipv4_cidr_block_association.this"
          ]
        }
      ]
    },
    {
      "module": "module.graph-node",
      "mode": "managed",
      "type": "aws_secretsmanager_secret",
      "name": "db_secret",
      "provider": "provider[\"registry.terraform.io/hashicorp/aws\"]",
      "instances": [
        {
          "schema_version": 0,
          "attributes": {
            "arn": "arn:aws:secretsmanager:us-east-1:803035318642:secret:graph-node-database-secret-3-6bhfF3",
            "description": "",
            "force_overwrite_replica_secret": false,
            "id": "arn:aws:secretsmanager:us-east-1:803035318642:secret:graph-node-database-secret-3-6bhfF3",
            "kms_key_id": "",
            "name": "graph-node-database-secret-3",
            "name_prefix": "",
            "policy": "{\"Statement\":[{\"Action\":[\"secretsmanager:GetSecretValue\",\"secretsmanager:DescribeSecret\"],\"Effect\":\"Allow\",\"Principal\":{\"AWS\":\"arn:aws:iam::803035318642:role/graph-node\"},\"Resource\":\"*\"}],\"Version\":\"2012-10-17\"}",
            "recovery_window_in_days": 7,
            "replica": [],
            "tags": {},
            "tags_all": {}
          },
          "sensitive_attributes": [],
          "private": "bnVsbA=="
        }
      ]
    },
    {
      "module": "module.graph-node",
      "mode": "managed",
      "type": "aws_secretsmanager_secret",
      "name": "graph_access_token_secret",
      "provider": "provider[\"registry.terraform.io/hashicorp/aws\"]",
      "instances": [
        {
          "schema_version": 0,
          "attributes": {
            "arn": "arn:aws:secretsmanager:us-east-1:803035318642:secret:graph-node-access-token-secret-4-Ubl283",
            "description": "",
            "force_overwrite_replica_secret": false,
            "id": "arn:aws:secretsmanager:us-east-1:803035318642:secret:graph-node-access-token-secret-4-Ubl283",
            "kms_key_id": "",
            "name": "graph-node-access-token-secret-4",
            "name_prefix": "",
            "policy": "{\"Statement\":[{\"Action\":[\"secretsmanager:GetSecretValue\",\"secretsmanager:DescribeSecret\"],\"Effect\":\"Allow\",\"Principal\":{\"AWS\":\"arn:aws:iam::803035318642:role/graph-node\"},\"Resource\":\"*\"}],\"Version\":\"2012-10-17\"}",
            "recovery_window_in_days": 30,
            "replica": [],
            "tags": {},
            "tags_all": {}
          },
          "sensitive_attributes": [],
          "private": "bnVsbA=="
        }
      ]
    },
    {
      "module": "module.graph-node",
      "mode": "managed",
      "type": "aws_secretsmanager_secret_policy",
      "name": "access_token_secret_policy",
      "provider": "provider[\"registry.terraform.io/hashicorp/aws\"]",
      "instances": [
        {
          "schema_version": 0,
          "attributes": {
            "block_public_policy": null,
            "id": "arn:aws:secretsmanager:us-east-1:803035318642:secret:graph-node-access-token-secret-4-Ubl283",
            "policy": "{\"Statement\":[{\"Action\":[\"secretsmanager:GetSecretValue\",\"secretsmanager:DescribeSecret\"],\"Effect\":\"Allow\",\"Principal\":{\"AWS\":\"arn:aws:iam::803035318642:role/graph-node\"},\"Resource\":\"*\"}],\"Version\":\"2012-10-17\"}",
            "secret_arn": "arn:aws:secretsmanager:us-east-1:803035318642:secret:graph-node-access-token-secret-4-Ubl283"
          },
          "sensitive_attributes": [],
          "private": "bnVsbA==",
          "dependencies": [
            "module.eks.aws_cloudwatch_log_group.this",
            "module.eks.aws_eks_cluster.this",
            "module.eks.aws_iam_role.this",
            "module.eks.aws_iam_role_policy_attachment.this",
            "module.eks.aws_security_group.cluster",
            "module.eks.aws_security_group.node",
            "module.eks.aws_security_group_rule.cluster",
            "module.eks.aws_security_group_rule.node",
            "module.eks.data.aws_caller_identity.current",
            "module.eks.data.aws_iam_policy_document.assume_role_policy",
            "module.eks.data.aws_partition.current",
            "module.eks.module.kms.aws_kms_external_key.this",
            "module.eks.module.kms.aws_kms_key.this",
            "module.eks.module.kms.data.aws_caller_identity.current",
            "module.eks.module.kms.data.aws_iam_policy_document.this",
            "module.eks.module.kms.data.aws_partition.current",
            "module.graph-node.aws_iam_role.graph_node_service_account_role",
            "module.graph-node.aws_secretsmanager_secret.graph_access_token_secret",
            "module.vpc.aws_subnet.private",
            "module.vpc.aws_vpc.this",
            "module.vpc.aws_vpc_ipv4_cidr_block_association.this"
          ]
        }
      ]
    },
    {
      "module": "module.graph-node",
      "mode": "managed",
      "type": "aws_secretsmanager_secret_policy",
      "name": "connection_urls_secret_policy",
      "provider": "provider[\"registry.terraform.io/hashicorp/aws\"]",
      "instances": [
        {
          "schema_version": 0,
          "attributes": {
            "block_public_policy": null,
            "id": "arn:aws:secretsmanager:us-east-1:803035318642:secret:khalani/testnet/graph-connection-urls-ZYafL6",
            "policy": "{\"Statement\":[{\"Action\":[\"secretsmanager:GetSecretValue\",\"secretsmanager:DescribeSecret\"],\"Effect\":\"Allow\",\"Principal\":{\"AWS\":\"arn:aws:iam::803035318642:role/graph-node\"},\"Resource\":\"*\"}],\"Version\":\"2012-10-17\"}",
            "secret_arn": "arn:aws:secretsmanager:us-east-1:803035318642:secret:khalani/testnet/graph-connection-urls-ZYafL6"
          },
          "sensitive_attributes": [],
          "private": "bnVsbA==",
          "dependencies": [
            "module.eks.aws_cloudwatch_log_group.this",
            "module.eks.aws_eks_cluster.this",
            "module.eks.aws_iam_role.this",
            "module.eks.aws_iam_role_policy_attachment.this",
            "module.eks.aws_security_group.cluster",
            "module.eks.aws_security_group.node",
            "module.eks.aws_security_group_rule.cluster",
            "module.eks.aws_security_group_rule.node",
            "module.eks.data.aws_caller_identity.current",
            "module.eks.data.aws_iam_policy_document.assume_role_policy",
            "module.eks.data.aws_partition.current",
            "module.eks.module.kms.aws_kms_external_key.this",
            "module.eks.module.kms.aws_kms_key.this",
            "module.eks.module.kms.data.aws_caller_identity.current",
            "module.eks.module.kms.data.aws_iam_policy_document.this",
            "module.eks.module.kms.data.aws_partition.current",
            "module.graph-node.aws_iam_role.graph_node_service_account_role",
            "module.vpc.aws_subnet.private",
            "module.vpc.aws_vpc.this",
            "module.vpc.aws_vpc_ipv4_cidr_block_association.this"
          ]
        }
      ]
    },
    {
      "module": "module.graph-node",
      "mode": "managed",
      "type": "aws_secretsmanager_secret_policy",
      "name": "db_secret_policy",
      "provider": "provider[\"registry.terraform.io/hashicorp/aws\"]",
      "instances": [
        {
          "schema_version": 0,
          "attributes": {
            "block_public_policy": null,
            "id": "arn:aws:secretsmanager:us-east-1:803035318642:secret:graph-node-database-secret-3-6bhfF3",
            "policy": "{\"Statement\":[{\"Action\":[\"secretsmanager:GetSecretValue\",\"secretsmanager:DescribeSecret\"],\"Effect\":\"Allow\",\"Principal\":{\"AWS\":\"arn:aws:iam::803035318642:role/graph-node\"},\"Resource\":\"*\"}],\"Version\":\"2012-10-17\"}",
            "secret_arn": "arn:aws:secretsmanager:us-east-1:803035318642:secret:graph-node-database-secret-3-6bhfF3"
          },
          "sensitive_attributes": [],
          "private": "bnVsbA==",
          "dependencies": [
            "module.eks.aws_cloudwatch_log_group.this",
            "module.eks.aws_eks_cluster.this",
            "module.eks.aws_iam_role.this",
            "module.eks.aws_iam_role_policy_attachment.this",
            "module.eks.aws_security_group.cluster",
            "module.eks.aws_security_group.node",
            "module.eks.aws_security_group_rule.cluster",
            "module.eks.aws_security_group_rule.node",
            "module.eks.data.aws_caller_identity.current",
            "module.eks.data.aws_iam_policy_document.assume_role_policy",
            "module.eks.data.aws_partition.current",
            "module.eks.module.kms.aws_kms_external_key.this",
            "module.eks.module.kms.aws_kms_key.this",
            "module.eks.module.kms.data.aws_caller_identity.current",
            "module.eks.module.kms.data.aws_iam_policy_document.this",
            "module.eks.module.kms.data.aws_partition.current",
            "module.graph-node.aws_iam_role.graph_node_service_account_role",
            "module.graph-node.aws_secretsmanager_secret.db_secret",
            "module.vpc.aws_subnet.private",
            "module.vpc.aws_vpc.this",
            "module.vpc.aws_vpc_ipv4_cidr_block_association.this"
          ]
        }
      ]
    },
    {
      "module": "module.graph-node",
      "mode": "managed",
      "type": "aws_secretsmanager_secret_version",
      "name": "db_secret_version",
      "provider": "provider[\"registry.terraform.io/hashicorp/aws\"]",
      "instances": [
        {
          "schema_version": 0,
          "attributes": {
            "arn": "arn:aws:secretsmanager:us-east-1:803035318642:secret:graph-node-database-secret-3-6bhfF3",
            "id": "arn:aws:secretsmanager:us-east-1:803035318642:secret:graph-node-database-secret-3-6bhfF3|terraform-20240918094134332400000003",
            "secret_binary": "",
            "secret_id": "arn:aws:secretsmanager:us-east-1:803035318642:secret:graph-node-database-secret-3-6bhfF3",
            "secret_string": "{\"username\":\"graphnode\",\"password\":\"MT5R4sXUVVqAs57JiPOxzmPiTuRJyw\"}",
            "version_id": "terraform-20240918094134332400000003",
            "version_stages": [
              "AWSPREVIOUS"
            ]
          },
          "sensitive_attributes": [],
          "private": "bnVsbA==",
          "dependencies": [
            "module.graph-node.aws_secretsmanager_secret.db_secret",
            "module.graph-node.data.aws_secretsmanager_random_password.db_password"
          ]
        }
      ]
    },
    {
      "module": "module.graph-node",
      "mode": "managed",
      "type": "aws_secretsmanager_secret_version",
      "name": "graph_access_token_secret_version",
      "provider": "provider[\"registry.terraform.io/hashicorp/aws\"]",
      "instances": [
        {
          "schema_version": 0,
          "attributes": {
            "arn": "arn:aws:secretsmanager:us-east-1:803035318642:secret:graph-node-access-token-secret-4-Ubl283",
            "id": "arn:aws:secretsmanager:us-east-1:803035318642:secret:graph-node-access-token-secret-4-Ubl283|terraform-20240918094134333600000004",
            "secret_binary": "",
            "secret_id": "arn:aws:secretsmanager:us-east-1:803035318642:secret:graph-node-access-token-secret-4-Ubl283",
            "secret_string": "{\n   \"config\": \"{\\\"version\\\": \\\"v1\\\",\\\"tokens\\\": [{\\\"value\\\": \\\"ZWZjeUlOUmNiSXF2MkJjMDhBM285ektZMUFRend5UjFvSDVyRzBkeQ==\\\"}]}\"\n}",
            "version_id": "terraform-20240918094134333600000004",
            "version_stages": [
              "AWSCURRENT"
            ]
          },
          "sensitive_attributes": [],
          "private": "bnVsbA==",
          "dependencies": [
            "module.graph-node.aws_secretsmanager_secret.graph_access_token_secret",
            "module.graph-node.data.aws_secretsmanager_random_password.graph_access_token_password"
          ]
        }
      ]
    },
    {
      "module": "module.graph-node",
      "mode": "managed",
      "type": "aws_security_group",
      "name": "sg1",
      "provider": "provider[\"registry.terraform.io/hashicorp/aws\"]",
      "instances": [
        {
          "schema_version": 1,
          "attributes": {
            "arn": "arn:aws:ec2:us-east-1:803035318642:security-group/sg-01847c4dfff150298",
            "description": "Managed by Terraform",
            "egress": [],
            "id": "sg-01847c4dfff150298",
            "ingress": [
              {
                "cidr_blocks": [
                  "0.0.0.0/0"
                ],
                "description": "",
                "from_port": 5432,
                "ipv6_cidr_blocks": [],
                "prefix_list_ids": [],
                "protocol": "tcp",
                "security_groups": [],
                "self": false,
                "to_port": 5432
              }
            ],
            "name": "terraform-20240918093057565700000003",
            "name_prefix": "terraform-",
            "owner_id": "803035318642",
            "revoke_rules_on_delete": false,
            "tags": {},
            "tags_all": {},
            "timeouts": null,
            "vpc_id": "vpc-0d75975d3e2183c38"
          },
          "sensitive_attributes": [],
          "private": "eyJlMmJmYjczMC1lY2FhLTExZTYtOGY4OC0zNDM2M2JjN2M0YzAiOnsiY3JlYXRlIjo2MDAwMDAwMDAwMDAsImRlbGV0ZSI6OTAwMDAwMDAwMDAwfSwic2NoZW1hX3ZlcnNpb24iOiIxIn0="
        }
      ]
    },
    {
      "module": "module.graph-node",
      "mode": "managed",
      "type": "helm_release",
      "name": "graph_node",
      "provider": "provider[\"registry.terraform.io/hashicorp/helm\"]",
      "instances": [
        {
          "schema_version": 1,
          "attributes": {
            "atomic": false,
            "chart": "./../helm/graph-node",
            "cleanup_on_fail": false,
            "create_namespace": true,
            "dependency_update": false,
            "description": null,
            "devel": null,
            "disable_crd_hooks": false,
            "disable_openapi_validation": false,
            "disable_webhooks": false,
            "force_update": false,
            "id": "graph-node",
            "keyring": null,
            "lint": false,
            "manifest": null,
            "max_history": 0,
            "metadata": [
              {
                "app_version": "",
                "chart": "graph-node",
                "first_deployed": 1726656121,
                "last_deployed": 1730891838,
                "name": "graph-node",
                "namespace": "graph-node",
                "notes": "",
                "revision": 2,
                "values": "{\"chainsCount\":1,\"dbSecretName\":\"arn:aws:secretsmanager:us-east-1:803035318642:secret:graph-node-database-secret-3-6bhfF3\",\"domainName\":\"testnet.khalani.network\",\"graphAccessTokenSecretName\":\"arn:aws:secretsmanager:us-east-1:803035318642:secret:graph-node-access-token-secret-4-Ubl283\",\"iamRoleArn\":\"arn:aws:iam::803035318642:role/graph-node\",\"image\":{\"pullPolicy\":\"Always\",\"repository\":\"graphprotocol/graph-node\",\"tag\":\"v0.29.0\"},\"postgresHost\":\"terraform-20241106111208638900000001.cl2a6ysvczd1.us-east-1.rds.amazonaws.com\",\"serviceAccount\":{\"create\":true},\"serviceAccountName\":\"graph-node\"}",
                "version": "1.0.0"
              }
            ],
            "name": "graph-node",
            "namespace": "graph-node",
            "pass_credentials": false,
            "postrender": [],
            "recreate_pods": false,
            "render_subchart_notes": true,
            "replace": false,
            "repository": null,
            "repository_ca_file": null,
            "repository_cert_file": null,
            "repository_key_file": null,
            "repository_password": null,
            "repository_username": null,
            "reset_values": false,
            "reuse_values": false,
            "set": [
              {
                "name": "dbSecretName",
                "type": "",
                "value": "arn:aws:secretsmanager:us-east-1:803035318642:secret:graph-node-database-secret-3-6bhfF3"
              },
              {
                "name": "domainName",
                "type": "",
                "value": "testnet.khalani.network"
              },
              {
                "name": "graphAccessTokenSecretName",
                "type": "",
                "value": "arn:aws:secretsmanager:us-east-1:803035318642:secret:graph-node-access-token-secret-4-Ubl283"
              },
              {
                "name": "iamRoleArn",
                "type": "",
                "value": "arn:aws:iam::803035318642:role/graph-node"
              },
              {
                "name": "postgresHost",
                "type": "",
                "value": "terraform-20241106111208638900000001.cl2a6ysvczd1.us-east-1.rds.amazonaws.com"
              },
              {
                "name": "serviceAccountName",
                "type": "",
                "value": "graph-node"
              }
            ],
            "set_list": [],
            "set_sensitive": [],
            "skip_crds": false,
            "status": "deployed",
            "timeout": 300,
            "upgrade_install": null,
            "values": [
              "image:\n  repository: graphprotocol/graph-node\n  pullPolicy: Always\n  tag: \"v0.29.0\"\n\nserviceAccount:\n  create: true\n\nchainsCount: 1\ndbSecretName: \"\"\ndomainName: \"\"\ngraphAccessTokenSecretName: \"\"\niamRoleArn: \"\"\n"
            ],
            "verify": false,
            "version": "1.0.0",
            "wait": true,
            "wait_for_jobs": false
          },
          "sensitive_attributes": [],
          "private": "eyJzY2hlbWFfdmVyc2lvbiI6IjEifQ==",
          "dependencies": [
            "module.eks.aws_cloudwatch_log_group.this",
            "module.eks.aws_eks_cluster.this",
            "module.eks.aws_iam_role.this",
            "module.eks.aws_iam_role_policy_attachment.this",
            "module.eks.aws_security_group.cluster",
            "module.eks.aws_security_group.node",
            "module.eks.aws_security_group_rule.cluster",
            "module.eks.aws_security_group_rule.node",
            "module.eks.data.aws_caller_identity.current",
            "module.eks.data.aws_iam_policy_document.assume_role_policy",
            "module.eks.data.aws_partition.current",
            "module.eks.module.kms.aws_kms_external_key.this",
            "module.eks.module.kms.aws_kms_key.this",
            "module.eks.module.kms.data.aws_caller_identity.current",
            "module.eks.module.kms.data.aws_iam_policy_document.this",
            "module.eks.module.kms.data.aws_partition.current",
            "module.graph-node.aws_db_instance.this",
            "module.graph-node.aws_iam_role.graph_node_service_account_role",
            "module.graph-node.aws_secretsmanager_secret.db_secret",
            "module.graph-node.aws_secretsmanager_secret.graph_access_token_secret",
            "module.graph-node.aws_security_group.sg1",
            "module.graph-node.data.aws_secretsmanager_random_password.db_password",
            "module.vpc.aws_subnet.private",
            "module.vpc.aws_vpc.this",
            "module.vpc.aws_vpc_ipv4_cidr_block_association.this"
          ]
        }
      ]
    },
    {
      "module": "module.graph-node",
      "mode": "managed",
      "type": "helm_release",
      "name": "ipfs",
      "provider": "provider[\"registry.terraform.io/hashicorp/helm\"]",
      "instances": [
        {
          "schema_version": 1,
          "attributes": {
            "atomic": false,
            "chart": "ipfs",
            "cleanup_on_fail": false,
            "create_namespace": true,
            "dependency_update": false,
            "description": null,
            "devel": null,
            "disable_crd_hooks": false,
            "disable_openapi_validation": false,
            "disable_webhooks": false,
            "force_update": false,
            "id": "ipfs",
            "keyring": null,
            "lint": false,
            "manifest": null,
            "max_history": 0,
            "metadata": [
              {
                "app_version": "0.30.0",
                "chart": "ipfs",
                "first_deployed": 1726655901,
                "last_deployed": 1726655901,
                "name": "ipfs",
                "namespace": "graph-node",
                "notes": "\n# Thank you for installing ipfs by TrueCharts.\n\n\n## Connecting externally\nYou can use this Chart by opening one of the following links in your browser:\n\n## Sources for ipfs\n- https://github.com/ipfs/kubo\n- https://github.com/truecharts/charts/tree/master/charts/stable/ipfs\n- https://hub.docker.com/r/ipfs/kubo\n\nSee more for **ipfs** at (https://truecharts.org/charts/stable/ipfs)\n\n## Documentation\nPlease check out the TrueCharts documentation on:\nhttps://truecharts.org\n\nOpenSource can only exist with your help, please consider supporting TrueCharts:\nhttps://truecharts.org/sponsor\n",
                "revision": 1,
                "values": "{}",
                "version": "12.3.1"
              }
            ],
            "name": "ipfs",
            "namespace": "graph-node",
            "pass_credentials": false,
            "postrender": [],
            "recreate_pods": false,
            "render_subchart_notes": true,
            "replace": false,
            "repository": "oci://tccr.io/truecharts",
            "repository_ca_file": null,
            "repository_cert_file": null,
            "repository_key_file": null,
            "repository_password": null,
            "repository_username": null,
            "reset_values": false,
            "reuse_values": false,
            "set": [],
            "set_list": [],
            "set_sensitive": [],
            "skip_crds": false,
            "status": "deployed",
            "timeout": 300,
            "upgrade_install": null,
            "values": null,
            "verify": false,
            "version": "12.3.1",
            "wait": true,
            "wait_for_jobs": false
          },
          "sensitive_attributes": [],
          "private": "eyJzY2hlbWFfdmVyc2lvbiI6IjEifQ==",
          "dependencies": [
            "module.eks.aws_cloudwatch_log_group.this",
            "module.eks.aws_eks_cluster.this",
            "module.eks.aws_iam_role.this",
            "module.eks.aws_iam_role_policy_attachment.this",
            "module.eks.aws_security_group.cluster",
            "module.eks.aws_security_group.node",
            "module.eks.aws_security_group_rule.cluster",
            "module.eks.aws_security_group_rule.node",
            "module.eks.data.aws_caller_identity.current",
            "module.eks.data.aws_iam_policy_document.assume_role_policy",
            "module.eks.data.aws_partition.current",
            "module.eks.module.kms.aws_kms_external_key.this",
            "module.eks.module.kms.aws_kms_key.this",
            "module.eks.module.kms.data.aws_caller_identity.current",
            "module.eks.module.kms.data.aws_iam_policy_document.this",
            "module.eks.module.kms.data.aws_partition.current",
            "module.vpc.aws_subnet.private",
            "module.vpc.aws_vpc.this",
            "module.vpc.aws_vpc_ipv4_cidr_block_association.this"
          ]
        }
      ]
    },
    {
      "module": "module.hyperlane-godwoken-validator",
      "mode": "managed",
      "type": "aws_iam_role",
      "name": "validator_role",
      "provider": "provider[\"registry.terraform.io/hashicorp/aws\"]",
      "instances": [
        {
          "index_key": 0,
          "schema_version": 0,
          "attributes": {
            "arn": "arn:aws:iam::803035318642:role/godwoken-testnet-hyperlane-validator-0",
            "assume_role_policy": "{\"Statement\":[{\"Action\":\"sts:AssumeRoleWithWebIdentity\",\"Condition\":{\"StringEquals\":{\"oidc.eks.us-east-1.amazonaws.com/id/32803539C78C654C14D84BD9DDB105D9:aud\":\"sts.amazonaws.com\",\"oidc.eks.us-east-1.amazonaws.com/id/32803539C78C654C14D84BD9DDB105D9:sub\":\"system:serviceaccount:hyperlane:godwoken-testnet-hyperlane-validator-0\"}},\"Effect\":\"Allow\",\"Principal\":{\"Federated\":\"arn:aws:iam::803035318642:oidc-provider/oidc.eks.us-east-1.amazonaws.com/id/32803539C78C654C14D84BD9DDB105D9\"}}],\"Version\":\"2012-10-17\"}",
            "create_date": "2023-05-25T15:58:43Z",
            "description": "",
            "force_detach_policies": false,
            "id": "godwoken-testnet-hyperlane-validator-0",
            "inline_policy": [],
            "managed_policy_arns": [],
            "max_session_duration": 3600,
            "name": "godwoken-testnet-hyperlane-validator-0",
            "name_prefix": "",
            "path": "/",
            "permissions_boundary": "",
            "tags": {},
            "tags_all": {},
            "unique_id": "AROA3V6FCRFZPIICN4IWJ"
          },
          "sensitive_attributes": [],
          "private": "bnVsbA==",
          "dependencies": [
            "module.eks.aws_cloudwatch_log_group.this",
            "module.eks.aws_eks_cluster.this",
            "module.eks.aws_iam_role.this",
            "module.eks.aws_iam_role_policy_attachment.this",
            "module.eks.aws_security_group.cluster",
            "module.eks.aws_security_group.node",
            "module.eks.aws_security_group_rule.cluster",
            "module.eks.aws_security_group_rule.node",
            "module.eks.data.aws_caller_identity.current",
            "module.eks.data.aws_iam_policy_document.assume_role_policy",
            "module.eks.data.aws_partition.current",
            "module.eks.module.kms.aws_kms_external_key.this",
            "module.eks.module.kms.aws_kms_key.this",
            "module.eks.module.kms.data.aws_caller_identity.current",
            "module.eks.module.kms.data.aws_iam_policy_document.this",
            "module.eks.module.kms.data.aws_partition.current",
            "module.vpc.aws_subnet.private",
            "module.vpc.aws_vpc.this",
            "module.vpc.aws_vpc_ipv4_cidr_block_association.this"
          ]
        },
        {
          "index_key": 1,
          "schema_version": 0,
          "attributes": {
            "arn": "arn:aws:iam::803035318642:role/godwoken-testnet-hyperlane-validator-1",
            "assume_role_policy": "{\"Statement\":[{\"Action\":\"sts:AssumeRoleWithWebIdentity\",\"Condition\":{\"StringEquals\":{\"oidc.eks.us-east-1.amazonaws.com/id/32803539C78C654C14D84BD9DDB105D9:aud\":\"sts.amazonaws.com\",\"oidc.eks.us-east-1.amazonaws.com/id/32803539C78C654C14D84BD9DDB105D9:sub\":\"system:serviceaccount:hyperlane:godwoken-testnet-hyperlane-validator-1\"}},\"Effect\":\"Allow\",\"Principal\":{\"Federated\":\"arn:aws:iam::803035318642:oidc-provider/oidc.eks.us-east-1.amazonaws.com/id/32803539C78C654C14D84BD9DDB105D9\"}}],\"Version\":\"2012-10-17\"}",
            "create_date": "2024-09-18T09:00:18Z",
            "description": "",
            "force_detach_policies": false,
            "id": "godwoken-testnet-hyperlane-validator-1",
            "inline_policy": [],
            "managed_policy_arns": [],
            "max_session_duration": 3600,
            "name": "godwoken-testnet-hyperlane-validator-1",
            "name_prefix": "",
            "path": "/",
            "permissions_boundary": "",
            "tags": {},
            "tags_all": {},
            "unique_id": "AROA3V6FCRFZGCUS5E2Q4"
          },
          "sensitive_attributes": [],
          "private": "bnVsbA==",
          "dependencies": [
            "module.eks.aws_cloudwatch_log_group.this",
            "module.eks.aws_eks_cluster.this",
            "module.eks.aws_iam_role.this",
            "module.eks.aws_iam_role_policy_attachment.this",
            "module.eks.aws_security_group.cluster",
            "module.eks.aws_security_group.node",
            "module.eks.aws_security_group_rule.cluster",
            "module.eks.aws_security_group_rule.node",
            "module.eks.data.aws_caller_identity.current",
            "module.eks.data.aws_iam_policy_document.assume_role_policy",
            "module.eks.data.aws_partition.current",
            "module.eks.module.kms.aws_kms_external_key.this",
            "module.eks.module.kms.aws_kms_key.this",
            "module.eks.module.kms.data.aws_caller_identity.current",
            "module.eks.module.kms.data.aws_iam_policy_document.this",
            "module.eks.module.kms.data.aws_partition.current",
            "module.vpc.aws_subnet.private",
            "module.vpc.aws_vpc.this",
            "module.vpc.aws_vpc_ipv4_cidr_block_association.this"
          ]
        },
        {
          "index_key": 2,
          "schema_version": 0,
          "attributes": {
            "arn": "arn:aws:iam::803035318642:role/godwoken-testnet-hyperlane-validator-2",
            "assume_role_policy": "{\"Statement\":[{\"Action\":\"sts:AssumeRoleWithWebIdentity\",\"Condition\":{\"StringEquals\":{\"oidc.eks.us-east-1.amazonaws.com/id/32803539C78C654C14D84BD9DDB105D9:aud\":\"sts.amazonaws.com\",\"oidc.eks.us-east-1.amazonaws.com/id/32803539C78C654C14D84BD9DDB105D9:sub\":\"system:serviceaccount:hyperlane:godwoken-testnet-hyperlane-validator-2\"}},\"Effect\":\"Allow\",\"Principal\":{\"Federated\":\"arn:aws:iam::803035318642:oidc-provider/oidc.eks.us-east-1.amazonaws.com/id/32803539C78C654C14D84BD9DDB105D9\"}}],\"Version\":\"2012-10-17\"}",
            "create_date": "2024-09-18T09:00:18Z",
            "description": "",
            "force_detach_policies": false,
            "id": "godwoken-testnet-hyperlane-validator-2",
            "inline_policy": [],
            "managed_policy_arns": [],
            "max_session_duration": 3600,
            "name": "godwoken-testnet-hyperlane-validator-2",
            "name_prefix": "",
            "path": "/",
            "permissions_boundary": "",
            "tags": {},
            "tags_all": {},
            "unique_id": "AROA3V6FCRFZGOGYV3RCN"
          },
          "sensitive_attributes": [],
          "private": "bnVsbA==",
          "dependencies": [
            "module.eks.aws_cloudwatch_log_group.this",
            "module.eks.aws_eks_cluster.this",
            "module.eks.aws_iam_role.this",
            "module.eks.aws_iam_role_policy_attachment.this",
            "module.eks.aws_security_group.cluster",
            "module.eks.aws_security_group.node",
            "module.eks.aws_security_group_rule.cluster",
            "module.eks.aws_security_group_rule.node",
            "module.eks.data.aws_caller_identity.current",
            "module.eks.data.aws_iam_policy_document.assume_role_policy",
            "module.eks.data.aws_partition.current",
            "module.eks.module.kms.aws_kms_external_key.this",
            "module.eks.module.kms.aws_kms_key.this",
            "module.eks.module.kms.data.aws_caller_identity.current",
            "module.eks.module.kms.data.aws_iam_policy_document.this",
            "module.eks.module.kms.data.aws_partition.current",
            "module.vpc.aws_subnet.private",
            "module.vpc.aws_vpc.this",
            "module.vpc.aws_vpc_ipv4_cidr_block_association.this"
          ]
        }
      ]
    },
    {
      "module": "module.hyperlane-godwoken-validator",
      "mode": "managed",
      "type": "aws_kms_alias",
      "name": "validator_alias",
      "provider": "provider[\"registry.terraform.io/hashicorp/aws\"]",
      "instances": [
        {
          "index_key": 0,
          "schema_version": 0,
          "attributes": {
            "arn": "arn:aws:kms:us-east-1:803035318642:alias/godwoken-testnet-hyperlane-validator-signer-0",
            "id": "alias/godwoken-testnet-hyperlane-validator-signer-0",
            "name": "alias/godwoken-testnet-hyperlane-validator-signer-0",
            "name_prefix": "",
            "target_key_arn": "arn:aws:kms:us-east-1:803035318642:key/ab6dd8cd-fe35-4f5f-adcb-c89d22d1f019",
            "target_key_id": "ab6dd8cd-fe35-4f5f-adcb-c89d22d1f019"
          },
          "sensitive_attributes": [],
          "private": "bnVsbA==",
          "dependencies": [
            "module.eks.aws_cloudwatch_log_group.this",
            "module.eks.aws_eks_cluster.this",
            "module.eks.aws_iam_role.this",
            "module.eks.aws_iam_role_policy_attachment.this",
            "module.eks.aws_security_group.cluster",
            "module.eks.aws_security_group.node",
            "module.eks.aws_security_group_rule.cluster",
            "module.eks.aws_security_group_rule.node",
            "module.eks.data.aws_caller_identity.current",
            "module.eks.data.aws_iam_policy_document.assume_role_policy",
            "module.eks.data.aws_partition.current",
            "module.eks.module.kms.aws_kms_external_key.this",
            "module.eks.module.kms.aws_kms_key.this",
            "module.eks.module.kms.data.aws_caller_identity.current",
            "module.eks.module.kms.data.aws_iam_policy_document.this",
            "module.eks.module.kms.data.aws_partition.current",
            "module.hyperlane-godwoken-validator.aws_iam_role.validator_role",
            "module.hyperlane-godwoken-validator.aws_kms_key.validator_key",
            "module.vpc.aws_subnet.private",
            "module.vpc.aws_vpc.this",
            "module.vpc.aws_vpc_ipv4_cidr_block_association.this"
          ]
        },
        {
          "index_key": 1,
          "schema_version": 0,
          "attributes": {
            "arn": "arn:aws:kms:us-east-1:803035318642:alias/godwoken-testnet-hyperlane-validator-signer-1",
            "id": "alias/godwoken-testnet-hyperlane-validator-signer-1",
            "name": "alias/godwoken-testnet-hyperlane-validator-signer-1",
            "name_prefix": "",
            "target_key_arn": "arn:aws:kms:us-east-1:803035318642:key/60f05e4e-fc1c-482e-97ea-5f98a3492cb2",
            "target_key_id": "60f05e4e-fc1c-482e-97ea-5f98a3492cb2"
          },
          "sensitive_attributes": [],
          "private": "bnVsbA==",
          "dependencies": [
            "module.eks.aws_cloudwatch_log_group.this",
            "module.eks.aws_eks_cluster.this",
            "module.eks.aws_iam_role.this",
            "module.eks.aws_iam_role_policy_attachment.this",
            "module.eks.aws_security_group.cluster",
            "module.eks.aws_security_group.node",
            "module.eks.aws_security_group_rule.cluster",
            "module.eks.aws_security_group_rule.node",
            "module.eks.data.aws_caller_identity.current",
            "module.eks.data.aws_iam_policy_document.assume_role_policy",
            "module.eks.data.aws_partition.current",
            "module.eks.module.kms.aws_kms_external_key.this",
            "module.eks.module.kms.aws_kms_key.this",
            "module.eks.module.kms.data.aws_caller_identity.current",
            "module.eks.module.kms.data.aws_iam_policy_document.this",
            "module.eks.module.kms.data.aws_partition.current",
            "module.hyperlane-godwoken-validator.aws_iam_role.validator_role",
            "module.hyperlane-godwoken-validator.aws_kms_key.validator_key",
            "module.vpc.aws_subnet.private",
            "module.vpc.aws_vpc.this",
            "module.vpc.aws_vpc_ipv4_cidr_block_association.this"
          ]
        },
        {
          "index_key": 2,
          "schema_version": 0,
          "attributes": {
            "arn": "arn:aws:kms:us-east-1:803035318642:alias/godwoken-testnet-hyperlane-validator-signer-2",
            "id": "alias/godwoken-testnet-hyperlane-validator-signer-2",
            "name": "alias/godwoken-testnet-hyperlane-validator-signer-2",
            "name_prefix": "",
            "target_key_arn": "arn:aws:kms:us-east-1:803035318642:key/64607902-11a3-4210-9e86-b5fa31fdb7f9",
            "target_key_id": "64607902-11a3-4210-9e86-b5fa31fdb7f9"
          },
          "sensitive_attributes": [],
          "private": "bnVsbA==",
          "dependencies": [
            "module.eks.aws_cloudwatch_log_group.this",
            "module.eks.aws_eks_cluster.this",
            "module.eks.aws_iam_role.this",
            "module.eks.aws_iam_role_policy_attachment.this",
            "module.eks.aws_security_group.cluster",
            "module.eks.aws_security_group.node",
            "module.eks.aws_security_group_rule.cluster",
            "module.eks.aws_security_group_rule.node",
            "module.eks.data.aws_caller_identity.current",
            "module.eks.data.aws_iam_policy_document.assume_role_policy",
            "module.eks.data.aws_partition.current",
            "module.eks.module.kms.aws_kms_external_key.this",
            "module.eks.module.kms.aws_kms_key.this",
            "module.eks.module.kms.data.aws_caller_identity.current",
            "module.eks.module.kms.data.aws_iam_policy_document.this",
            "module.eks.module.kms.data.aws_partition.current",
            "module.hyperlane-godwoken-validator.aws_iam_role.validator_role",
            "module.hyperlane-godwoken-validator.aws_kms_key.validator_key",
            "module.vpc.aws_subnet.private",
            "module.vpc.aws_vpc.this",
            "module.vpc.aws_vpc_ipv4_cidr_block_association.this"
          ]
        }
      ]
    },
    {
      "module": "module.hyperlane-godwoken-validator",
      "mode": "managed",
      "type": "aws_kms_key",
      "name": "validator_key",
      "provider": "provider[\"registry.terraform.io/hashicorp/aws\"]",
      "instances": [
        {
          "index_key": 0,
          "schema_version": 0,
          "attributes": {
            "arn": "arn:aws:kms:us-east-1:803035318642:key/ab6dd8cd-fe35-4f5f-adcb-c89d22d1f019",
            "bypass_policy_lockout_safety_check": false,
            "custom_key_store_id": "",
            "customer_master_key_spec": "ECC_SECG_P256K1",
            "deletion_window_in_days": null,
            "description": "alias/godwoken-testnet-hyperlane-validator-signer-0",
            "enable_key_rotation": false,
            "id": "ab6dd8cd-fe35-4f5f-adcb-c89d22d1f019",
            "is_enabled": true,
            "key_id": "ab6dd8cd-fe35-4f5f-adcb-c89d22d1f019",
            "key_usage": "SIGN_VERIFY",
            "multi_region": false,
            "policy": "{\"Statement\":[{\"Action\":[\"kms:GetPublicKey\",\"kms:Sign\"],\"Effect\":\"Allow\",\"Principal\":{\"AWS\":\"arn:aws:iam::803035318642:role/godwoken-testnet-hyperlane-validator-0\"},\"Resource\":\"*\"},{\"Action\":[\"kms:*\"],\"Effect\":\"Allow\",\"Principal\":{\"AWS\":\"arn:aws:iam::803035318642:root\"},\"Resource\":\"*\"}],\"Version\":\"2012-10-17\"}",
            "rotation_period_in_days": 0,
            "tags": {},
            "tags_all": {},
            "timeouts": null,
            "xks_key_id": ""
          },
          "sensitive_attributes": [],
          "private": "bnVsbA==",
          "dependencies": [
            "module.eks.aws_cloudwatch_log_group.this",
            "module.eks.aws_eks_cluster.this",
            "module.eks.aws_iam_role.this",
            "module.eks.aws_iam_role_policy_attachment.this",
            "module.eks.aws_security_group.cluster",
            "module.eks.aws_security_group.node",
            "module.eks.aws_security_group_rule.cluster",
            "module.eks.aws_security_group_rule.node",
            "module.eks.data.aws_caller_identity.current",
            "module.eks.data.aws_iam_policy_document.assume_role_policy",
            "module.eks.data.aws_partition.current",
            "module.eks.module.kms.aws_kms_external_key.this",
            "module.eks.module.kms.aws_kms_key.this",
            "module.eks.module.kms.data.aws_caller_identity.current",
            "module.eks.module.kms.data.aws_iam_policy_document.this",
            "module.eks.module.kms.data.aws_partition.current",
            "module.hyperlane-godwoken-validator.aws_iam_role.validator_role",
            "module.vpc.aws_subnet.private",
            "module.vpc.aws_vpc.this",
            "module.vpc.aws_vpc_ipv4_cidr_block_association.this"
          ]
        },
        {
          "index_key": 1,
          "schema_version": 0,
          "attributes": {
            "arn": "arn:aws:kms:us-east-1:803035318642:key/60f05e4e-fc1c-482e-97ea-5f98a3492cb2",
            "bypass_policy_lockout_safety_check": false,
            "custom_key_store_id": "",
            "customer_master_key_spec": "ECC_SECG_P256K1",
            "deletion_window_in_days": null,
            "description": "alias/godwoken-testnet-hyperlane-validator-signer-1",
            "enable_key_rotation": false,
            "id": "60f05e4e-fc1c-482e-97ea-5f98a3492cb2",
            "is_enabled": true,
            "key_id": "60f05e4e-fc1c-482e-97ea-5f98a3492cb2",
            "key_usage": "SIGN_VERIFY",
            "multi_region": false,
            "policy": "{\"Statement\":[{\"Action\":[\"kms:GetPublicKey\",\"kms:Sign\"],\"Effect\":\"Allow\",\"Principal\":{\"AWS\":\"arn:aws:iam::803035318642:role/godwoken-testnet-hyperlane-validator-1\"},\"Resource\":\"*\"},{\"Action\":[\"kms:*\"],\"Effect\":\"Allow\",\"Principal\":{\"AWS\":\"arn:aws:iam::803035318642:root\"},\"Resource\":\"*\"}],\"Version\":\"2012-10-17\"}",
            "rotation_period_in_days": 0,
            "tags": {},
            "tags_all": {},
            "timeouts": null,
            "xks_key_id": ""
          },
          "sensitive_attributes": [],
          "private": "eyJlMmJmYjczMC1lY2FhLTExZTYtOGY4OC0zNDM2M2JjN2M0YzAiOnsiY3JlYXRlIjoxMjAwMDAwMDAwMDB9fQ==",
          "dependencies": [
            "module.eks.aws_cloudwatch_log_group.this",
            "module.eks.aws_eks_cluster.this",
            "module.eks.aws_iam_role.this",
            "module.eks.aws_iam_role_policy_attachment.this",
            "module.eks.aws_security_group.cluster",
            "module.eks.aws_security_group.node",
            "module.eks.aws_security_group_rule.cluster",
            "module.eks.aws_security_group_rule.node",
            "module.eks.data.aws_caller_identity.current",
            "module.eks.data.aws_iam_policy_document.assume_role_policy",
            "module.eks.data.aws_partition.current",
            "module.eks.module.kms.aws_kms_external_key.this",
            "module.eks.module.kms.aws_kms_key.this",
            "module.eks.module.kms.data.aws_caller_identity.current",
            "module.eks.module.kms.data.aws_iam_policy_document.this",
            "module.eks.module.kms.data.aws_partition.current",
            "module.hyperlane-godwoken-validator.aws_iam_role.validator_role",
            "module.vpc.aws_subnet.private",
            "module.vpc.aws_vpc.this",
            "module.vpc.aws_vpc_ipv4_cidr_block_association.this"
          ]
        },
        {
          "index_key": 2,
          "schema_version": 0,
          "attributes": {
            "arn": "arn:aws:kms:us-east-1:803035318642:key/64607902-11a3-4210-9e86-b5fa31fdb7f9",
            "bypass_policy_lockout_safety_check": false,
            "custom_key_store_id": "",
            "customer_master_key_spec": "ECC_SECG_P256K1",
            "deletion_window_in_days": null,
            "description": "alias/godwoken-testnet-hyperlane-validator-signer-2",
            "enable_key_rotation": false,
            "id": "64607902-11a3-4210-9e86-b5fa31fdb7f9",
            "is_enabled": true,
            "key_id": "64607902-11a3-4210-9e86-b5fa31fdb7f9",
            "key_usage": "SIGN_VERIFY",
            "multi_region": false,
            "policy": "{\"Statement\":[{\"Action\":[\"kms:GetPublicKey\",\"kms:Sign\"],\"Effect\":\"Allow\",\"Principal\":{\"AWS\":\"arn:aws:iam::803035318642:role/godwoken-testnet-hyperlane-validator-2\"},\"Resource\":\"*\"},{\"Action\":[\"kms:*\"],\"Effect\":\"Allow\",\"Principal\":{\"AWS\":\"arn:aws:iam::803035318642:root\"},\"Resource\":\"*\"}],\"Version\":\"2012-10-17\"}",
            "rotation_period_in_days": 0,
            "tags": {},
            "tags_all": {},
            "timeouts": null,
            "xks_key_id": ""
          },
          "sensitive_attributes": [],
          "private": "eyJlMmJmYjczMC1lY2FhLTExZTYtOGY4OC0zNDM2M2JjN2M0YzAiOnsiY3JlYXRlIjoxMjAwMDAwMDAwMDB9fQ==",
          "dependencies": [
            "module.eks.aws_cloudwatch_log_group.this",
            "module.eks.aws_eks_cluster.this",
            "module.eks.aws_iam_role.this",
            "module.eks.aws_iam_role_policy_attachment.this",
            "module.eks.aws_security_group.cluster",
            "module.eks.aws_security_group.node",
            "module.eks.aws_security_group_rule.cluster",
            "module.eks.aws_security_group_rule.node",
            "module.eks.data.aws_caller_identity.current",
            "module.eks.data.aws_iam_policy_document.assume_role_policy",
            "module.eks.data.aws_partition.current",
            "module.eks.module.kms.aws_kms_external_key.this",
            "module.eks.module.kms.aws_kms_key.this",
            "module.eks.module.kms.data.aws_caller_identity.current",
            "module.eks.module.kms.data.aws_iam_policy_document.this",
            "module.eks.module.kms.data.aws_partition.current",
            "module.hyperlane-godwoken-validator.aws_iam_role.validator_role",
            "module.vpc.aws_subnet.private",
            "module.vpc.aws_vpc.this",
            "module.vpc.aws_vpc_ipv4_cidr_block_association.this"
          ]
        }
      ]
    },
    {
      "module": "module.hyperlane-godwoken-validator",
      "mode": "managed",
      "type": "aws_s3_bucket",
      "name": "bucket",
      "provider": "provider[\"registry.terraform.io/hashicorp/aws\"]",
      "instances": [
        {
          "index_key": 0,
          "schema_version": 0,
          "attributes": {
            "acceleration_status": "",
            "acl": null,
            "arn": "arn:aws:s3:::godwoken-testnet-validator-signatures-0",
            "bucket": "godwoken-testnet-validator-signatures-0",
            "bucket_domain_name": "godwoken-testnet-validator-signatures-0.s3.amazonaws.com",
            "bucket_prefix": "",
            "bucket_regional_domain_name": "godwoken-testnet-validator-signatures-0.s3.us-east-1.amazonaws.com",
            "cors_rule": [],
            "force_destroy": false,
            "grant": [
              {
                "id": "3bc8cf0784d7e39ed7d4259e44a9686c524e8228cf8e9ff743c0e9b5dfc563d4",
                "permissions": [
                  "FULL_CONTROL"
                ],
                "type": "CanonicalUser",
                "uri": ""
              }
            ],
            "hosted_zone_id": "Z3AQBSTGFYJSTF",
            "id": "godwoken-testnet-validator-signatures-0",
            "lifecycle_rule": [],
            "logging": [],
            "object_lock_configuration": [],
            "object_lock_enabled": false,
            "policy": "{\"Statement\":[{\"Action\":[\"s3:GetObject\",\"s3:ListBucket\"],\"Effect\":\"Allow\",\"Principal\":\"*\",\"Resource\":[\"arn:aws:s3:::godwoken-testnet-validator-signatures-0\",\"arn:aws:s3:::godwoken-testnet-validator-signatures-0/*\"]},{\"Action\":[\"s3:DeleteObject\",\"s3:PutObject\"],\"Effect\":\"Allow\",\"Principal\":{\"AWS\":\"arn:aws:iam::803035318642:role/godwoken-testnet-hyperlane-validator-0\"},\"Resource\":\"arn:aws:s3:::godwoken-testnet-validator-signatures-0/*\"}],\"Version\":\"2012-10-17\"}",
            "region": "us-east-1",
            "replication_configuration": [],
            "request_payer": "BucketOwner",
            "server_side_encryption_configuration": [
              {
                "rule": [
                  {
                    "apply_server_side_encryption_by_default": [
                      {
                        "kms_master_key_id": "",
                        "sse_algorithm": "AES256"
                      }
                    ],
                    "bucket_key_enabled": false
                  }
                ]
              }
            ],
            "tags": {},
            "tags_all": {},
            "timeouts": null,
            "versioning": [
              {
                "enabled": false,
                "mfa_delete": false
              }
            ],
            "website": [],
            "website_domain": null,
            "website_endpoint": null
          },
          "sensitive_attributes": [],
          "private": "eyJlMmJmYjczMC1lY2FhLTExZTYtOGY4OC0zNDM2M2JjN2M0YzAiOnsiY3JlYXRlIjoxMjAwMDAwMDAwMDAwLCJkZWxldGUiOjM2MDAwMDAwMDAwMDAsInJlYWQiOjEyMDAwMDAwMDAwMDAsInVwZGF0ZSI6MTIwMDAwMDAwMDAwMH19"
        },
        {
          "index_key": 1,
          "schema_version": 0,
          "attributes": {
            "acceleration_status": "",
            "acl": null,
            "arn": "arn:aws:s3:::godwoken-testnet-validator-signatures-1",
            "bucket": "godwoken-testnet-validator-signatures-1",
            "bucket_domain_name": "godwoken-testnet-validator-signatures-1.s3.amazonaws.com",
            "bucket_prefix": "",
            "bucket_regional_domain_name": "godwoken-testnet-validator-signatures-1.s3.us-east-1.amazonaws.com",
            "cors_rule": [],
            "force_destroy": false,
            "grant": [
              {
                "id": "3bc8cf0784d7e39ed7d4259e44a9686c524e8228cf8e9ff743c0e9b5dfc563d4",
                "permissions": [
                  "FULL_CONTROL"
                ],
                "type": "CanonicalUser",
                "uri": ""
              }
            ],
            "hosted_zone_id": "Z3AQBSTGFYJSTF",
            "id": "godwoken-testnet-validator-signatures-1",
            "lifecycle_rule": [],
            "logging": [],
            "object_lock_configuration": [],
            "object_lock_enabled": false,
            "policy": "{\"Statement\":[{\"Action\":[\"s3:GetObject\",\"s3:ListBucket\"],\"Effect\":\"Allow\",\"Principal\":\"*\",\"Resource\":[\"arn:aws:s3:::godwoken-testnet-validator-signatures-1\",\"arn:aws:s3:::godwoken-testnet-validator-signatures-1/*\"]},{\"Action\":[\"s3:DeleteObject\",\"s3:PutObject\"],\"Effect\":\"Allow\",\"Principal\":{\"AWS\":\"arn:aws:iam::803035318642:role/godwoken-testnet-hyperlane-validator-1\"},\"Resource\":\"arn:aws:s3:::godwoken-testnet-validator-signatures-1/*\"}],\"Version\":\"2012-10-17\"}",
            "region": "us-east-1",
            "replication_configuration": [],
            "request_payer": "BucketOwner",
            "server_side_encryption_configuration": [
              {
                "rule": [
                  {
                    "apply_server_side_encryption_by_default": [
                      {
                        "kms_master_key_id": "",
                        "sse_algorithm": "AES256"
                      }
                    ],
                    "bucket_key_enabled": false
                  }
                ]
              }
            ],
            "tags": {},
            "tags_all": {},
            "timeouts": null,
            "versioning": [
              {
                "enabled": false,
                "mfa_delete": false
              }
            ],
            "website": [],
            "website_domain": null,
            "website_endpoint": null
          },
          "sensitive_attributes": [],
          "private": "eyJlMmJmYjczMC1lY2FhLTExZTYtOGY4OC0zNDM2M2JjN2M0YzAiOnsiY3JlYXRlIjoxMjAwMDAwMDAwMDAwLCJkZWxldGUiOjM2MDAwMDAwMDAwMDAsInJlYWQiOjEyMDAwMDAwMDAwMDAsInVwZGF0ZSI6MTIwMDAwMDAwMDAwMH19"
        },
        {
          "index_key": 2,
          "schema_version": 0,
          "attributes": {
            "acceleration_status": "",
            "acl": null,
            "arn": "arn:aws:s3:::godwoken-testnet-validator-signatures-2",
            "bucket": "godwoken-testnet-validator-signatures-2",
            "bucket_domain_name": "godwoken-testnet-validator-signatures-2.s3.amazonaws.com",
            "bucket_prefix": "",
            "bucket_regional_domain_name": "godwoken-testnet-validator-signatures-2.s3.us-east-1.amazonaws.com",
            "cors_rule": [],
            "force_destroy": false,
            "grant": [
              {
                "id": "3bc8cf0784d7e39ed7d4259e44a9686c524e8228cf8e9ff743c0e9b5dfc563d4",
                "permissions": [
                  "FULL_CONTROL"
                ],
                "type": "CanonicalUser",
                "uri": ""
              }
            ],
            "hosted_zone_id": "Z3AQBSTGFYJSTF",
            "id": "godwoken-testnet-validator-signatures-2",
            "lifecycle_rule": [],
            "logging": [],
            "object_lock_configuration": [],
            "object_lock_enabled": false,
            "policy": "{\"Statement\":[{\"Action\":[\"s3:GetObject\",\"s3:ListBucket\"],\"Effect\":\"Allow\",\"Principal\":\"*\",\"Resource\":[\"arn:aws:s3:::godwoken-testnet-validator-signatures-2\",\"arn:aws:s3:::godwoken-testnet-validator-signatures-2/*\"]},{\"Action\":[\"s3:DeleteObject\",\"s3:PutObject\"],\"Effect\":\"Allow\",\"Principal\":{\"AWS\":\"arn:aws:iam::803035318642:role/godwoken-testnet-hyperlane-validator-2\"},\"Resource\":\"arn:aws:s3:::godwoken-testnet-validator-signatures-2/*\"}],\"Version\":\"2012-10-17\"}",
            "region": "us-east-1",
            "replication_configuration": [],
            "request_payer": "BucketOwner",
            "server_side_encryption_configuration": [
              {
                "rule": [
                  {
                    "apply_server_side_encryption_by_default": [
                      {
                        "kms_master_key_id": "",
                        "sse_algorithm": "AES256"
                      }
                    ],
                    "bucket_key_enabled": false
                  }
                ]
              }
            ],
            "tags": {},
            "tags_all": {},
            "timeouts": null,
            "versioning": [
              {
                "enabled": false,
                "mfa_delete": false
              }
            ],
            "website": [],
            "website_domain": null,
            "website_endpoint": null
          },
          "sensitive_attributes": [],
          "private": "eyJlMmJmYjczMC1lY2FhLTExZTYtOGY4OC0zNDM2M2JjN2M0YzAiOnsiY3JlYXRlIjoxMjAwMDAwMDAwMDAwLCJkZWxldGUiOjM2MDAwMDAwMDAwMDAsInJlYWQiOjEyMDAwMDAwMDAwMDAsInVwZGF0ZSI6MTIwMDAwMDAwMDAwMH19"
        }
      ]
    },
    {
      "module": "module.hyperlane-godwoken-validator",
      "mode": "managed",
      "type": "aws_s3_bucket_policy",
      "name": "bucket_policy",
      "provider": "provider[\"registry.terraform.io/hashicorp/aws\"]",
      "instances": [
        {
          "index_key": 0,
          "schema_version": 0,
          "attributes": {
            "bucket": "godwoken-testnet-validator-signatures-0",
            "id": "godwoken-testnet-validator-signatures-0",
            "policy": "{\"Statement\":[{\"Action\":[\"s3:GetObject\",\"s3:ListBucket\"],\"Effect\":\"Allow\",\"Principal\":\"*\",\"Resource\":[\"arn:aws:s3:::godwoken-testnet-validator-signatures-0\",\"arn:aws:s3:::godwoken-testnet-validator-signatures-0/*\"]},{\"Action\":[\"s3:DeleteObject\",\"s3:PutObject\"],\"Effect\":\"Allow\",\"Principal\":{\"AWS\":\"arn:aws:iam::803035318642:role/godwoken-testnet-hyperlane-validator-0\"},\"Resource\":\"arn:aws:s3:::godwoken-testnet-validator-signatures-0/*\"}],\"Version\":\"2012-10-17\"}"
          },
          "sensitive_attributes": [],
          "private": "bnVsbA==",
          "dependencies": [
            "module.eks.aws_cloudwatch_log_group.this",
            "module.eks.aws_eks_cluster.this",
            "module.eks.aws_iam_role.this",
            "module.eks.aws_iam_role_policy_attachment.this",
            "module.eks.aws_security_group.cluster",
            "module.eks.aws_security_group.node",
            "module.eks.aws_security_group_rule.cluster",
            "module.eks.aws_security_group_rule.node",
            "module.eks.data.aws_caller_identity.current",
            "module.eks.data.aws_iam_policy_document.assume_role_policy",
            "module.eks.data.aws_partition.current",
            "module.eks.module.kms.aws_kms_external_key.this",
            "module.eks.module.kms.aws_kms_key.this",
            "module.eks.module.kms.data.aws_caller_identity.current",
            "module.eks.module.kms.data.aws_iam_policy_document.this",
            "module.eks.module.kms.data.aws_partition.current",
            "module.hyperlane-godwoken-validator.aws_iam_role.validator_role",
            "module.hyperlane-godwoken-validator.aws_s3_bucket.bucket",
            "module.vpc.aws_subnet.private",
            "module.vpc.aws_vpc.this",
            "module.vpc.aws_vpc_ipv4_cidr_block_association.this"
          ]
        },
        {
          "index_key": 1,
          "schema_version": 0,
          "attributes": {
            "bucket": "godwoken-testnet-validator-signatures-1",
            "id": "godwoken-testnet-validator-signatures-1",
            "policy": "{\"Statement\":[{\"Action\":[\"s3:GetObject\",\"s3:ListBucket\"],\"Effect\":\"Allow\",\"Principal\":\"*\",\"Resource\":[\"arn:aws:s3:::godwoken-testnet-validator-signatures-1\",\"arn:aws:s3:::godwoken-testnet-validator-signatures-1/*\"]},{\"Action\":[\"s3:DeleteObject\",\"s3:PutObject\"],\"Effect\":\"Allow\",\"Principal\":{\"AWS\":\"arn:aws:iam::803035318642:role/godwoken-testnet-hyperlane-validator-1\"},\"Resource\":\"arn:aws:s3:::godwoken-testnet-validator-signatures-1/*\"}],\"Version\":\"2012-10-17\"}"
          },
          "sensitive_attributes": [],
          "private": "bnVsbA==",
          "dependencies": [
            "module.eks.aws_cloudwatch_log_group.this",
            "module.eks.aws_eks_cluster.this",
            "module.eks.aws_iam_role.this",
            "module.eks.aws_iam_role_policy_attachment.this",
            "module.eks.aws_security_group.cluster",
            "module.eks.aws_security_group.node",
            "module.eks.aws_security_group_rule.cluster",
            "module.eks.aws_security_group_rule.node",
            "module.eks.data.aws_caller_identity.current",
            "module.eks.data.aws_iam_policy_document.assume_role_policy",
            "module.eks.data.aws_partition.current",
            "module.eks.module.kms.aws_kms_external_key.this",
            "module.eks.module.kms.aws_kms_key.this",
            "module.eks.module.kms.data.aws_caller_identity.current",
            "module.eks.module.kms.data.aws_iam_policy_document.this",
            "module.eks.module.kms.data.aws_partition.current",
            "module.hyperlane-godwoken-validator.aws_iam_role.validator_role",
            "module.hyperlane-godwoken-validator.aws_s3_bucket.bucket",
            "module.vpc.aws_subnet.private",
            "module.vpc.aws_vpc.this",
            "module.vpc.aws_vpc_ipv4_cidr_block_association.this"
          ]
        },
        {
          "index_key": 2,
          "schema_version": 0,
          "attributes": {
            "bucket": "godwoken-testnet-validator-signatures-2",
            "id": "godwoken-testnet-validator-signatures-2",
            "policy": "{\"Statement\":[{\"Action\":[\"s3:GetObject\",\"s3:ListBucket\"],\"Effect\":\"Allow\",\"Principal\":\"*\",\"Resource\":[\"arn:aws:s3:::godwoken-testnet-validator-signatures-2\",\"arn:aws:s3:::godwoken-testnet-validator-signatures-2/*\"]},{\"Action\":[\"s3:DeleteObject\",\"s3:PutObject\"],\"Effect\":\"Allow\",\"Principal\":{\"AWS\":\"arn:aws:iam::803035318642:role/godwoken-testnet-hyperlane-validator-2\"},\"Resource\":\"arn:aws:s3:::godwoken-testnet-validator-signatures-2/*\"}],\"Version\":\"2012-10-17\"}"
          },
          "sensitive_attributes": [],
          "private": "bnVsbA==",
          "dependencies": [
            "module.eks.aws_cloudwatch_log_group.this",
            "module.eks.aws_eks_cluster.this",
            "module.eks.aws_iam_role.this",
            "module.eks.aws_iam_role_policy_attachment.this",
            "module.eks.aws_security_group.cluster",
            "module.eks.aws_security_group.node",
            "module.eks.aws_security_group_rule.cluster",
            "module.eks.aws_security_group_rule.node",
            "module.eks.data.aws_caller_identity.current",
            "module.eks.data.aws_iam_policy_document.assume_role_policy",
            "module.eks.data.aws_partition.current",
            "module.eks.module.kms.aws_kms_external_key.this",
            "module.eks.module.kms.aws_kms_key.this",
            "module.eks.module.kms.data.aws_caller_identity.current",
            "module.eks.module.kms.data.aws_iam_policy_document.this",
            "module.eks.module.kms.data.aws_partition.current",
            "module.hyperlane-godwoken-validator.aws_iam_role.validator_role",
            "module.hyperlane-godwoken-validator.aws_s3_bucket.bucket",
            "module.vpc.aws_subnet.private",
            "module.vpc.aws_vpc.this",
            "module.vpc.aws_vpc_ipv4_cidr_block_association.this"
          ]
        }
      ]
    },
    {
      "module": "module.hyperlane-godwoken-validator",
      "mode": "managed",
      "type": "aws_s3_bucket_public_access_block",
      "name": "s3_public_access_block",
      "provider": "provider[\"registry.terraform.io/hashicorp/aws\"]",
      "instances": [
        {
          "index_key": 0,
          "schema_version": 0,
          "attributes": {
            "block_public_acls": false,
            "block_public_policy": false,
            "bucket": "godwoken-testnet-validator-signatures-0",
            "id": "godwoken-testnet-validator-signatures-0",
            "ignore_public_acls": false,
            "restrict_public_buckets": false
          },
          "sensitive_attributes": [],
          "private": "bnVsbA=="
        },
        {
          "index_key": 1,
          "schema_version": 0,
          "attributes": {
            "block_public_acls": false,
            "block_public_policy": false,
            "bucket": "godwoken-testnet-validator-signatures-1",
            "id": "godwoken-testnet-validator-signatures-1",
            "ignore_public_acls": false,
            "restrict_public_buckets": false
          },
          "sensitive_attributes": [],
          "private": "bnVsbA=="
        },
        {
          "index_key": 2,
          "schema_version": 0,
          "attributes": {
            "block_public_acls": false,
            "block_public_policy": false,
            "bucket": "godwoken-testnet-validator-signatures-2",
            "id": "godwoken-testnet-validator-signatures-2",
            "ignore_public_acls": false,
            "restrict_public_buckets": false
          },
          "sensitive_attributes": [],
          "private": "bnVsbA=="
        }
      ]
    },
    {
      "module": "module.hyperlane-relayers",
      "mode": "managed",
      "type": "aws_iam_role",
      "name": "relayer_role",
      "provider": "provider[\"registry.terraform.io/hashicorp/aws\"]",
      "instances": [
        {
          "index_key": "khalani-hyperlane-relayer-fuji",
          "schema_version": 0,
          "attributes": {
            "arn": "arn:aws:iam::803035318642:role/khalani-hyperlane-relayer-fuji",
            "assume_role_policy": "{\"Statement\":[{\"Action\":\"sts:AssumeRoleWithWebIdentity\",\"Condition\":{\"StringEquals\":{\"oidc.eks.us-east-1.amazonaws.com/id/32803539C78C654C14D84BD9DDB105D9:aud\":\"sts.amazonaws.com\",\"oidc.eks.us-east-1.amazonaws.com/id/32803539C78C654C14D84BD9DDB105D9:sub\":\"system:serviceaccount:hyperlane:khalani-hyperlane-relayer-fuji\"}},\"Effect\":\"Allow\",\"Principal\":{\"Federated\":\"arn:aws:iam::803035318642:oidc-provider/oidc.eks.us-east-1.amazonaws.com/id/32803539C78C654C14D84BD9DDB105D9\"}}],\"Version\":\"2012-10-17\"}",
            "create_date": "2024-09-18T09:00:18Z",
            "description": "",
            "force_detach_policies": false,
            "id": "khalani-hyperlane-relayer-fuji",
            "inline_policy": [],
            "managed_policy_arns": [],
            "max_session_duration": 3600,
            "name": "khalani-hyperlane-relayer-fuji",
            "name_prefix": "",
            "path": "/",
            "permissions_boundary": "",
            "tags": {},
            "tags_all": {},
            "unique_id": "AROA3V6FCRFZLMFOEZTJI"
          },
          "sensitive_attributes": [],
          "private": "bnVsbA==",
          "dependencies": [
            "module.eks.aws_cloudwatch_log_group.this",
            "module.eks.aws_eks_cluster.this",
            "module.eks.aws_iam_role.this",
            "module.eks.aws_iam_role_policy_attachment.this",
            "module.eks.aws_security_group.cluster",
            "module.eks.aws_security_group.node",
            "module.eks.aws_security_group_rule.cluster",
            "module.eks.aws_security_group_rule.node",
            "module.eks.data.aws_caller_identity.current",
            "module.eks.data.aws_iam_policy_document.assume_role_policy",
            "module.eks.data.aws_partition.current",
            "module.eks.module.kms.aws_kms_external_key.this",
            "module.eks.module.kms.aws_kms_key.this",
            "module.eks.module.kms.data.aws_caller_identity.current",
            "module.eks.module.kms.data.aws_iam_policy_document.this",
            "module.eks.module.kms.data.aws_partition.current",
            "module.vpc.aws_subnet.private",
            "module.vpc.aws_vpc.this",
            "module.vpc.aws_vpc_ipv4_cidr_block_association.this"
          ]
        },
        {
          "index_key": "khalani-hyperlane-relayer-khalani-testnet",
          "schema_version": 0,
          "attributes": {
            "arn": "arn:aws:iam::803035318642:role/khalani-hyperlane-relayer-khalani-testnet",
            "assume_role_policy": "{\"Statement\":[{\"Action\":\"sts:AssumeRoleWithWebIdentity\",\"Condition\":{\"StringEquals\":{\"oidc.eks.us-east-1.amazonaws.com/id/32803539C78C654C14D84BD9DDB105D9:aud\":\"sts.amazonaws.com\",\"oidc.eks.us-east-1.amazonaws.com/id/32803539C78C654C14D84BD9DDB105D9:sub\":\"system:serviceaccount:hyperlane:khalani-hyperlane-relayer-khalani-testnet\"}},\"Effect\":\"Allow\",\"Principal\":{\"Federated\":\"arn:aws:iam::803035318642:oidc-provider/oidc.eks.us-east-1.amazonaws.com/id/32803539C78C654C14D84BD9DDB105D9\"}}],\"Version\":\"2012-10-17\"}",
            "create_date": "2023-05-19T09:57:13Z",
            "description": "",
            "force_detach_policies": false,
            "id": "khalani-hyperlane-relayer-khalani-testnet",
            "inline_policy": [],
            "managed_policy_arns": [],
            "max_session_duration": 3600,
            "name": "khalani-hyperlane-relayer-khalani-testnet",
            "name_prefix": "",
            "path": "/",
            "permissions_boundary": "",
            "tags": {},
            "tags_all": {},
            "unique_id": "AROA3V6FCRFZCTFFFPTXW"
          },
          "sensitive_attributes": [],
          "private": "bnVsbA==",
          "dependencies": [
            "module.eks.aws_cloudwatch_log_group.this",
            "module.eks.aws_eks_cluster.this",
            "module.eks.aws_iam_role.this",
            "module.eks.aws_iam_role_policy_attachment.this",
            "module.eks.aws_security_group.cluster",
            "module.eks.aws_security_group.node",
            "module.eks.aws_security_group_rule.cluster",
            "module.eks.aws_security_group_rule.node",
            "module.eks.data.aws_caller_identity.current",
            "module.eks.data.aws_iam_policy_document.assume_role_policy",
            "module.eks.data.aws_partition.current",
            "module.eks.module.kms.aws_kms_external_key.this",
            "module.eks.module.kms.aws_kms_key.this",
            "module.eks.module.kms.data.aws_caller_identity.current",
            "module.eks.module.kms.data.aws_iam_policy_document.this",
            "module.eks.module.kms.data.aws_partition.current",
            "module.vpc.aws_subnet.private",
            "module.vpc.aws_vpc.this",
            "module.vpc.aws_vpc_ipv4_cidr_block_association.this"
          ]
        },
        {
          "index_key": "khalani-hyperlane-relayer-sepolia",
          "schema_version": 0,
          "attributes": {
            "arn": "arn:aws:iam::803035318642:role/khalani-hyperlane-relayer-sepolia",
            "assume_role_policy": "{\"Statement\":[{\"Action\":\"sts:AssumeRoleWithWebIdentity\",\"Condition\":{\"StringEquals\":{\"oidc.eks.us-east-1.amazonaws.com/id/32803539C78C654C14D84BD9DDB105D9:aud\":\"sts.amazonaws.com\",\"oidc.eks.us-east-1.amazonaws.com/id/32803539C78C654C14D84BD9DDB105D9:sub\":\"system:serviceaccount:hyperlane:khalani-hyperlane-relayer-sepolia\"}},\"Effect\":\"Allow\",\"Principal\":{\"Federated\":\"arn:aws:iam::803035318642:oidc-provider/oidc.eks.us-east-1.amazonaws.com/id/32803539C78C654C14D84BD9DDB105D9\"}}],\"Version\":\"2012-10-17\"}",
            "create_date": "2024-09-18T09:00:18Z",
            "description": "",
            "force_detach_policies": false,
            "id": "khalani-hyperlane-relayer-sepolia",
            "inline_policy": [],
            "managed_policy_arns": [],
            "max_session_duration": 3600,
            "name": "khalani-hyperlane-relayer-sepolia",
            "name_prefix": "",
            "path": "/",
            "permissions_boundary": "",
            "tags": {},
            "tags_all": {},
            "unique_id": "AROA3V6FCRFZBG3Y3MONJ"
          },
          "sensitive_attributes": [],
          "private": "bnVsbA==",
          "dependencies": [
            "module.eks.aws_cloudwatch_log_group.this",
            "module.eks.aws_eks_cluster.this",
            "module.eks.aws_iam_role.this",
            "module.eks.aws_iam_role_policy_attachment.this",
            "module.eks.aws_security_group.cluster",
            "module.eks.aws_security_group.node",
            "module.eks.aws_security_group_rule.cluster",
            "module.eks.aws_security_group_rule.node",
            "module.eks.data.aws_caller_identity.current",
            "module.eks.data.aws_iam_policy_document.assume_role_policy",
            "module.eks.data.aws_partition.current",
            "module.eks.module.kms.aws_kms_external_key.this",
            "module.eks.module.kms.aws_kms_key.this",
            "module.eks.module.kms.data.aws_caller_identity.current",
            "module.eks.module.kms.data.aws_iam_policy_document.this",
            "module.eks.module.kms.data.aws_partition.current",
            "module.vpc.aws_subnet.private",
            "module.vpc.aws_vpc.this",
            "module.vpc.aws_vpc_ipv4_cidr_block_association.this"
          ]
        }
      ]
    },
    {
      "module": "module.hyperlane-relayers",
      "mode": "managed",
      "type": "aws_kms_alias",
      "name": "relayer_alias",
      "provider": "provider[\"registry.terraform.io/hashicorp/aws\"]",
      "instances": [
        {
          "index_key": "khalani-hyperlane-relayer-fuji",
          "schema_version": 0,
          "attributes": {
            "arn": "arn:aws:kms:us-east-1:803035318642:alias/khalani-hyperlane-relayer-fuji",
            "id": "alias/khalani-hyperlane-relayer-fuji",
            "name": "alias/khalani-hyperlane-relayer-fuji",
            "name_prefix": "",
            "target_key_arn": "arn:aws:kms:us-east-1:803035318642:key/13a24612-90ef-4f1e-8cf8-30cc578ecec9",
            "target_key_id": "13a24612-90ef-4f1e-8cf8-30cc578ecec9"
          },
          "sensitive_attributes": [],
          "private": "bnVsbA==",
          "dependencies": [
            "module.eks.aws_cloudwatch_log_group.this",
            "module.eks.aws_eks_cluster.this",
            "module.eks.aws_iam_role.this",
            "module.eks.aws_iam_role_policy_attachment.this",
            "module.eks.aws_security_group.cluster",
            "module.eks.aws_security_group.node",
            "module.eks.aws_security_group_rule.cluster",
            "module.eks.aws_security_group_rule.node",
            "module.eks.data.aws_caller_identity.current",
            "module.eks.data.aws_iam_policy_document.assume_role_policy",
            "module.eks.data.aws_partition.current",
            "module.eks.module.kms.aws_kms_external_key.this",
            "module.eks.module.kms.aws_kms_key.this",
            "module.eks.module.kms.data.aws_caller_identity.current",
            "module.eks.module.kms.data.aws_iam_policy_document.this",
            "module.eks.module.kms.data.aws_partition.current",
            "module.hyperlane-relayers.aws_iam_role.relayer_role",
            "module.hyperlane-relayers.aws_kms_key.relayer_key",
            "module.vpc.aws_subnet.private",
            "module.vpc.aws_vpc.this",
            "module.vpc.aws_vpc_ipv4_cidr_block_association.this"
          ]
        },
        {
          "index_key": "khalani-hyperlane-relayer-khalani-testnet",
          "schema_version": 0,
          "attributes": {
            "arn": "arn:aws:kms:us-east-1:803035318642:alias/khalani-hyperlane-relayer-khalani-testnet",
            "id": "alias/khalani-hyperlane-relayer-khalani-testnet",
            "name": "alias/khalani-hyperlane-relayer-khalani-testnet",
            "name_prefix": "",
            "target_key_arn": "arn:aws:kms:us-east-1:803035318642:key/541a29cf-b62b-4b0c-9031-94e2d00dfd9f",
            "target_key_id": "541a29cf-b62b-4b0c-9031-94e2d00dfd9f"
          },
          "sensitive_attributes": [],
          "private": "bnVsbA==",
          "dependencies": [
            "module.eks.aws_cloudwatch_log_group.this",
            "module.eks.aws_eks_cluster.this",
            "module.eks.aws_iam_role.this",
            "module.eks.aws_iam_role_policy_attachment.this",
            "module.eks.aws_security_group.cluster",
            "module.eks.aws_security_group.node",
            "module.eks.aws_security_group_rule.cluster",
            "module.eks.aws_security_group_rule.node",
            "module.eks.data.aws_caller_identity.current",
            "module.eks.data.aws_iam_policy_document.assume_role_policy",
            "module.eks.data.aws_partition.current",
            "module.eks.module.kms.aws_kms_external_key.this",
            "module.eks.module.kms.aws_kms_key.this",
            "module.eks.module.kms.data.aws_caller_identity.current",
            "module.eks.module.kms.data.aws_iam_policy_document.this",
            "module.eks.module.kms.data.aws_partition.current",
            "module.hyperlane-relayers.aws_iam_role.relayer_role",
            "module.hyperlane-relayers.aws_kms_key.relayer_key",
            "module.vpc.aws_subnet.private",
            "module.vpc.aws_vpc.this",
            "module.vpc.aws_vpc_ipv4_cidr_block_association.this"
          ]
        },
        {
          "index_key": "khalani-hyperlane-relayer-sepolia",
          "schema_version": 0,
          "attributes": {
            "arn": "arn:aws:kms:us-east-1:803035318642:alias/khalani-hyperlane-relayer-sepolia",
            "id": "alias/khalani-hyperlane-relayer-sepolia",
            "name": "alias/khalani-hyperlane-relayer-sepolia",
            "name_prefix": "",
            "target_key_arn": "arn:aws:kms:us-east-1:803035318642:key/fad4314e-78f9-4737-af2b-ba341b9f825f",
            "target_key_id": "fad4314e-78f9-4737-af2b-ba341b9f825f"
          },
          "sensitive_attributes": [],
          "private": "bnVsbA==",
          "dependencies": [
            "module.eks.aws_cloudwatch_log_group.this",
            "module.eks.aws_eks_cluster.this",
            "module.eks.aws_iam_role.this",
            "module.eks.aws_iam_role_policy_attachment.this",
            "module.eks.aws_security_group.cluster",
            "module.eks.aws_security_group.node",
            "module.eks.aws_security_group_rule.cluster",
            "module.eks.aws_security_group_rule.node",
            "module.eks.data.aws_caller_identity.current",
            "module.eks.data.aws_iam_policy_document.assume_role_policy",
            "module.eks.data.aws_partition.current",
            "module.eks.module.kms.aws_kms_external_key.this",
            "module.eks.module.kms.aws_kms_key.this",
            "module.eks.module.kms.data.aws_caller_identity.current",
            "module.eks.module.kms.data.aws_iam_policy_document.this",
            "module.eks.module.kms.data.aws_partition.current",
            "module.hyperlane-relayers.aws_iam_role.relayer_role",
            "module.hyperlane-relayers.aws_kms_key.relayer_key",
            "module.vpc.aws_subnet.private",
            "module.vpc.aws_vpc.this",
            "module.vpc.aws_vpc_ipv4_cidr_block_association.this"
          ]
        }
      ]
    },
    {
      "module": "module.hyperlane-relayers",
      "mode": "managed",
      "type": "aws_kms_key",
      "name": "relayer_key",
      "provider": "provider[\"registry.terraform.io/hashicorp/aws\"]",
      "instances": [
        {
          "index_key": "khalani-hyperlane-relayer-fuji",
          "schema_version": 0,
          "attributes": {
            "arn": "arn:aws:kms:us-east-1:803035318642:key/13a24612-90ef-4f1e-8cf8-30cc578ecec9",
            "bypass_policy_lockout_safety_check": false,
            "custom_key_store_id": "",
            "customer_master_key_spec": "ECC_SECG_P256K1",
            "deletion_window_in_days": null,
            "description": "khalani-hyperlane-relayer-fuji",
            "enable_key_rotation": false,
            "id": "13a24612-90ef-4f1e-8cf8-30cc578ecec9",
            "is_enabled": true,
            "key_id": "13a24612-90ef-4f1e-8cf8-30cc578ecec9",
            "key_usage": "SIGN_VERIFY",
            "multi_region": false,
            "policy": "{\"Statement\":[{\"Action\":[\"kms:GetPublicKey\",\"kms:Sign\"],\"Effect\":\"Allow\",\"Principal\":{\"AWS\":\"arn:aws:iam::803035318642:role/khalani-hyperlane-relayer-fuji\"},\"Resource\":\"*\"},{\"Action\":[\"kms:*\"],\"Effect\":\"Allow\",\"Principal\":{\"AWS\":\"arn:aws:iam::803035318642:root\"},\"Resource\":\"*\"}],\"Version\":\"2012-10-17\"}",
            "rotation_period_in_days": 0,
            "tags": {},
            "tags_all": {},
            "timeouts": null,
            "xks_key_id": ""
          },
          "sensitive_attributes": [],
          "private": "eyJlMmJmYjczMC1lY2FhLTExZTYtOGY4OC0zNDM2M2JjN2M0YzAiOnsiY3JlYXRlIjoxMjAwMDAwMDAwMDB9fQ==",
          "dependencies": [
            "module.eks.aws_cloudwatch_log_group.this",
            "module.eks.aws_eks_cluster.this",
            "module.eks.aws_iam_role.this",
            "module.eks.aws_iam_role_policy_attachment.this",
            "module.eks.aws_security_group.cluster",
            "module.eks.aws_security_group.node",
            "module.eks.aws_security_group_rule.cluster",
            "module.eks.aws_security_group_rule.node",
            "module.eks.data.aws_caller_identity.current",
            "module.eks.data.aws_iam_policy_document.assume_role_policy",
            "module.eks.data.aws_partition.current",
            "module.eks.module.kms.aws_kms_external_key.this",
            "module.eks.module.kms.aws_kms_key.this",
            "module.eks.module.kms.data.aws_caller_identity.current",
            "module.eks.module.kms.data.aws_iam_policy_document.this",
            "module.eks.module.kms.data.aws_partition.current",
            "module.hyperlane-relayers.aws_iam_role.relayer_role",
            "module.vpc.aws_subnet.private",
            "module.vpc.aws_vpc.this",
            "module.vpc.aws_vpc_ipv4_cidr_block_association.this"
          ]
        },
        {
          "index_key": "khalani-hyperlane-relayer-khalani-testnet",
          "schema_version": 0,
          "attributes": {
            "arn": "arn:aws:kms:us-east-1:803035318642:key/541a29cf-b62b-4b0c-9031-94e2d00dfd9f",
            "bypass_policy_lockout_safety_check": false,
            "custom_key_store_id": "",
            "customer_master_key_spec": "ECC_SECG_P256K1",
            "deletion_window_in_days": null,
            "description": "khalani-hyperlane-relayer-khalani-testnet",
            "enable_key_rotation": false,
            "id": "541a29cf-b62b-4b0c-9031-94e2d00dfd9f",
            "is_enabled": true,
            "key_id": "541a29cf-b62b-4b0c-9031-94e2d00dfd9f",
            "key_usage": "SIGN_VERIFY",
            "multi_region": false,
            "policy": "{\"Statement\":[{\"Action\":[\"kms:GetPublicKey\",\"kms:Sign\"],\"Effect\":\"Allow\",\"Principal\":{\"AWS\":\"arn:aws:iam::803035318642:role/khalani-hyperlane-relayer-khalani-testnet\"},\"Resource\":\"*\"},{\"Action\":[\"kms:GetPublicKey\",\"kms:Sign\"],\"Effect\":\"Allow\",\"Principal\":{\"AWS\":\"arn:aws:iam::803035318642:role/khalani-hyperlane-trial-relayer-khalani-testnet\"},\"Resource\":\"*\"},{\"Action\":\"kms:*\",\"Effect\":\"Allow\",\"Principal\":{\"AWS\":\"arn:aws:iam::803035318642:root\"},\"Resource\":\"*\"}],\"Version\":\"2012-10-17\"}",
            "rotation_period_in_days": 0,
            "tags": {},
            "tags_all": {},
            "timeouts": null,
            "xks_key_id": ""
          },
          "sensitive_attributes": [],
          "private": "bnVsbA==",
          "dependencies": [
            "module.eks.aws_cloudwatch_log_group.this",
            "module.eks.aws_eks_cluster.this",
            "module.eks.aws_iam_role.this",
            "module.eks.aws_iam_role_policy_attachment.this",
            "module.eks.aws_security_group.cluster",
            "module.eks.aws_security_group.node",
            "module.eks.aws_security_group_rule.cluster",
            "module.eks.aws_security_group_rule.node",
            "module.eks.data.aws_caller_identity.current",
            "module.eks.data.aws_iam_policy_document.assume_role_policy",
            "module.eks.data.aws_partition.current",
            "module.eks.module.kms.aws_kms_external_key.this",
            "module.eks.module.kms.aws_kms_key.this",
            "module.eks.module.kms.data.aws_caller_identity.current",
            "module.eks.module.kms.data.aws_iam_policy_document.this",
            "module.eks.module.kms.data.aws_partition.current",
            "module.hyperlane-relayers.aws_iam_role.relayer_role",
            "module.vpc.aws_subnet.private",
            "module.vpc.aws_vpc.this",
            "module.vpc.aws_vpc_ipv4_cidr_block_association.this"
          ]
        },
        {
          "index_key": "khalani-hyperlane-relayer-sepolia",
          "schema_version": 0,
          "attributes": {
            "arn": "arn:aws:kms:us-east-1:803035318642:key/fad4314e-78f9-4737-af2b-ba341b9f825f",
            "bypass_policy_lockout_safety_check": false,
            "custom_key_store_id": "",
            "customer_master_key_spec": "ECC_SECG_P256K1",
            "deletion_window_in_days": null,
            "description": "khalani-hyperlane-relayer-sepolia",
            "enable_key_rotation": false,
            "id": "fad4314e-78f9-4737-af2b-ba341b9f825f",
            "is_enabled": true,
            "key_id": "fad4314e-78f9-4737-af2b-ba341b9f825f",
            "key_usage": "SIGN_VERIFY",
            "multi_region": false,
            "policy": "{\"Statement\":[{\"Action\":[\"kms:GetPublicKey\",\"kms:Sign\"],\"Effect\":\"Allow\",\"Principal\":{\"AWS\":\"arn:aws:iam::803035318642:role/khalani-hyperlane-relayer-sepolia\"},\"Resource\":\"*\"},{\"Action\":[\"kms:*\"],\"Effect\":\"Allow\",\"Principal\":{\"AWS\":\"arn:aws:iam::803035318642:root\"},\"Resource\":\"*\"}],\"Version\":\"2012-10-17\"}",
            "rotation_period_in_days": 0,
            "tags": {},
            "tags_all": {},
            "timeouts": null,
            "xks_key_id": ""
          },
          "sensitive_attributes": [],
          "private": "eyJlMmJmYjczMC1lY2FhLTExZTYtOGY4OC0zNDM2M2JjN2M0YzAiOnsiY3JlYXRlIjoxMjAwMDAwMDAwMDB9fQ==",
          "dependencies": [
            "module.eks.aws_cloudwatch_log_group.this",
            "module.eks.aws_eks_cluster.this",
            "module.eks.aws_iam_role.this",
            "module.eks.aws_iam_role_policy_attachment.this",
            "module.eks.aws_security_group.cluster",
            "module.eks.aws_security_group.node",
            "module.eks.aws_security_group_rule.cluster",
            "module.eks.aws_security_group_rule.node",
            "module.eks.data.aws_caller_identity.current",
            "module.eks.data.aws_iam_policy_document.assume_role_policy",
            "module.eks.data.aws_partition.current",
            "module.eks.module.kms.aws_kms_external_key.this",
            "module.eks.module.kms.aws_kms_key.this",
            "module.eks.module.kms.data.aws_caller_identity.current",
            "module.eks.module.kms.data.aws_iam_policy_document.this",
            "module.eks.module.kms.data.aws_partition.current",
            "module.hyperlane-relayers.aws_iam_role.relayer_role",
            "module.vpc.aws_subnet.private",
            "module.vpc.aws_vpc.this",
            "module.vpc.aws_vpc_ipv4_cidr_block_association.this"
          ]
        }
      ]
    },
    {
      "module": "module.hyperlane-validator",
      "mode": "managed",
      "type": "aws_iam_role",
      "name": "validator_role",
      "provider": "provider[\"registry.terraform.io/hashicorp/aws\"]",
      "instances": [
        {
          "index_key": 0,
          "schema_version": 0,
          "attributes": {
            "arn": "arn:aws:iam::803035318642:role/khalani-hyperlane-validator-0",
            "assume_role_policy": "{\"Statement\":[{\"Action\":\"sts:AssumeRoleWithWebIdentity\",\"Condition\":{\"StringEquals\":{\"oidc.eks.us-east-1.amazonaws.com/id/32803539C78C654C14D84BD9DDB105D9:aud\":\"sts.amazonaws.com\",\"oidc.eks.us-east-1.amazonaws.com/id/32803539C78C654C14D84BD9DDB105D9:sub\":\"system:serviceaccount:hyperlane:khalani-hyperlane-validator-0\"}},\"Effect\":\"Allow\",\"Principal\":{\"Federated\":\"arn:aws:iam::803035318642:oidc-provider/oidc.eks.us-east-1.amazonaws.com/id/32803539C78C654C14D84BD9DDB105D9\"}}],\"Version\":\"2012-10-17\"}",
            "create_date": "2023-05-19T09:57:12Z",
            "description": "",
            "force_detach_policies": false,
            "id": "khalani-hyperlane-validator-0",
            "inline_policy": [],
            "managed_policy_arns": [
              "arn:aws:iam::aws:policy/AmazonS3FullAccess"
            ],
            "max_session_duration": 3600,
            "name": "khalani-hyperlane-validator-0",
            "name_prefix": "",
            "path": "/",
            "permissions_boundary": "",
            "tags": {},
            "tags_all": {},
            "unique_id": "AROA3V6FCRFZOCDSW3CNF"
          },
          "sensitive_attributes": [],
          "private": "bnVsbA==",
          "dependencies": [
            "module.eks.aws_cloudwatch_log_group.this",
            "module.eks.aws_eks_cluster.this",
            "module.eks.aws_iam_role.this",
            "module.eks.aws_iam_role_policy_attachment.this",
            "module.eks.aws_security_group.cluster",
            "module.eks.aws_security_group.node",
            "module.eks.aws_security_group_rule.cluster",
            "module.eks.aws_security_group_rule.node",
            "module.eks.data.aws_caller_identity.current",
            "module.eks.data.aws_iam_policy_document.assume_role_policy",
            "module.eks.data.aws_partition.current",
            "module.eks.module.kms.aws_kms_external_key.this",
            "module.eks.module.kms.aws_kms_key.this",
            "module.eks.module.kms.data.aws_caller_identity.current",
            "module.eks.module.kms.data.aws_iam_policy_document.this",
            "module.eks.module.kms.data.aws_partition.current",
            "module.vpc.aws_subnet.private",
            "module.vpc.aws_vpc.this",
            "module.vpc.aws_vpc_ipv4_cidr_block_association.this"
          ]
        },
        {
          "index_key": 1,
          "schema_version": 0,
          "attributes": {
            "arn": "arn:aws:iam::803035318642:role/khalani-hyperlane-validator-1",
            "assume_role_policy": "{\"Statement\":[{\"Action\":\"sts:AssumeRoleWithWebIdentity\",\"Condition\":{\"StringEquals\":{\"oidc.eks.us-east-1.amazonaws.com/id/32803539C78C654C14D84BD9DDB105D9:aud\":\"sts.amazonaws.com\",\"oidc.eks.us-east-1.amazonaws.com/id/32803539C78C654C14D84BD9DDB105D9:sub\":\"system:serviceaccount:hyperlane:khalani-hyperlane-validator-1\"}},\"Effect\":\"Allow\",\"Principal\":{\"Federated\":\"arn:aws:iam::803035318642:oidc-provider/oidc.eks.us-east-1.amazonaws.com/id/32803539C78C654C14D84BD9DDB105D9\"}}],\"Version\":\"2012-10-17\"}",
            "create_date": "2024-09-18T09:00:18Z",
            "description": "",
            "force_detach_policies": false,
            "id": "khalani-hyperlane-validator-1",
            "inline_policy": [],
            "managed_policy_arns": [],
            "max_session_duration": 3600,
            "name": "khalani-hyperlane-validator-1",
            "name_prefix": "",
            "path": "/",
            "permissions_boundary": "",
            "tags": {},
            "tags_all": {},
            "unique_id": "AROA3V6FCRFZNEUTZGQCG"
          },
          "sensitive_attributes": [],
          "private": "bnVsbA==",
          "dependencies": [
            "module.eks.aws_cloudwatch_log_group.this",
            "module.eks.aws_eks_cluster.this",
            "module.eks.aws_iam_role.this",
            "module.eks.aws_iam_role_policy_attachment.this",
            "module.eks.aws_security_group.cluster",
            "module.eks.aws_security_group.node",
            "module.eks.aws_security_group_rule.cluster",
            "module.eks.aws_security_group_rule.node",
            "module.eks.data.aws_caller_identity.current",
            "module.eks.data.aws_iam_policy_document.assume_role_policy",
            "module.eks.data.aws_partition.current",
            "module.eks.module.kms.aws_kms_external_key.this",
            "module.eks.module.kms.aws_kms_key.this",
            "module.eks.module.kms.data.aws_caller_identity.current",
            "module.eks.module.kms.data.aws_iam_policy_document.this",
            "module.eks.module.kms.data.aws_partition.current",
            "module.vpc.aws_subnet.private",
            "module.vpc.aws_vpc.this",
            "module.vpc.aws_vpc_ipv4_cidr_block_association.this"
          ]
        },
        {
          "index_key": 2,
          "schema_version": 0,
          "attributes": {
            "arn": "arn:aws:iam::803035318642:role/khalani-hyperlane-validator-2",
            "assume_role_policy": "{\"Statement\":[{\"Action\":\"sts:AssumeRoleWithWebIdentity\",\"Condition\":{\"StringEquals\":{\"oidc.eks.us-east-1.amazonaws.com/id/32803539C78C654C14D84BD9DDB105D9:aud\":\"sts.amazonaws.com\",\"oidc.eks.us-east-1.amazonaws.com/id/32803539C78C654C14D84BD9DDB105D9:sub\":\"system:serviceaccount:hyperlane:khalani-hyperlane-validator-2\"}},\"Effect\":\"Allow\",\"Principal\":{\"Federated\":\"arn:aws:iam::803035318642:oidc-provider/oidc.eks.us-east-1.amazonaws.com/id/32803539C78C654C14D84BD9DDB105D9\"}}],\"Version\":\"2012-10-17\"}",
            "create_date": "2024-09-18T09:00:18Z",
            "description": "",
            "force_detach_policies": false,
            "id": "khalani-hyperlane-validator-2",
            "inline_policy": [],
            "managed_policy_arns": [],
            "max_session_duration": 3600,
            "name": "khalani-hyperlane-validator-2",
            "name_prefix": "",
            "path": "/",
            "permissions_boundary": "",
            "tags": {},
            "tags_all": {},
            "unique_id": "AROA3V6FCRFZLTVVRADZ6"
          },
          "sensitive_attributes": [],
          "private": "bnVsbA==",
          "dependencies": [
            "module.eks.aws_cloudwatch_log_group.this",
            "module.eks.aws_eks_cluster.this",
            "module.eks.aws_iam_role.this",
            "module.eks.aws_iam_role_policy_attachment.this",
            "module.eks.aws_security_group.cluster",
            "module.eks.aws_security_group.node",
            "module.eks.aws_security_group_rule.cluster",
            "module.eks.aws_security_group_rule.node",
            "module.eks.data.aws_caller_identity.current",
            "module.eks.data.aws_iam_policy_document.assume_role_policy",
            "module.eks.data.aws_partition.current",
            "module.eks.module.kms.aws_kms_external_key.this",
            "module.eks.module.kms.aws_kms_key.this",
            "module.eks.module.kms.data.aws_caller_identity.current",
            "module.eks.module.kms.data.aws_iam_policy_document.this",
            "module.eks.module.kms.data.aws_partition.current",
            "module.vpc.aws_subnet.private",
            "module.vpc.aws_vpc.this",
            "module.vpc.aws_vpc_ipv4_cidr_block_association.this"
          ]
        }
      ]
    },
    {
      "module": "module.hyperlane-validator",
      "mode": "managed",
      "type": "aws_kms_alias",
      "name": "validator_alias",
      "provider": "provider[\"registry.terraform.io/hashicorp/aws\"]",
      "instances": [
        {
          "index_key": 0,
          "schema_version": 0,
          "attributes": {
            "arn": "arn:aws:kms:us-east-1:803035318642:alias/khalani-hyperlane-validator-signer-0",
            "id": "alias/khalani-hyperlane-validator-signer-0",
            "name": "alias/khalani-hyperlane-validator-signer-0",
            "name_prefix": "",
            "target_key_arn": "arn:aws:kms:us-east-1:803035318642:key/dea61829-8c8e-4ec4-8d35-dddd11a729c6",
            "target_key_id": "dea61829-8c8e-4ec4-8d35-dddd11a729c6"
          },
          "sensitive_attributes": [],
          "private": "bnVsbA==",
          "dependencies": [
            "module.eks.aws_cloudwatch_log_group.this",
            "module.eks.aws_eks_cluster.this",
            "module.eks.aws_iam_role.this",
            "module.eks.aws_iam_role_policy_attachment.this",
            "module.eks.aws_security_group.cluster",
            "module.eks.aws_security_group.node",
            "module.eks.aws_security_group_rule.cluster",
            "module.eks.aws_security_group_rule.node",
            "module.eks.data.aws_caller_identity.current",
            "module.eks.data.aws_iam_policy_document.assume_role_policy",
            "module.eks.data.aws_partition.current",
            "module.eks.module.kms.aws_kms_external_key.this",
            "module.eks.module.kms.aws_kms_key.this",
            "module.eks.module.kms.data.aws_caller_identity.current",
            "module.eks.module.kms.data.aws_iam_policy_document.this",
            "module.eks.module.kms.data.aws_partition.current",
            "module.hyperlane-validator.aws_iam_role.validator_role",
            "module.hyperlane-validator.aws_kms_key.validator_key",
            "module.vpc.aws_subnet.private",
            "module.vpc.aws_vpc.this",
            "module.vpc.aws_vpc_ipv4_cidr_block_association.this"
          ]
        },
        {
          "index_key": 1,
          "schema_version": 0,
          "attributes": {
            "arn": "arn:aws:kms:us-east-1:803035318642:alias/khalani-hyperlane-validator-signer-1",
            "id": "alias/khalani-hyperlane-validator-signer-1",
            "name": "alias/khalani-hyperlane-validator-signer-1",
            "name_prefix": "",
            "target_key_arn": "arn:aws:kms:us-east-1:803035318642:key/8eb4c72c-aab5-4717-acdf-40bd6e92e2ca",
            "target_key_id": "8eb4c72c-aab5-4717-acdf-40bd6e92e2ca"
          },
          "sensitive_attributes": [],
          "private": "bnVsbA==",
          "dependencies": [
            "module.eks.aws_cloudwatch_log_group.this",
            "module.eks.aws_eks_cluster.this",
            "module.eks.aws_iam_role.this",
            "module.eks.aws_iam_role_policy_attachment.this",
            "module.eks.aws_security_group.cluster",
            "module.eks.aws_security_group.node",
            "module.eks.aws_security_group_rule.cluster",
            "module.eks.aws_security_group_rule.node",
            "module.eks.data.aws_caller_identity.current",
            "module.eks.data.aws_iam_policy_document.assume_role_policy",
            "module.eks.data.aws_partition.current",
            "module.eks.module.kms.aws_kms_external_key.this",
            "module.eks.module.kms.aws_kms_key.this",
            "module.eks.module.kms.data.aws_caller_identity.current",
            "module.eks.module.kms.data.aws_iam_policy_document.this",
            "module.eks.module.kms.data.aws_partition.current",
            "module.hyperlane-validator.aws_iam_role.validator_role",
            "module.hyperlane-validator.aws_kms_key.validator_key",
            "module.vpc.aws_subnet.private",
            "module.vpc.aws_vpc.this",
            "module.vpc.aws_vpc_ipv4_cidr_block_association.this"
          ]
        },
        {
          "index_key": 2,
          "schema_version": 0,
          "attributes": {
            "arn": "arn:aws:kms:us-east-1:803035318642:alias/khalani-hyperlane-validator-signer-2",
            "id": "alias/khalani-hyperlane-validator-signer-2",
            "name": "alias/khalani-hyperlane-validator-signer-2",
            "name_prefix": "",
            "target_key_arn": "arn:aws:kms:us-east-1:803035318642:key/05f1b9aa-6e84-47f0-84ad-2584473502ca",
            "target_key_id": "05f1b9aa-6e84-47f0-84ad-2584473502ca"
          },
          "sensitive_attributes": [],
          "private": "bnVsbA==",
          "dependencies": [
            "module.eks.aws_cloudwatch_log_group.this",
            "module.eks.aws_eks_cluster.this",
            "module.eks.aws_iam_role.this",
            "module.eks.aws_iam_role_policy_attachment.this",
            "module.eks.aws_security_group.cluster",
            "module.eks.aws_security_group.node",
            "module.eks.aws_security_group_rule.cluster",
            "module.eks.aws_security_group_rule.node",
            "module.eks.data.aws_caller_identity.current",
            "module.eks.data.aws_iam_policy_document.assume_role_policy",
            "module.eks.data.aws_partition.current",
            "module.eks.module.kms.aws_kms_external_key.this",
            "module.eks.module.kms.aws_kms_key.this",
            "module.eks.module.kms.data.aws_caller_identity.current",
            "module.eks.module.kms.data.aws_iam_policy_document.this",
            "module.eks.module.kms.data.aws_partition.current",
            "module.hyperlane-validator.aws_iam_role.validator_role",
            "module.hyperlane-validator.aws_kms_key.validator_key",
            "module.vpc.aws_subnet.private",
            "module.vpc.aws_vpc.this",
            "module.vpc.aws_vpc_ipv4_cidr_block_association.this"
          ]
        }
      ]
    },
    {
      "module": "module.hyperlane-validator",
      "mode": "managed",
      "type": "aws_kms_key",
      "name": "validator_key",
      "provider": "provider[\"registry.terraform.io/hashicorp/aws\"]",
      "instances": [
        {
          "index_key": 0,
          "schema_version": 0,
          "attributes": {
            "arn": "arn:aws:kms:us-east-1:803035318642:key/dea61829-8c8e-4ec4-8d35-dddd11a729c6",
            "bypass_policy_lockout_safety_check": false,
            "custom_key_store_id": "",
            "customer_master_key_spec": "ECC_SECG_P256K1",
            "deletion_window_in_days": null,
            "description": "alias/khalani-hyperlane-validator-signer-0",
            "enable_key_rotation": false,
            "id": "dea61829-8c8e-4ec4-8d35-dddd11a729c6",
            "is_enabled": true,
            "key_id": "dea61829-8c8e-4ec4-8d35-dddd11a729c6",
            "key_usage": "SIGN_VERIFY",
            "multi_region": false,
            "policy": "{\"Statement\":[{\"Action\":[\"kms:GetPublicKey\",\"kms:Sign\"],\"Effect\":\"Allow\",\"Principal\":{\"AWS\":\"arn:aws:iam::803035318642:role/khalani-hyperlane-validator-0\"},\"Resource\":\"*\"},{\"Action\":[\"kms:GetPublicKey\",\"kms:Sign\"],\"Effect\":\"Allow\",\"Principal\":{\"AWS\":\"arn:aws:iam::803035318642:role/khalani-hyperlane-trial-validator-0\"},\"Resource\":\"*\"},{\"Action\":\"kms:*\",\"Effect\":\"Allow\",\"Principal\":{\"AWS\":\"arn:aws:iam::803035318642:root\"},\"Resource\":\"*\"}],\"Version\":\"2012-10-17\"}",
            "rotation_period_in_days": 0,
            "tags": {},
            "tags_all": {},
            "timeouts": null,
            "xks_key_id": ""
          },
          "sensitive_attributes": [],
          "private": "bnVsbA==",
          "dependencies": [
            "module.eks.aws_cloudwatch_log_group.this",
            "module.eks.aws_eks_cluster.this",
            "module.eks.aws_iam_role.this",
            "module.eks.aws_iam_role_policy_attachment.this",
            "module.eks.aws_security_group.cluster",
            "module.eks.aws_security_group.node",
            "module.eks.aws_security_group_rule.cluster",
            "module.eks.aws_security_group_rule.node",
            "module.eks.data.aws_caller_identity.current",
            "module.eks.data.aws_iam_policy_document.assume_role_policy",
            "module.eks.data.aws_partition.current",
            "module.eks.module.kms.aws_kms_external_key.this",
            "module.eks.module.kms.aws_kms_key.this",
            "module.eks.module.kms.data.aws_caller_identity.current",
            "module.eks.module.kms.data.aws_iam_policy_document.this",
            "module.eks.module.kms.data.aws_partition.current",
            "module.hyperlane-validator.aws_iam_role.validator_role",
            "module.vpc.aws_subnet.private",
            "module.vpc.aws_vpc.this",
            "module.vpc.aws_vpc_ipv4_cidr_block_association.this"
          ]
        },
        {
          "index_key": 1,
          "schema_version": 0,
          "attributes": {
            "arn": "arn:aws:kms:us-east-1:803035318642:key/8eb4c72c-aab5-4717-acdf-40bd6e92e2ca",
            "bypass_policy_lockout_safety_check": false,
            "custom_key_store_id": "",
            "customer_master_key_spec": "ECC_SECG_P256K1",
            "deletion_window_in_days": null,
            "description": "alias/khalani-hyperlane-validator-signer-1",
            "enable_key_rotation": false,
            "id": "8eb4c72c-aab5-4717-acdf-40bd6e92e2ca",
            "is_enabled": true,
            "key_id": "8eb4c72c-aab5-4717-acdf-40bd6e92e2ca",
            "key_usage": "SIGN_VERIFY",
            "multi_region": false,
            "policy": "{\"Statement\":[{\"Action\":[\"kms:GetPublicKey\",\"kms:Sign\"],\"Effect\":\"Allow\",\"Principal\":{\"AWS\":\"arn:aws:iam::803035318642:role/khalani-hyperlane-validator-1\"},\"Resource\":\"*\"},{\"Action\":[\"kms:*\"],\"Effect\":\"Allow\",\"Principal\":{\"AWS\":\"arn:aws:iam::803035318642:root\"},\"Resource\":\"*\"}],\"Version\":\"2012-10-17\"}",
            "rotation_period_in_days": 0,
            "tags": {},
            "tags_all": {},
            "timeouts": null,
            "xks_key_id": ""
          },
          "sensitive_attributes": [],
          "private": "eyJlMmJmYjczMC1lY2FhLTExZTYtOGY4OC0zNDM2M2JjN2M0YzAiOnsiY3JlYXRlIjoxMjAwMDAwMDAwMDB9fQ==",
          "dependencies": [
            "module.eks.aws_cloudwatch_log_group.this",
            "module.eks.aws_eks_cluster.this",
            "module.eks.aws_iam_role.this",
            "module.eks.aws_iam_role_policy_attachment.this",
            "module.eks.aws_security_group.cluster",
            "module.eks.aws_security_group.node",
            "module.eks.aws_security_group_rule.cluster",
            "module.eks.aws_security_group_rule.node",
            "module.eks.data.aws_caller_identity.current",
            "module.eks.data.aws_iam_policy_document.assume_role_policy",
            "module.eks.data.aws_partition.current",
            "module.eks.module.kms.aws_kms_external_key.this",
            "module.eks.module.kms.aws_kms_key.this",
            "module.eks.module.kms.data.aws_caller_identity.current",
            "module.eks.module.kms.data.aws_iam_policy_document.this",
            "module.eks.module.kms.data.aws_partition.current",
            "module.hyperlane-validator.aws_iam_role.validator_role",
            "module.vpc.aws_subnet.private",
            "module.vpc.aws_vpc.this",
            "module.vpc.aws_vpc_ipv4_cidr_block_association.this"
          ]
        },
        {
          "index_key": 2,
          "schema_version": 0,
          "attributes": {
            "arn": "arn:aws:kms:us-east-1:803035318642:key/05f1b9aa-6e84-47f0-84ad-2584473502ca",
            "bypass_policy_lockout_safety_check": false,
            "custom_key_store_id": "",
            "customer_master_key_spec": "ECC_SECG_P256K1",
            "deletion_window_in_days": null,
            "description": "alias/khalani-hyperlane-validator-signer-2",
            "enable_key_rotation": false,
            "id": "05f1b9aa-6e84-47f0-84ad-2584473502ca",
            "is_enabled": true,
            "key_id": "05f1b9aa-6e84-47f0-84ad-2584473502ca",
            "key_usage": "SIGN_VERIFY",
            "multi_region": false,
            "policy": "{\"Statement\":[{\"Action\":[\"kms:GetPublicKey\",\"kms:Sign\"],\"Effect\":\"Allow\",\"Principal\":{\"AWS\":\"arn:aws:iam::803035318642:role/khalani-hyperlane-validator-2\"},\"Resource\":\"*\"},{\"Action\":[\"kms:*\"],\"Effect\":\"Allow\",\"Principal\":{\"AWS\":\"arn:aws:iam::803035318642:root\"},\"Resource\":\"*\"}],\"Version\":\"2012-10-17\"}",
            "rotation_period_in_days": 0,
            "tags": {},
            "tags_all": {},
            "timeouts": null,
            "xks_key_id": ""
          },
          "sensitive_attributes": [],
          "private": "eyJlMmJmYjczMC1lY2FhLTExZTYtOGY4OC0zNDM2M2JjN2M0YzAiOnsiY3JlYXRlIjoxMjAwMDAwMDAwMDB9fQ==",
          "dependencies": [
            "module.eks.aws_cloudwatch_log_group.this",
            "module.eks.aws_eks_cluster.this",
            "module.eks.aws_iam_role.this",
            "module.eks.aws_iam_role_policy_attachment.this",
            "module.eks.aws_security_group.cluster",
            "module.eks.aws_security_group.node",
            "module.eks.aws_security_group_rule.cluster",
            "module.eks.aws_security_group_rule.node",
            "module.eks.data.aws_caller_identity.current",
            "module.eks.data.aws_iam_policy_document.assume_role_policy",
            "module.eks.data.aws_partition.current",
            "module.eks.module.kms.aws_kms_external_key.this",
            "module.eks.module.kms.aws_kms_key.this",
            "module.eks.module.kms.data.aws_caller_identity.current",
            "module.eks.module.kms.data.aws_iam_policy_document.this",
            "module.eks.module.kms.data.aws_partition.current",
            "module.hyperlane-validator.aws_iam_role.validator_role",
            "module.vpc.aws_subnet.private",
            "module.vpc.aws_vpc.this",
            "module.vpc.aws_vpc_ipv4_cidr_block_association.this"
          ]
        }
      ]
    },
    {
      "module": "module.hyperlane-validator",
      "mode": "managed",
      "type": "aws_s3_bucket",
      "name": "bucket",
      "provider": "provider[\"registry.terraform.io/hashicorp/aws\"]",
      "instances": [
        {
          "index_key": 0,
          "schema_version": 0,
          "attributes": {
            "acceleration_status": "",
            "acl": null,
            "arn": "arn:aws:s3:::khalani-validator-signatures-0",
            "bucket": "khalani-validator-signatures-0",
            "bucket_domain_name": "khalani-validator-signatures-0.s3.amazonaws.com",
            "bucket_prefix": "",
            "bucket_regional_domain_name": "khalani-validator-signatures-0.s3.us-east-1.amazonaws.com",
            "cors_rule": [],
            "force_destroy": false,
            "grant": [
              {
                "id": "3bc8cf0784d7e39ed7d4259e44a9686c524e8228cf8e9ff743c0e9b5dfc563d4",
                "permissions": [
                  "FULL_CONTROL"
                ],
                "type": "CanonicalUser",
                "uri": ""
              }
            ],
            "hosted_zone_id": "Z3AQBSTGFYJSTF",
            "id": "khalani-validator-signatures-0",
            "lifecycle_rule": [],
            "logging": [],
            "object_lock_configuration": [],
            "object_lock_enabled": false,
            "policy": "{\"Statement\":[{\"Action\":[\"s3:GetObject\",\"s3:ListBucket\"],\"Effect\":\"Allow\",\"Principal\":\"*\",\"Resource\":[\"arn:aws:s3:::khalani-validator-signatures-0\",\"arn:aws:s3:::khalani-validator-signatures-0/*\"]},{\"Action\":[\"s3:DeleteObject\",\"s3:PutObject\"],\"Effect\":\"Allow\",\"Principal\":{\"AWS\":\"arn:aws:iam::803035318642:role/khalani-hyperlane-trial-validator-0\"},\"Resource\":\"arn:aws:s3:::khalani-validator-signatures-0/*\"}],\"Version\":\"2012-10-17\"}",
            "region": "us-east-1",
            "replication_configuration": [],
            "request_payer": "BucketOwner",
            "server_side_encryption_configuration": [
              {
                "rule": [
                  {
                    "apply_server_side_encryption_by_default": [
                      {
                        "kms_master_key_id": "",
                        "sse_algorithm": "AES256"
                      }
                    ],
                    "bucket_key_enabled": false
                  }
                ]
              }
            ],
            "tags": {},
            "tags_all": {},
            "timeouts": null,
            "versioning": [
              {
                "enabled": false,
                "mfa_delete": false
              }
            ],
            "website": [],
            "website_domain": null,
            "website_endpoint": null
          },
          "sensitive_attributes": [],
          "private": "eyJlMmJmYjczMC1lY2FhLTExZTYtOGY4OC0zNDM2M2JjN2M0YzAiOnsiY3JlYXRlIjoxMjAwMDAwMDAwMDAwLCJkZWxldGUiOjM2MDAwMDAwMDAwMDAsInJlYWQiOjEyMDAwMDAwMDAwMDAsInVwZGF0ZSI6MTIwMDAwMDAwMDAwMH19"
        },
        {
          "index_key": 1,
          "schema_version": 0,
          "attributes": {
            "acceleration_status": "",
            "acl": null,
            "arn": "arn:aws:s3:::khalani-validator-signatures-1",
            "bucket": "khalani-validator-signatures-1",
            "bucket_domain_name": "khalani-validator-signatures-1.s3.amazonaws.com",
            "bucket_prefix": "",
            "bucket_regional_domain_name": "khalani-validator-signatures-1.s3.us-east-1.amazonaws.com",
            "cors_rule": [],
            "force_destroy": false,
            "grant": [
              {
                "id": "3bc8cf0784d7e39ed7d4259e44a9686c524e8228cf8e9ff743c0e9b5dfc563d4",
                "permissions": [
                  "FULL_CONTROL"
                ],
                "type": "CanonicalUser",
                "uri": ""
              }
            ],
            "hosted_zone_id": "Z3AQBSTGFYJSTF",
            "id": "khalani-validator-signatures-1",
            "lifecycle_rule": [],
            "logging": [],
            "object_lock_configuration": [],
            "object_lock_enabled": false,
            "policy": "{\"Statement\":[{\"Action\":[\"s3:GetObject\",\"s3:ListBucket\"],\"Effect\":\"Allow\",\"Principal\":\"*\",\"Resource\":[\"arn:aws:s3:::khalani-validator-signatures-1\",\"arn:aws:s3:::khalani-validator-signatures-1/*\"]},{\"Action\":[\"s3:DeleteObject\",\"s3:PutObject\"],\"Effect\":\"Allow\",\"Principal\":{\"AWS\":\"arn:aws:iam::803035318642:role/khalani-hyperlane-validator-1\"},\"Resource\":\"arn:aws:s3:::khalani-validator-signatures-1/*\"}],\"Version\":\"2012-10-17\"}",
            "region": "us-east-1",
            "replication_configuration": [],
            "request_payer": "BucketOwner",
            "server_side_encryption_configuration": [
              {
                "rule": [
                  {
                    "apply_server_side_encryption_by_default": [
                      {
                        "kms_master_key_id": "",
                        "sse_algorithm": "AES256"
                      }
                    ],
                    "bucket_key_enabled": false
                  }
                ]
              }
            ],
            "tags": {},
            "tags_all": {},
            "timeouts": null,
            "versioning": [
              {
                "enabled": false,
                "mfa_delete": false
              }
            ],
            "website": [],
            "website_domain": null,
            "website_endpoint": null
          },
          "sensitive_attributes": [],
          "private": "eyJlMmJmYjczMC1lY2FhLTExZTYtOGY4OC0zNDM2M2JjN2M0YzAiOnsiY3JlYXRlIjoxMjAwMDAwMDAwMDAwLCJkZWxldGUiOjM2MDAwMDAwMDAwMDAsInJlYWQiOjEyMDAwMDAwMDAwMDAsInVwZGF0ZSI6MTIwMDAwMDAwMDAwMH19"
        },
        {
          "index_key": 2,
          "schema_version": 0,
          "attributes": {
            "acceleration_status": "",
            "acl": null,
            "arn": "arn:aws:s3:::khalani-validator-signatures-2",
            "bucket": "khalani-validator-signatures-2",
            "bucket_domain_name": "khalani-validator-signatures-2.s3.amazonaws.com",
            "bucket_prefix": "",
            "bucket_regional_domain_name": "khalani-validator-signatures-2.s3.us-east-1.amazonaws.com",
            "cors_rule": [],
            "force_destroy": false,
            "grant": [
              {
                "id": "3bc8cf0784d7e39ed7d4259e44a9686c524e8228cf8e9ff743c0e9b5dfc563d4",
                "permissions": [
                  "FULL_CONTROL"
                ],
                "type": "CanonicalUser",
                "uri": ""
              }
            ],
            "hosted_zone_id": "Z3AQBSTGFYJSTF",
            "id": "khalani-validator-signatures-2",
            "lifecycle_rule": [],
            "logging": [],
            "object_lock_configuration": [],
            "object_lock_enabled": false,
            "policy": "{\"Statement\":[{\"Action\":[\"s3:GetObject\",\"s3:ListBucket\"],\"Effect\":\"Allow\",\"Principal\":\"*\",\"Resource\":[\"arn:aws:s3:::khalani-validator-signatures-2\",\"arn:aws:s3:::khalani-validator-signatures-2/*\"]},{\"Action\":[\"s3:DeleteObject\",\"s3:PutObject\"],\"Effect\":\"Allow\",\"Principal\":{\"AWS\":\"arn:aws:iam::803035318642:role/khalani-hyperlane-validator-2\"},\"Resource\":\"arn:aws:s3:::khalani-validator-signatures-2/*\"}],\"Version\":\"2012-10-17\"}",
            "region": "us-east-1",
            "replication_configuration": [],
            "request_payer": "BucketOwner",
            "server_side_encryption_configuration": [
              {
                "rule": [
                  {
                    "apply_server_side_encryption_by_default": [
                      {
                        "kms_master_key_id": "",
                        "sse_algorithm": "AES256"
                      }
                    ],
                    "bucket_key_enabled": false
                  }
                ]
              }
            ],
            "tags": {},
            "tags_all": {},
            "timeouts": null,
            "versioning": [
              {
                "enabled": false,
                "mfa_delete": false
              }
            ],
            "website": [],
            "website_domain": null,
            "website_endpoint": null
          },
          "sensitive_attributes": [],
          "private": "eyJlMmJmYjczMC1lY2FhLTExZTYtOGY4OC0zNDM2M2JjN2M0YzAiOnsiY3JlYXRlIjoxMjAwMDAwMDAwMDAwLCJkZWxldGUiOjM2MDAwMDAwMDAwMDAsInJlYWQiOjEyMDAwMDAwMDAwMDAsInVwZGF0ZSI6MTIwMDAwMDAwMDAwMH19"
        }
      ]
    },
    {
      "module": "module.hyperlane-validator",
      "mode": "managed",
      "type": "aws_s3_bucket_policy",
      "name": "bucket_policy",
      "provider": "provider[\"registry.terraform.io/hashicorp/aws\"]",
      "instances": [
        {
          "index_key": 0,
          "schema_version": 0,
          "attributes": {
            "bucket": "khalani-validator-signatures-0",
            "id": "khalani-validator-signatures-0",
            "policy": "{\"Statement\":[{\"Action\":[\"s3:GetObject\",\"s3:ListBucket\"],\"Effect\":\"Allow\",\"Principal\":\"*\",\"Resource\":[\"arn:aws:s3:::khalani-validator-signatures-0\",\"arn:aws:s3:::khalani-validator-signatures-0/*\"]},{\"Action\":[\"s3:DeleteObject\",\"s3:PutObject\"],\"Effect\":\"Allow\",\"Principal\":{\"AWS\":\"arn:aws:iam::803035318642:role/khalani-hyperlane-trial-validator-0\"},\"Resource\":\"arn:aws:s3:::khalani-validator-signatures-0/*\"}],\"Version\":\"2012-10-17\"}"
          },
          "sensitive_attributes": [],
          "private": "bnVsbA==",
          "dependencies": [
            "module.eks.aws_cloudwatch_log_group.this",
            "module.eks.aws_eks_cluster.this",
            "module.eks.aws_iam_role.this",
            "module.eks.aws_iam_role_policy_attachment.this",
            "module.eks.aws_security_group.cluster",
            "module.eks.aws_security_group.node",
            "module.eks.aws_security_group_rule.cluster",
            "module.eks.aws_security_group_rule.node",
            "module.eks.data.aws_caller_identity.current",
            "module.eks.data.aws_iam_policy_document.assume_role_policy",
            "module.eks.data.aws_partition.current",
            "module.eks.module.kms.aws_kms_external_key.this",
            "module.eks.module.kms.aws_kms_key.this",
            "module.eks.module.kms.data.aws_caller_identity.current",
            "module.eks.module.kms.data.aws_iam_policy_document.this",
            "module.eks.module.kms.data.aws_partition.current",
            "module.hyperlane-validator.aws_iam_role.validator_role",
            "module.hyperlane-validator.aws_s3_bucket.bucket",
            "module.vpc.aws_subnet.private",
            "module.vpc.aws_vpc.this",
            "module.vpc.aws_vpc_ipv4_cidr_block_association.this"
          ]
        },
        {
          "index_key": 1,
          "schema_version": 0,
          "attributes": {
            "bucket": "khalani-validator-signatures-1",
            "id": "khalani-validator-signatures-1",
            "policy": "{\"Statement\":[{\"Action\":[\"s3:GetObject\",\"s3:ListBucket\"],\"Effect\":\"Allow\",\"Principal\":\"*\",\"Resource\":[\"arn:aws:s3:::khalani-validator-signatures-1\",\"arn:aws:s3:::khalani-validator-signatures-1/*\"]},{\"Action\":[\"s3:DeleteObject\",\"s3:PutObject\"],\"Effect\":\"Allow\",\"Principal\":{\"AWS\":\"arn:aws:iam::803035318642:role/khalani-hyperlane-validator-1\"},\"Resource\":\"arn:aws:s3:::khalani-validator-signatures-1/*\"}],\"Version\":\"2012-10-17\"}"
          },
          "sensitive_attributes": [],
          "private": "bnVsbA==",
          "dependencies": [
            "module.eks.aws_cloudwatch_log_group.this",
            "module.eks.aws_eks_cluster.this",
            "module.eks.aws_iam_role.this",
            "module.eks.aws_iam_role_policy_attachment.this",
            "module.eks.aws_security_group.cluster",
            "module.eks.aws_security_group.node",
            "module.eks.aws_security_group_rule.cluster",
            "module.eks.aws_security_group_rule.node",
            "module.eks.data.aws_caller_identity.current",
            "module.eks.data.aws_iam_policy_document.assume_role_policy",
            "module.eks.data.aws_partition.current",
            "module.eks.module.kms.aws_kms_external_key.this",
            "module.eks.module.kms.aws_kms_key.this",
            "module.eks.module.kms.data.aws_caller_identity.current",
            "module.eks.module.kms.data.aws_iam_policy_document.this",
            "module.eks.module.kms.data.aws_partition.current",
            "module.hyperlane-validator.aws_iam_role.validator_role",
            "module.hyperlane-validator.aws_s3_bucket.bucket",
            "module.vpc.aws_subnet.private",
            "module.vpc.aws_vpc.this",
            "module.vpc.aws_vpc_ipv4_cidr_block_association.this"
          ]
        },
        {
          "index_key": 2,
          "schema_version": 0,
          "attributes": {
            "bucket": "khalani-validator-signatures-2",
            "id": "khalani-validator-signatures-2",
            "policy": "{\"Statement\":[{\"Action\":[\"s3:GetObject\",\"s3:ListBucket\"],\"Effect\":\"Allow\",\"Principal\":\"*\",\"Resource\":[\"arn:aws:s3:::khalani-validator-signatures-2\",\"arn:aws:s3:::khalani-validator-signatures-2/*\"]},{\"Action\":[\"s3:DeleteObject\",\"s3:PutObject\"],\"Effect\":\"Allow\",\"Principal\":{\"AWS\":\"arn:aws:iam::803035318642:role/khalani-hyperlane-validator-2\"},\"Resource\":\"arn:aws:s3:::khalani-validator-signatures-2/*\"}],\"Version\":\"2012-10-17\"}"
          },
          "sensitive_attributes": [],
          "private": "bnVsbA==",
          "dependencies": [
            "module.eks.aws_cloudwatch_log_group.this",
            "module.eks.aws_eks_cluster.this",
            "module.eks.aws_iam_role.this",
            "module.eks.aws_iam_role_policy_attachment.this",
            "module.eks.aws_security_group.cluster",
            "module.eks.aws_security_group.node",
            "module.eks.aws_security_group_rule.cluster",
            "module.eks.aws_security_group_rule.node",
            "module.eks.data.aws_caller_identity.current",
            "module.eks.data.aws_iam_policy_document.assume_role_policy",
            "module.eks.data.aws_partition.current",
            "module.eks.module.kms.aws_kms_external_key.this",
            "module.eks.module.kms.aws_kms_key.this",
            "module.eks.module.kms.data.aws_caller_identity.current",
            "module.eks.module.kms.data.aws_iam_policy_document.this",
            "module.eks.module.kms.data.aws_partition.current",
            "module.hyperlane-validator.aws_iam_role.validator_role",
            "module.hyperlane-validator.aws_s3_bucket.bucket",
            "module.vpc.aws_subnet.private",
            "module.vpc.aws_vpc.this",
            "module.vpc.aws_vpc_ipv4_cidr_block_association.this"
          ]
        }
      ]
    },
    {
      "module": "module.hyperlane-validator",
      "mode": "managed",
      "type": "aws_s3_bucket_public_access_block",
      "name": "s3_public_access_block",
      "provider": "provider[\"registry.terraform.io/hashicorp/aws\"]",
      "instances": [
        {
          "index_key": 0,
          "schema_version": 0,
          "attributes": {
            "block_public_acls": false,
            "block_public_policy": false,
            "bucket": "khalani-validator-signatures-0",
            "id": "khalani-validator-signatures-0",
            "ignore_public_acls": false,
            "restrict_public_buckets": false
          },
          "sensitive_attributes": [],
          "private": "bnVsbA=="
        },
        {
          "index_key": 1,
          "schema_version": 0,
          "attributes": {
            "block_public_acls": false,
            "block_public_policy": false,
            "bucket": "khalani-validator-signatures-1",
            "id": "khalani-validator-signatures-1",
            "ignore_public_acls": false,
            "restrict_public_buckets": false
          },
          "sensitive_attributes": [],
          "private": "bnVsbA=="
        },
        {
          "index_key": 2,
          "schema_version": 0,
          "attributes": {
            "block_public_acls": false,
            "block_public_policy": false,
            "bucket": "khalani-validator-signatures-2",
            "id": "khalani-validator-signatures-2",
            "ignore_public_acls": false,
            "restrict_public_buckets": false
          },
          "sensitive_attributes": [],
          "private": "bnVsbA=="
        }
      ]
    },
    {
      "module": "module.load_balancer_irsa_role",
      "mode": "data",
      "type": "aws_caller_identity",
      "name": "current",
      "provider": "provider[\"registry.terraform.io/hashicorp/aws\"]",
      "instances": [
        {
          "schema_version": 0,
          "attributes": {
            "account_id": "803035318642",
            "arn": "arn:aws:iam::803035318642:user/Konrad-s3",
            "id": "803035318642",
            "user_id": "AIDA3V6FCRFZMJQK7AVIF"
          },
          "sensitive_attributes": []
        }
      ]
    },
    {
      "module": "module.load_balancer_irsa_role",
      "mode": "data",
      "type": "aws_iam_policy_document",
      "name": "load_balancer_controller",
      "provider": "provider[\"registry.terraform.io/hashicorp/aws\"]",
      "instances": [
        {
          "index_key": 0,
          "schema_version": 0,
          "attributes": {
            "id": "2997734474",
            "json": "{\n  \"Version\": \"2012-10-17\",\n  \"Statement\": [\n    {\n      \"Effect\": \"Allow\",\n      \"Action\": \"iam:CreateServiceLinkedRole\",\n      \"Resource\": \"*\",\n      \"Condition\": {\n        \"StringEquals\": {\n          \"iam:AWSServiceName\": \"elasticloadbalancing.amazonaws.com\"\n        }\n      }\n    },\n    {\n      \"Effect\": \"Allow\",\n      \"Action\": [\n        \"elasticloadbalancing:DescribeTrustStores\",\n        \"elasticloadbalancing:DescribeTargetHealth\",\n        \"elasticloadbalancing:DescribeTargetGroups\",\n        \"elasticloadbalancing:DescribeTargetGroupAttributes\",\n        \"elasticloadbalancing:DescribeTags\",\n        \"elasticloadbalancing:DescribeSSLPolicies\",\n        \"elasticloadbalancing:DescribeRules\",\n        \"elasticloadbalancing:DescribeLoadBalancers\",\n        \"elasticloadbalancing:DescribeLoadBalancerAttributes\",\n        \"elasticloadbalancing:DescribeListeners\",\n        \"elasticloadbalancing:DescribeListenerCertificates\",\n        \"ec2:GetCoipPoolUsage\",\n        \"ec2:DescribeVpcs\",\n        \"ec2:DescribeVpcPeeringConnections\",\n        \"ec2:DescribeTags\",\n        \"ec2:DescribeSubnets\",\n        \"ec2:DescribeSecurityGroups\",\n        \"ec2:DescribeNetworkInterfaces\",\n        \"ec2:DescribeInternetGateways\",\n        \"ec2:DescribeInstances\",\n        \"ec2:DescribeCoipPools\",\n        \"ec2:DescribeAvailabilityZones\",\n        \"ec2:DescribeAddresses\",\n        \"ec2:DescribeAccountAttributes\"\n      ],\n      \"Resource\": \"*\"\n    },\n    {\n      \"Effect\": \"Allow\",\n      \"Action\": [\n        \"wafv2:GetWebACLForResource\",\n        \"wafv2:GetWebACL\",\n        \"wafv2:DisassociateWebACL\",\n        \"wafv2:AssociateWebACL\",\n        \"waf-regional:GetWebACLForResource\",\n        \"waf-regional:GetWebACL\",\n        \"waf-regional:DisassociateWebACL\",\n        \"waf-regional:AssociateWebACL\",\n        \"shield:GetSubscriptionState\",\n        \"shield:DescribeProtection\",\n        \"shield:DeleteProtection\",\n        \"shield:CreateProtection\",\n        \"iam:ListServerCertificates\",\n        \"iam:GetServerCertificate\",\n        \"cognito-idp:DescribeUserPoolClient\",\n        \"acm:ListCertificates\",\n        \"acm:DescribeCertificate\"\n      ],\n      \"Resource\": \"*\"\n    },\n    {\n      \"Effect\": \"Allow\",\n      \"Action\": [\n        \"ec2:RevokeSecurityGroupIngress\",\n        \"ec2:CreateSecurityGroup\",\n        \"ec2:AuthorizeSecurityGroupIngress\"\n      ],\n      \"Resource\": \"*\"\n    },\n    {\n      \"Effect\": \"Allow\",\n      \"Action\": \"ec2:CreateTags\",\n      \"Resource\": \"arn:aws:ec2:*:*:security-group/*\",\n      \"Condition\": {\n        \"Null\": {\n          \"aws:RequestTag/elbv2.k8s.aws/cluster\": \"false\"\n        },\n        \"StringEquals\": {\n          \"ec2:CreateAction\": \"CreateSecurityGroup\"\n        }\n      }\n    },\n    {\n      \"Effect\": \"Allow\",\n      \"Action\": [\n        \"ec2:DeleteTags\",\n        \"ec2:CreateTags\"\n      ],\n      \"Resource\": \"arn:aws:ec2:*:*:security-group/*\",\n      \"Condition\": {\n        \"Null\": {\n          \"aws:RequestTag/elbv2.k8s.aws/cluster\": \"true\",\n          \"aws:ResourceTag/elbv2.k8s.aws/cluster\": \"false\"\n        }\n      }\n    },\n    {\n      \"Effect\": \"Allow\",\n      \"Action\": [\n        \"ec2:RevokeSecurityGroupIngress\",\n        \"ec2:DeleteSecurityGroup\",\n        \"ec2:AuthorizeSecurityGroupIngress\"\n      ],\n      \"Resource\": \"*\",\n      \"Condition\": {\n        \"Null\": {\n          \"aws:ResourceTag/elbv2.k8s.aws/cluster\": \"false\"\n        }\n      }\n    },\n    {\n      \"Effect\": \"Allow\",\n      \"Action\": [\n        \"elasticloadbalancing:CreateTargetGroup\",\n        \"elasticloadbalancing:CreateLoadBalancer\",\n        \"elasticloadbalancing:AddTags\"\n      ],\n      \"Resource\": \"*\",\n      \"Condition\": {\n        \"Null\": {\n          \"aws:RequestTag/elbv2.k8s.aws/cluster\": \"false\"\n        }\n      }\n    },\n    {\n      \"Effect\": \"Allow\",\n      \"Action\": [\n        \"elasticloadbalancing:DeleteRule\",\n        \"elasticloadbalancing:DeleteListener\",\n        \"elasticloadbalancing:CreateRule\",\n        \"elasticloadbalancing:CreateListener\",\n        \"elasticloadbalancing:AddTags\"\n      ],\n      \"Resource\": \"*\"\n    },\n    {\n      \"Effect\": \"Allow\",\n      \"Action\": [\n        \"elasticloadbalancing:RemoveTags\",\n        \"elasticloadbalancing:AddTags\"\n      ],\n      \"Resource\": [\n        \"arn:aws:elasticloadbalancing:*:*:targetgroup/*/*\",\n        \"arn:aws:elasticloadbalancing:*:*:loadbalancer/net/*/*\",\n        \"arn:aws:elasticloadbalancing:*:*:loadbalancer/app/*/*\"\n      ],\n      \"Condition\": {\n        \"Null\": {\n          \"aws:RequestTag/elbv2.k8s.aws/cluster\": \"true\",\n          \"aws:ResourceTag/elbv2.k8s.aws/cluster\": \"false\"\n        }\n      }\n    },\n    {\n      \"Effect\": \"Allow\",\n      \"Action\": [\n        \"elasticloadbalancing:RemoveTags\",\n        \"elasticloadbalancing:AddTags\"\n      ],\n      \"Resource\": [\n        \"arn:aws:elasticloadbalancing:*:*:listener/net/*/*/*\",\n        \"arn:aws:elasticloadbalancing:*:*:listener/app/*/*/*\",\n        \"arn:aws:elasticloadbalancing:*:*:listener-rule/net/*/*/*\",\n        \"arn:aws:elasticloadbalancing:*:*:listener-rule/app/*/*/*\"\n      ]\n    },\n    {\n      \"Effect\": \"Allow\",\n      \"Action\": [\n        \"elasticloadbalancing:SetSubnets\",\n        \"elasticloadbalancing:SetSecurityGroups\",\n        \"elasticloadbalancing:SetIpAddressType\",\n        \"elasticloadbalancing:ModifyTargetGroupAttributes\",\n        \"elasticloadbalancing:ModifyTargetGroup\",\n        \"elasticloadbalancing:ModifyLoadBalancerAttributes\",\n        \"elasticloadbalancing:DeleteTargetGroup\",\n        \"elasticloadbalancing:DeleteLoadBalancer\"\n      ],\n      \"Resource\": \"*\",\n      \"Condition\": {\n        \"Null\": {\n          \"aws:ResourceTag/elbv2.k8s.aws/cluster\": \"false\"\n        }\n      }\n    },\n    {\n      \"Effect\": \"Allow\",\n      \"Action\": \"elasticloadbalancing:AddTags\",\n      \"Resource\": [\n        \"arn:aws:elasticloadbalancing:*:*:targetgroup/*/*\",\n        \"arn:aws:elasticloadbalancing:*:*:loadbalancer/net/*/*\",\n        \"arn:aws:elasticloadbalancing:*:*:loadbalancer/app/*/*\"\n      ],\n      \"Condition\": {\n        \"Null\": {\n          \"aws:RequestTag/elbv2.k8s.aws/cluster\": \"false\"\n        },\n        \"StringEquals\": {\n          \"elasticloadbalancing:CreateAction\": [\n            \"CreateTargetGroup\",\n            \"CreateLoadBalancer\"\n          ]\n        }\n      }\n    },\n    {\n      \"Effect\": \"Allow\",\n      \"Action\": [\n        \"elasticloadbalancing:RegisterTargets\",\n        \"elasticloadbalancing:DeregisterTargets\"\n      ],\n      \"Resource\": \"arn:aws:elasticloadbalancing:*:*:targetgroup/*/*\"\n    },\n    {\n      \"Effect\": \"Allow\",\n      \"Action\": [\n        \"elasticloadbalancing:SetWebAcl\",\n        \"elasticloadbalancing:RemoveListenerCertificates\",\n        \"elasticloadbalancing:ModifyRule\",\n        \"elasticloadbalancing:ModifyListener\",\n        \"elasticloadbalancing:AddListenerCertificates\"\n      ],\n      \"Resource\": \"*\"\n    }\n  ]\n}",
            "minified_json": "{\"Version\":\"2012-10-17\",\"Statement\":[{\"Effect\":\"Allow\",\"Action\":\"iam:CreateServiceLinkedRole\",\"Resource\":\"*\",\"Condition\":{\"StringEquals\":{\"iam:AWSServiceName\":\"elasticloadbalancing.amazonaws.com\"}}},{\"Effect\":\"Allow\",\"Action\":[\"elasticloadbalancing:DescribeTrustStores\",\"elasticloadbalancing:DescribeTargetHealth\",\"elasticloadbalancing:DescribeTargetGroups\",\"elasticloadbalancing:DescribeTargetGroupAttributes\",\"elasticloadbalancing:DescribeTags\",\"elasticloadbalancing:DescribeSSLPolicies\",\"elasticloadbalancing:DescribeRules\",\"elasticloadbalancing:DescribeLoadBalancers\",\"elasticloadbalancing:DescribeLoadBalancerAttributes\",\"elasticloadbalancing:DescribeListeners\",\"elasticloadbalancing:DescribeListenerCertificates\",\"ec2:GetCoipPoolUsage\",\"ec2:DescribeVpcs\",\"ec2:DescribeVpcPeeringConnections\",\"ec2:DescribeTags\",\"ec2:DescribeSubnets\",\"ec2:DescribeSecurityGroups\",\"ec2:DescribeNetworkInterfaces\",\"ec2:DescribeInternetGateways\",\"ec2:DescribeInstances\",\"ec2:DescribeCoipPools\",\"ec2:DescribeAvailabilityZones\",\"ec2:DescribeAddresses\",\"ec2:DescribeAccountAttributes\"],\"Resource\":\"*\"},{\"Effect\":\"Allow\",\"Action\":[\"wafv2:GetWebACLForResource\",\"wafv2:GetWebACL\",\"wafv2:DisassociateWebACL\",\"wafv2:AssociateWebACL\",\"waf-regional:GetWebACLForResource\",\"waf-regional:GetWebACL\",\"waf-regional:DisassociateWebACL\",\"waf-regional:AssociateWebACL\",\"shield:GetSubscriptionState\",\"shield:DescribeProtection\",\"shield:DeleteProtection\",\"shield:CreateProtection\",\"iam:ListServerCertificates\",\"iam:GetServerCertificate\",\"cognito-idp:DescribeUserPoolClient\",\"acm:ListCertificates\",\"acm:DescribeCertificate\"],\"Resource\":\"*\"},{\"Effect\":\"Allow\",\"Action\":[\"ec2:RevokeSecurityGroupIngress\",\"ec2:CreateSecurityGroup\",\"ec2:AuthorizeSecurityGroupIngress\"],\"Resource\":\"*\"},{\"Effect\":\"Allow\",\"Action\":\"ec2:CreateTags\",\"Resource\":\"arn:aws:ec2:*:*:security-group/*\",\"Condition\":{\"Null\":{\"aws:RequestTag/elbv2.k8s.aws/cluster\":\"false\"},\"StringEquals\":{\"ec2:CreateAction\":\"CreateSecurityGroup\"}}},{\"Effect\":\"Allow\",\"Action\":[\"ec2:DeleteTags\",\"ec2:CreateTags\"],\"Resource\":\"arn:aws:ec2:*:*:security-group/*\",\"Condition\":{\"Null\":{\"aws:RequestTag/elbv2.k8s.aws/cluster\":\"true\",\"aws:ResourceTag/elbv2.k8s.aws/cluster\":\"false\"}}},{\"Effect\":\"Allow\",\"Action\":[\"ec2:RevokeSecurityGroupIngress\",\"ec2:DeleteSecurityGroup\",\"ec2:AuthorizeSecurityGroupIngress\"],\"Resource\":\"*\",\"Condition\":{\"Null\":{\"aws:ResourceTag/elbv2.k8s.aws/cluster\":\"false\"}}},{\"Effect\":\"Allow\",\"Action\":[\"elasticloadbalancing:CreateTargetGroup\",\"elasticloadbalancing:CreateLoadBalancer\",\"elasticloadbalancing:AddTags\"],\"Resource\":\"*\",\"Condition\":{\"Null\":{\"aws:RequestTag/elbv2.k8s.aws/cluster\":\"false\"}}},{\"Effect\":\"Allow\",\"Action\":[\"elasticloadbalancing:DeleteRule\",\"elasticloadbalancing:DeleteListener\",\"elasticloadbalancing:CreateRule\",\"elasticloadbalancing:CreateListener\",\"elasticloadbalancing:AddTags\"],\"Resource\":\"*\"},{\"Effect\":\"Allow\",\"Action\":[\"elasticloadbalancing:RemoveTags\",\"elasticloadbalancing:AddTags\"],\"Resource\":[\"arn:aws:elasticloadbalancing:*:*:targetgroup/*/*\",\"arn:aws:elasticloadbalancing:*:*:loadbalancer/net/*/*\",\"arn:aws:elasticloadbalancing:*:*:loadbalancer/app/*/*\"],\"Condition\":{\"Null\":{\"aws:RequestTag/elbv2.k8s.aws/cluster\":\"true\",\"aws:ResourceTag/elbv2.k8s.aws/cluster\":\"false\"}}},{\"Effect\":\"Allow\",\"Action\":[\"elasticloadbalancing:RemoveTags\",\"elasticloadbalancing:AddTags\"],\"Resource\":[\"arn:aws:elasticloadbalancing:*:*:listener/net/*/*/*\",\"arn:aws:elasticloadbalancing:*:*:listener/app/*/*/*\",\"arn:aws:elasticloadbalancing:*:*:listener-rule/net/*/*/*\",\"arn:aws:elasticloadbalancing:*:*:listener-rule/app/*/*/*\"]},{\"Effect\":\"Allow\",\"Action\":[\"elasticloadbalancing:SetSubnets\",\"elasticloadbalancing:SetSecurityGroups\",\"elasticloadbalancing:SetIpAddressType\",\"elasticloadbalancing:ModifyTargetGroupAttributes\",\"elasticloadbalancing:ModifyTargetGroup\",\"elasticloadbalancing:ModifyLoadBalancerAttributes\",\"elasticloadbalancing:DeleteTargetGroup\",\"elasticloadbalancing:DeleteLoadBalancer\"],\"Resource\":\"*\",\"Condition\":{\"Null\":{\"aws:ResourceTag/elbv2.k8s.aws/cluster\":\"false\"}}},{\"Effect\":\"Allow\",\"Action\":\"elasticloadbalancing:AddTags\",\"Resource\":[\"arn:aws:elasticloadbalancing:*:*:targetgroup/*/*\",\"arn:aws:elasticloadbalancing:*:*:loadbalancer/net/*/*\",\"arn:aws:elasticloadbalancing:*:*:loadbalancer/app/*/*\"],\"Condition\":{\"Null\":{\"aws:RequestTag/elbv2.k8s.aws/cluster\":\"false\"},\"StringEquals\":{\"elasticloadbalancing:CreateAction\":[\"CreateTargetGroup\",\"CreateLoadBalancer\"]}}},{\"Effect\":\"Allow\",\"Action\":[\"elasticloadbalancing:RegisterTargets\",\"elasticloadbalancing:DeregisterTargets\"],\"Resource\":\"arn:aws:elasticloadbalancing:*:*:targetgroup/*/*\"},{\"Effect\":\"Allow\",\"Action\":[\"elasticloadbalancing:SetWebAcl\",\"elasticloadbalancing:RemoveListenerCertificates\",\"elasticloadbalancing:ModifyRule\",\"elasticloadbalancing:ModifyListener\",\"elasticloadbalancing:AddListenerCertificates\"],\"Resource\":\"*\"}]}",
            "override_json": null,
            "override_policy_documents": null,
            "policy_id": null,
            "source_json": null,
            "source_policy_documents": null,
            "statement": [
              {
                "actions": [
                  "iam:CreateServiceLinkedRole"
                ],
                "condition": [
                  {
                    "test": "StringEquals",
                    "values": [
                      "elasticloadbalancing.amazonaws.com"
                    ],
                    "variable": "iam:AWSServiceName"
                  }
                ],
                "effect": "Allow",
                "not_actions": [],
                "not_principals": [],
                "not_resources": [],
                "principals": [],
                "resources": [
                  "*"
                ],
                "sid": ""
              },
              {
                "actions": [
                  "ec2:DescribeAccountAttributes",
                  "ec2:DescribeAddresses",
                  "ec2:DescribeAvailabilityZones",
                  "ec2:DescribeCoipPools",
                  "ec2:DescribeInstances",
                  "ec2:DescribeInternetGateways",
                  "ec2:DescribeNetworkInterfaces",
                  "ec2:DescribeSecurityGroups",
                  "ec2:DescribeSubnets",
                  "ec2:DescribeTags",
                  "ec2:DescribeVpcPeeringConnections",
                  "ec2:DescribeVpcs",
                  "ec2:GetCoipPoolUsage",
                  "elasticloadbalancing:DescribeListenerCertificates",
                  "elasticloadbalancing:DescribeListeners",
                  "elasticloadbalancing:DescribeLoadBalancerAttributes",
                  "elasticloadbalancing:DescribeLoadBalancers",
                  "elasticloadbalancing:DescribeRules",
                  "elasticloadbalancing:DescribeSSLPolicies",
                  "elasticloadbalancing:DescribeTags",
                  "elasticloadbalancing:DescribeTargetGroupAttributes",
                  "elasticloadbalancing:DescribeTargetGroups",
                  "elasticloadbalancing:DescribeTargetHealth",
                  "elasticloadbalancing:DescribeTrustStores"
                ],
                "condition": [],
                "effect": "Allow",
                "not_actions": [],
                "not_principals": [],
                "not_resources": [],
                "principals": [],
                "resources": [
                  "*"
                ],
                "sid": ""
              },
              {
                "actions": [
                  "acm:DescribeCertificate",
                  "acm:ListCertificates",
                  "cognito-idp:DescribeUserPoolClient",
                  "iam:GetServerCertificate",
                  "iam:ListServerCertificates",
                  "shield:CreateProtection",
                  "shield:DeleteProtection",
                  "shield:DescribeProtection",
                  "shield:GetSubscriptionState",
                  "waf-regional:AssociateWebACL",
                  "waf-regional:DisassociateWebACL",
                  "waf-regional:GetWebACL",
                  "waf-regional:GetWebACLForResource",
                  "wafv2:AssociateWebACL",
                  "wafv2:DisassociateWebACL",
                  "wafv2:GetWebACL",
                  "wafv2:GetWebACLForResource"
                ],
                "condition": [],
                "effect": "Allow",
                "not_actions": [],
                "not_principals": [],
                "not_resources": [],
                "principals": [],
                "resources": [
                  "*"
                ],
                "sid": ""
              },
              {
                "actions": [
                  "ec2:AuthorizeSecurityGroupIngress",
                  "ec2:CreateSecurityGroup",
                  "ec2:RevokeSecurityGroupIngress"
                ],
                "condition": [],
                "effect": "Allow",
                "not_actions": [],
                "not_principals": [],
                "not_resources": [],
                "principals": [],
                "resources": [
                  "*"
                ],
                "sid": ""
              },
              {
                "actions": [
                  "ec2:CreateTags"
                ],
                "condition": [
                  {
                    "test": "Null",
                    "values": [
                      "false"
                    ],
                    "variable": "aws:RequestTag/elbv2.k8s.aws/cluster"
                  },
                  {
                    "test": "StringEquals",
                    "values": [
                      "CreateSecurityGroup"
                    ],
                    "variable": "ec2:CreateAction"
                  }
                ],
                "effect": "Allow",
                "not_actions": [],
                "not_principals": [],
                "not_resources": [],
                "principals": [],
                "resources": [
                  "arn:aws:ec2:*:*:security-group/*"
                ],
                "sid": ""
              },
              {
                "actions": [
                  "ec2:CreateTags",
                  "ec2:DeleteTags"
                ],
                "condition": [
                  {
                    "test": "Null",
                    "values": [
                      "false"
                    ],
                    "variable": "aws:ResourceTag/elbv2.k8s.aws/cluster"
                  },
                  {
                    "test": "Null",
                    "values": [
                      "true"
                    ],
                    "variable": "aws:RequestTag/elbv2.k8s.aws/cluster"
                  }
                ],
                "effect": "Allow",
                "not_actions": [],
                "not_principals": [],
                "not_resources": [],
                "principals": [],
                "resources": [
                  "arn:aws:ec2:*:*:security-group/*"
                ],
                "sid": ""
              },
              {
                "actions": [
                  "ec2:AuthorizeSecurityGroupIngress",
                  "ec2:DeleteSecurityGroup",
                  "ec2:RevokeSecurityGroupIngress"
                ],
                "condition": [
                  {
                    "test": "Null",
                    "values": [
                      "false"
                    ],
                    "variable": "aws:ResourceTag/elbv2.k8s.aws/cluster"
                  }
                ],
                "effect": "Allow",
                "not_actions": [],
                "not_principals": [],
                "not_resources": [],
                "principals": [],
                "resources": [
                  "*"
                ],
                "sid": ""
              },
              {
                "actions": [
                  "elasticloadbalancing:AddTags",
                  "elasticloadbalancing:CreateLoadBalancer",
                  "elasticloadbalancing:CreateTargetGroup"
                ],
                "condition": [
                  {
                    "test": "Null",
                    "values": [
                      "false"
                    ],
                    "variable": "aws:RequestTag/elbv2.k8s.aws/cluster"
                  }
                ],
                "effect": "Allow",
                "not_actions": [],
                "not_principals": [],
                "not_resources": [],
                "principals": [],
                "resources": [
                  "*"
                ],
                "sid": ""
              },
              {
                "actions": [
                  "elasticloadbalancing:AddTags",
                  "elasticloadbalancing:CreateListener",
                  "elasticloadbalancing:CreateRule",
                  "elasticloadbalancing:DeleteListener",
                  "elasticloadbalancing:DeleteRule"
                ],
                "condition": [],
                "effect": "Allow",
                "not_actions": [],
                "not_principals": [],
                "not_resources": [],
                "principals": [],
                "resources": [
                  "*"
                ],
                "sid": ""
              },
              {
                "actions": [
                  "elasticloadbalancing:AddTags",
                  "elasticloadbalancing:RemoveTags"
                ],
                "condition": [
                  {
                    "test": "Null",
                    "values": [
                      "false"
                    ],
                    "variable": "aws:ResourceTag/elbv2.k8s.aws/cluster"
                  },
                  {
                    "test": "Null",
                    "values": [
                      "true"
                    ],
                    "variable": "aws:RequestTag/elbv2.k8s.aws/cluster"
                  }
                ],
                "effect": "Allow",
                "not_actions": [],
                "not_principals": [],
                "not_resources": [],
                "principals": [],
                "resources": [
                  "arn:aws:elasticloadbalancing:*:*:loadbalancer/app/*/*",
                  "arn:aws:elasticloadbalancing:*:*:loadbalancer/net/*/*",
                  "arn:aws:elasticloadbalancing:*:*:targetgroup/*/*"
                ],
                "sid": ""
              },
              {
                "actions": [
                  "elasticloadbalancing:AddTags",
                  "elasticloadbalancing:RemoveTags"
                ],
                "condition": [],
                "effect": "Allow",
                "not_actions": [],
                "not_principals": [],
                "not_resources": [],
                "principals": [],
                "resources": [
                  "arn:aws:elasticloadbalancing:*:*:listener-rule/app/*/*/*",
                  "arn:aws:elasticloadbalancing:*:*:listener-rule/net/*/*/*",
                  "arn:aws:elasticloadbalancing:*:*:listener/app/*/*/*",
                  "arn:aws:elasticloadbalancing:*:*:listener/net/*/*/*"
                ],
                "sid": ""
              },
              {
                "actions": [
                  "elasticloadbalancing:DeleteLoadBalancer",
                  "elasticloadbalancing:DeleteTargetGroup",
                  "elasticloadbalancing:ModifyLoadBalancerAttributes",
                  "elasticloadbalancing:ModifyTargetGroup",
                  "elasticloadbalancing:ModifyTargetGroupAttributes",
                  "elasticloadbalancing:SetIpAddressType",
                  "elasticloadbalancing:SetSecurityGroups",
                  "elasticloadbalancing:SetSubnets"
                ],
                "condition": [
                  {
                    "test": "Null",
                    "values": [
                      "false"
                    ],
                    "variable": "aws:ResourceTag/elbv2.k8s.aws/cluster"
                  }
                ],
                "effect": "Allow",
                "not_actions": [],
                "not_principals": [],
                "not_resources": [],
                "principals": [],
                "resources": [
                  "*"
                ],
                "sid": ""
              },
              {
                "actions": [
                  "elasticloadbalancing:AddTags"
                ],
                "condition": [
                  {
                    "test": "Null",
                    "values": [
                      "false"
                    ],
                    "variable": "aws:RequestTag/elbv2.k8s.aws/cluster"
                  },
                  {
                    "test": "StringEquals",
                    "values": [
                      "CreateTargetGroup",
                      "CreateLoadBalancer"
                    ],
                    "variable": "elasticloadbalancing:CreateAction"
                  }
                ],
                "effect": "Allow",
                "not_actions": [],
                "not_principals": [],
                "not_resources": [],
                "principals": [],
                "resources": [
                  "arn:aws:elasticloadbalancing:*:*:loadbalancer/app/*/*",
                  "arn:aws:elasticloadbalancing:*:*:loadbalancer/net/*/*",
                  "arn:aws:elasticloadbalancing:*:*:targetgroup/*/*"
                ],
                "sid": ""
              },
              {
                "actions": [
                  "elasticloadbalancing:DeregisterTargets",
                  "elasticloadbalancing:RegisterTargets"
                ],
                "condition": [],
                "effect": "Allow",
                "not_actions": [],
                "not_principals": [],
                "not_resources": [],
                "principals": [],
                "resources": [
                  "arn:aws:elasticloadbalancing:*:*:targetgroup/*/*"
                ],
                "sid": ""
              },
              {
                "actions": [
                  "elasticloadbalancing:AddListenerCertificates",
                  "elasticloadbalancing:ModifyListener",
                  "elasticloadbalancing:ModifyRule",
                  "elasticloadbalancing:RemoveListenerCertificates",
                  "elasticloadbalancing:SetWebAcl"
                ],
                "condition": [],
                "effect": "Allow",
                "not_actions": [],
                "not_principals": [],
                "not_resources": [],
                "principals": [],
                "resources": [
                  "*"
                ],
                "sid": ""
              }
            ],
            "version": "2012-10-17"
          },
          "sensitive_attributes": []
        }
      ]
    },
    {
      "module": "module.load_balancer_irsa_role",
      "mode": "data",
      "type": "aws_iam_policy_document",
      "name": "this",
      "provider": "provider[\"registry.terraform.io/hashicorp/aws\"]",
      "instances": [
        {
          "index_key": 0,
          "schema_version": 0,
          "attributes": {
            "id": "2506481813",
            "json": "{\n  \"Version\": \"2012-10-17\",\n  \"Statement\": [\n    {\n      \"Effect\": \"Allow\",\n      \"Action\": \"sts:AssumeRoleWithWebIdentity\",\n      \"Principal\": {\n        \"Federated\": \"arn:aws:iam::803035318642:oidc-provider/oidc.eks.us-east-1.amazonaws.com/id/32803539C78C654C14D84BD9DDB105D9\"\n      },\n      \"Condition\": {\n        \"StringEquals\": {\n          \"oidc.eks.us-east-1.amazonaws.com/id/32803539C78C654C14D84BD9DDB105D9:aud\": \"sts.amazonaws.com\",\n          \"oidc.eks.us-east-1.amazonaws.com/id/32803539C78C654C14D84BD9DDB105D9:sub\": \"system:serviceaccount:kube-system:aws-load-balancer-controller\"\n        }\n      }\n    }\n  ]\n}",
            "minified_json": "{\"Version\":\"2012-10-17\",\"Statement\":[{\"Effect\":\"Allow\",\"Action\":\"sts:AssumeRoleWithWebIdentity\",\"Principal\":{\"Federated\":\"arn:aws:iam::803035318642:oidc-provider/oidc.eks.us-east-1.amazonaws.com/id/32803539C78C654C14D84BD9DDB105D9\"},\"Condition\":{\"StringEquals\":{\"oidc.eks.us-east-1.amazonaws.com/id/32803539C78C654C14D84BD9DDB105D9:aud\":\"sts.amazonaws.com\",\"oidc.eks.us-east-1.amazonaws.com/id/32803539C78C654C14D84BD9DDB105D9:sub\":\"system:serviceaccount:kube-system:aws-load-balancer-controller\"}}}]}",
            "override_json": null,
            "override_policy_documents": null,
            "policy_id": null,
            "source_json": null,
            "source_policy_documents": null,
            "statement": [
              {
                "actions": [
                  "sts:AssumeRoleWithWebIdentity"
                ],
                "condition": [
                  {
                    "test": "StringEquals",
                    "values": [
                      "sts.amazonaws.com"
                    ],
                    "variable": "oidc.eks.us-east-1.amazonaws.com/id/32803539C78C654C14D84BD9DDB105D9:aud"
                  },
                  {
                    "test": "StringEquals",
                    "values": [
                      "system:serviceaccount:kube-system:aws-load-balancer-controller"
                    ],
                    "variable": "oidc.eks.us-east-1.amazonaws.com/id/32803539C78C654C14D84BD9DDB105D9:sub"
                  }
                ],
                "effect": "Allow",
                "not_actions": [],
                "not_principals": [],
                "not_resources": [],
                "principals": [
                  {
                    "identifiers": [
                      "arn:aws:iam::803035318642:oidc-provider/oidc.eks.us-east-1.amazonaws.com/id/32803539C78C654C14D84BD9DDB105D9"
                    ],
                    "type": "Federated"
                  }
                ],
                "resources": [],
                "sid": ""
              }
            ],
            "version": "2012-10-17"
          },
          "sensitive_attributes": []
        }
      ]
    },
    {
      "module": "module.load_balancer_irsa_role",
      "mode": "data",
      "type": "aws_partition",
      "name": "current",
      "provider": "provider[\"registry.terraform.io/hashicorp/aws\"]",
      "instances": [
        {
          "schema_version": 0,
          "attributes": {
            "dns_suffix": "amazonaws.com",
            "id": "aws",
            "partition": "aws",
            "reverse_dns_prefix": "com.amazonaws"
          },
          "sensitive_attributes": []
        }
      ]
    },
    {
      "module": "module.load_balancer_irsa_role",
      "mode": "data",
      "type": "aws_region",
      "name": "current",
      "provider": "provider[\"registry.terraform.io/hashicorp/aws\"]",
      "instances": [
        {
          "schema_version": 0,
          "attributes": {
            "description": "US East (N. Virginia)",
            "endpoint": "ec2.us-east-1.amazonaws.com",
            "id": "us-east-1",
            "name": "us-east-1"
          },
          "sensitive_attributes": []
        }
      ]
    },
    {
      "module": "module.load_balancer_irsa_role",
      "mode": "managed",
      "type": "aws_iam_policy",
      "name": "load_balancer_controller",
      "provider": "provider[\"registry.terraform.io/hashicorp/aws\"]",
      "instances": [
        {
          "index_key": 0,
          "schema_version": 0,
          "attributes": {
            "arn": "arn:aws:iam::803035318642:policy/AmazonEKS_AWS_Load_Balancer_Controller-20230630194629209700000002",
            "attachment_count": 1,
            "description": "Provides permissions for AWS Load Balancer Controller addon",
            "id": "arn:aws:iam::803035318642:policy/AmazonEKS_AWS_Load_Balancer_Controller-20230630194629209700000002",
            "name": "AmazonEKS_AWS_Load_Balancer_Controller-20230630194629209700000002",
            "name_prefix": "AmazonEKS_AWS_Load_Balancer_Controller-",
            "path": "/",
            "policy": "{\"Statement\":[{\"Action\":\"iam:CreateServiceLinkedRole\",\"Condition\":{\"StringEquals\":{\"iam:AWSServiceName\":\"elasticloadbalancing.amazonaws.com\"}},\"Effect\":\"Allow\",\"Resource\":\"*\"},{\"Action\":[\"elasticloadbalancing:DescribeTrustStores\",\"elasticloadbalancing:DescribeTargetHealth\",\"elasticloadbalancing:DescribeTargetGroups\",\"elasticloadbalancing:DescribeTargetGroupAttributes\",\"elasticloadbalancing:DescribeTags\",\"elasticloadbalancing:DescribeSSLPolicies\",\"elasticloadbalancing:DescribeRules\",\"elasticloadbalancing:DescribeLoadBalancers\",\"elasticloadbalancing:DescribeLoadBalancerAttributes\",\"elasticloadbalancing:DescribeListeners\",\"elasticloadbalancing:DescribeListenerCertificates\",\"ec2:GetCoipPoolUsage\",\"ec2:DescribeVpcs\",\"ec2:DescribeVpcPeeringConnections\",\"ec2:DescribeTags\",\"ec2:DescribeSubnets\",\"ec2:DescribeSecurityGroups\",\"ec2:DescribeNetworkInterfaces\",\"ec2:DescribeInternetGateways\",\"ec2:DescribeInstances\",\"ec2:DescribeCoipPools\",\"ec2:DescribeAvailabilityZones\",\"ec2:DescribeAddresses\",\"ec2:DescribeAccountAttributes\"],\"Effect\":\"Allow\",\"Resource\":\"*\"},{\"Action\":[\"wafv2:GetWebACLForResource\",\"wafv2:GetWebACL\",\"wafv2:DisassociateWebACL\",\"wafv2:AssociateWebACL\",\"waf-regional:GetWebACLForResource\",\"waf-regional:GetWebACL\",\"waf-regional:DisassociateWebACL\",\"waf-regional:AssociateWebACL\",\"shield:GetSubscriptionState\",\"shield:DescribeProtection\",\"shield:DeleteProtection\",\"shield:CreateProtection\",\"iam:ListServerCertificates\",\"iam:GetServerCertificate\",\"cognito-idp:DescribeUserPoolClient\",\"acm:ListCertificates\",\"acm:DescribeCertificate\"],\"Effect\":\"Allow\",\"Resource\":\"*\"},{\"Action\":[\"ec2:RevokeSecurityGroupIngress\",\"ec2:CreateSecurityGroup\",\"ec2:AuthorizeSecurityGroupIngress\"],\"Effect\":\"Allow\",\"Resource\":\"*\"},{\"Action\":\"ec2:CreateTags\",\"Condition\":{\"Null\":{\"aws:RequestTag/elbv2.k8s.aws/cluster\":\"false\"},\"StringEquals\":{\"ec2:CreateAction\":\"CreateSecurityGroup\"}},\"Effect\":\"Allow\",\"Resource\":\"arn:aws:ec2:*:*:security-group/*\"},{\"Action\":[\"ec2:DeleteTags\",\"ec2:CreateTags\"],\"Condition\":{\"Null\":{\"aws:RequestTag/elbv2.k8s.aws/cluster\":\"true\",\"aws:ResourceTag/elbv2.k8s.aws/cluster\":\"false\"}},\"Effect\":\"Allow\",\"Resource\":\"arn:aws:ec2:*:*:security-group/*\"},{\"Action\":[\"ec2:RevokeSecurityGroupIngress\",\"ec2:DeleteSecurityGroup\",\"ec2:AuthorizeSecurityGroupIngress\"],\"Condition\":{\"Null\":{\"aws:ResourceTag/elbv2.k8s.aws/cluster\":\"false\"}},\"Effect\":\"Allow\",\"Resource\":\"*\"},{\"Action\":[\"elasticloadbalancing:CreateTargetGroup\",\"elasticloadbalancing:CreateLoadBalancer\",\"elasticloadbalancing:AddTags\"],\"Condition\":{\"Null\":{\"aws:RequestTag/elbv2.k8s.aws/cluster\":\"false\"}},\"Effect\":\"Allow\",\"Resource\":\"*\"},{\"Action\":[\"elasticloadbalancing:DeleteRule\",\"elasticloadbalancing:DeleteListener\",\"elasticloadbalancing:CreateRule\",\"elasticloadbalancing:CreateListener\",\"elasticloadbalancing:AddTags\"],\"Effect\":\"Allow\",\"Resource\":\"*\"},{\"Action\":[\"elasticloadbalancing:RemoveTags\",\"elasticloadbalancing:AddTags\"],\"Condition\":{\"Null\":{\"aws:RequestTag/elbv2.k8s.aws/cluster\":\"true\",\"aws:ResourceTag/elbv2.k8s.aws/cluster\":\"false\"}},\"Effect\":\"Allow\",\"Resource\":[\"arn:aws:elasticloadbalancing:*:*:targetgroup/*/*\",\"arn:aws:elasticloadbalancing:*:*:loadbalancer/net/*/*\",\"arn:aws:elasticloadbalancing:*:*:loadbalancer/app/*/*\"]},{\"Action\":[\"elasticloadbalancing:RemoveTags\",\"elasticloadbalancing:AddTags\"],\"Effect\":\"Allow\",\"Resource\":[\"arn:aws:elasticloadbalancing:*:*:listener/net/*/*/*\",\"arn:aws:elasticloadbalancing:*:*:listener/app/*/*/*\",\"arn:aws:elasticloadbalancing:*:*:listener-rule/net/*/*/*\",\"arn:aws:elasticloadbalancing:*:*:listener-rule/app/*/*/*\"]},{\"Action\":[\"elasticloadbalancing:SetSubnets\",\"elasticloadbalancing:SetSecurityGroups\",\"elasticloadbalancing:SetIpAddressType\",\"elasticloadbalancing:ModifyTargetGroupAttributes\",\"elasticloadbalancing:ModifyTargetGroup\",\"elasticloadbalancing:ModifyLoadBalancerAttributes\",\"elasticloadbalancing:DeleteTargetGroup\",\"elasticloadbalancing:DeleteLoadBalancer\"],\"Condition\":{\"Null\":{\"aws:ResourceTag/elbv2.k8s.aws/cluster\":\"false\"}},\"Effect\":\"Allow\",\"Resource\":\"*\"},{\"Action\":\"elasticloadbalancing:AddTags\",\"Condition\":{\"Null\":{\"aws:RequestTag/elbv2.k8s.aws/cluster\":\"false\"},\"StringEquals\":{\"elasticloadbalancing:CreateAction\":[\"CreateTargetGroup\",\"CreateLoadBalancer\"]}},\"Effect\":\"Allow\",\"Resource\":[\"arn:aws:elasticloadbalancing:*:*:targetgroup/*/*\",\"arn:aws:elasticloadbalancing:*:*:loadbalancer/net/*/*\",\"arn:aws:elasticloadbalancing:*:*:loadbalancer/app/*/*\"]},{\"Action\":[\"elasticloadbalancing:RegisterTargets\",\"elasticloadbalancing:DeregisterTargets\"],\"Effect\":\"Allow\",\"Resource\":\"arn:aws:elasticloadbalancing:*:*:targetgroup/*/*\"},{\"Action\":[\"elasticloadbalancing:SetWebAcl\",\"elasticloadbalancing:RemoveListenerCertificates\",\"elasticloadbalancing:ModifyRule\",\"elasticloadbalancing:ModifyListener\",\"elasticloadbalancing:AddListenerCertificates\"],\"Effect\":\"Allow\",\"Resource\":\"*\"}],\"Version\":\"2012-10-17\"}",
            "policy_id": "ANPA3V6FCRFZLYXOCUS3N",
            "tags": {},
            "tags_all": {}
          },
          "sensitive_attributes": [],
          "private": "bnVsbA==",
          "dependencies": [
            "module.load_balancer_irsa_role.data.aws_iam_policy_document.load_balancer_controller",
            "module.load_balancer_irsa_role.data.aws_partition.current"
          ]
        }
      ]
    },
    {
      "module": "module.load_balancer_irsa_role",
      "mode": "managed",
      "type": "aws_iam_role",
      "name": "this",
      "provider": "provider[\"registry.terraform.io/hashicorp/aws\"]",
      "instances": [
        {
          "index_key": 0,
          "schema_version": 0,
          "attributes": {
            "arn": "arn:aws:iam::803035318642:role/aws-load-balancer-controller",
            "assume_role_policy": "{\"Statement\":[{\"Action\":\"sts:AssumeRoleWithWebIdentity\",\"Condition\":{\"StringEquals\":{\"oidc.eks.us-east-1.amazonaws.com/id/32803539C78C654C14D84BD9DDB105D9:aud\":\"sts.amazonaws.com\",\"oidc.eks.us-east-1.amazonaws.com/id/32803539C78C654C14D84BD9DDB105D9:sub\":\"system:serviceaccount:kube-system:aws-load-balancer-controller\"}},\"Effect\":\"Allow\",\"Principal\":{\"Federated\":\"arn:aws:iam::803035318642:oidc-provider/oidc.eks.us-east-1.amazonaws.com/id/32803539C78C654C14D84BD9DDB105D9\"}}],\"Version\":\"2012-10-17\"}",
            "create_date": "2023-06-30T20:35:17Z",
            "description": "",
            "force_detach_policies": true,
            "id": "aws-load-balancer-controller",
            "inline_policy": [],
            "managed_policy_arns": [
              "arn:aws:iam::803035318642:policy/AmazonEKS_AWS_Load_Balancer_Controller-20230630194629209700000002"
            ],
            "max_session_duration": 3600,
            "name": "aws-load-balancer-controller",
            "name_prefix": "",
            "path": "/",
            "permissions_boundary": "",
            "tags": {},
            "tags_all": {},
            "unique_id": "AROA3V6FCRFZEFMOD74GP"
          },
          "sensitive_attributes": [],
          "private": "bnVsbA==",
          "dependencies": [
            "module.eks.aws_cloudwatch_log_group.this",
            "module.eks.aws_eks_cluster.this",
            "module.eks.aws_iam_openid_connect_provider.oidc_provider",
            "module.eks.aws_iam_role.this",
            "module.eks.aws_iam_role_policy_attachment.this",
            "module.eks.aws_security_group.cluster",
            "module.eks.aws_security_group.node",
            "module.eks.aws_security_group_rule.cluster",
            "module.eks.aws_security_group_rule.node",
            "module.eks.data.aws_caller_identity.current",
            "module.eks.data.aws_iam_policy_document.assume_role_policy",
            "module.eks.data.aws_partition.current",
            "module.eks.data.tls_certificate.this",
            "module.eks.module.kms.aws_kms_external_key.this",
            "module.eks.module.kms.aws_kms_key.this",
            "module.eks.module.kms.data.aws_caller_identity.current",
            "module.eks.module.kms.data.aws_iam_policy_document.this",
            "module.eks.module.kms.data.aws_partition.current",
            "module.load_balancer_irsa_role.data.aws_caller_identity.current",
            "module.load_balancer_irsa_role.data.aws_iam_policy_document.this",
            "module.load_balancer_irsa_role.data.aws_partition.current",
            "module.vpc.aws_subnet.private",
            "module.vpc.aws_vpc.this",
            "module.vpc.aws_vpc_ipv4_cidr_block_association.this"
          ]
        }
      ]
    },
    {
      "module": "module.load_balancer_irsa_role",
      "mode": "managed",
      "type": "aws_iam_role_policy_attachment",
      "name": "load_balancer_controller",
      "provider": "provider[\"registry.terraform.io/hashicorp/aws\"]",
      "instances": [
        {
          "index_key": 0,
          "schema_version": 0,
          "attributes": {
            "id": "aws-load-balancer-controller-20230630203518523600000001",
            "policy_arn": "arn:aws:iam::803035318642:policy/AmazonEKS_AWS_Load_Balancer_Controller-20230630194629209700000002",
            "role": "aws-load-balancer-controller"
          },
          "sensitive_attributes": [],
          "private": "bnVsbA==",
          "dependencies": [
            "module.eks.aws_cloudwatch_log_group.this",
            "module.eks.aws_eks_cluster.this",
            "module.eks.aws_iam_openid_connect_provider.oidc_provider",
            "module.eks.aws_iam_role.this",
            "module.eks.aws_iam_role_policy_attachment.this",
            "module.eks.aws_security_group.cluster",
            "module.eks.aws_security_group.node",
            "module.eks.aws_security_group_rule.cluster",
            "module.eks.aws_security_group_rule.node",
            "module.eks.data.aws_caller_identity.current",
            "module.eks.data.aws_iam_policy_document.assume_role_policy",
            "module.eks.data.aws_partition.current",
            "module.eks.data.tls_certificate.this",
            "module.eks.module.kms.aws_kms_external_key.this",
            "module.eks.module.kms.aws_kms_key.this",
            "module.eks.module.kms.data.aws_caller_identity.current",
            "module.eks.module.kms.data.aws_iam_policy_document.this",
            "module.eks.module.kms.data.aws_partition.current",
            "module.load_balancer_irsa_role.aws_iam_policy.load_balancer_controller",
            "module.load_balancer_irsa_role.aws_iam_role.this",
            "module.load_balancer_irsa_role.data.aws_caller_identity.current",
            "module.load_balancer_irsa_role.data.aws_iam_policy_document.load_balancer_controller",
            "module.load_balancer_irsa_role.data.aws_iam_policy_document.this",
            "module.load_balancer_irsa_role.data.aws_partition.current",
            "module.vpc.aws_subnet.private",
            "module.vpc.aws_vpc.this",
            "module.vpc.aws_vpc_ipv4_cidr_block_association.this"
          ]
        }
      ]
    },
    {
      "module": "module.safe",
      "mode": "data",
      "type": "aws_secretsmanager_random_password",
      "name": "cfg_db_password",
      "provider": "provider[\"registry.terraform.io/hashicorp/aws\"]",
      "instances": [
        {
          "schema_version": 0,
          "attributes": {
            "exclude_characters": null,
            "exclude_lowercase": null,
            "exclude_numbers": null,
            "exclude_punctuation": true,
            "exclude_uppercase": null,
            "id": "mcRx87Kpau7FO6D09DJGZwLSxIeUxF",
            "include_space": null,
            "password_length": 30,
            "random_password": "mcRx87Kpau7FO6D09DJGZwLSxIeUxF",
            "require_each_included_type": null
          },
          "sensitive_attributes": []
        }
      ]
    },
    {
      "module": "module.safe",
      "mode": "data",
      "type": "aws_secretsmanager_random_password",
      "name": "cgw_rocket_secret_key",
      "provider": "provider[\"registry.terraform.io/hashicorp/aws\"]",
      "instances": [
        {
          "schema_version": 0,
          "attributes": {
            "exclude_characters": null,
            "exclude_lowercase": null,
            "exclude_numbers": null,
            "exclude_punctuation": true,
            "exclude_uppercase": null,
            "id": "nAeJkgiEpWsNtP51VogNn5e6dx3srfk5RsTC0jjolyX9KL0rzR0DyHSa9t7d",
            "include_space": null,
            "password_length": 60,
            "random_password": "nAeJkgiEpWsNtP51VogNn5e6dx3srfk5RsTC0jjolyX9KL0rzR0DyHSa9t7d",
            "require_each_included_type": null
          },
          "sensitive_attributes": []
        }
      ]
    },
    {
      "module": "module.safe",
      "mode": "data",
      "type": "aws_secretsmanager_random_password",
      "name": "cgw_webhook_flush_token",
      "provider": "provider[\"registry.terraform.io/hashicorp/aws\"]",
      "instances": [
        {
          "schema_version": 0,
          "attributes": {
            "exclude_characters": null,
            "exclude_lowercase": null,
            "exclude_numbers": null,
            "exclude_punctuation": true,
            "exclude_uppercase": null,
            "id": "9a5oYFVqzUZdPm2THf368xFEq5ykMq",
            "include_space": null,
            "password_length": 30,
            "random_password": "9a5oYFVqzUZdPm2THf368xFEq5ykMq",
            "require_each_included_type": null
          },
          "sensitive_attributes": []
        }
      ]
    },
    {
      "module": "module.safe",
      "mode": "data",
      "type": "aws_secretsmanager_random_password",
      "name": "django_auth_password",
      "provider": "provider[\"registry.terraform.io/hashicorp/aws\"]",
      "instances": [
        {
          "schema_version": 0,
          "attributes": {
            "exclude_characters": null,
            "exclude_lowercase": null,
            "exclude_numbers": null,
            "exclude_punctuation": true,
            "exclude_uppercase": null,
            "id": "UlBdp2aJinH2aLhntnsO6ZzJWlMeceUGYKtIE10QoPco8M990nFfk1HksmubKgLb",
            "include_space": null,
            "password_length": 64,
            "random_password": "UlBdp2aJinH2aLhntnsO6ZzJWlMeceUGYKtIE10QoPco8M990nFfk1HksmubKgLb",
            "require_each_included_type": null
          },
          "sensitive_attributes": []
        }
      ]
    },
    {
      "module": "module.safe",
      "mode": "data",
      "type": "aws_secretsmanager_random_password",
      "name": "django_secret_passwords",
      "provider": "provider[\"registry.terraform.io/hashicorp/aws\"]",
      "instances": [
        {
          "index_key": 0,
          "schema_version": 0,
          "attributes": {
            "exclude_characters": null,
            "exclude_lowercase": null,
            "exclude_numbers": null,
            "exclude_punctuation": true,
            "exclude_uppercase": null,
            "id": "Qk7FhIB3f10oRdtiortTExX9rHyhUi9SSdbY8RpaX6wSNbz2VRAenRiW76CT",
            "include_space": null,
            "password_length": 60,
            "random_password": "Qk7FhIB3f10oRdtiortTExX9rHyhUi9SSdbY8RpaX6wSNbz2VRAenRiW76CT",
            "require_each_included_type": null
          },
          "sensitive_attributes": []
        },
        {
          "index_key": 1,
          "schema_version": 0,
          "attributes": {
            "exclude_characters": null,
            "exclude_lowercase": null,
            "exclude_numbers": null,
            "exclude_punctuation": true,
            "exclude_uppercase": null,
            "id": "L8XMWnnxhdDBM8wi4lhgWF0QfULKM05hrtoQGvuzKUKiIrnpwR7HLgB09Pr4",
            "include_space": null,
            "password_length": 60,
            "random_password": "L8XMWnnxhdDBM8wi4lhgWF0QfULKM05hrtoQGvuzKUKiIrnpwR7HLgB09Pr4",
            "require_each_included_type": null
          },
          "sensitive_attributes": []
        },
        {
          "index_key": 2,
          "schema_version": 0,
          "attributes": {
            "exclude_characters": null,
            "exclude_lowercase": null,
            "exclude_numbers": null,
            "exclude_punctuation": true,
            "exclude_uppercase": null,
            "id": "nxoiLphlMKDxHjbfxadlwrdz41zYAYfj3lEUhd6SzjoY6h6POLx3IFVlR2zR",
            "include_space": null,
            "password_length": 60,
            "random_password": "nxoiLphlMKDxHjbfxadlwrdz41zYAYfj3lEUhd6SzjoY6h6POLx3IFVlR2zR",
            "require_each_included_type": null
          },
          "sensitive_attributes": []
        }
      ]
    },
    {
      "module": "module.safe",
      "mode": "data",
      "type": "aws_secretsmanager_random_password",
      "name": "secret_key_password",
      "provider": "provider[\"registry.terraform.io/hashicorp/aws\"]",
      "instances": [
        {
          "schema_version": 0,
          "attributes": {
            "exclude_characters": null,
            "exclude_lowercase": null,
            "exclude_numbers": null,
            "exclude_punctuation": true,
            "exclude_uppercase": null,
            "id": "kIkS9Grku943v3mBz4jNAlyYJzLhhE7HoLrXRtXci3ZrcWWDm3w7OeK05SMwpBB3",
            "include_space": null,
            "password_length": 64,
            "random_password": "kIkS9Grku943v3mBz4jNAlyYJzLhhE7HoLrXRtXci3ZrcWWDm3w7OeK05SMwpBB3",
            "require_each_included_type": null
          },
          "sensitive_attributes": []
        }
      ]
    },
    {
      "module": "module.safe",
      "mode": "data",
      "type": "aws_secretsmanager_random_password",
      "name": "txs_db_passwords",
      "provider": "provider[\"registry.terraform.io/hashicorp/aws\"]",
      "instances": [
        {
          "index_key": 0,
          "schema_version": 0,
          "attributes": {
            "exclude_characters": null,
            "exclude_lowercase": null,
            "exclude_numbers": null,
            "exclude_punctuation": true,
            "exclude_uppercase": null,
            "id": "fPUFsmhzzcMs402PkGhJVVPJSCkuJP",
            "include_space": null,
            "password_length": 30,
            "random_password": "fPUFsmhzzcMs402PkGhJVVPJSCkuJP",
            "require_each_included_type": null
          },
          "sensitive_attributes": []
        },
        {
          "index_key": 1,
          "schema_version": 0,
          "attributes": {
            "exclude_characters": null,
            "exclude_lowercase": null,
            "exclude_numbers": null,
            "exclude_punctuation": true,
            "exclude_uppercase": null,
            "id": "Rs6XyIQssN2NjRWl4AdEXCco0pYR6p",
            "include_space": null,
            "password_length": 30,
            "random_password": "Rs6XyIQssN2NjRWl4AdEXCco0pYR6p",
            "require_each_included_type": null
          },
          "sensitive_attributes": []
        },
        {
          "index_key": 2,
          "schema_version": 0,
          "attributes": {
            "exclude_characters": null,
            "exclude_lowercase": null,
            "exclude_numbers": null,
            "exclude_punctuation": true,
            "exclude_uppercase": null,
            "id": "Y5TQW8oXimJ66AnRKSC73BYgHtc3nN",
            "include_space": null,
            "password_length": 30,
            "random_password": "Y5TQW8oXimJ66AnRKSC73BYgHtc3nN",
            "require_each_included_type": null
          },
          "sensitive_attributes": []
        }
      ]
    },
    {
      "module": "module.safe",
      "mode": "managed",
      "type": "aws_cloudfront_distribution",
      "name": "this",
      "provider": "provider[\"registry.terraform.io/hashicorp/aws\"]",
      "instances": [
        {
          "schema_version": 1,
          "attributes": {
            "aliases": [
              "safe-ui.khalani.network"
            ],
            "arn": "arn:aws:cloudfront::803035318642:distribution/E1ZLZASCO6UE6Z",
            "caller_reference": "terraform-20230811114743204400000012",
            "comment": null,
            "continuous_deployment_policy_id": "",
            "custom_error_response": [],
            "default_cache_behavior": [
              {
                "allowed_methods": [
                  "GET",
                  "HEAD"
                ],
                "cache_policy_id": "658327ea-f89d-4fab-a63d-7e88639e58f6",
                "cached_methods": [
                  "GET",
                  "HEAD"
                ],
                "compress": true,
                "default_ttl": 0,
                "field_level_encryption_id": "",
                "forwarded_values": [],
                "function_association": [],
                "lambda_function_association": [],
                "max_ttl": 0,
                "min_ttl": 0,
                "origin_request_policy_id": "",
                "realtime_log_config_arn": "",
                "response_headers_policy_id": "",
                "smooth_streaming": false,
                "target_origin_id": "safe2023081111472994450000000a.s3.us-east-1.amazonaws.com",
                "trusted_key_groups": [],
                "trusted_signers": [],
                "viewer_protocol_policy": "allow-all"
              }
            ],
            "default_root_object": "index.html",
            "domain_name": "d43ugyw4u10c1.cloudfront.net",
            "enabled": true,
            "etag": "E113U4HYQUSUJ6",
            "hosted_zone_id": "Z2FDTNDATAQYW2",
            "http_version": "http2",
            "id": "E1ZLZASCO6UE6Z",
            "in_progress_validation_batches": 0,
            "is_ipv6_enabled": true,
            "last_modified_time": "2023-08-11 11:47:43.292 +0000 UTC",
            "logging_config": [],
            "ordered_cache_behavior": [],
            "origin": [
              {
                "connection_attempts": 3,
                "connection_timeout": 10,
                "custom_header": [],
                "custom_origin_config": [
                  {
                    "http_port": 80,
                    "https_port": 443,
                    "origin_keepalive_timeout": 5,
                    "origin_protocol_policy": "http-only",
                    "origin_read_timeout": 30,
                    "origin_ssl_protocols": [
                      "TLSv1.2"
                    ]
                  }
                ],
                "domain_name": "safe2023081111472994450000000a.s3-website-us-east-1.amazonaws.com",
                "origin_access_control_id": "",
                "origin_id": "safe2023081111472994450000000a.s3.us-east-1.amazonaws.com",
                "origin_path": "",
                "origin_shield": [],
                "s3_origin_config": []
              }
            ],
            "origin_group": [],
            "price_class": "PriceClass_200",
            "restrictions": [
              {
                "geo_restriction": [
                  {
                    "locations": [],
                    "restriction_type": "none"
                  }
                ]
              }
            ],
            "retain_on_delete": false,
            "staging": false,
            "status": "Deployed",
            "tags": {},
            "tags_all": {},
            "trusted_key_groups": [
              {
                "enabled": false,
                "items": []
              }
            ],
            "trusted_signers": [
              {
                "enabled": false,
                "items": []
              }
            ],
            "viewer_certificate": [
              {
                "acm_certificate_arn": "arn:aws:acm:us-east-1:803035318642:certificate/adc6a739-925b-40a5-9537-4306e0e3dc56",
                "cloudfront_default_certificate": false,
                "iam_certificate_id": "",
                "minimum_protocol_version": "TLSv1.2_2021",
                "ssl_support_method": "sni-only"
              }
            ],
            "wait_for_deployment": true,
            "web_acl_id": ""
          },
          "sensitive_attributes": [],
          "private": "eyJzY2hlbWFfdmVyc2lvbiI6IjEifQ==",
          "dependencies": [
            "module.safe.aws_s3_bucket.bucket",
            "module.safe.aws_s3_bucket_website_configuration.bucket_static"
          ]
        }
      ]
    },
    {
      "module": "module.safe",
      "mode": "managed",
      "type": "aws_db_instance",
      "name": "cfg",
      "provider": "provider[\"registry.terraform.io/hashicorp/aws\"]",
      "instances": [
        {
          "schema_version": 2,
          "attributes": {
            "address": "terraform-2023081111473937680000000f.cl2a6ysvczd1.us-east-1.rds.amazonaws.com",
            "allocated_storage": 50,
            "allow_major_version_upgrade": null,
            "apply_immediately": false,
            "arn": "arn:aws:rds:us-east-1:803035318642:db:terraform-2023081111473937680000000f",
            "auto_minor_version_upgrade": true,
            "availability_zone": "us-east-1f",
            "backup_retention_period": 0,
            "backup_target": "region",
            "backup_window": "06:37-07:07",
            "blue_green_update": [],
            "ca_cert_identifier": "rds-ca-2019",
            "character_set_name": "",
            "copy_tags_to_snapshot": false,
            "custom_iam_instance_profile": "",
            "customer_owned_ip_enabled": false,
            "db_name": "safe",
            "db_subnet_group_name": "default",
            "dedicated_log_volume": false,
            "delete_automated_backups": true,
            "deletion_protection": false,
            "domain": "",
            "domain_auth_secret_arn": "",
            "domain_dns_ips": [],
            "domain_fqdn": "",
            "domain_iam_role_name": "",
            "domain_ou": "",
            "enabled_cloudwatch_logs_exports": [],
            "endpoint": "terraform-2023081111473937680000000f.cl2a6ysvczd1.us-east-1.rds.amazonaws.com:5432",
            "engine": "postgres",
            "engine_lifecycle_support": "open-source-rds-extended-support",
            "engine_version": "13.15",
            "engine_version_actual": "13.15",
            "final_snapshot_identifier": null,
            "hosted_zone_id": "Z2R2ITUGPM61AM",
            "iam_database_authentication_enabled": false,
            "id": "db-Q5Z5LIL25ORGA3GHGROJFG553U",
            "identifier": "terraform-2023081111473937680000000f",
            "identifier_prefix": "terraform-",
            "instance_class": "db.t4g.small",
            "iops": 0,
            "kms_key_id": "",
            "latest_restorable_time": "",
            "license_model": "postgresql-license",
            "listener_endpoint": [],
            "maintenance_window": "sat:05:17-sat:05:47",
            "manage_master_user_password": null,
            "master_user_secret": [],
            "master_user_secret_kms_key_id": null,
            "max_allocated_storage": 0,
            "monitoring_interval": 0,
            "monitoring_role_arn": "",
            "multi_az": false,
            "nchar_character_set_name": "",
            "network_type": "IPV4",
            "option_group_name": "default:postgres-13",
            "parameter_group_name": "default.postgres13",
            "password": "fGxpHQVxaKnBspRbCjzdqnKTAElQJK",
            "performance_insights_enabled": false,
            "performance_insights_kms_key_id": "",
            "performance_insights_retention_period": 0,
            "port": 5432,
            "publicly_accessible": true,
            "replica_mode": "",
            "replicas": [],
            "replicate_source_db": "",
            "resource_id": "db-Q5Z5LIL25ORGA3GHGROJFG553U",
            "restore_to_point_in_time": [],
            "s3_import": [],
            "skip_final_snapshot": true,
            "snapshot_identifier": null,
            "status": "available",
            "storage_encrypted": false,
            "storage_throughput": 0,
            "storage_type": "gp2",
            "tags": {},
            "tags_all": {},
            "timeouts": null,
            "timezone": "",
            "upgrade_storage_config": null,
            "username": "safe",
            "vpc_security_group_ids": [
              "sg-07509eda28554c938"
            ]
          },
          "sensitive_attributes": [],
          "private": "eyJlMmJmYjczMC1lY2FhLTExZTYtOGY4OC0zNDM2M2JjN2M0YzAiOnsiY3JlYXRlIjoyNDAwMDAwMDAwMDAwLCJkZWxldGUiOjM2MDAwMDAwMDAwMDAsInVwZGF0ZSI6NDgwMDAwMDAwMDAwMH0sInNjaGVtYV92ZXJzaW9uIjoiMiJ9",
          "dependencies": [
            "module.safe.aws_security_group.this",
            "module.safe.data.aws_secretsmanager_random_password.cfg_db_password"
          ]
        }
      ]
    },
    {
      "module": "module.safe",
      "mode": "managed",
      "type": "aws_db_instance",
      "name": "txs",
      "provider": "provider[\"registry.terraform.io/hashicorp/aws\"]",
      "instances": [
        {
          "index_key": 0,
          "schema_version": 2,
          "attributes": {
            "address": "terraform-20230811114741584300000011.cl2a6ysvczd1.us-east-1.rds.amazonaws.com",
            "allocated_storage": 50,
            "allow_major_version_upgrade": null,
            "apply_immediately": false,
            "arn": "arn:aws:rds:us-east-1:803035318642:db:terraform-20230811114741584300000011",
            "auto_minor_version_upgrade": true,
            "availability_zone": "us-east-1b",
            "backup_retention_period": 0,
            "backup_target": "region",
            "backup_window": "04:35-05:05",
            "blue_green_update": [],
            "ca_cert_identifier": "rds-ca-2019",
            "character_set_name": "",
            "copy_tags_to_snapshot": false,
            "custom_iam_instance_profile": "",
            "customer_owned_ip_enabled": false,
            "db_name": "txsdb",
            "db_subnet_group_name": "default",
            "dedicated_log_volume": false,
            "delete_automated_backups": true,
            "deletion_protection": false,
            "domain": "",
            "domain_auth_secret_arn": "",
            "domain_dns_ips": [],
            "domain_fqdn": "",
            "domain_iam_role_name": "",
            "domain_ou": "",
            "enabled_cloudwatch_logs_exports": [],
            "endpoint": "terraform-20230811114741584300000011.cl2a6ysvczd1.us-east-1.rds.amazonaws.com:5432",
            "engine": "postgres",
            "engine_lifecycle_support": "open-source-rds-extended-support",
            "engine_version": "13.15",
            "engine_version_actual": "13.15",
            "final_snapshot_identifier": null,
            "hosted_zone_id": "Z2R2ITUGPM61AM",
            "iam_database_authentication_enabled": false,
            "id": "db-KUKJMVDTJDPWOUL22YUT2JWK3Y",
            "identifier": "terraform-20230811114741584300000011",
            "identifier_prefix": "terraform-",
            "instance_class": "db.t4g.small",
            "iops": 0,
            "kms_key_id": "",
            "latest_restorable_time": "",
            "license_model": "postgresql-license",
            "listener_endpoint": [],
            "maintenance_window": "sun:08:13-sun:08:43",
            "manage_master_user_password": null,
            "master_user_secret": [],
            "master_user_secret_kms_key_id": null,
            "max_allocated_storage": 0,
            "monitoring_interval": 0,
            "monitoring_role_arn": "",
            "multi_az": false,
            "nchar_character_set_name": "",
            "network_type": "IPV4",
            "option_group_name": "default:postgres-13",
            "parameter_group_name": "default.postgres13",
            "password": "dsyauhnehG2fIcU5ETtslEKDwVfMel",
            "performance_insights_enabled": false,
            "performance_insights_kms_key_id": "",
            "performance_insights_retention_period": 0,
            "port": 5432,
            "publicly_accessible": true,
            "replica_mode": "",
            "replicas": [],
            "replicate_source_db": "",
            "resource_id": "db-KUKJMVDTJDPWOUL22YUT2JWK3Y",
            "restore_to_point_in_time": [],
            "s3_import": [],
            "skip_final_snapshot": true,
            "snapshot_identifier": null,
            "status": "available",
            "storage_encrypted": false,
            "storage_throughput": 0,
            "storage_type": "gp2",
            "tags": {},
            "tags_all": {},
            "timeouts": null,
            "timezone": "",
            "upgrade_storage_config": null,
            "username": "safe",
            "vpc_security_group_ids": [
              "sg-07509eda28554c938"
            ]
          },
          "sensitive_attributes": [],
          "private": "eyJlMmJmYjczMC1lY2FhLTExZTYtOGY4OC0zNDM2M2JjN2M0YzAiOnsiY3JlYXRlIjoyNDAwMDAwMDAwMDAwLCJkZWxldGUiOjM2MDAwMDAwMDAwMDAsInVwZGF0ZSI6NDgwMDAwMDAwMDAwMH0sInNjaGVtYV92ZXJzaW9uIjoiMiJ9",
          "dependencies": [
            "module.safe.aws_security_group.this",
            "module.safe.data.aws_secretsmanager_random_password.txs_db_passwords"
          ]
        },
        {
          "index_key": 1,
          "schema_version": 2,
          "attributes": {
            "address": "terraform-20230811114739978000000010.cl2a6ysvczd1.us-east-1.rds.amazonaws.com",
            "allocated_storage": 50,
            "allow_major_version_upgrade": null,
            "apply_immediately": false,
            "arn": "arn:aws:rds:us-east-1:803035318642:db:terraform-20230811114739978000000010",
            "auto_minor_version_upgrade": true,
            "availability_zone": "us-east-1c",
            "backup_retention_period": 0,
            "backup_target": "region",
            "backup_window": "06:06-06:36",
            "blue_green_update": [],
            "ca_cert_identifier": "rds-ca-2019",
            "character_set_name": "",
            "copy_tags_to_snapshot": false,
            "custom_iam_instance_profile": "",
            "customer_owned_ip_enabled": false,
            "db_name": "txsdb",
            "db_subnet_group_name": "default",
            "dedicated_log_volume": false,
            "delete_automated_backups": true,
            "deletion_protection": false,
            "domain": "",
            "domain_auth_secret_arn": "",
            "domain_dns_ips": [],
            "domain_fqdn": "",
            "domain_iam_role_name": "",
            "domain_ou": "",
            "enabled_cloudwatch_logs_exports": [],
            "endpoint": "terraform-20230811114739978000000010.cl2a6ysvczd1.us-east-1.rds.amazonaws.com:5432",
            "engine": "postgres",
            "engine_lifecycle_support": "open-source-rds-extended-support",
            "engine_version": "13.15",
            "engine_version_actual": "13.15",
            "final_snapshot_identifier": null,
            "hosted_zone_id": "Z2R2ITUGPM61AM",
            "iam_database_authentication_enabled": false,
            "id": "db-LDV6KTSJSHMEAUXSOVX7SDIG7I",
            "identifier": "terraform-20230811114739978000000010",
            "identifier_prefix": "terraform-",
            "instance_class": "db.t4g.small",
            "iops": 0,
            "kms_key_id": "",
            "latest_restorable_time": "",
            "license_model": "postgresql-license",
            "listener_endpoint": [],
            "maintenance_window": "sun:08:44-sun:09:14",
            "manage_master_user_password": null,
            "master_user_secret": [],
            "master_user_secret_kms_key_id": null,
            "max_allocated_storage": 0,
            "monitoring_interval": 0,
            "monitoring_role_arn": "",
            "multi_az": false,
            "nchar_character_set_name": "",
            "network_type": "IPV4",
            "option_group_name": "default:postgres-13",
            "parameter_group_name": "default.postgres13",
            "password": "IDlDkBtgHUwjwJpKvwkCrP18icH0Qg",
            "performance_insights_enabled": false,
            "performance_insights_kms_key_id": "",
            "performance_insights_retention_period": 0,
            "port": 5432,
            "publicly_accessible": true,
            "replica_mode": "",
            "replicas": [],
            "replicate_source_db": "",
            "resource_id": "db-LDV6KTSJSHMEAUXSOVX7SDIG7I",
            "restore_to_point_in_time": [],
            "s3_import": [],
            "skip_final_snapshot": true,
            "snapshot_identifier": null,
            "status": "available",
            "storage_encrypted": false,
            "storage_throughput": 0,
            "storage_type": "gp2",
            "tags": {},
            "tags_all": {},
            "timeouts": null,
            "timezone": "",
            "upgrade_storage_config": null,
            "username": "safe",
            "vpc_security_group_ids": [
              "sg-07509eda28554c938"
            ]
          },
          "sensitive_attributes": [],
          "private": "eyJlMmJmYjczMC1lY2FhLTExZTYtOGY4OC0zNDM2M2JjN2M0YzAiOnsiY3JlYXRlIjoyNDAwMDAwMDAwMDAwLCJkZWxldGUiOjM2MDAwMDAwMDAwMDAsInVwZGF0ZSI6NDgwMDAwMDAwMDAwMH0sInNjaGVtYV92ZXJzaW9uIjoiMiJ9",
          "dependencies": [
            "module.safe.aws_security_group.this",
            "module.safe.data.aws_secretsmanager_random_password.txs_db_passwords"
          ]
        },
        {
          "index_key": 2,
          "schema_version": 2,
          "attributes": {
            "address": "terraform-2023081111473936390000000e.cl2a6ysvczd1.us-east-1.rds.amazonaws.com",
            "allocated_storage": 50,
            "allow_major_version_upgrade": null,
            "apply_immediately": false,
            "arn": "arn:aws:rds:us-east-1:803035318642:db:terraform-2023081111473936390000000e",
            "auto_minor_version_upgrade": true,
            "availability_zone": "us-east-1a",
            "backup_retention_period": 0,
            "backup_target": "region",
            "backup_window": "06:02-06:32",
            "blue_green_update": [],
            "ca_cert_identifier": "rds-ca-2019",
            "character_set_name": "",
            "copy_tags_to_snapshot": false,
            "custom_iam_instance_profile": "",
            "customer_owned_ip_enabled": false,
            "db_name": "txsdb",
            "db_subnet_group_name": "default",
            "dedicated_log_volume": false,
            "delete_automated_backups": true,
            "deletion_protection": false,
            "domain": "",
            "domain_auth_secret_arn": "",
            "domain_dns_ips": [],
            "domain_fqdn": "",
            "domain_iam_role_name": "",
            "domain_ou": "",
            "enabled_cloudwatch_logs_exports": [],
            "endpoint": "terraform-2023081111473936390000000e.cl2a6ysvczd1.us-east-1.rds.amazonaws.com:5432",
            "engine": "postgres",
            "engine_lifecycle_support": "open-source-rds-extended-support",
            "engine_version": "13.15",
            "engine_version_actual": "13.15",
            "final_snapshot_identifier": null,
            "hosted_zone_id": "Z2R2ITUGPM61AM",
            "iam_database_authentication_enabled": false,
            "id": "db-RCQUOLVSAIUC5RHFPB2QQSMKLQ",
            "identifier": "terraform-2023081111473936390000000e",
            "identifier_prefix": "terraform-",
            "instance_class": "db.t4g.small",
            "iops": 0,
            "kms_key_id": "",
            "latest_restorable_time": "",
            "license_model": "postgresql-license",
            "listener_endpoint": [],
            "maintenance_window": "sat:08:12-sat:08:42",
            "manage_master_user_password": null,
            "master_user_secret": [],
            "master_user_secret_kms_key_id": null,
            "max_allocated_storage": 0,
            "monitoring_interval": 0,
            "monitoring_role_arn": "",
            "multi_az": false,
            "nchar_character_set_name": "",
            "network_type": "IPV4",
            "option_group_name": "default:postgres-13",
            "parameter_group_name": "default.postgres13",
            "password": "BFf03ML992HtmFWH09pV0Rhx1Xb3it",
            "performance_insights_enabled": false,
            "performance_insights_kms_key_id": "",
            "performance_insights_retention_period": 0,
            "port": 5432,
            "publicly_accessible": true,
            "replica_mode": "",
            "replicas": [],
            "replicate_source_db": "",
            "resource_id": "db-RCQUOLVSAIUC5RHFPB2QQSMKLQ",
            "restore_to_point_in_time": [],
            "s3_import": [],
            "skip_final_snapshot": true,
            "snapshot_identifier": null,
            "status": "available",
            "storage_encrypted": false,
            "storage_throughput": 0,
            "storage_type": "gp2",
            "tags": {},
            "tags_all": {},
            "timeouts": null,
            "timezone": "",
            "upgrade_storage_config": null,
            "username": "safe",
            "vpc_security_group_ids": [
              "sg-07509eda28554c938"
            ]
          },
          "sensitive_attributes": [],
          "private": "eyJlMmJmYjczMC1lY2FhLTExZTYtOGY4OC0zNDM2M2JjN2M0YzAiOnsiY3JlYXRlIjoyNDAwMDAwMDAwMDAwLCJkZWxldGUiOjM2MDAwMDAwMDAwMDAsInVwZGF0ZSI6NDgwMDAwMDAwMDAwMH0sInNjaGVtYV92ZXJzaW9uIjoiMiJ9",
          "dependencies": [
            "module.safe.aws_security_group.this",
            "module.safe.data.aws_secretsmanager_random_password.txs_db_passwords"
          ]
        }
      ]
    },
    {
      "module": "module.safe",
      "mode": "managed",
      "type": "aws_iam_user",
      "name": "deployer",
      "provider": "provider[\"registry.terraform.io/hashicorp/aws\"]",
      "instances": [
        {
          "schema_version": 0,
          "attributes": {
            "arn": "arn:aws:iam::803035318642:user/safe-deployer",
            "force_destroy": false,
            "id": "safe-deployer",
            "name": "safe-deployer",
            "path": "/",
            "permissions_boundary": "",
            "tags": {},
            "tags_all": {},
            "unique_id": "AIDA3V6FCRFZDPNVLK3RD"
          },
          "sensitive_attributes": [],
          "private": "bnVsbA=="
        }
      ]
    },
    {
      "module": "module.safe",
      "mode": "managed",
      "type": "aws_iam_user_policy",
      "name": "deployer_policy",
      "provider": "provider[\"registry.terraform.io/hashicorp/aws\"]",
      "instances": [
        {
          "schema_version": 0,
          "attributes": {
            "id": "safe-deployer:safe-deployer",
            "name": "safe-deployer",
            "name_prefix": "",
            "policy": "{\"Version\":\"2012-10-17\",\"Statement\":[{\"Action\":[\"cloudfront:CreateInvalidation\"],\"Effect\":\"Allow\",\"Resource\":\"arn:aws:cloudfront::803035318642:distribution/E1ZLZASCO6UE6Z\"}]}",
            "user": "safe-deployer"
          },
          "sensitive_attributes": [],
          "private": "bnVsbA==",
          "dependencies": [
            "module.safe.aws_cloudfront_distribution.this",
            "module.safe.aws_iam_user.deployer",
            "module.safe.aws_s3_bucket.bucket",
            "module.safe.aws_s3_bucket_website_configuration.bucket_static"
          ]
        }
      ]
    },
    {
      "module": "module.safe",
      "mode": "managed",
      "type": "aws_route53_record",
      "name": "this",
      "provider": "provider[\"registry.terraform.io/hashicorp/aws\"]",
      "instances": [
        {
          "schema_version": 2,
          "attributes": {
            "alias": [
              {
                "evaluate_target_health": false,
                "name": "d43ugyw4u10c1.cloudfront.net",
                "zone_id": "Z2FDTNDATAQYW2"
              }
            ],
            "allow_overwrite": null,
            "cidr_routing_policy": [],
            "failover_routing_policy": [],
            "fqdn": "safe-ui.khalani.network",
            "geolocation_routing_policy": [],
            "geoproximity_routing_policy": [],
            "health_check_id": "",
            "id": "Z08187603SUPEDOLVG3SQ_safe-ui.khalani.network_A",
            "latency_routing_policy": [],
            "multivalue_answer_routing_policy": false,
            "name": "safe-ui.khalani.network",
            "records": [],
            "set_identifier": "",
            "ttl": 0,
            "type": "A",
            "weighted_routing_policy": [],
            "zone_id": "Z08187603SUPEDOLVG3SQ"
          },
          "sensitive_attributes": [],
          "private": "eyJzY2hlbWFfdmVyc2lvbiI6IjIifQ==",
          "dependencies": [
            "module.safe.aws_cloudfront_distribution.this",
            "module.safe.aws_s3_bucket.bucket",
            "module.safe.aws_s3_bucket_website_configuration.bucket_static"
          ]
        }
      ]
    },
    {
      "module": "module.safe",
      "mode": "managed",
      "type": "aws_s3_bucket",
      "name": "bucket",
      "provider": "provider[\"registry.terraform.io/hashicorp/aws\"]",
      "instances": [
        {
          "schema_version": 0,
          "attributes": {
            "acceleration_status": "",
            "acl": null,
            "arn": "arn:aws:s3:::safe2023081111472994450000000a",
            "bucket": "safe2023081111472994450000000a",
            "bucket_domain_name": "safe2023081111472994450000000a.s3.amazonaws.com",
            "bucket_prefix": "safe",
            "bucket_regional_domain_name": "safe2023081111472994450000000a.s3.us-east-1.amazonaws.com",
            "cors_rule": [],
            "force_destroy": true,
            "grant": [
              {
                "id": "3bc8cf0784d7e39ed7d4259e44a9686c524e8228cf8e9ff743c0e9b5dfc563d4",
                "permissions": [
                  "FULL_CONTROL"
                ],
                "type": "CanonicalUser",
                "uri": ""
              }
            ],
            "hosted_zone_id": "Z3AQBSTGFYJSTF",
            "id": "safe2023081111472994450000000a",
            "lifecycle_rule": [],
            "logging": [],
            "object_lock_configuration": [],
            "object_lock_enabled": false,
            "policy": "{\"Statement\":[{\"Action\":[\"s3:GetBucketLocation\",\"s3:ListBucket\"],\"Effect\":\"Allow\",\"Principal\":{\"AWS\":\"arn:aws:iam::803035318642:user/safe-deployer\"},\"Resource\":\"arn:aws:s3:::safe2023081111472994450000000a\"},{\"Action\":[\"s3:GetObject\",\"s3:PutObject\",\"s3:DeleteObject\"],\"Effect\":\"Allow\",\"Principal\":{\"AWS\":\"arn:aws:iam::803035318642:user/safe-deployer\"},\"Resource\":\"arn:aws:s3:::safe2023081111472994450000000a/*\"},{\"Action\":\"s3:GetObject\",\"Effect\":\"Allow\",\"Principal\":\"*\",\"Resource\":\"arn:aws:s3:::safe2023081111472994450000000a/*\"}],\"Version\":\"2012-10-17\"}",
            "region": "us-east-1",
            "replication_configuration": [],
            "request_payer": "BucketOwner",
            "server_side_encryption_configuration": [
              {
                "rule": [
                  {
                    "apply_server_side_encryption_by_default": [
                      {
                        "kms_master_key_id": "",
                        "sse_algorithm": "AES256"
                      }
                    ],
                    "bucket_key_enabled": false
                  }
                ]
              }
            ],
            "tags": {},
            "tags_all": {},
            "timeouts": null,
            "versioning": [
              {
                "enabled": false,
                "mfa_delete": false
              }
            ],
            "website": [
              {
                "error_document": "index.html",
                "index_document": "index.html",
                "redirect_all_requests_to": "",
                "routing_rules": ""
              }
            ],
            "website_domain": "s3-website-us-east-1.amazonaws.com",
            "website_endpoint": "safe2023081111472994450000000a.s3-website-us-east-1.amazonaws.com"
          },
          "sensitive_attributes": [],
          "private": "eyJlMmJmYjczMC1lY2FhLTExZTYtOGY4OC0zNDM2M2JjN2M0YzAiOnsiY3JlYXRlIjoxMjAwMDAwMDAwMDAwLCJkZWxldGUiOjM2MDAwMDAwMDAwMDAsInJlYWQiOjEyMDAwMDAwMDAwMDAsInVwZGF0ZSI6MTIwMDAwMDAwMDAwMH19"
        }
      ]
    },
    {
      "module": "module.safe",
      "mode": "managed",
      "type": "aws_s3_bucket_ownership_controls",
      "name": "bucket_controls",
      "provider": "provider[\"registry.terraform.io/hashicorp/aws\"]",
      "instances": [
        {
          "schema_version": 0,
          "attributes": {
            "bucket": "safe2023081111472994450000000a",
            "id": "safe2023081111472994450000000a",
            "rule": [
              {
                "object_ownership": "BucketOwnerEnforced"
              }
            ]
          },
          "sensitive_attributes": [],
          "private": "bnVsbA==",
          "dependencies": [
            "module.safe.aws_s3_bucket.bucket"
          ]
        }
      ]
    },
    {
      "module": "module.safe",
      "mode": "managed",
      "type": "aws_s3_bucket_policy",
      "name": "bucket_policy",
      "provider": "provider[\"registry.terraform.io/hashicorp/aws\"]",
      "instances": [
        {
          "schema_version": 0,
          "attributes": {
            "bucket": "safe2023081111472994450000000a",
            "id": "safe2023081111472994450000000a",
            "policy": "{\"Statement\":[{\"Action\":[\"s3:GetBucketLocation\",\"s3:ListBucket\"],\"Effect\":\"Allow\",\"Principal\":{\"AWS\":\"arn:aws:iam::803035318642:user/safe-deployer\"},\"Resource\":\"arn:aws:s3:::safe2023081111472994450000000a\"},{\"Action\":[\"s3:GetObject\",\"s3:PutObject\",\"s3:DeleteObject\"],\"Effect\":\"Allow\",\"Principal\":{\"AWS\":\"arn:aws:iam::803035318642:user/safe-deployer\"},\"Resource\":\"arn:aws:s3:::safe2023081111472994450000000a/*\"},{\"Action\":\"s3:GetObject\",\"Effect\":\"Allow\",\"Principal\":\"*\",\"Resource\":\"arn:aws:s3:::safe2023081111472994450000000a/*\"}],\"Version\":\"2012-10-17\"}"
          },
          "sensitive_attributes": [],
          "private": "bnVsbA==",
          "dependencies": [
            "module.safe.aws_iam_user.deployer",
            "module.safe.aws_s3_bucket.bucket"
          ]
        }
      ]
    },
    {
      "module": "module.safe",
      "mode": "managed",
      "type": "aws_s3_bucket_public_access_block",
      "name": "bucket_access_block",
      "provider": "provider[\"registry.terraform.io/hashicorp/aws\"]",
      "instances": [
        {
          "schema_version": 0,
          "attributes": {
            "block_public_acls": false,
            "block_public_policy": false,
            "bucket": "safe2023081111472994450000000a",
            "id": "safe2023081111472994450000000a",
            "ignore_public_acls": false,
            "restrict_public_buckets": false
          },
          "sensitive_attributes": [],
          "private": "bnVsbA==",
          "dependencies": [
            "module.safe.aws_s3_bucket.bucket"
          ]
        }
      ]
    },
    {
      "module": "module.safe",
      "mode": "managed",
      "type": "aws_s3_bucket_website_configuration",
      "name": "bucket_static",
      "provider": "provider[\"registry.terraform.io/hashicorp/aws\"]",
      "instances": [
        {
          "schema_version": 0,
          "attributes": {
            "bucket": "safe2023081111472994450000000a",
            "error_document": [
              {
                "key": "index.html"
              }
            ],
            "expected_bucket_owner": "",
            "id": "safe2023081111472994450000000a",
            "index_document": [
              {
                "suffix": "index.html"
              }
            ],
            "redirect_all_requests_to": [],
            "routing_rule": [],
            "routing_rules": "",
            "website_domain": "s3-website-us-east-1.amazonaws.com",
            "website_endpoint": "safe2023081111472994450000000a.s3-website-us-east-1.amazonaws.com"
          },
          "sensitive_attributes": [],
          "private": "bnVsbA==",
          "dependencies": [
            "module.safe.aws_s3_bucket.bucket"
          ]
        }
      ]
    },
    {
      "module": "module.safe",
      "mode": "managed",
      "type": "aws_secretsmanager_secret",
      "name": "cfg_db_secret",
      "provider": "provider[\"registry.terraform.io/hashicorp/aws\"]",
      "instances": [
        {
          "schema_version": 0,
          "attributes": {
            "arn": "arn:aws:secretsmanager:us-east-1:803035318642:secret:safe-cfg-database-secret20230811114729939500000002-HQ3mPF",
            "description": "",
            "force_overwrite_replica_secret": false,
            "id": "arn:aws:secretsmanager:us-east-1:803035318642:secret:safe-cfg-database-secret20230811114729939500000002-HQ3mPF",
            "kms_key_id": "",
            "name": "safe-cfg-database-secret20230811114729939500000002",
            "name_prefix": "safe-cfg-database-secret",
            "policy": "{\"Statement\":[{\"Action\":[\"secretsmanager:GetSecretValue\",\"secretsmanager:DescribeSecret\"],\"Effect\":\"Allow\",\"Principal\":{\"AWS\":\"arn:aws:iam::803035318642:role/safe\"},\"Resource\":\"*\"}],\"Version\":\"2012-10-17\"}",
            "recovery_window_in_days": 30,
            "replica": [],
            "tags": {},
            "tags_all": {}
          },
          "sensitive_attributes": [],
          "private": "bnVsbA=="
        }
      ]
    },
    {
      "module": "module.safe",
      "mode": "managed",
      "type": "aws_secretsmanager_secret",
      "name": "cgw_rocket_secret_key_secret",
      "provider": "provider[\"registry.terraform.io/hashicorp/aws\"]",
      "instances": [
        {
          "schema_version": 0,
          "attributes": {
            "arn": "arn:aws:secretsmanager:us-east-1:803035318642:secret:safe-cgw_rocket_secret_key20230811114729939100000001-cj7FST",
            "description": "",
            "force_overwrite_replica_secret": false,
            "id": "arn:aws:secretsmanager:us-east-1:803035318642:secret:safe-cgw_rocket_secret_key20230811114729939100000001-cj7FST",
            "kms_key_id": "",
            "name": "safe-cgw_rocket_secret_key20230811114729939100000001",
            "name_prefix": "safe-cgw_rocket_secret_key",
            "policy": "{\"Statement\":[{\"Action\":[\"secretsmanager:GetSecretValue\",\"secretsmanager:DescribeSecret\"],\"Effect\":\"Allow\",\"Principal\":{\"AWS\":\"arn:aws:iam::803035318642:role/safe\"},\"Resource\":\"*\"}],\"Version\":\"2012-10-17\"}",
            "recovery_window_in_days": 30,
            "replica": [],
            "tags": {},
            "tags_all": {}
          },
          "sensitive_attributes": [],
          "private": "bnVsbA=="
        }
      ]
    },
    {
      "module": "module.safe",
      "mode": "managed",
      "type": "aws_secretsmanager_secret",
      "name": "cgw_webhook_flush_token_secret",
      "provider": "provider[\"registry.terraform.io/hashicorp/aws\"]",
      "instances": [
        {
          "schema_version": 0,
          "attributes": {
            "arn": "arn:aws:secretsmanager:us-east-1:803035318642:secret:safe-cgw_webhook_flush_token20230811114729941200000005-LhVmxQ",
            "description": "",
            "force_overwrite_replica_secret": false,
            "id": "arn:aws:secretsmanager:us-east-1:803035318642:secret:safe-cgw_webhook_flush_token20230811114729941200000005-LhVmxQ",
            "kms_key_id": "",
            "name": "safe-cgw_webhook_flush_token20230811114729941200000005",
            "name_prefix": "safe-cgw_webhook_flush_token",
            "policy": "{\"Statement\":[{\"Action\":[\"secretsmanager:GetSecretValue\",\"secretsmanager:DescribeSecret\"],\"Effect\":\"Allow\",\"Principal\":{\"AWS\":\"arn:aws:iam::803035318642:role/safe\"},\"Resource\":\"*\"}],\"Version\":\"2012-10-17\"}",
            "recovery_window_in_days": 30,
            "replica": [],
            "tags": {},
            "tags_all": {}
          },
          "sensitive_attributes": [],
          "private": "bnVsbA=="
        }
      ]
    },
    {
      "module": "module.safe",
      "mode": "managed",
      "type": "aws_secretsmanager_secret",
      "name": "django_auth_secret",
      "provider": "provider[\"registry.terraform.io/hashicorp/aws\"]",
      "instances": [
        {
          "schema_version": 0,
          "attributes": {
            "arn": "arn:aws:secretsmanager:us-east-1:803035318642:secret:safe-django-auth-secret20230811114729941500000007-AUpZyG",
            "description": "",
            "force_overwrite_replica_secret": false,
            "id": "arn:aws:secretsmanager:us-east-1:803035318642:secret:safe-django-auth-secret20230811114729941500000007-AUpZyG",
            "kms_key_id": "",
            "name": "safe-django-auth-secret20230811114729941500000007",
            "name_prefix": "safe-django-auth-secret",
            "policy": "{\"Statement\":[{\"Action\":[\"secretsmanager:GetSecretValue\",\"secretsmanager:DescribeSecret\"],\"Effect\":\"Allow\",\"Principal\":{\"AWS\":\"arn:aws:iam::803035318642:role/safe\"},\"Resource\":\"*\"}],\"Version\":\"2012-10-17\"}",
            "recovery_window_in_days": 30,
            "replica": [],
            "tags": {},
            "tags_all": {}
          },
          "sensitive_attributes": [],
          "private": "bnVsbA=="
        }
      ]
    },
    {
      "module": "module.safe",
      "mode": "managed",
      "type": "aws_secretsmanager_secret",
      "name": "django_secrets",
      "provider": "provider[\"registry.terraform.io/hashicorp/aws\"]",
      "instances": [
        {
          "index_key": 0,
          "schema_version": 0,
          "attributes": {
            "arn": "arn:aws:secretsmanager:us-east-1:803035318642:secret:safe-django-secret-godwokenmainnet20230811114729941700000008-tZLCgH",
            "description": "",
            "force_overwrite_replica_secret": false,
            "id": "arn:aws:secretsmanager:us-east-1:803035318642:secret:safe-django-secret-godwokenmainnet20230811114729941700000008-tZLCgH",
            "kms_key_id": "",
            "name": "safe-django-secret-godwokenmainnet20230811114729941700000008",
            "name_prefix": "safe-django-secret-godwokenmainnet",
            "policy": "{\"Statement\":[{\"Action\":[\"secretsmanager:GetSecretValue\",\"secretsmanager:DescribeSecret\"],\"Effect\":\"Allow\",\"Principal\":{\"AWS\":\"arn:aws:iam::803035318642:role/safe\"},\"Resource\":\"*\"}],\"Version\":\"2012-10-17\"}",
            "recovery_window_in_days": 30,
            "replica": [],
            "tags": {},
            "tags_all": {}
          },
          "sensitive_attributes": [],
          "private": "bnVsbA=="
        },
        {
          "index_key": 1,
          "schema_version": 0,
          "attributes": {
            "arn": "arn:aws:secretsmanager:us-east-1:803035318642:secret:safe-django-secret-godwokentestnet20230811114729941500000006-EXIQPI",
            "description": "",
            "force_overwrite_replica_secret": false,
            "id": "arn:aws:secretsmanager:us-east-1:803035318642:secret:safe-django-secret-godwokentestnet20230811114729941500000006-EXIQPI",
            "kms_key_id": "",
            "name": "safe-django-secret-godwokentestnet20230811114729941500000006",
            "name_prefix": "safe-django-secret-godwokentestnet",
            "policy": "{\"Statement\":[{\"Action\":[\"secretsmanager:GetSecretValue\",\"secretsmanager:DescribeSecret\"],\"Effect\":\"Allow\",\"Principal\":{\"AWS\":\"arn:aws:iam::803035318642:role/safe\"},\"Resource\":\"*\"}],\"Version\":\"2012-10-17\"}",
            "recovery_window_in_days": 30,
            "replica": [],
            "tags": {},
            "tags_all": {}
          },
          "sensitive_attributes": [],
          "private": "bnVsbA=="
        },
        {
          "index_key": 2,
          "schema_version": 0,
          "attributes": {
            "arn": "arn:aws:secretsmanager:us-east-1:803035318642:secret:safe-django-secret-khalanitestnet20230811114729941800000009-AUpZyG",
            "description": "",
            "force_overwrite_replica_secret": false,
            "id": "arn:aws:secretsmanager:us-east-1:803035318642:secret:safe-django-secret-khalanitestnet20230811114729941800000009-AUpZyG",
            "kms_key_id": "",
            "name": "safe-django-secret-khalanitestnet20230811114729941800000009",
            "name_prefix": "safe-django-secret-khalanitestnet",
            "policy": "{\"Statement\":[{\"Action\":[\"secretsmanager:GetSecretValue\",\"secretsmanager:DescribeSecret\"],\"Effect\":\"Allow\",\"Principal\":{\"AWS\":\"arn:aws:iam::803035318642:role/safe\"},\"Resource\":\"*\"}],\"Version\":\"2012-10-17\"}",
            "recovery_window_in_days": 30,
            "replica": [],
            "tags": {},
            "tags_all": {}
          },
          "sensitive_attributes": [],
          "private": "bnVsbA=="
        }
      ]
    },
    {
      "module": "module.safe",
      "mode": "managed",
      "type": "aws_secretsmanager_secret",
      "name": "secret_key_secret",
      "provider": "provider[\"registry.terraform.io/hashicorp/aws\"]",
      "instances": [
        {
          "schema_version": 0,
          "attributes": {
            "arn": "arn:aws:secretsmanager:us-east-1:803035318642:secret:safe-secret-key-secret20230811114729941000000003-XhSA4S",
            "description": "",
            "force_overwrite_replica_secret": false,
            "id": "arn:aws:secretsmanager:us-east-1:803035318642:secret:safe-secret-key-secret20230811114729941000000003-XhSA4S",
            "kms_key_id": "",
            "name": "safe-secret-key-secret20230811114729941000000003",
            "name_prefix": "safe-secret-key-secret",
            "policy": "{\"Statement\":[{\"Action\":[\"secretsmanager:GetSecretValue\",\"secretsmanager:DescribeSecret\"],\"Effect\":\"Allow\",\"Principal\":{\"AWS\":\"arn:aws:iam::803035318642:role/safe\"},\"Resource\":\"*\"}],\"Version\":\"2012-10-17\"}",
            "recovery_window_in_days": 30,
            "replica": [],
            "tags": {},
            "tags_all": {}
          },
          "sensitive_attributes": [],
          "private": "bnVsbA=="
        }
      ]
    },
    {
      "module": "module.safe",
      "mode": "managed",
      "type": "aws_secretsmanager_secret",
      "name": "txs_db_secrets",
      "provider": "provider[\"registry.terraform.io/hashicorp/aws\"]",
      "instances": [
        {
          "index_key": 0,
          "schema_version": 0,
          "attributes": {
            "arn": "arn:aws:secretsmanager:us-east-1:803035318642:secret:safe-txs-database-secret-godwokenmainnet2023081111473077640000000c-9iBzJl",
            "description": "",
            "force_overwrite_replica_secret": false,
            "id": "arn:aws:secretsmanager:us-east-1:803035318642:secret:safe-txs-database-secret-godwokenmainnet2023081111473077640000000c-9iBzJl",
            "kms_key_id": "",
            "name": "safe-txs-database-secret-godwokenmainnet2023081111473077640000000c",
            "name_prefix": "safe-txs-database-secret-godwokenmainnet",
            "policy": "{\"Statement\":[{\"Action\":[\"secretsmanager:GetSecretValue\",\"secretsmanager:DescribeSecret\"],\"Effect\":\"Allow\",\"Principal\":{\"AWS\":\"arn:aws:iam::803035318642:role/safe\"},\"Resource\":\"*\"}],\"Version\":\"2012-10-17\"}",
            "recovery_window_in_days": 30,
            "replica": [],
            "tags": {},
            "tags_all": {}
          },
          "sensitive_attributes": [],
          "private": "bnVsbA=="
        },
        {
          "index_key": 1,
          "schema_version": 0,
          "attributes": {
            "arn": "arn:aws:secretsmanager:us-east-1:803035318642:secret:safe-txs-database-secret-godwokentestnet2023081111473077700000000d-MkK8Dl",
            "description": "",
            "force_overwrite_replica_secret": false,
            "id": "arn:aws:secretsmanager:us-east-1:803035318642:secret:safe-txs-database-secret-godwokentestnet2023081111473077700000000d-MkK8Dl",
            "kms_key_id": "",
            "name": "safe-txs-database-secret-godwokentestnet2023081111473077700000000d",
            "name_prefix": "safe-txs-database-secret-godwokentestnet",
            "policy": "{\"Statement\":[{\"Action\":[\"secretsmanager:GetSecretValue\",\"secretsmanager:DescribeSecret\"],\"Effect\":\"Allow\",\"Principal\":{\"AWS\":\"arn:aws:iam::803035318642:role/safe\"},\"Resource\":\"*\"}],\"Version\":\"2012-10-17\"}",
            "recovery_window_in_days": 30,
            "replica": [],
            "tags": {},
            "tags_all": {}
          },
          "sensitive_attributes": [],
          "private": "bnVsbA=="
        },
        {
          "index_key": 2,
          "schema_version": 0,
          "attributes": {
            "arn": "arn:aws:secretsmanager:us-east-1:803035318642:secret:safe-txs-database-secret-khalanitestnet2023081111473077620000000b-YiGmcm",
            "description": "",
            "force_overwrite_replica_secret": false,
            "id": "arn:aws:secretsmanager:us-east-1:803035318642:secret:safe-txs-database-secret-khalanitestnet2023081111473077620000000b-YiGmcm",
            "kms_key_id": "",
            "name": "safe-txs-database-secret-khalanitestnet2023081111473077620000000b",
            "name_prefix": "safe-txs-database-secret-khalanitestnet",
            "policy": "{\"Statement\":[{\"Action\":[\"secretsmanager:GetSecretValue\",\"secretsmanager:DescribeSecret\"],\"Effect\":\"Allow\",\"Principal\":{\"AWS\":\"arn:aws:iam::803035318642:role/safe\"},\"Resource\":\"*\"}],\"Version\":\"2012-10-17\"}",
            "recovery_window_in_days": 30,
            "replica": [],
            "tags": {},
            "tags_all": {}
          },
          "sensitive_attributes": [],
          "private": "bnVsbA=="
        }
      ]
    },
    {
      "module": "module.safe",
      "mode": "managed",
      "type": "aws_secretsmanager_secret_policy",
      "name": "cfg_db_secret_policy",
      "provider": "provider[\"registry.terraform.io/hashicorp/aws\"]",
      "instances": [
        {
          "schema_version": 0,
          "attributes": {
            "block_public_policy": null,
            "id": "arn:aws:secretsmanager:us-east-1:803035318642:secret:safe-cfg-database-secret20230811114729939500000002-HQ3mPF",
            "policy": "{\"Statement\":[{\"Action\":[\"secretsmanager:GetSecretValue\",\"secretsmanager:DescribeSecret\"],\"Effect\":\"Allow\",\"Principal\":{\"AWS\":\"arn:aws:iam::803035318642:role/safe\"},\"Resource\":\"*\"}],\"Version\":\"2012-10-17\"}",
            "secret_arn": "arn:aws:secretsmanager:us-east-1:803035318642:secret:safe-cfg-database-secret20230811114729939500000002-HQ3mPF"
          },
          "sensitive_attributes": [],
          "private": "bnVsbA==",
          "dependencies": [
            "module.eks.aws_cloudwatch_log_group.this",
            "module.eks.aws_eks_cluster.this",
            "module.eks.aws_iam_openid_connect_provider.oidc_provider",
            "module.eks.aws_iam_role.this",
            "module.eks.aws_iam_role_policy_attachment.this",
            "module.eks.aws_security_group.cluster",
            "module.eks.aws_security_group.node",
            "module.eks.aws_security_group_rule.cluster",
            "module.eks.aws_security_group_rule.node",
            "module.eks.data.aws_caller_identity.current",
            "module.eks.data.aws_iam_policy_document.assume_role_policy",
            "module.eks.data.aws_partition.current",
            "module.eks.data.tls_certificate.this",
            "module.eks.module.kms.aws_kms_external_key.this",
            "module.eks.module.kms.aws_kms_key.this",
            "module.eks.module.kms.data.aws_caller_identity.current",
            "module.eks.module.kms.data.aws_iam_policy_document.this",
            "module.eks.module.kms.data.aws_partition.current",
            "module.safe.aws_secretsmanager_secret.cfg_db_secret",
            "module.safe.module.irsa.aws_iam_role.this",
            "module.safe.module.irsa.data.aws_caller_identity.current",
            "module.safe.module.irsa.data.aws_iam_policy_document.this",
            "module.safe.module.irsa.data.aws_partition.current",
            "module.vpc.aws_subnet.private",
            "module.vpc.aws_vpc.this",
            "module.vpc.aws_vpc_ipv4_cidr_block_association.this"
          ]
        }
      ]
    },
    {
      "module": "module.safe",
      "mode": "managed",
      "type": "aws_secretsmanager_secret_policy",
      "name": "cgw_rocket_secret_key_secret_policy",
      "provider": "provider[\"registry.terraform.io/hashicorp/aws\"]",
      "instances": [
        {
          "schema_version": 0,
          "attributes": {
            "block_public_policy": null,
            "id": "arn:aws:secretsmanager:us-east-1:803035318642:secret:safe-cgw_rocket_secret_key20230811114729939100000001-cj7FST",
            "policy": "{\"Statement\":[{\"Action\":[\"secretsmanager:GetSecretValue\",\"secretsmanager:DescribeSecret\"],\"Effect\":\"Allow\",\"Principal\":{\"AWS\":\"arn:aws:iam::803035318642:role/safe\"},\"Resource\":\"*\"}],\"Version\":\"2012-10-17\"}",
            "secret_arn": "arn:aws:secretsmanager:us-east-1:803035318642:secret:safe-cgw_rocket_secret_key20230811114729939100000001-cj7FST"
          },
          "sensitive_attributes": [],
          "private": "bnVsbA==",
          "dependencies": [
            "module.eks.aws_cloudwatch_log_group.this",
            "module.eks.aws_eks_cluster.this",
            "module.eks.aws_iam_openid_connect_provider.oidc_provider",
            "module.eks.aws_iam_role.this",
            "module.eks.aws_iam_role_policy_attachment.this",
            "module.eks.aws_security_group.cluster",
            "module.eks.aws_security_group.node",
            "module.eks.aws_security_group_rule.cluster",
            "module.eks.aws_security_group_rule.node",
            "module.eks.data.aws_caller_identity.current",
            "module.eks.data.aws_iam_policy_document.assume_role_policy",
            "module.eks.data.aws_partition.current",
            "module.eks.data.tls_certificate.this",
            "module.eks.module.kms.aws_kms_external_key.this",
            "module.eks.module.kms.aws_kms_key.this",
            "module.eks.module.kms.data.aws_caller_identity.current",
            "module.eks.module.kms.data.aws_iam_policy_document.this",
            "module.eks.module.kms.data.aws_partition.current",
            "module.safe.aws_secretsmanager_secret.cgw_rocket_secret_key_secret",
            "module.safe.module.irsa.aws_iam_role.this",
            "module.safe.module.irsa.data.aws_caller_identity.current",
            "module.safe.module.irsa.data.aws_iam_policy_document.this",
            "module.safe.module.irsa.data.aws_partition.current",
            "module.vpc.aws_subnet.private",
            "module.vpc.aws_vpc.this",
            "module.vpc.aws_vpc_ipv4_cidr_block_association.this"
          ]
        }
      ]
    },
    {
      "module": "module.safe",
      "mode": "managed",
      "type": "aws_secretsmanager_secret_policy",
      "name": "cgw_webhook_flush_token_secret_policy",
      "provider": "provider[\"registry.terraform.io/hashicorp/aws\"]",
      "instances": [
        {
          "schema_version": 0,
          "attributes": {
            "block_public_policy": null,
            "id": "arn:aws:secretsmanager:us-east-1:803035318642:secret:safe-cgw_webhook_flush_token20230811114729941200000005-LhVmxQ",
            "policy": "{\"Statement\":[{\"Action\":[\"secretsmanager:GetSecretValue\",\"secretsmanager:DescribeSecret\"],\"Effect\":\"Allow\",\"Principal\":{\"AWS\":\"arn:aws:iam::803035318642:role/safe\"},\"Resource\":\"*\"}],\"Version\":\"2012-10-17\"}",
            "secret_arn": "arn:aws:secretsmanager:us-east-1:803035318642:secret:safe-cgw_webhook_flush_token20230811114729941200000005-LhVmxQ"
          },
          "sensitive_attributes": [],
          "private": "bnVsbA==",
          "dependencies": [
            "module.eks.aws_cloudwatch_log_group.this",
            "module.eks.aws_eks_cluster.this",
            "module.eks.aws_iam_openid_connect_provider.oidc_provider",
            "module.eks.aws_iam_role.this",
            "module.eks.aws_iam_role_policy_attachment.this",
            "module.eks.aws_security_group.cluster",
            "module.eks.aws_security_group.node",
            "module.eks.aws_security_group_rule.cluster",
            "module.eks.aws_security_group_rule.node",
            "module.eks.data.aws_caller_identity.current",
            "module.eks.data.aws_iam_policy_document.assume_role_policy",
            "module.eks.data.aws_partition.current",
            "module.eks.data.tls_certificate.this",
            "module.eks.module.kms.aws_kms_external_key.this",
            "module.eks.module.kms.aws_kms_key.this",
            "module.eks.module.kms.data.aws_caller_identity.current",
            "module.eks.module.kms.data.aws_iam_policy_document.this",
            "module.eks.module.kms.data.aws_partition.current",
            "module.safe.aws_secretsmanager_secret.cgw_webhook_flush_token_secret",
            "module.safe.module.irsa.aws_iam_role.this",
            "module.safe.module.irsa.data.aws_caller_identity.current",
            "module.safe.module.irsa.data.aws_iam_policy_document.this",
            "module.safe.module.irsa.data.aws_partition.current",
            "module.vpc.aws_subnet.private",
            "module.vpc.aws_vpc.this",
            "module.vpc.aws_vpc_ipv4_cidr_block_association.this"
          ]
        }
      ]
    },
    {
      "module": "module.safe",
      "mode": "managed",
      "type": "aws_secretsmanager_secret_policy",
      "name": "django_auth_secret_policy",
      "provider": "provider[\"registry.terraform.io/hashicorp/aws\"]",
      "instances": [
        {
          "schema_version": 0,
          "attributes": {
            "block_public_policy": null,
            "id": "arn:aws:secretsmanager:us-east-1:803035318642:secret:safe-django-auth-secret20230811114729941500000007-AUpZyG",
            "policy": "{\"Statement\":[{\"Action\":[\"secretsmanager:GetSecretValue\",\"secretsmanager:DescribeSecret\"],\"Effect\":\"Allow\",\"Principal\":{\"AWS\":\"arn:aws:iam::803035318642:role/safe\"},\"Resource\":\"*\"}],\"Version\":\"2012-10-17\"}",
            "secret_arn": "arn:aws:secretsmanager:us-east-1:803035318642:secret:safe-django-auth-secret20230811114729941500000007-AUpZyG"
          },
          "sensitive_attributes": [],
          "private": "bnVsbA==",
          "dependencies": [
            "module.eks.aws_cloudwatch_log_group.this",
            "module.eks.aws_eks_cluster.this",
            "module.eks.aws_iam_openid_connect_provider.oidc_provider",
            "module.eks.aws_iam_role.this",
            "module.eks.aws_iam_role_policy_attachment.this",
            "module.eks.aws_security_group.cluster",
            "module.eks.aws_security_group.node",
            "module.eks.aws_security_group_rule.cluster",
            "module.eks.aws_security_group_rule.node",
            "module.eks.data.aws_caller_identity.current",
            "module.eks.data.aws_iam_policy_document.assume_role_policy",
            "module.eks.data.aws_partition.current",
            "module.eks.data.tls_certificate.this",
            "module.eks.module.kms.aws_kms_external_key.this",
            "module.eks.module.kms.aws_kms_key.this",
            "module.eks.module.kms.data.aws_caller_identity.current",
            "module.eks.module.kms.data.aws_iam_policy_document.this",
            "module.eks.module.kms.data.aws_partition.current",
            "module.safe.aws_secretsmanager_secret.django_auth_secret",
            "module.safe.module.irsa.aws_iam_role.this",
            "module.safe.module.irsa.data.aws_caller_identity.current",
            "module.safe.module.irsa.data.aws_iam_policy_document.this",
            "module.safe.module.irsa.data.aws_partition.current",
            "module.vpc.aws_subnet.private",
            "module.vpc.aws_vpc.this",
            "module.vpc.aws_vpc_ipv4_cidr_block_association.this"
          ]
        }
      ]
    },
    {
      "module": "module.safe",
      "mode": "managed",
      "type": "aws_secretsmanager_secret_policy",
      "name": "django_secrets_policies",
      "provider": "provider[\"registry.terraform.io/hashicorp/aws\"]",
      "instances": [
        {
          "index_key": 0,
          "schema_version": 0,
          "attributes": {
            "block_public_policy": null,
            "id": "arn:aws:secretsmanager:us-east-1:803035318642:secret:safe-django-secret-godwokenmainnet20230811114729941700000008-tZLCgH",
            "policy": "{\"Statement\":[{\"Action\":[\"secretsmanager:GetSecretValue\",\"secretsmanager:DescribeSecret\"],\"Effect\":\"Allow\",\"Principal\":{\"AWS\":\"arn:aws:iam::803035318642:role/safe\"},\"Resource\":\"*\"}],\"Version\":\"2012-10-17\"}",
            "secret_arn": "arn:aws:secretsmanager:us-east-1:803035318642:secret:safe-django-secret-godwokenmainnet20230811114729941700000008-tZLCgH"
          },
          "sensitive_attributes": [],
          "private": "bnVsbA==",
          "dependencies": [
            "module.eks.aws_cloudwatch_log_group.this",
            "module.eks.aws_eks_cluster.this",
            "module.eks.aws_iam_openid_connect_provider.oidc_provider",
            "module.eks.aws_iam_role.this",
            "module.eks.aws_iam_role_policy_attachment.this",
            "module.eks.aws_security_group.cluster",
            "module.eks.aws_security_group.node",
            "module.eks.aws_security_group_rule.cluster",
            "module.eks.aws_security_group_rule.node",
            "module.eks.data.aws_caller_identity.current",
            "module.eks.data.aws_iam_policy_document.assume_role_policy",
            "module.eks.data.aws_partition.current",
            "module.eks.data.tls_certificate.this",
            "module.eks.module.kms.aws_kms_external_key.this",
            "module.eks.module.kms.aws_kms_key.this",
            "module.eks.module.kms.data.aws_caller_identity.current",
            "module.eks.module.kms.data.aws_iam_policy_document.this",
            "module.eks.module.kms.data.aws_partition.current",
            "module.safe.aws_secretsmanager_secret.django_secrets",
            "module.safe.module.irsa.aws_iam_role.this",
            "module.safe.module.irsa.data.aws_caller_identity.current",
            "module.safe.module.irsa.data.aws_iam_policy_document.this",
            "module.safe.module.irsa.data.aws_partition.current",
            "module.vpc.aws_subnet.private",
            "module.vpc.aws_vpc.this",
            "module.vpc.aws_vpc_ipv4_cidr_block_association.this"
          ]
        },
        {
          "index_key": 1,
          "schema_version": 0,
          "attributes": {
            "block_public_policy": null,
            "id": "arn:aws:secretsmanager:us-east-1:803035318642:secret:safe-django-secret-godwokentestnet20230811114729941500000006-EXIQPI",
            "policy": "{\"Statement\":[{\"Action\":[\"secretsmanager:GetSecretValue\",\"secretsmanager:DescribeSecret\"],\"Effect\":\"Allow\",\"Principal\":{\"AWS\":\"arn:aws:iam::803035318642:role/safe\"},\"Resource\":\"*\"}],\"Version\":\"2012-10-17\"}",
            "secret_arn": "arn:aws:secretsmanager:us-east-1:803035318642:secret:safe-django-secret-godwokentestnet20230811114729941500000006-EXIQPI"
          },
          "sensitive_attributes": [],
          "private": "bnVsbA==",
          "dependencies": [
            "module.eks.aws_cloudwatch_log_group.this",
            "module.eks.aws_eks_cluster.this",
            "module.eks.aws_iam_openid_connect_provider.oidc_provider",
            "module.eks.aws_iam_role.this",
            "module.eks.aws_iam_role_policy_attachment.this",
            "module.eks.aws_security_group.cluster",
            "module.eks.aws_security_group.node",
            "module.eks.aws_security_group_rule.cluster",
            "module.eks.aws_security_group_rule.node",
            "module.eks.data.aws_caller_identity.current",
            "module.eks.data.aws_iam_policy_document.assume_role_policy",
            "module.eks.data.aws_partition.current",
            "module.eks.data.tls_certificate.this",
            "module.eks.module.kms.aws_kms_external_key.this",
            "module.eks.module.kms.aws_kms_key.this",
            "module.eks.module.kms.data.aws_caller_identity.current",
            "module.eks.module.kms.data.aws_iam_policy_document.this",
            "module.eks.module.kms.data.aws_partition.current",
            "module.safe.aws_secretsmanager_secret.django_secrets",
            "module.safe.module.irsa.aws_iam_role.this",
            "module.safe.module.irsa.data.aws_caller_identity.current",
            "module.safe.module.irsa.data.aws_iam_policy_document.this",
            "module.safe.module.irsa.data.aws_partition.current",
            "module.vpc.aws_subnet.private",
            "module.vpc.aws_vpc.this",
            "module.vpc.aws_vpc_ipv4_cidr_block_association.this"
          ]
        },
        {
          "index_key": 2,
          "schema_version": 0,
          "attributes": {
            "block_public_policy": null,
            "id": "arn:aws:secretsmanager:us-east-1:803035318642:secret:safe-django-secret-khalanitestnet20230811114729941800000009-AUpZyG",
            "policy": "{\"Statement\":[{\"Action\":[\"secretsmanager:GetSecretValue\",\"secretsmanager:DescribeSecret\"],\"Effect\":\"Allow\",\"Principal\":{\"AWS\":\"arn:aws:iam::803035318642:role/safe\"},\"Resource\":\"*\"}],\"Version\":\"2012-10-17\"}",
            "secret_arn": "arn:aws:secretsmanager:us-east-1:803035318642:secret:safe-django-secret-khalanitestnet20230811114729941800000009-AUpZyG"
          },
          "sensitive_attributes": [],
          "private": "bnVsbA==",
          "dependencies": [
            "module.eks.aws_cloudwatch_log_group.this",
            "module.eks.aws_eks_cluster.this",
            "module.eks.aws_iam_openid_connect_provider.oidc_provider",
            "module.eks.aws_iam_role.this",
            "module.eks.aws_iam_role_policy_attachment.this",
            "module.eks.aws_security_group.cluster",
            "module.eks.aws_security_group.node",
            "module.eks.aws_security_group_rule.cluster",
            "module.eks.aws_security_group_rule.node",
            "module.eks.data.aws_caller_identity.current",
            "module.eks.data.aws_iam_policy_document.assume_role_policy",
            "module.eks.data.aws_partition.current",
            "module.eks.data.tls_certificate.this",
            "module.eks.module.kms.aws_kms_external_key.this",
            "module.eks.module.kms.aws_kms_key.this",
            "module.eks.module.kms.data.aws_caller_identity.current",
            "module.eks.module.kms.data.aws_iam_policy_document.this",
            "module.eks.module.kms.data.aws_partition.current",
            "module.safe.aws_secretsmanager_secret.django_secrets",
            "module.safe.module.irsa.aws_iam_role.this",
            "module.safe.module.irsa.data.aws_caller_identity.current",
            "module.safe.module.irsa.data.aws_iam_policy_document.this",
            "module.safe.module.irsa.data.aws_partition.current",
            "module.vpc.aws_subnet.private",
            "module.vpc.aws_vpc.this",
            "module.vpc.aws_vpc_ipv4_cidr_block_association.this"
          ]
        }
      ]
    },
    {
      "module": "module.safe",
      "mode": "managed",
      "type": "aws_secretsmanager_secret_policy",
      "name": "secret_key_secret_policy",
      "provider": "provider[\"registry.terraform.io/hashicorp/aws\"]",
      "instances": [
        {
          "schema_version": 0,
          "attributes": {
            "block_public_policy": null,
            "id": "arn:aws:secretsmanager:us-east-1:803035318642:secret:safe-secret-key-secret20230811114729941000000003-XhSA4S",
            "policy": "{\"Statement\":[{\"Action\":[\"secretsmanager:GetSecretValue\",\"secretsmanager:DescribeSecret\"],\"Effect\":\"Allow\",\"Principal\":{\"AWS\":\"arn:aws:iam::803035318642:role/safe\"},\"Resource\":\"*\"}],\"Version\":\"2012-10-17\"}",
            "secret_arn": "arn:aws:secretsmanager:us-east-1:803035318642:secret:safe-secret-key-secret20230811114729941000000003-XhSA4S"
          },
          "sensitive_attributes": [],
          "private": "bnVsbA==",
          "dependencies": [
            "module.eks.aws_cloudwatch_log_group.this",
            "module.eks.aws_eks_cluster.this",
            "module.eks.aws_iam_openid_connect_provider.oidc_provider",
            "module.eks.aws_iam_role.this",
            "module.eks.aws_iam_role_policy_attachment.this",
            "module.eks.aws_security_group.cluster",
            "module.eks.aws_security_group.node",
            "module.eks.aws_security_group_rule.cluster",
            "module.eks.aws_security_group_rule.node",
            "module.eks.data.aws_caller_identity.current",
            "module.eks.data.aws_iam_policy_document.assume_role_policy",
            "module.eks.data.aws_partition.current",
            "module.eks.data.tls_certificate.this",
            "module.eks.module.kms.aws_kms_external_key.this",
            "module.eks.module.kms.aws_kms_key.this",
            "module.eks.module.kms.data.aws_caller_identity.current",
            "module.eks.module.kms.data.aws_iam_policy_document.this",
            "module.eks.module.kms.data.aws_partition.current",
            "module.safe.aws_secretsmanager_secret.secret_key_secret",
            "module.safe.module.irsa.aws_iam_role.this",
            "module.safe.module.irsa.data.aws_caller_identity.current",
            "module.safe.module.irsa.data.aws_iam_policy_document.this",
            "module.safe.module.irsa.data.aws_partition.current",
            "module.vpc.aws_subnet.private",
            "module.vpc.aws_vpc.this",
            "module.vpc.aws_vpc_ipv4_cidr_block_association.this"
          ]
        }
      ]
    },
    {
      "module": "module.safe",
      "mode": "managed",
      "type": "aws_secretsmanager_secret_policy",
      "name": "txs_db_secret_policies",
      "provider": "provider[\"registry.terraform.io/hashicorp/aws\"]",
      "instances": [
        {
          "index_key": 0,
          "schema_version": 0,
          "attributes": {
            "block_public_policy": null,
            "id": "arn:aws:secretsmanager:us-east-1:803035318642:secret:safe-txs-database-secret-godwokenmainnet2023081111473077640000000c-9iBzJl",
            "policy": "{\"Statement\":[{\"Action\":[\"secretsmanager:GetSecretValue\",\"secretsmanager:DescribeSecret\"],\"Effect\":\"Allow\",\"Principal\":{\"AWS\":\"arn:aws:iam::803035318642:role/safe\"},\"Resource\":\"*\"}],\"Version\":\"2012-10-17\"}",
            "secret_arn": "arn:aws:secretsmanager:us-east-1:803035318642:secret:safe-txs-database-secret-godwokenmainnet2023081111473077640000000c-9iBzJl"
          },
          "sensitive_attributes": [],
          "private": "bnVsbA==",
          "dependencies": [
            "module.eks.aws_cloudwatch_log_group.this",
            "module.eks.aws_eks_cluster.this",
            "module.eks.aws_iam_openid_connect_provider.oidc_provider",
            "module.eks.aws_iam_role.this",
            "module.eks.aws_iam_role_policy_attachment.this",
            "module.eks.aws_security_group.cluster",
            "module.eks.aws_security_group.node",
            "module.eks.aws_security_group_rule.cluster",
            "module.eks.aws_security_group_rule.node",
            "module.eks.data.aws_caller_identity.current",
            "module.eks.data.aws_iam_policy_document.assume_role_policy",
            "module.eks.data.aws_partition.current",
            "module.eks.data.tls_certificate.this",
            "module.eks.module.kms.aws_kms_external_key.this",
            "module.eks.module.kms.aws_kms_key.this",
            "module.eks.module.kms.data.aws_caller_identity.current",
            "module.eks.module.kms.data.aws_iam_policy_document.this",
            "module.eks.module.kms.data.aws_partition.current",
            "module.safe.aws_secretsmanager_secret.txs_db_secrets",
            "module.safe.module.irsa.aws_iam_role.this",
            "module.safe.module.irsa.data.aws_caller_identity.current",
            "module.safe.module.irsa.data.aws_iam_policy_document.this",
            "module.safe.module.irsa.data.aws_partition.current",
            "module.vpc.aws_subnet.private",
            "module.vpc.aws_vpc.this",
            "module.vpc.aws_vpc_ipv4_cidr_block_association.this"
          ]
        },
        {
          "index_key": 1,
          "schema_version": 0,
          "attributes": {
            "block_public_policy": null,
            "id": "arn:aws:secretsmanager:us-east-1:803035318642:secret:safe-txs-database-secret-godwokentestnet2023081111473077700000000d-MkK8Dl",
            "policy": "{\"Statement\":[{\"Action\":[\"secretsmanager:GetSecretValue\",\"secretsmanager:DescribeSecret\"],\"Effect\":\"Allow\",\"Principal\":{\"AWS\":\"arn:aws:iam::803035318642:role/safe\"},\"Resource\":\"*\"}],\"Version\":\"2012-10-17\"}",
            "secret_arn": "arn:aws:secretsmanager:us-east-1:803035318642:secret:safe-txs-database-secret-godwokentestnet2023081111473077700000000d-MkK8Dl"
          },
          "sensitive_attributes": [],
          "private": "bnVsbA==",
          "dependencies": [
            "module.eks.aws_cloudwatch_log_group.this",
            "module.eks.aws_eks_cluster.this",
            "module.eks.aws_iam_openid_connect_provider.oidc_provider",
            "module.eks.aws_iam_role.this",
            "module.eks.aws_iam_role_policy_attachment.this",
            "module.eks.aws_security_group.cluster",
            "module.eks.aws_security_group.node",
            "module.eks.aws_security_group_rule.cluster",
            "module.eks.aws_security_group_rule.node",
            "module.eks.data.aws_caller_identity.current",
            "module.eks.data.aws_iam_policy_document.assume_role_policy",
            "module.eks.data.aws_partition.current",
            "module.eks.data.tls_certificate.this",
            "module.eks.module.kms.aws_kms_external_key.this",
            "module.eks.module.kms.aws_kms_key.this",
            "module.eks.module.kms.data.aws_caller_identity.current",
            "module.eks.module.kms.data.aws_iam_policy_document.this",
            "module.eks.module.kms.data.aws_partition.current",
            "module.safe.aws_secretsmanager_secret.txs_db_secrets",
            "module.safe.module.irsa.aws_iam_role.this",
            "module.safe.module.irsa.data.aws_caller_identity.current",
            "module.safe.module.irsa.data.aws_iam_policy_document.this",
            "module.safe.module.irsa.data.aws_partition.current",
            "module.vpc.aws_subnet.private",
            "module.vpc.aws_vpc.this",
            "module.vpc.aws_vpc_ipv4_cidr_block_association.this"
          ]
        },
        {
          "index_key": 2,
          "schema_version": 0,
          "attributes": {
            "block_public_policy": null,
            "id": "arn:aws:secretsmanager:us-east-1:803035318642:secret:safe-txs-database-secret-khalanitestnet2023081111473077620000000b-YiGmcm",
            "policy": "{\"Statement\":[{\"Action\":[\"secretsmanager:GetSecretValue\",\"secretsmanager:DescribeSecret\"],\"Effect\":\"Allow\",\"Principal\":{\"AWS\":\"arn:aws:iam::803035318642:role/safe\"},\"Resource\":\"*\"}],\"Version\":\"2012-10-17\"}",
            "secret_arn": "arn:aws:secretsmanager:us-east-1:803035318642:secret:safe-txs-database-secret-khalanitestnet2023081111473077620000000b-YiGmcm"
          },
          "sensitive_attributes": [],
          "private": "bnVsbA==",
          "dependencies": [
            "module.eks.aws_cloudwatch_log_group.this",
            "module.eks.aws_eks_cluster.this",
            "module.eks.aws_iam_openid_connect_provider.oidc_provider",
            "module.eks.aws_iam_role.this",
            "module.eks.aws_iam_role_policy_attachment.this",
            "module.eks.aws_security_group.cluster",
            "module.eks.aws_security_group.node",
            "module.eks.aws_security_group_rule.cluster",
            "module.eks.aws_security_group_rule.node",
            "module.eks.data.aws_caller_identity.current",
            "module.eks.data.aws_iam_policy_document.assume_role_policy",
            "module.eks.data.aws_partition.current",
            "module.eks.data.tls_certificate.this",
            "module.eks.module.kms.aws_kms_external_key.this",
            "module.eks.module.kms.aws_kms_key.this",
            "module.eks.module.kms.data.aws_caller_identity.current",
            "module.eks.module.kms.data.aws_iam_policy_document.this",
            "module.eks.module.kms.data.aws_partition.current",
            "module.safe.aws_secretsmanager_secret.txs_db_secrets",
            "module.safe.module.irsa.aws_iam_role.this",
            "module.safe.module.irsa.data.aws_caller_identity.current",
            "module.safe.module.irsa.data.aws_iam_policy_document.this",
            "module.safe.module.irsa.data.aws_partition.current",
            "module.vpc.aws_subnet.private",
            "module.vpc.aws_vpc.this",
            "module.vpc.aws_vpc_ipv4_cidr_block_association.this"
          ]
        }
      ]
    },
    {
      "module": "module.safe",
      "mode": "managed",
      "type": "aws_secretsmanager_secret_version",
      "name": "cfg_db_secret_version",
      "provider": "provider[\"registry.terraform.io/hashicorp/aws\"]",
      "instances": [
        {
          "schema_version": 0,
          "attributes": {
            "arn": "arn:aws:secretsmanager:us-east-1:803035318642:secret:safe-cfg-database-secret20230811114729939500000002-HQ3mPF",
            "id": "arn:aws:secretsmanager:us-east-1:803035318642:secret:safe-cfg-database-secret20230811114729939500000002-HQ3mPF|A0FD3008-2A6F-4FCA-8E28-401031E6A772",
            "secret_binary": "",
            "secret_id": "arn:aws:secretsmanager:us-east-1:803035318642:secret:safe-cfg-database-secret20230811114729939500000002-HQ3mPF",
            "secret_string": "{\"username\":\"safe\",\"password\":\"fGxpHQVxaKnBspRbCjzdqnKTAElQJK\"}",
            "version_id": "A0FD3008-2A6F-4FCA-8E28-401031E6A772",
            "version_stages": [
              "AWSCURRENT"
            ]
          },
          "sensitive_attributes": [],
          "private": "bnVsbA==",
          "dependencies": [
            "module.safe.aws_secretsmanager_secret.cfg_db_secret",
            "module.safe.data.aws_secretsmanager_random_password.cfg_db_password"
          ]
        }
      ]
    },
    {
      "module": "module.safe",
      "mode": "managed",
      "type": "aws_secretsmanager_secret_version",
      "name": "cgw_rocket_secret_key_secret_version",
      "provider": "provider[\"registry.terraform.io/hashicorp/aws\"]",
      "instances": [
        {
          "schema_version": 0,
          "attributes": {
            "arn": "arn:aws:secretsmanager:us-east-1:803035318642:secret:safe-cgw_rocket_secret_key20230811114729939100000001-cj7FST",
            "id": "arn:aws:secretsmanager:us-east-1:803035318642:secret:safe-cgw_rocket_secret_key20230811114729939100000001-cj7FST|8B19685A-A158-4FF0-87AB-F65D6C4C9829",
            "secret_binary": "",
            "secret_id": "arn:aws:secretsmanager:us-east-1:803035318642:secret:safe-cgw_rocket_secret_key20230811114729939100000001-cj7FST",
            "secret_string": "{\"password\":\"04XmethWsAL1gC3uYayCuNPl6Oz8PB4CXFp24M9FY6oWqZRF6LfDbLCQZX9w\"}",
            "version_id": "8B19685A-A158-4FF0-87AB-F65D6C4C9829",
            "version_stages": [
              "AWSCURRENT"
            ]
          },
          "sensitive_attributes": [],
          "private": "bnVsbA==",
          "dependencies": [
            "module.safe.aws_secretsmanager_secret.cgw_rocket_secret_key_secret",
            "module.safe.data.aws_secretsmanager_random_password.cgw_rocket_secret_key"
          ]
        }
      ]
    },
    {
      "module": "module.safe",
      "mode": "managed",
      "type": "aws_secretsmanager_secret_version",
      "name": "cgw_webhook_flush_token_secret_version",
      "provider": "provider[\"registry.terraform.io/hashicorp/aws\"]",
      "instances": [
        {
          "schema_version": 0,
          "attributes": {
            "arn": "arn:aws:secretsmanager:us-east-1:803035318642:secret:safe-cgw_webhook_flush_token20230811114729941200000005-LhVmxQ",
            "id": "arn:aws:secretsmanager:us-east-1:803035318642:secret:safe-cgw_webhook_flush_token20230811114729941200000005-LhVmxQ|EB33C7F0-8D0F-4751-A494-D74680F69D8E",
            "secret_binary": "",
            "secret_id": "arn:aws:secretsmanager:us-east-1:803035318642:secret:safe-cgw_webhook_flush_token20230811114729941200000005-LhVmxQ",
            "secret_string": "{\"password\":\"UYQDsA6DJy5dK3yddc2JPboKm3BvBx\"}",
            "version_id": "EB33C7F0-8D0F-4751-A494-D74680F69D8E",
            "version_stages": [
              "AWSCURRENT"
            ]
          },
          "sensitive_attributes": [],
          "private": "bnVsbA==",
          "dependencies": [
            "module.safe.aws_secretsmanager_secret.cgw_webhook_flush_token_secret",
            "module.safe.data.aws_secretsmanager_random_password.cgw_webhook_flush_token"
          ]
        }
      ]
    },
    {
      "module": "module.safe",
      "mode": "managed",
      "type": "aws_secretsmanager_secret_version",
      "name": "django_auth_secret_version",
      "provider": "provider[\"registry.terraform.io/hashicorp/aws\"]",
      "instances": [
        {
          "schema_version": 0,
          "attributes": {
            "arn": "arn:aws:secretsmanager:us-east-1:803035318642:secret:safe-django-auth-secret20230811114729941500000007-AUpZyG",
            "id": "arn:aws:secretsmanager:us-east-1:803035318642:secret:safe-django-auth-secret20230811114729941500000007-AUpZyG|5FCFF030-60EB-4DFB-AE0A-B49D0647DDC3",
            "secret_binary": "",
            "secret_id": "arn:aws:secretsmanager:us-east-1:803035318642:secret:safe-django-auth-secret20230811114729941500000007-AUpZyG",
            "secret_string": "{\"username\":\"safe\",\"password\":\"nweT5fYTEfaZc5h4Sd6blSxG9QBhhT9TwE4RRCSdsTcWq8FCcM1QdN8CmxGLmLwD\"}",
            "version_id": "5FCFF030-60EB-4DFB-AE0A-B49D0647DDC3",
            "version_stages": [
              "AWSCURRENT"
            ]
          },
          "sensitive_attributes": [],
          "private": "bnVsbA==",
          "dependencies": [
            "module.safe.aws_secretsmanager_secret.django_auth_secret",
            "module.safe.data.aws_secretsmanager_random_password.django_auth_password"
          ]
        }
      ]
    },
    {
      "module": "module.safe",
      "mode": "managed",
      "type": "aws_secretsmanager_secret_version",
      "name": "django_secrets_versions",
      "provider": "provider[\"registry.terraform.io/hashicorp/aws\"]",
      "instances": [
        {
          "index_key": 0,
          "schema_version": 0,
          "attributes": {
            "arn": "arn:aws:secretsmanager:us-east-1:803035318642:secret:safe-django-secret-godwokenmainnet20230811114729941700000008-tZLCgH",
            "id": "arn:aws:secretsmanager:us-east-1:803035318642:secret:safe-django-secret-godwokenmainnet20230811114729941700000008-tZLCgH|B1218085-25A6-4EC2-966F-37E83ACDDF91",
            "secret_binary": "",
            "secret_id": "arn:aws:secretsmanager:us-east-1:803035318642:secret:safe-django-secret-godwokenmainnet20230811114729941700000008-tZLCgH",
            "secret_string": "{\"password\":\"thD9zNhMILSjoaQiQGoBEOfylwwWzVHoWOhGgtFkr01N8P8Gvke2BeBfL657\"}",
            "version_id": "B1218085-25A6-4EC2-966F-37E83ACDDF91",
            "version_stages": [
              "AWSCURRENT"
            ]
          },
          "sensitive_attributes": [],
          "private": "bnVsbA==",
          "dependencies": [
            "module.safe.aws_secretsmanager_secret.django_secrets",
            "module.safe.data.aws_secretsmanager_random_password.django_secret_passwords"
          ]
        },
        {
          "index_key": 1,
          "schema_version": 0,
          "attributes": {
            "arn": "arn:aws:secretsmanager:us-east-1:803035318642:secret:safe-django-secret-godwokentestnet20230811114729941500000006-EXIQPI",
            "id": "arn:aws:secretsmanager:us-east-1:803035318642:secret:safe-django-secret-godwokentestnet20230811114729941500000006-EXIQPI|330520A1-428D-459F-A728-177CFABA4DBC",
            "secret_binary": "",
            "secret_id": "arn:aws:secretsmanager:us-east-1:803035318642:secret:safe-django-secret-godwokentestnet20230811114729941500000006-EXIQPI",
            "secret_string": "{\"password\":\"kBKYc5GUgmzljIr7lAvVMZ5bsUsRSXxuUWMhKTT5ZGwZ1p4ZN7JpxQIU2car\"}",
            "version_id": "330520A1-428D-459F-A728-177CFABA4DBC",
            "version_stages": [
              "AWSCURRENT"
            ]
          },
          "sensitive_attributes": [],
          "private": "bnVsbA==",
          "dependencies": [
            "module.safe.aws_secretsmanager_secret.django_secrets",
            "module.safe.data.aws_secretsmanager_random_password.django_secret_passwords"
          ]
        },
        {
          "index_key": 2,
          "schema_version": 0,
          "attributes": {
            "arn": "arn:aws:secretsmanager:us-east-1:803035318642:secret:safe-django-secret-khalanitestnet20230811114729941800000009-AUpZyG",
            "id": "arn:aws:secretsmanager:us-east-1:803035318642:secret:safe-django-secret-khalanitestnet20230811114729941800000009-AUpZyG|9CC9E3A4-4233-4E4D-AA07-15E64E7297A2",
            "secret_binary": "",
            "secret_id": "arn:aws:secretsmanager:us-east-1:803035318642:secret:safe-django-secret-khalanitestnet20230811114729941800000009-AUpZyG",
            "secret_string": "{\"password\":\"Kpxo1W14tQo8WiS6v25s5gpT81GhQTcwBJmZiNXt4IDqW9efDllR1l5LEVgG\"}",
            "version_id": "9CC9E3A4-4233-4E4D-AA07-15E64E7297A2",
            "version_stages": [
              "AWSCURRENT"
            ]
          },
          "sensitive_attributes": [],
          "private": "bnVsbA==",
          "dependencies": [
            "module.safe.aws_secretsmanager_secret.django_secrets",
            "module.safe.data.aws_secretsmanager_random_password.django_secret_passwords"
          ]
        }
      ]
    },
    {
      "module": "module.safe",
      "mode": "managed",
      "type": "aws_secretsmanager_secret_version",
      "name": "secret_key_secret_version",
      "provider": "provider[\"registry.terraform.io/hashicorp/aws\"]",
      "instances": [
        {
          "schema_version": 0,
          "attributes": {
            "arn": "arn:aws:secretsmanager:us-east-1:803035318642:secret:safe-secret-key-secret20230811114729941000000003-XhSA4S",
            "id": "arn:aws:secretsmanager:us-east-1:803035318642:secret:safe-secret-key-secret20230811114729941000000003-XhSA4S|759FF1DE-24D3-4BBF-BF83-30A90A370E1D",
            "secret_binary": "",
            "secret_id": "arn:aws:secretsmanager:us-east-1:803035318642:secret:safe-secret-key-secret20230811114729941000000003-XhSA4S",
            "secret_string": "{\"password\":\"Et3oioGS9pSjtCVIEcJCOCZRNHVYEHIBE29WIasRdwfwoSph5hyM7JjnP8IJ0MTx\"}",
            "version_id": "759FF1DE-24D3-4BBF-BF83-30A90A370E1D",
            "version_stages": [
              "AWSCURRENT"
            ]
          },
          "sensitive_attributes": [],
          "private": "bnVsbA==",
          "dependencies": [
            "module.safe.aws_secretsmanager_secret.secret_key_secret",
            "module.safe.data.aws_secretsmanager_random_password.secret_key_password"
          ]
        }
      ]
    },
    {
      "module": "module.safe",
      "mode": "managed",
      "type": "aws_secretsmanager_secret_version",
      "name": "txs_db_secret_versions",
      "provider": "provider[\"registry.terraform.io/hashicorp/aws\"]",
      "instances": [
        {
          "index_key": 0,
          "schema_version": 0,
          "attributes": {
            "arn": "arn:aws:secretsmanager:us-east-1:803035318642:secret:safe-txs-database-secret-godwokenmainnet2023081111473077640000000c-9iBzJl",
            "id": "arn:aws:secretsmanager:us-east-1:803035318642:secret:safe-txs-database-secret-godwokenmainnet2023081111473077640000000c-9iBzJl|152CBD13-38FA-4945-9CDB-D95B874FABC4",
            "secret_binary": "",
            "secret_id": "arn:aws:secretsmanager:us-east-1:803035318642:secret:safe-txs-database-secret-godwokenmainnet2023081111473077640000000c-9iBzJl",
            "secret_string": "{\"username\":\"safe\",\"password\":\"dsyauhnehG2fIcU5ETtslEKDwVfMel\"}",
            "version_id": "152CBD13-38FA-4945-9CDB-D95B874FABC4",
            "version_stages": [
              "AWSCURRENT"
            ]
          },
          "sensitive_attributes": [],
          "private": "bnVsbA==",
          "dependencies": [
            "module.safe.aws_secretsmanager_secret.txs_db_secrets",
            "module.safe.data.aws_secretsmanager_random_password.txs_db_passwords"
          ]
        },
        {
          "index_key": 1,
          "schema_version": 0,
          "attributes": {
            "arn": "arn:aws:secretsmanager:us-east-1:803035318642:secret:safe-txs-database-secret-godwokentestnet2023081111473077700000000d-MkK8Dl",
            "id": "arn:aws:secretsmanager:us-east-1:803035318642:secret:safe-txs-database-secret-godwokentestnet2023081111473077700000000d-MkK8Dl|7C202E4F-8595-4A0A-9186-E6180033F325",
            "secret_binary": "",
            "secret_id": "arn:aws:secretsmanager:us-east-1:803035318642:secret:safe-txs-database-secret-godwokentestnet2023081111473077700000000d-MkK8Dl",
            "secret_string": "{\"username\":\"safe\",\"password\":\"IDlDkBtgHUwjwJpKvwkCrP18icH0Qg\"}",
            "version_id": "7C202E4F-8595-4A0A-9186-E6180033F325",
            "version_stages": [
              "AWSCURRENT"
            ]
          },
          "sensitive_attributes": [],
          "private": "bnVsbA==",
          "dependencies": [
            "module.safe.aws_secretsmanager_secret.txs_db_secrets",
            "module.safe.data.aws_secretsmanager_random_password.txs_db_passwords"
          ]
        },
        {
          "index_key": 2,
          "schema_version": 0,
          "attributes": {
            "arn": "arn:aws:secretsmanager:us-east-1:803035318642:secret:safe-txs-database-secret-khalanitestnet2023081111473077620000000b-YiGmcm",
            "id": "arn:aws:secretsmanager:us-east-1:803035318642:secret:safe-txs-database-secret-khalanitestnet2023081111473077620000000b-YiGmcm|A460B28F-5042-4E63-A407-9B9F6EE69C3A",
            "secret_binary": "",
            "secret_id": "arn:aws:secretsmanager:us-east-1:803035318642:secret:safe-txs-database-secret-khalanitestnet2023081111473077620000000b-YiGmcm",
            "secret_string": "{\"username\":\"safe\",\"password\":\"BFf03ML992HtmFWH09pV0Rhx1Xb3it\"}",
            "version_id": "A460B28F-5042-4E63-A407-9B9F6EE69C3A",
            "version_stages": [
              "AWSCURRENT"
            ]
          },
          "sensitive_attributes": [],
          "private": "bnVsbA==",
          "dependencies": [
            "module.safe.aws_secretsmanager_secret.txs_db_secrets",
            "module.safe.data.aws_secretsmanager_random_password.txs_db_passwords"
          ]
        }
      ]
    },
    {
      "module": "module.safe",
      "mode": "managed",
      "type": "aws_security_group",
      "name": "this",
      "provider": "provider[\"registry.terraform.io/hashicorp/aws\"]",
      "instances": [
        {
          "schema_version": 1,
          "attributes": {
            "arn": "arn:aws:ec2:us-east-1:803035318642:security-group/sg-07509eda28554c938",
            "description": "Managed by Terraform",
            "egress": [],
            "id": "sg-07509eda28554c938",
            "ingress": [
              {
                "cidr_blocks": [
                  "0.0.0.0/0"
                ],
                "description": "",
                "from_port": 5432,
                "ipv6_cidr_blocks": [],
                "prefix_list_ids": [],
                "protocol": "tcp",
                "security_groups": [],
                "self": false,
                "to_port": 5432
              }
            ],
            "name": "terraform-20230811114729941100000004",
            "name_prefix": "terraform-",
            "owner_id": "803035318642",
            "revoke_rules_on_delete": false,
            "tags": {},
            "tags_all": {},
            "timeouts": null,
            "vpc_id": "vpc-0d75975d3e2183c38"
          },
          "sensitive_attributes": [],
          "private": "eyJlMmJmYjczMC1lY2FhLTExZTYtOGY4OC0zNDM2M2JjN2M0YzAiOnsiY3JlYXRlIjo2MDAwMDAwMDAwMDAsImRlbGV0ZSI6OTAwMDAwMDAwMDAwfSwic2NoZW1hX3ZlcnNpb24iOiIxIn0="
        }
      ]
    },
    {
      "module": "module.safe",
      "mode": "managed",
      "type": "helm_release",
      "name": "this",
      "provider": "provider[\"registry.terraform.io/hashicorp/helm\"]",
      "instances": [
        {
          "schema_version": 1,
          "attributes": {
            "atomic": false,
            "chart": "./../helm/safe",
            "cleanup_on_fail": false,
            "create_namespace": true,
            "dependency_update": false,
            "description": null,
            "devel": null,
            "disable_crd_hooks": false,
            "disable_openapi_validation": false,
            "disable_webhooks": false,
            "force_update": false,
            "id": "safe",
            "keyring": null,
            "lint": false,
            "manifest": null,
            "max_history": 0,
            "metadata": [
              {
                "app_version": "",
                "chart": "safe",
                "first_deployed": 1692800193,
                "last_deployed": 1709127295,
                "name": "safe",
                "namespace": "applications",
                "notes": "",
                "revision": 2,
                "values": "{\"adminEmail\":\"admin@tunnelvisionlabs.xyz\",\"cfgDbHost\":\"terraform-2023081111473937680000000f.cl2a6ysvczd1.us-east-1.rds.amazonaws.com\",\"cfgDbSecretName\":\"arn:aws:secretsmanager:us-east-1:803035318642:secret:safe-cfg-database-secret20230811114729939500000002-HQ3mPF\",\"djangoAuthSecretName\":\"arn:aws:secretsmanager:us-east-1:803035318642:secret:safe-django-auth-secret20230811114729941500000007-AUpZyG\",\"domainName\":\"khalani.network\",\"iamRoleArn\":\"arn:aws:iam::803035318642:role/safe\",\"routeConfigService\":\"safe-cfg\",\"routeGatewayService\":\"safe-cgw\",\"rpcUrl\":\"https://testnet-trial.khalani.network\",\"secretKeySecretName\":\"arn:aws:secretsmanager:us-east-1:803035318642:secret:safe-secret-key-secret20230811114729941000000003-XhSA4S\",\"secrets\":{\"cgwRocketSecretKey\":\"arn:aws:secretsmanager:us-east-1:803035318642:secret:safe-cgw_rocket_secret_key20230811114729939100000001-cj7FST\",\"cgwWebhookFlushToken\":\"arn:aws:secretsmanager:us-east-1:803035318642:secret:safe-cgw_webhook_flush_token20230811114729941200000005-LhVmxQ\",\"txsGodwokenMainnetDjangoSecretKey\":\"arn:aws:secretsmanager:us-east-1:803035318642:secret:safe-django-secret-godwokenmainnet20230811114729941700000008-tZLCgH\",\"txsGodwokenTestnetDjangoSecretKey\":\"arn:aws:secretsmanager:us-east-1:803035318642:secret:safe-django-secret-godwokentestnet20230811114729941500000006-EXIQPI\",\"txsKhalaniTestnetDjangoSecretKey\":\"arn:aws:secretsmanager:us-east-1:803035318642:secret:safe-django-secret-khalanitestnet20230811114729941800000009-AUpZyG\"},\"serviceAccount\":{\"create\":true,\"name\":\"safe\"},\"transactionsDatabases\":{\"godwokenmainnet\":{\"host\":\"terraform-20230811114741584300000011.cl2a6ysvczd1.us-east-1.rds.amazonaws.com\",\"secretName\":\"arn:aws:secretsmanager:us-east-1:803035318642:secret:safe-txs-database-secret-godwokenmainnet2023081111473077640000000c-9iBzJl\"},\"godwokentestnet\":{\"host\":\"terraform-20230811114739978000000010.cl2a6ysvczd1.us-east-1.rds.amazonaws.com\",\"secretName\":\"arn:aws:secretsmanager:us-east-1:803035318642:secret:safe-txs-database-secret-godwokentestnet2023081111473077700000000d-MkK8Dl\"},\"khalanitestnet\":{\"host\":\"terraform-2023081111473936390000000e.cl2a6ysvczd1.us-east-1.rds.amazonaws.com\",\"secretName\":\"arn:aws:secretsmanager:us-east-1:803035318642:secret:safe-txs-database-secret-khalanitestnet2023081111473077620000000b-YiGmcm\"}}}",
                "version": "1.0.0"
              }
            ],
            "name": "safe",
            "namespace": "applications",
            "pass_credentials": false,
            "postrender": [],
            "recreate_pods": false,
            "render_subchart_notes": true,
            "replace": false,
            "repository": null,
            "repository_ca_file": null,
            "repository_cert_file": null,
            "repository_key_file": null,
            "repository_password": null,
            "repository_username": null,
            "reset_values": false,
            "reuse_values": false,
            "set": [
              {
                "name": "adminEmail",
                "type": "",
                "value": "admin@tunnelvisionlabs.xyz"
              },
              {
                "name": "cfgDbHost",
                "type": "",
                "value": "terraform-2023081111473937680000000f.cl2a6ysvczd1.us-east-1.rds.amazonaws.com"
              },
              {
                "name": "cfgDbSecretName",
                "type": "",
                "value": "arn:aws:secretsmanager:us-east-1:803035318642:secret:safe-cfg-database-secret20230811114729939500000002-HQ3mPF"
              },
              {
                "name": "djangoAuthSecretName",
                "type": "",
                "value": "arn:aws:secretsmanager:us-east-1:803035318642:secret:safe-django-auth-secret20230811114729941500000007-AUpZyG"
              },
              {
                "name": "domainName",
                "type": "",
                "value": "khalani.network"
              },
              {
                "name": "iamRoleArn",
                "type": "",
                "value": "arn:aws:iam::803035318642:role/safe"
              },
              {
                "name": "rpcUrl",
                "type": "",
                "value": "https://testnet-trial.khalani.network"
              },
              {
                "name": "secretKeySecretName",
                "type": "",
                "value": "arn:aws:secretsmanager:us-east-1:803035318642:secret:safe-secret-key-secret20230811114729941000000003-XhSA4S"
              },
              {
                "name": "secrets.cgwRocketSecretKey",
                "type": "",
                "value": "arn:aws:secretsmanager:us-east-1:803035318642:secret:safe-cgw_rocket_secret_key20230811114729939100000001-cj7FST"
              },
              {
                "name": "secrets.cgwWebhookFlushToken",
                "type": "",
                "value": "arn:aws:secretsmanager:us-east-1:803035318642:secret:safe-cgw_webhook_flush_token20230811114729941200000005-LhVmxQ"
              },
              {
                "name": "secrets.txsGodwokenMainnetDjangoSecretKey",
                "type": "",
                "value": "arn:aws:secretsmanager:us-east-1:803035318642:secret:safe-django-secret-godwokenmainnet20230811114729941700000008-tZLCgH"
              },
              {
                "name": "secrets.txsGodwokenTestnetDjangoSecretKey",
                "type": "",
                "value": "arn:aws:secretsmanager:us-east-1:803035318642:secret:safe-django-secret-godwokentestnet20230811114729941500000006-EXIQPI"
              },
              {
                "name": "secrets.txsKhalaniTestnetDjangoSecretKey",
                "type": "",
                "value": "arn:aws:secretsmanager:us-east-1:803035318642:secret:safe-django-secret-khalanitestnet20230811114729941800000009-AUpZyG"
              },
              {
                "name": "serviceAccount.name",
                "type": "",
                "value": "safe"
              },
              {
                "name": "transactionsDatabases.godwokenmainnet.host",
                "type": "",
                "value": "terraform-20230811114741584300000011.cl2a6ysvczd1.us-east-1.rds.amazonaws.com"
              },
              {
                "name": "transactionsDatabases.godwokenmainnet.secretName",
                "type": "",
                "value": "arn:aws:secretsmanager:us-east-1:803035318642:secret:safe-txs-database-secret-godwokenmainnet2023081111473077640000000c-9iBzJl"
              },
              {
                "name": "transactionsDatabases.godwokentestnet.host",
                "type": "",
                "value": "terraform-20230811114739978000000010.cl2a6ysvczd1.us-east-1.rds.amazonaws.com"
              },
              {
                "name": "transactionsDatabases.godwokentestnet.secretName",
                "type": "",
                "value": "arn:aws:secretsmanager:us-east-1:803035318642:secret:safe-txs-database-secret-godwokentestnet2023081111473077700000000d-MkK8Dl"
              },
              {
                "name": "transactionsDatabases.khalanitestnet.host",
                "type": "",
                "value": "terraform-2023081111473936390000000e.cl2a6ysvczd1.us-east-1.rds.amazonaws.com"
              },
              {
                "name": "transactionsDatabases.khalanitestnet.secretName",
                "type": "",
                "value": "arn:aws:secretsmanager:us-east-1:803035318642:secret:safe-txs-database-secret-khalanitestnet2023081111473077620000000b-YiGmcm"
              }
            ],
            "set_list": [],
            "set_sensitive": [],
            "skip_crds": false,
            "status": "deployed",
            "timeout": 300,
            "upgrade_install": null,
            "values": [
              "serviceAccount:\n  create: true\n  name: null\n\nadminEmail: \"\"\ncfgDbHost: \"\"\ncfgDbSecretName: \"\"\ndjangoAuthSecretName: \"\"\ndomainName: \"\"\niamRoleArn: \"\"\nrouteConfigService: \"safe-cfg\"\nrouteGatewayService: \"safe-cgw\"\nrpcUrl: \"\"\nsecretKeySecretName: \"\"\n\ntransactionsDatabases:\n  godwokenmainnet:\n    host: \"\"\n    secretName: \"\"\n  godwokentestnet:\n    host: \"\"\n    secretName: \"\"\n  khalanitestnet:\n    host: \"\"\n    secretName: \"\"\n\nsecrets:\n  cgwRocketSecretKey: \"\"\n  cgwWebhookFlushToken: \"\"\n  txsGodwokenMainnetDjangoSecretKey: \"\"\n  txsGodwokenTestnetDjangoSecretKey: \"\"\n  txsKhalaniTestnetDjangoSecretKey: \"\"\n"
            ],
            "verify": false,
            "version": "1.0.0",
            "wait": true,
            "wait_for_jobs": false
          },
          "sensitive_attributes": [],
          "private": "eyJzY2hlbWFfdmVyc2lvbiI6IjEifQ==",
          "dependencies": [
            "module.eks.aws_cloudwatch_log_group.this",
            "module.eks.aws_eks_cluster.this",
            "module.eks.aws_iam_openid_connect_provider.oidc_provider",
            "module.eks.aws_iam_role.this",
            "module.eks.aws_iam_role_policy_attachment.this",
            "module.eks.aws_security_group.cluster",
            "module.eks.aws_security_group.node",
            "module.eks.aws_security_group_rule.cluster",
            "module.eks.aws_security_group_rule.node",
            "module.eks.data.aws_caller_identity.current",
            "module.eks.data.aws_iam_policy_document.assume_role_policy",
            "module.eks.data.aws_partition.current",
            "module.eks.data.tls_certificate.this",
            "module.eks.module.kms.aws_kms_external_key.this",
            "module.eks.module.kms.aws_kms_key.this",
            "module.eks.module.kms.data.aws_caller_identity.current",
            "module.eks.module.kms.data.aws_iam_policy_document.this",
            "module.eks.module.kms.data.aws_partition.current",
            "module.safe.aws_db_instance.cfg",
            "module.safe.aws_db_instance.txs",
            "module.safe.aws_secretsmanager_secret.cfg_db_secret",
            "module.safe.aws_secretsmanager_secret.cgw_rocket_secret_key_secret",
            "module.safe.aws_secretsmanager_secret.cgw_webhook_flush_token_secret",
            "module.safe.aws_secretsmanager_secret.django_auth_secret",
            "module.safe.aws_secretsmanager_secret.django_secrets",
            "module.safe.aws_secretsmanager_secret.secret_key_secret",
            "module.safe.aws_secretsmanager_secret.txs_db_secrets",
            "module.safe.aws_security_group.this",
            "module.safe.data.aws_secretsmanager_random_password.cfg_db_password",
            "module.safe.data.aws_secretsmanager_random_password.txs_db_passwords",
            "module.safe.module.irsa.aws_iam_role.this",
            "module.safe.module.irsa.data.aws_caller_identity.current",
            "module.safe.module.irsa.data.aws_iam_policy_document.this",
            "module.safe.module.irsa.data.aws_partition.current",
            "module.vpc.aws_subnet.private",
            "module.vpc.aws_vpc.this",
            "module.vpc.aws_vpc_ipv4_cidr_block_association.this"
          ]
        }
      ]
    },
    {
      "module": "module.safe.module.irsa",
      "mode": "data",
      "type": "aws_caller_identity",
      "name": "current",
      "provider": "provider[\"registry.terraform.io/hashicorp/aws\"]",
      "instances": [
        {
          "schema_version": 0,
          "attributes": {
            "account_id": "803035318642",
            "arn": "arn:aws:iam::803035318642:user/Konrad-s3",
            "id": "803035318642",
            "user_id": "AIDA3V6FCRFZMJQK7AVIF"
          },
          "sensitive_attributes": []
        }
      ]
    },
    {
      "module": "module.safe.module.irsa",
      "mode": "data",
      "type": "aws_iam_policy_document",
      "name": "this",
      "provider": "provider[\"registry.terraform.io/hashicorp/aws\"]",
      "instances": [
        {
          "index_key": 0,
          "schema_version": 0,
          "attributes": {
            "id": "2763893476",
            "json": "{\n  \"Version\": \"2012-10-17\",\n  \"Statement\": [\n    {\n      \"Effect\": \"Allow\",\n      \"Action\": \"sts:AssumeRoleWithWebIdentity\",\n      \"Principal\": {\n        \"Federated\": \"arn:aws:iam::803035318642:oidc-provider/oidc.eks.us-east-1.amazonaws.com/id/32803539C78C654C14D84BD9DDB105D9\"\n      },\n      \"Condition\": {\n        \"StringEquals\": {\n          \"oidc.eks.us-east-1.amazonaws.com/id/32803539C78C654C14D84BD9DDB105D9:aud\": \"sts.amazonaws.com\",\n          \"oidc.eks.us-east-1.amazonaws.com/id/32803539C78C654C14D84BD9DDB105D9:sub\": \"system:serviceaccount:applications:safe\"\n        }\n      }\n    }\n  ]\n}",
            "minified_json": "{\"Version\":\"2012-10-17\",\"Statement\":[{\"Effect\":\"Allow\",\"Action\":\"sts:AssumeRoleWithWebIdentity\",\"Principal\":{\"Federated\":\"arn:aws:iam::803035318642:oidc-provider/oidc.eks.us-east-1.amazonaws.com/id/32803539C78C654C14D84BD9DDB105D9\"},\"Condition\":{\"StringEquals\":{\"oidc.eks.us-east-1.amazonaws.com/id/32803539C78C654C14D84BD9DDB105D9:aud\":\"sts.amazonaws.com\",\"oidc.eks.us-east-1.amazonaws.com/id/32803539C78C654C14D84BD9DDB105D9:sub\":\"system:serviceaccount:applications:safe\"}}}]}",
            "override_json": null,
            "override_policy_documents": null,
            "policy_id": null,
            "source_json": null,
            "source_policy_documents": null,
            "statement": [
              {
                "actions": [
                  "sts:AssumeRoleWithWebIdentity"
                ],
                "condition": [
                  {
                    "test": "StringEquals",
                    "values": [
                      "sts.amazonaws.com"
                    ],
                    "variable": "oidc.eks.us-east-1.amazonaws.com/id/32803539C78C654C14D84BD9DDB105D9:aud"
                  },
                  {
                    "test": "StringEquals",
                    "values": [
                      "system:serviceaccount:applications:safe"
                    ],
                    "variable": "oidc.eks.us-east-1.amazonaws.com/id/32803539C78C654C14D84BD9DDB105D9:sub"
                  }
                ],
                "effect": "Allow",
                "not_actions": [],
                "not_principals": [],
                "not_resources": [],
                "principals": [
                  {
                    "identifiers": [
                      "arn:aws:iam::803035318642:oidc-provider/oidc.eks.us-east-1.amazonaws.com/id/32803539C78C654C14D84BD9DDB105D9"
                    ],
                    "type": "Federated"
                  }
                ],
                "resources": [],
                "sid": ""
              }
            ],
            "version": "2012-10-17"
          },
          "sensitive_attributes": []
        }
      ]
    },
    {
      "module": "module.safe.module.irsa",
      "mode": "data",
      "type": "aws_partition",
      "name": "current",
      "provider": "provider[\"registry.terraform.io/hashicorp/aws\"]",
      "instances": [
        {
          "schema_version": 0,
          "attributes": {
            "dns_suffix": "amazonaws.com",
            "id": "aws",
            "partition": "aws",
            "reverse_dns_prefix": "com.amazonaws"
          },
          "sensitive_attributes": []
        }
      ]
    },
    {
      "module": "module.safe.module.irsa",
      "mode": "data",
      "type": "aws_region",
      "name": "current",
      "provider": "provider[\"registry.terraform.io/hashicorp/aws\"]",
      "instances": [
        {
          "schema_version": 0,
          "attributes": {
            "description": "US East (N. Virginia)",
            "endpoint": "ec2.us-east-1.amazonaws.com",
            "id": "us-east-1",
            "name": "us-east-1"
          },
          "sensitive_attributes": []
        }
      ]
    },
    {
      "module": "module.safe.module.irsa",
      "mode": "managed",
      "type": "aws_iam_role",
      "name": "this",
      "provider": "provider[\"registry.terraform.io/hashicorp/aws\"]",
      "instances": [
        {
          "index_key": 0,
          "schema_version": 0,
          "attributes": {
            "arn": "arn:aws:iam::803035318642:role/safe",
            "assume_role_policy": "{\"Statement\":[{\"Action\":\"sts:AssumeRoleWithWebIdentity\",\"Condition\":{\"StringEquals\":{\"oidc.eks.us-east-1.amazonaws.com/id/32803539C78C654C14D84BD9DDB105D9:aud\":\"sts.amazonaws.com\",\"oidc.eks.us-east-1.amazonaws.com/id/32803539C78C654C14D84BD9DDB105D9:sub\":\"system:serviceaccount:applications:safe\"}},\"Effect\":\"Allow\",\"Principal\":{\"Federated\":\"arn:aws:iam::803035318642:oidc-provider/oidc.eks.us-east-1.amazonaws.com/id/32803539C78C654C14D84BD9DDB105D9\"}}],\"Version\":\"2012-10-17\"}",
            "create_date": "2023-08-11T11:47:30Z",
            "description": "",
            "force_detach_policies": true,
            "id": "safe",
            "inline_policy": [],
            "managed_policy_arns": [],
            "max_session_duration": 3600,
            "name": "safe",
            "name_prefix": "",
            "path": "/",
            "permissions_boundary": "",
            "tags": {},
            "tags_all": {},
            "unique_id": "AROA3V6FCRFZCMXMNQGN7"
          },
          "sensitive_attributes": [],
          "private": "bnVsbA==",
          "dependencies": [
            "module.eks.aws_cloudwatch_log_group.this",
            "module.eks.aws_eks_cluster.this",
            "module.eks.aws_iam_openid_connect_provider.oidc_provider",
            "module.eks.aws_iam_role.this",
            "module.eks.aws_iam_role_policy_attachment.this",
            "module.eks.aws_security_group.cluster",
            "module.eks.aws_security_group.node",
            "module.eks.aws_security_group_rule.cluster",
            "module.eks.aws_security_group_rule.node",
            "module.eks.data.aws_caller_identity.current",
            "module.eks.data.aws_iam_policy_document.assume_role_policy",
            "module.eks.data.aws_partition.current",
            "module.eks.data.tls_certificate.this",
            "module.eks.module.kms.aws_kms_external_key.this",
            "module.eks.module.kms.aws_kms_key.this",
            "module.eks.module.kms.data.aws_caller_identity.current",
            "module.eks.module.kms.data.aws_iam_policy_document.this",
            "module.eks.module.kms.data.aws_partition.current",
            "module.safe.module.irsa.data.aws_caller_identity.current",
            "module.safe.module.irsa.data.aws_iam_policy_document.this",
            "module.safe.module.irsa.data.aws_partition.current",
            "module.vpc.aws_subnet.private",
            "module.vpc.aws_vpc.this",
            "module.vpc.aws_vpc_ipv4_cidr_block_association.this"
          ]
        }
      ]
    },
    {
      "module": "module.solvers",
      "mode": "managed",
      "type": "aws_iam_policy",
      "name": "solver_secrets_policy",
      "provider": "provider[\"registry.terraform.io/hashicorp/aws\"]",
      "instances": [
        {
          "index_key": "cross-chain-market-maker",
          "schema_version": 0,
          "attributes": {
            "arn": "arn:aws:iam::803035318642:policy/cross-chain-market-maker_secrets_policy",
            "attachment_count": 1,
            "description": "Policy to allow access to specific secrets in Secrets Manager",
            "id": "arn:aws:iam::803035318642:policy/cross-chain-market-maker_secrets_policy",
            "name": "cross-chain-market-maker_secrets_policy",
            "name_prefix": "",
            "path": "/",
            "policy": "{\"Statement\":[{\"Action\":[\"secretsmanager:GetSecretValue\",\"secretsmanager:DescribeSecret\"],\"Effect\":\"Allow\",\"Resource\":\"*\"}],\"Version\":\"2012-10-17\"}",
            "policy_id": "ANPA3V6FCRFZKDBYA6HPI",
            "tags": {},
            "tags_all": {}
          },
          "sensitive_attributes": [],
          "private": "bnVsbA=="
        },
        {
          "index_key": "intentbook-matchmaker",
          "schema_version": 0,
          "attributes": {
            "arn": "arn:aws:iam::803035318642:policy/intentbook-matchmaker_secrets_policy",
            "attachment_count": 1,
            "description": "Policy to allow access to specific secrets in Secrets Manager",
            "id": "arn:aws:iam::803035318642:policy/intentbook-matchmaker_secrets_policy",
            "name": "intentbook-matchmaker_secrets_policy",
            "name_prefix": "",
            "path": "/",
            "policy": "{\"Statement\":[{\"Action\":[\"secretsmanager:GetSecretValue\",\"secretsmanager:DescribeSecret\"],\"Effect\":\"Allow\",\"Resource\":\"*\"}],\"Version\":\"2012-10-17\"}",
            "policy_id": "ANPA3V6FCRFZBXA4SDGSW",
            "tags": {},
            "tags_all": {}
          },
          "sensitive_attributes": [],
          "private": "bnVsbA=="
        },
        {
          "index_key": "settler",
          "schema_version": 0,
          "attributes": {
            "arn": "arn:aws:iam::803035318642:policy/settler_secrets_policy",
            "attachment_count": 1,
            "description": "Policy to allow access to specific secrets in Secrets Manager",
            "id": "arn:aws:iam::803035318642:policy/settler_secrets_policy",
            "name": "settler_secrets_policy",
            "name_prefix": "",
            "path": "/",
            "policy": "{\"Statement\":[{\"Action\":[\"secretsmanager:GetSecretValue\",\"secretsmanager:DescribeSecret\"],\"Effect\":\"Allow\",\"Resource\":\"*\"}],\"Version\":\"2012-10-17\"}",
            "policy_id": "ANPA3V6FCRFZB5CEQ4WKK",
            "tags": {},
            "tags_all": {}
          },
          "sensitive_attributes": [],
          "private": "bnVsbA=="
        },
        {
          "index_key": "spoke-chain-caller",
          "schema_version": 0,
          "attributes": {
            "arn": "arn:aws:iam::803035318642:policy/spoke-chain-caller_secrets_policy",
            "attachment_count": 1,
            "description": "Policy to allow access to specific secrets in Secrets Manager",
            "id": "arn:aws:iam::803035318642:policy/spoke-chain-caller_secrets_policy",
            "name": "spoke-chain-caller_secrets_policy",
            "name_prefix": "",
            "path": "/",
            "policy": "{\"Statement\":[{\"Action\":[\"secretsmanager:GetSecretValue\",\"secretsmanager:DescribeSecret\"],\"Effect\":\"Allow\",\"Resource\":\"*\"}],\"Version\":\"2012-10-17\"}",
            "policy_id": "ANPA3V6FCRFZNCWVLHDP2",
            "tags": {},
            "tags_all": {}
          },
          "sensitive_attributes": [],
          "private": "bnVsbA=="
        }
      ]
    },
    {
      "module": "module.solvers",
      "mode": "managed",
      "type": "aws_iam_role",
      "name": "solver_role",
      "provider": "provider[\"registry.terraform.io/hashicorp/aws\"]",
      "instances": [
        {
          "index_key": "cross-chain-market-maker",
          "schema_version": 0,
          "attributes": {
            "arn": "arn:aws:iam::803035318642:role/cross-chain-market-maker",
            "assume_role_policy": "{\"Statement\":[{\"Action\":\"sts:AssumeRoleWithWebIdentity\",\"Condition\":{\"StringEquals\":{\"oidc.eks.us-east-1.amazonaws.com/id/32803539C78C654C14D84BD9DDB105D9:aud\":\"sts.amazonaws.com\",\"oidc.eks.us-east-1.amazonaws.com/id/32803539C78C654C14D84BD9DDB105D9:sub\":\"system:serviceaccount:applications:cross-chain-market-maker\"}},\"Effect\":\"Allow\",\"Principal\":{\"Federated\":\"arn:aws:iam::803035318642:oidc-provider/oidc.eks.us-east-1.amazonaws.com/id/32803539C78C654C14D84BD9DDB105D9\"}}],\"Version\":\"2012-10-17\"}",
            "create_date": "2023-12-19T20:09:40Z",
            "description": "",
            "force_detach_policies": false,
            "id": "cross-chain-market-maker",
            "inline_policy": [],
            "managed_policy_arns": [
              "arn:aws:iam::803035318642:policy/cross-chain-market-maker_secrets_policy"
            ],
            "max_session_duration": 3600,
            "name": "cross-chain-market-maker",
            "name_prefix": "",
            "path": "/",
            "permissions_boundary": "",
            "tags": {},
            "tags_all": {},
            "unique_id": "AROA3V6FCRFZEZ2QUMNKJ"
          },
          "sensitive_attributes": [],
          "private": "bnVsbA==",
          "dependencies": [
            "module.eks.aws_cloudwatch_log_group.this",
            "module.eks.aws_eks_cluster.this",
            "module.eks.aws_iam_role.this",
            "module.eks.aws_iam_role_policy_attachment.this",
            "module.eks.aws_security_group.cluster",
            "module.eks.aws_security_group.node",
            "module.eks.aws_security_group_rule.cluster",
            "module.eks.aws_security_group_rule.node",
            "module.eks.data.aws_caller_identity.current",
            "module.eks.data.aws_iam_policy_document.assume_role_policy",
            "module.eks.data.aws_partition.current",
            "module.eks.module.kms.aws_kms_external_key.this",
            "module.eks.module.kms.aws_kms_key.this",
            "module.eks.module.kms.data.aws_caller_identity.current",
            "module.eks.module.kms.data.aws_iam_policy_document.this",
            "module.eks.module.kms.data.aws_partition.current",
            "module.vpc.aws_subnet.private",
            "module.vpc.aws_vpc.this",
            "module.vpc.aws_vpc_ipv4_cidr_block_association.this"
          ]
        },
        {
          "index_key": "intentbook-matchmaker",
          "schema_version": 0,
          "attributes": {
            "arn": "arn:aws:iam::803035318642:role/intentbook-matchmaker",
            "assume_role_policy": "{\"Statement\":[{\"Action\":\"sts:AssumeRoleWithWebIdentity\",\"Condition\":{\"StringEquals\":{\"oidc.eks.us-east-1.amazonaws.com/id/32803539C78C654C14D84BD9DDB105D9:aud\":\"sts.amazonaws.com\",\"oidc.eks.us-east-1.amazonaws.com/id/32803539C78C654C14D84BD9DDB105D9:sub\":\"system:serviceaccount:applications:intentbook-matchmaker\"}},\"Effect\":\"Allow\",\"Principal\":{\"Federated\":\"arn:aws:iam::803035318642:oidc-provider/oidc.eks.us-east-1.amazonaws.com/id/32803539C78C654C14D84BD9DDB105D9\"}}],\"Version\":\"2012-10-17\"}",
            "create_date": "2023-12-22T08:51:59Z",
            "description": "",
            "force_detach_policies": false,
            "id": "intentbook-matchmaker",
            "inline_policy": [],
            "managed_policy_arns": [
              "arn:aws:iam::803035318642:policy/intentbook-matchmaker_secrets_policy"
            ],
            "max_session_duration": 3600,
            "name": "intentbook-matchmaker",
            "name_prefix": "",
            "path": "/",
            "permissions_boundary": "",
            "tags": {},
            "tags_all": {},
            "unique_id": "AROA3V6FCRFZA6GDAEF32"
          },
          "sensitive_attributes": [],
          "private": "bnVsbA==",
          "dependencies": [
            "module.eks.aws_cloudwatch_log_group.this",
            "module.eks.aws_eks_cluster.this",
            "module.eks.aws_iam_role.this",
            "module.eks.aws_iam_role_policy_attachment.this",
            "module.eks.aws_security_group.cluster",
            "module.eks.aws_security_group.node",
            "module.eks.aws_security_group_rule.cluster",
            "module.eks.aws_security_group_rule.node",
            "module.eks.data.aws_caller_identity.current",
            "module.eks.data.aws_iam_policy_document.assume_role_policy",
            "module.eks.data.aws_partition.current",
            "module.eks.module.kms.aws_kms_external_key.this",
            "module.eks.module.kms.aws_kms_key.this",
            "module.eks.module.kms.data.aws_caller_identity.current",
            "module.eks.module.kms.data.aws_iam_policy_document.this",
            "module.eks.module.kms.data.aws_partition.current",
            "module.vpc.aws_subnet.private",
            "module.vpc.aws_vpc.this",
            "module.vpc.aws_vpc_ipv4_cidr_block_association.this"
          ]
        },
        {
          "index_key": "settler",
          "schema_version": 0,
          "attributes": {
            "arn": "arn:aws:iam::803035318642:role/settler",
            "assume_role_policy": "{\"Statement\":[{\"Action\":\"sts:AssumeRoleWithWebIdentity\",\"Condition\":{\"StringEquals\":{\"oidc.eks.us-east-1.amazonaws.com/id/32803539C78C654C14D84BD9DDB105D9:aud\":\"sts.amazonaws.com\",\"oidc.eks.us-east-1.amazonaws.com/id/32803539C78C654C14D84BD9DDB105D9:sub\":\"system:serviceaccount:applications:settler\"}},\"Effect\":\"Allow\",\"Principal\":{\"Federated\":\"arn:aws:iam::803035318642:oidc-provider/oidc.eks.us-east-1.amazonaws.com/id/32803539C78C654C14D84BD9DDB105D9\"}}],\"Version\":\"2012-10-17\"}",
            "create_date": "2023-12-19T20:09:40Z",
            "description": "",
            "force_detach_policies": false,
            "id": "settler",
            "inline_policy": [],
            "managed_policy_arns": [
              "arn:aws:iam::803035318642:policy/settler_secrets_policy"
            ],
            "max_session_duration": 3600,
            "name": "settler",
            "name_prefix": "",
            "path": "/",
            "permissions_boundary": "",
            "tags": {},
            "tags_all": {},
            "unique_id": "AROA3V6FCRFZE5EBKAJK3"
          },
          "sensitive_attributes": [],
          "private": "bnVsbA==",
          "dependencies": [
            "module.eks.aws_cloudwatch_log_group.this",
            "module.eks.aws_eks_cluster.this",
            "module.eks.aws_iam_role.this",
            "module.eks.aws_iam_role_policy_attachment.this",
            "module.eks.aws_security_group.cluster",
            "module.eks.aws_security_group.node",
            "module.eks.aws_security_group_rule.cluster",
            "module.eks.aws_security_group_rule.node",
            "module.eks.data.aws_caller_identity.current",
            "module.eks.data.aws_iam_policy_document.assume_role_policy",
            "module.eks.data.aws_partition.current",
            "module.eks.module.kms.aws_kms_external_key.this",
            "module.eks.module.kms.aws_kms_key.this",
            "module.eks.module.kms.data.aws_caller_identity.current",
            "module.eks.module.kms.data.aws_iam_policy_document.this",
            "module.eks.module.kms.data.aws_partition.current",
            "module.vpc.aws_subnet.private",
            "module.vpc.aws_vpc.this",
            "module.vpc.aws_vpc_ipv4_cidr_block_association.this"
          ]
        },
        {
          "index_key": "spoke-chain-caller",
          "schema_version": 0,
          "attributes": {
            "arn": "arn:aws:iam::803035318642:role/spoke-chain-caller",
            "assume_role_policy": "{\"Statement\":[{\"Action\":\"sts:AssumeRoleWithWebIdentity\",\"Condition\":{\"StringEquals\":{\"oidc.eks.us-east-1.amazonaws.com/id/32803539C78C654C14D84BD9DDB105D9:aud\":\"sts.amazonaws.com\",\"oidc.eks.us-east-1.amazonaws.com/id/32803539C78C654C14D84BD9DDB105D9:sub\":\"system:serviceaccount:applications:spoke-chain-caller\"}},\"Effect\":\"Allow\",\"Principal\":{\"Federated\":\"arn:aws:iam::803035318642:oidc-provider/oidc.eks.us-east-1.amazonaws.com/id/32803539C78C654C14D84BD9DDB105D9\"}}],\"Version\":\"2012-10-17\"}",
            "create_date": "2023-12-19T20:09:40Z",
            "description": "",
            "force_detach_policies": false,
            "id": "spoke-chain-caller",
            "inline_policy": [],
            "managed_policy_arns": [
              "arn:aws:iam::803035318642:policy/spoke-chain-caller_secrets_policy"
            ],
            "max_session_duration": 3600,
            "name": "spoke-chain-caller",
            "name_prefix": "",
            "path": "/",
            "permissions_boundary": "",
            "tags": {},
            "tags_all": {},
            "unique_id": "AROA3V6FCRFZLBBPFOTDS"
          },
          "sensitive_attributes": [],
          "private": "bnVsbA==",
          "dependencies": [
            "module.eks.aws_cloudwatch_log_group.this",
            "module.eks.aws_eks_cluster.this",
            "module.eks.aws_iam_role.this",
            "module.eks.aws_iam_role_policy_attachment.this",
            "module.eks.aws_security_group.cluster",
            "module.eks.aws_security_group.node",
            "module.eks.aws_security_group_rule.cluster",
            "module.eks.aws_security_group_rule.node",
            "module.eks.data.aws_caller_identity.current",
            "module.eks.data.aws_iam_policy_document.assume_role_policy",
            "module.eks.data.aws_partition.current",
            "module.eks.module.kms.aws_kms_external_key.this",
            "module.eks.module.kms.aws_kms_key.this",
            "module.eks.module.kms.data.aws_caller_identity.current",
            "module.eks.module.kms.data.aws_iam_policy_document.this",
            "module.eks.module.kms.data.aws_partition.current",
            "module.vpc.aws_subnet.private",
            "module.vpc.aws_vpc.this",
            "module.vpc.aws_vpc_ipv4_cidr_block_association.this"
          ]
        }
      ]
    },
    {
      "module": "module.solvers",
      "mode": "managed",
      "type": "aws_iam_role_policy_attachment",
      "name": "solver_secrets_policy_attachment",
      "provider": "provider[\"registry.terraform.io/hashicorp/aws\"]",
      "instances": [
        {
          "index_key": "cross-chain-market-maker",
          "schema_version": 0,
          "attributes": {
            "id": "cross-chain-market-maker-20231219200940934200000003",
            "policy_arn": "arn:aws:iam::803035318642:policy/cross-chain-market-maker_secrets_policy",
            "role": "cross-chain-market-maker"
          },
          "sensitive_attributes": [],
          "private": "bnVsbA==",
          "dependencies": [
            "module.eks.aws_cloudwatch_log_group.this",
            "module.eks.aws_eks_cluster.this",
            "module.eks.aws_iam_role.this",
            "module.eks.aws_iam_role_policy_attachment.this",
            "module.eks.aws_security_group.cluster",
            "module.eks.aws_security_group.node",
            "module.eks.aws_security_group_rule.cluster",
            "module.eks.aws_security_group_rule.node",
            "module.eks.data.aws_caller_identity.current",
            "module.eks.data.aws_iam_policy_document.assume_role_policy",
            "module.eks.data.aws_partition.current",
            "module.eks.module.kms.aws_kms_external_key.this",
            "module.eks.module.kms.aws_kms_key.this",
            "module.eks.module.kms.data.aws_caller_identity.current",
            "module.eks.module.kms.data.aws_iam_policy_document.this",
            "module.eks.module.kms.data.aws_partition.current",
            "module.solvers.aws_iam_policy.solver_secrets_policy",
            "module.solvers.aws_iam_role.solver_role",
            "module.vpc.aws_subnet.private",
            "module.vpc.aws_vpc.this",
            "module.vpc.aws_vpc_ipv4_cidr_block_association.this"
          ]
        },
        {
          "index_key": "intentbook-matchmaker",
          "schema_version": 0,
          "attributes": {
            "id": "intentbook-matchmaker-20231222085159827500000001",
            "policy_arn": "arn:aws:iam::803035318642:policy/intentbook-matchmaker_secrets_policy",
            "role": "intentbook-matchmaker"
          },
          "sensitive_attributes": [],
          "private": "bnVsbA==",
          "dependencies": [
            "module.eks.aws_cloudwatch_log_group.this",
            "module.eks.aws_eks_cluster.this",
            "module.eks.aws_iam_role.this",
            "module.eks.aws_iam_role_policy_attachment.this",
            "module.eks.aws_security_group.cluster",
            "module.eks.aws_security_group.node",
            "module.eks.aws_security_group_rule.cluster",
            "module.eks.aws_security_group_rule.node",
            "module.eks.data.aws_caller_identity.current",
            "module.eks.data.aws_iam_policy_document.assume_role_policy",
            "module.eks.data.aws_partition.current",
            "module.eks.module.kms.aws_kms_external_key.this",
            "module.eks.module.kms.aws_kms_key.this",
            "module.eks.module.kms.data.aws_caller_identity.current",
            "module.eks.module.kms.data.aws_iam_policy_document.this",
            "module.eks.module.kms.data.aws_partition.current",
            "module.solvers.aws_iam_policy.solver_secrets_policy",
            "module.solvers.aws_iam_role.solver_role",
            "module.vpc.aws_subnet.private",
            "module.vpc.aws_vpc.this",
            "module.vpc.aws_vpc_ipv4_cidr_block_association.this"
          ]
        },
        {
          "index_key": "settler",
          "schema_version": 0,
          "attributes": {
            "id": "settler-20231219200940924700000001",
            "policy_arn": "arn:aws:iam::803035318642:policy/settler_secrets_policy",
            "role": "settler"
          },
          "sensitive_attributes": [],
          "private": "bnVsbA==",
          "dependencies": [
            "module.eks.aws_cloudwatch_log_group.this",
            "module.eks.aws_eks_cluster.this",
            "module.eks.aws_iam_role.this",
            "module.eks.aws_iam_role_policy_attachment.this",
            "module.eks.aws_security_group.cluster",
            "module.eks.aws_security_group.node",
            "module.eks.aws_security_group_rule.cluster",
            "module.eks.aws_security_group_rule.node",
            "module.eks.data.aws_caller_identity.current",
            "module.eks.data.aws_iam_policy_document.assume_role_policy",
            "module.eks.data.aws_partition.current",
            "module.eks.module.kms.aws_kms_external_key.this",
            "module.eks.module.kms.aws_kms_key.this",
            "module.eks.module.kms.data.aws_caller_identity.current",
            "module.eks.module.kms.data.aws_iam_policy_document.this",
            "module.eks.module.kms.data.aws_partition.current",
            "module.solvers.aws_iam_policy.solver_secrets_policy",
            "module.solvers.aws_iam_role.solver_role",
            "module.vpc.aws_subnet.private",
            "module.vpc.aws_vpc.this",
            "module.vpc.aws_vpc_ipv4_cidr_block_association.this"
          ]
        },
        {
          "index_key": "spoke-chain-caller",
          "schema_version": 0,
          "attributes": {
            "id": "spoke-chain-caller-20231219200940937400000004",
            "policy_arn": "arn:aws:iam::803035318642:policy/spoke-chain-caller_secrets_policy",
            "role": "spoke-chain-caller"
          },
          "sensitive_attributes": [],
          "private": "bnVsbA==",
          "dependencies": [
            "module.eks.aws_cloudwatch_log_group.this",
            "module.eks.aws_eks_cluster.this",
            "module.eks.aws_iam_role.this",
            "module.eks.aws_iam_role_policy_attachment.this",
            "module.eks.aws_security_group.cluster",
            "module.eks.aws_security_group.node",
            "module.eks.aws_security_group_rule.cluster",
            "module.eks.aws_security_group_rule.node",
            "module.eks.data.aws_caller_identity.current",
            "module.eks.data.aws_iam_policy_document.assume_role_policy",
            "module.eks.data.aws_partition.current",
            "module.eks.module.kms.aws_kms_external_key.this",
            "module.eks.module.kms.aws_kms_key.this",
            "module.eks.module.kms.data.aws_caller_identity.current",
            "module.eks.module.kms.data.aws_iam_policy_document.this",
            "module.eks.module.kms.data.aws_partition.current",
            "module.solvers.aws_iam_policy.solver_secrets_policy",
            "module.solvers.aws_iam_role.solver_role",
            "module.vpc.aws_subnet.private",
            "module.vpc.aws_vpc.this",
            "module.vpc.aws_vpc_ipv4_cidr_block_association.this"
          ]
        }
      ]
    },
    {
      "module": "module.solvers",
      "mode": "managed",
      "type": "aws_kms_alias",
      "name": "solver_alias",
      "provider": "provider[\"registry.terraform.io/hashicorp/aws\"]",
      "instances": [
        {
          "index_key": "cross-chain-market-maker",
          "schema_version": 0,
          "attributes": {
            "arn": "arn:aws:kms:us-east-1:803035318642:alias/cross-chain-market-maker",
            "id": "alias/cross-chain-market-maker",
            "name": "alias/cross-chain-market-maker",
            "name_prefix": "",
            "target_key_arn": "arn:aws:kms:us-east-1:803035318642:key/af255340-3ca4-44a6-8790-0e6ee7af6a80",
            "target_key_id": "af255340-3ca4-44a6-8790-0e6ee7af6a80"
          },
          "sensitive_attributes": [],
          "private": "bnVsbA==",
          "dependencies": [
            "module.eks.aws_cloudwatch_log_group.this",
            "module.eks.aws_eks_cluster.this",
            "module.eks.aws_iam_role.this",
            "module.eks.aws_iam_role_policy_attachment.this",
            "module.eks.aws_security_group.cluster",
            "module.eks.aws_security_group.node",
            "module.eks.aws_security_group_rule.cluster",
            "module.eks.aws_security_group_rule.node",
            "module.eks.data.aws_caller_identity.current",
            "module.eks.data.aws_iam_policy_document.assume_role_policy",
            "module.eks.data.aws_partition.current",
            "module.eks.module.kms.aws_kms_external_key.this",
            "module.eks.module.kms.aws_kms_key.this",
            "module.eks.module.kms.data.aws_caller_identity.current",
            "module.eks.module.kms.data.aws_iam_policy_document.this",
            "module.eks.module.kms.data.aws_partition.current",
            "module.solvers.aws_iam_role.solver_role",
            "module.solvers.aws_kms_key._key",
            "module.vpc.aws_subnet.private",
            "module.vpc.aws_vpc.this",
            "module.vpc.aws_vpc_ipv4_cidr_block_association.this"
          ]
        },
        {
          "index_key": "intentbook-matchmaker",
          "schema_version": 0,
          "attributes": {
            "arn": "arn:aws:kms:us-east-1:803035318642:alias/intentbook-matchmaker",
            "id": "alias/intentbook-matchmaker",
            "name": "alias/intentbook-matchmaker",
            "name_prefix": "",
            "target_key_arn": "arn:aws:kms:us-east-1:803035318642:key/f6f2fb92-0891-4eab-bc00-9c8dc78655ba",
            "target_key_id": "f6f2fb92-0891-4eab-bc00-9c8dc78655ba"
          },
          "sensitive_attributes": [],
          "private": "bnVsbA==",
          "dependencies": [
            "module.eks.aws_cloudwatch_log_group.this",
            "module.eks.aws_eks_cluster.this",
            "module.eks.aws_iam_role.this",
            "module.eks.aws_iam_role_policy_attachment.this",
            "module.eks.aws_security_group.cluster",
            "module.eks.aws_security_group.node",
            "module.eks.aws_security_group_rule.cluster",
            "module.eks.aws_security_group_rule.node",
            "module.eks.data.aws_caller_identity.current",
            "module.eks.data.aws_iam_policy_document.assume_role_policy",
            "module.eks.data.aws_partition.current",
            "module.eks.module.kms.aws_kms_external_key.this",
            "module.eks.module.kms.aws_kms_key.this",
            "module.eks.module.kms.data.aws_caller_identity.current",
            "module.eks.module.kms.data.aws_iam_policy_document.this",
            "module.eks.module.kms.data.aws_partition.current",
            "module.solvers.aws_iam_role.solver_role",
            "module.solvers.aws_kms_key._key",
            "module.vpc.aws_subnet.private",
            "module.vpc.aws_vpc.this",
            "module.vpc.aws_vpc_ipv4_cidr_block_association.this"
          ]
        },
        {
          "index_key": "settler",
          "schema_version": 0,
          "attributes": {
            "arn": "arn:aws:kms:us-east-1:803035318642:alias/settler",
            "id": "alias/settler",
            "name": "alias/settler",
            "name_prefix": "",
            "target_key_arn": "arn:aws:kms:us-east-1:803035318642:key/e4d7cf35-07f5-4aee-8b6c-936eb7c41bc4",
            "target_key_id": "e4d7cf35-07f5-4aee-8b6c-936eb7c41bc4"
          },
          "sensitive_attributes": [],
          "private": "bnVsbA==",
          "dependencies": [
            "module.eks.aws_cloudwatch_log_group.this",
            "module.eks.aws_eks_cluster.this",
            "module.eks.aws_iam_role.this",
            "module.eks.aws_iam_role_policy_attachment.this",
            "module.eks.aws_security_group.cluster",
            "module.eks.aws_security_group.node",
            "module.eks.aws_security_group_rule.cluster",
            "module.eks.aws_security_group_rule.node",
            "module.eks.data.aws_caller_identity.current",
            "module.eks.data.aws_iam_policy_document.assume_role_policy",
            "module.eks.data.aws_partition.current",
            "module.eks.module.kms.aws_kms_external_key.this",
            "module.eks.module.kms.aws_kms_key.this",
            "module.eks.module.kms.data.aws_caller_identity.current",
            "module.eks.module.kms.data.aws_iam_policy_document.this",
            "module.eks.module.kms.data.aws_partition.current",
            "module.solvers.aws_iam_role.solver_role",
            "module.solvers.aws_kms_key._key",
            "module.vpc.aws_subnet.private",
            "module.vpc.aws_vpc.this",
            "module.vpc.aws_vpc_ipv4_cidr_block_association.this"
          ]
        },
        {
          "index_key": "spoke-chain-caller",
          "schema_version": 0,
          "attributes": {
            "arn": "arn:aws:kms:us-east-1:803035318642:alias/spoke-chain-caller",
            "id": "alias/spoke-chain-caller",
            "name": "alias/spoke-chain-caller",
            "name_prefix": "",
            "target_key_arn": "arn:aws:kms:us-east-1:803035318642:key/2ea0dfb8-8299-4c6c-9cf9-d1a9d7f7506d",
            "target_key_id": "2ea0dfb8-8299-4c6c-9cf9-d1a9d7f7506d"
          },
          "sensitive_attributes": [],
          "private": "bnVsbA==",
          "dependencies": [
            "module.eks.aws_cloudwatch_log_group.this",
            "module.eks.aws_eks_cluster.this",
            "module.eks.aws_iam_role.this",
            "module.eks.aws_iam_role_policy_attachment.this",
            "module.eks.aws_security_group.cluster",
            "module.eks.aws_security_group.node",
            "module.eks.aws_security_group_rule.cluster",
            "module.eks.aws_security_group_rule.node",
            "module.eks.data.aws_caller_identity.current",
            "module.eks.data.aws_iam_policy_document.assume_role_policy",
            "module.eks.data.aws_partition.current",
            "module.eks.module.kms.aws_kms_external_key.this",
            "module.eks.module.kms.aws_kms_key.this",
            "module.eks.module.kms.data.aws_caller_identity.current",
            "module.eks.module.kms.data.aws_iam_policy_document.this",
            "module.eks.module.kms.data.aws_partition.current",
            "module.solvers.aws_iam_role.solver_role",
            "module.solvers.aws_kms_key._key",
            "module.vpc.aws_subnet.private",
            "module.vpc.aws_vpc.this",
            "module.vpc.aws_vpc_ipv4_cidr_block_association.this"
          ]
        }
      ]
    },
    {
      "module": "module.solvers",
      "mode": "managed",
      "type": "aws_kms_key",
      "name": "_key",
      "provider": "provider[\"registry.terraform.io/hashicorp/aws\"]",
      "instances": [
        {
          "index_key": "cross-chain-market-maker",
          "schema_version": 0,
          "attributes": {
            "arn": "arn:aws:kms:us-east-1:803035318642:key/af255340-3ca4-44a6-8790-0e6ee7af6a80",
            "bypass_policy_lockout_safety_check": false,
            "custom_key_store_id": "",
            "customer_master_key_spec": "ECC_SECG_P256K1",
            "deletion_window_in_days": null,
            "description": "cross-chain-market-maker",
            "enable_key_rotation": false,
            "id": "af255340-3ca4-44a6-8790-0e6ee7af6a80",
            "is_enabled": true,
            "key_id": "af255340-3ca4-44a6-8790-0e6ee7af6a80",
            "key_usage": "SIGN_VERIFY",
            "multi_region": false,
            "policy": "{\"Statement\":[{\"Action\":[\"kms:GetPublicKey\",\"kms:Sign\"],\"Effect\":\"Allow\",\"Principal\":{\"AWS\":\"arn:aws:iam::803035318642:role/cross-chain-market-maker\"},\"Resource\":\"*\"},{\"Action\":[\"kms:*\"],\"Effect\":\"Allow\",\"Principal\":{\"AWS\":\"arn:aws:iam::803035318642:root\"},\"Resource\":\"*\"}],\"Version\":\"2012-10-17\"}",
            "rotation_period_in_days": 0,
            "tags": {},
            "tags_all": {},
            "timeouts": null,
            "xks_key_id": ""
          },
          "sensitive_attributes": [],
          "private": "bnVsbA==",
          "dependencies": [
            "module.eks.aws_cloudwatch_log_group.this",
            "module.eks.aws_eks_cluster.this",
            "module.eks.aws_iam_role.this",
            "module.eks.aws_iam_role_policy_attachment.this",
            "module.eks.aws_security_group.cluster",
            "module.eks.aws_security_group.node",
            "module.eks.aws_security_group_rule.cluster",
            "module.eks.aws_security_group_rule.node",
            "module.eks.data.aws_caller_identity.current",
            "module.eks.data.aws_iam_policy_document.assume_role_policy",
            "module.eks.data.aws_partition.current",
            "module.eks.module.kms.aws_kms_external_key.this",
            "module.eks.module.kms.aws_kms_key.this",
            "module.eks.module.kms.data.aws_caller_identity.current",
            "module.eks.module.kms.data.aws_iam_policy_document.this",
            "module.eks.module.kms.data.aws_partition.current",
            "module.solvers.aws_iam_role.solver_role",
            "module.vpc.aws_subnet.private",
            "module.vpc.aws_vpc.this",
            "module.vpc.aws_vpc_ipv4_cidr_block_association.this"
          ]
        },
        {
          "index_key": "intentbook-matchmaker",
          "schema_version": 0,
          "attributes": {
            "arn": "arn:aws:kms:us-east-1:803035318642:key/f6f2fb92-0891-4eab-bc00-9c8dc78655ba",
            "bypass_policy_lockout_safety_check": false,
            "custom_key_store_id": "",
            "customer_master_key_spec": "ECC_SECG_P256K1",
            "deletion_window_in_days": null,
            "description": "intentbook-matchmaker",
            "enable_key_rotation": false,
            "id": "f6f2fb92-0891-4eab-bc00-9c8dc78655ba",
            "is_enabled": true,
            "key_id": "f6f2fb92-0891-4eab-bc00-9c8dc78655ba",
            "key_usage": "SIGN_VERIFY",
            "multi_region": false,
            "policy": "{\"Statement\":[{\"Action\":[\"kms:GetPublicKey\",\"kms:Sign\"],\"Effect\":\"Allow\",\"Principal\":{\"AWS\":\"arn:aws:iam::803035318642:role/intentbook-matchmaker\"},\"Resource\":\"*\"},{\"Action\":[\"kms:*\"],\"Effect\":\"Allow\",\"Principal\":{\"AWS\":\"arn:aws:iam::803035318642:root\"},\"Resource\":\"*\"}],\"Version\":\"2012-10-17\"}",
            "rotation_period_in_days": 0,
            "tags": {},
            "tags_all": {},
            "timeouts": null,
            "xks_key_id": ""
          },
          "sensitive_attributes": [],
          "private": "bnVsbA==",
          "dependencies": [
            "module.eks.aws_cloudwatch_log_group.this",
            "module.eks.aws_eks_cluster.this",
            "module.eks.aws_iam_role.this",
            "module.eks.aws_iam_role_policy_attachment.this",
            "module.eks.aws_security_group.cluster",
            "module.eks.aws_security_group.node",
            "module.eks.aws_security_group_rule.cluster",
            "module.eks.aws_security_group_rule.node",
            "module.eks.data.aws_caller_identity.current",
            "module.eks.data.aws_iam_policy_document.assume_role_policy",
            "module.eks.data.aws_partition.current",
            "module.eks.module.kms.aws_kms_external_key.this",
            "module.eks.module.kms.aws_kms_key.this",
            "module.eks.module.kms.data.aws_caller_identity.current",
            "module.eks.module.kms.data.aws_iam_policy_document.this",
            "module.eks.module.kms.data.aws_partition.current",
            "module.solvers.aws_iam_role.solver_role",
            "module.vpc.aws_subnet.private",
            "module.vpc.aws_vpc.this",
            "module.vpc.aws_vpc_ipv4_cidr_block_association.this"
          ]
        },
        {
          "index_key": "settler",
          "schema_version": 0,
          "attributes": {
            "arn": "arn:aws:kms:us-east-1:803035318642:key/e4d7cf35-07f5-4aee-8b6c-936eb7c41bc4",
            "bypass_policy_lockout_safety_check": false,
            "custom_key_store_id": "",
            "customer_master_key_spec": "ECC_SECG_P256K1",
            "deletion_window_in_days": null,
            "description": "settler",
            "enable_key_rotation": false,
            "id": "e4d7cf35-07f5-4aee-8b6c-936eb7c41bc4",
            "is_enabled": true,
            "key_id": "e4d7cf35-07f5-4aee-8b6c-936eb7c41bc4",
            "key_usage": "SIGN_VERIFY",
            "multi_region": false,
            "policy": "{\"Statement\":[{\"Action\":[\"kms:GetPublicKey\",\"kms:Sign\"],\"Effect\":\"Allow\",\"Principal\":{\"AWS\":\"arn:aws:iam::803035318642:role/settler\"},\"Resource\":\"*\"},{\"Action\":[\"kms:*\"],\"Effect\":\"Allow\",\"Principal\":{\"AWS\":\"arn:aws:iam::803035318642:root\"},\"Resource\":\"*\"}],\"Version\":\"2012-10-17\"}",
            "rotation_period_in_days": 0,
            "tags": {},
            "tags_all": {},
            "timeouts": null,
            "xks_key_id": ""
          },
          "sensitive_attributes": [],
          "private": "bnVsbA==",
          "dependencies": [
            "module.eks.aws_cloudwatch_log_group.this",
            "module.eks.aws_eks_cluster.this",
            "module.eks.aws_iam_role.this",
            "module.eks.aws_iam_role_policy_attachment.this",
            "module.eks.aws_security_group.cluster",
            "module.eks.aws_security_group.node",
            "module.eks.aws_security_group_rule.cluster",
            "module.eks.aws_security_group_rule.node",
            "module.eks.data.aws_caller_identity.current",
            "module.eks.data.aws_iam_policy_document.assume_role_policy",
            "module.eks.data.aws_partition.current",
            "module.eks.module.kms.aws_kms_external_key.this",
            "module.eks.module.kms.aws_kms_key.this",
            "module.eks.module.kms.data.aws_caller_identity.current",
            "module.eks.module.kms.data.aws_iam_policy_document.this",
            "module.eks.module.kms.data.aws_partition.current",
            "module.solvers.aws_iam_role.solver_role",
            "module.vpc.aws_subnet.private",
            "module.vpc.aws_vpc.this",
            "module.vpc.aws_vpc_ipv4_cidr_block_association.this"
          ]
        },
        {
          "index_key": "spoke-chain-caller",
          "schema_version": 0,
          "attributes": {
            "arn": "arn:aws:kms:us-east-1:803035318642:key/2ea0dfb8-8299-4c6c-9cf9-d1a9d7f7506d",
            "bypass_policy_lockout_safety_check": false,
            "custom_key_store_id": "",
            "customer_master_key_spec": "ECC_SECG_P256K1",
            "deletion_window_in_days": null,
            "description": "spoke-chain-caller",
            "enable_key_rotation": false,
            "id": "2ea0dfb8-8299-4c6c-9cf9-d1a9d7f7506d",
            "is_enabled": true,
            "key_id": "2ea0dfb8-8299-4c6c-9cf9-d1a9d7f7506d",
            "key_usage": "SIGN_VERIFY",
            "multi_region": false,
            "policy": "{\"Statement\":[{\"Action\":[\"kms:GetPublicKey\",\"kms:Sign\"],\"Effect\":\"Allow\",\"Principal\":{\"AWS\":\"arn:aws:iam::803035318642:role/spoke-chain-caller\"},\"Resource\":\"*\"},{\"Action\":[\"kms:*\"],\"Effect\":\"Allow\",\"Principal\":{\"AWS\":\"arn:aws:iam::803035318642:root\"},\"Resource\":\"*\"}],\"Version\":\"2012-10-17\"}",
            "rotation_period_in_days": 0,
            "tags": {},
            "tags_all": {},
            "timeouts": null,
            "xks_key_id": ""
          },
          "sensitive_attributes": [],
          "private": "bnVsbA==",
          "dependencies": [
            "module.eks.aws_cloudwatch_log_group.this",
            "module.eks.aws_eks_cluster.this",
            "module.eks.aws_iam_role.this",
            "module.eks.aws_iam_role_policy_attachment.this",
            "module.eks.aws_security_group.cluster",
            "module.eks.aws_security_group.node",
            "module.eks.aws_security_group_rule.cluster",
            "module.eks.aws_security_group_rule.node",
            "module.eks.data.aws_caller_identity.current",
            "module.eks.data.aws_iam_policy_document.assume_role_policy",
            "module.eks.data.aws_partition.current",
            "module.eks.module.kms.aws_kms_external_key.this",
            "module.eks.module.kms.aws_kms_key.this",
            "module.eks.module.kms.data.aws_caller_identity.current",
            "module.eks.module.kms.data.aws_iam_policy_document.this",
            "module.eks.module.kms.data.aws_partition.current",
            "module.solvers.aws_iam_role.solver_role",
            "module.vpc.aws_subnet.private",
            "module.vpc.aws_vpc.this",
            "module.vpc.aws_vpc_ipv4_cidr_block_association.this"
          ]
        }
      ]
    },
    {
      "module": "module.vpc",
      "mode": "managed",
      "type": "aws_default_network_acl",
      "name": "this",
      "provider": "provider[\"registry.terraform.io/hashicorp/aws\"]",
      "instances": [
        {
          "index_key": 0,
          "schema_version": 0,
          "attributes": {
            "arn": "arn:aws:ec2:us-east-1:803035318642:network-acl/acl-0e2fb2ea3c03650a0",
            "default_network_acl_id": "acl-0e2fb2ea3c03650a0",
            "egress": [
              {
                "action": "allow",
                "cidr_block": "",
                "from_port": 0,
                "icmp_code": 0,
                "icmp_type": 0,
                "ipv6_cidr_block": "::/0",
                "protocol": "-1",
                "rule_no": 101,
                "to_port": 0
              },
              {
                "action": "allow",
                "cidr_block": "0.0.0.0/0",
                "from_port": 0,
                "icmp_code": 0,
                "icmp_type": 0,
                "ipv6_cidr_block": "",
                "protocol": "-1",
                "rule_no": 100,
                "to_port": 0
              }
            ],
            "id": "acl-0e2fb2ea3c03650a0",
            "ingress": [
              {
                "action": "allow",
                "cidr_block": "",
                "from_port": 0,
                "icmp_code": 0,
                "icmp_type": 0,
                "ipv6_cidr_block": "::/0",
                "protocol": "-1",
                "rule_no": 101,
                "to_port": 0
              },
              {
                "action": "allow",
                "cidr_block": "0.0.0.0/0",
                "from_port": 0,
                "icmp_code": 0,
                "icmp_type": 0,
                "ipv6_cidr_block": "",
                "protocol": "-1",
                "rule_no": 100,
                "to_port": 0
              }
            ],
            "owner_id": "803035318642",
            "subnet_ids": [
              "subnet-008a9917afdff49f4",
              "subnet-00a93b97fbdce7bb1",
              "subnet-01a9fe393503b760a",
              "subnet-030265ae3c7c61edc",
              "subnet-076c0ef7dc7936d83",
              "subnet-0e0ef94301d989243"
            ],
            "tags": {
              "Name": "axon-10-4-default",
              "type": "production"
            },
            "tags_all": {
              "Name": "axon-10-4-default",
              "type": "production"
            },
            "vpc_id": "vpc-0d19730efc69cf3eb"
          },
          "sensitive_attributes": [],
          "private": "bnVsbA==",
          "dependencies": [
            "module.vpc.aws_vpc.this"
          ]
        }
      ]
    },
    {
      "module": "module.vpc",
      "mode": "managed",
      "type": "aws_default_route_table",
      "name": "default",
      "provider": "provider[\"registry.terraform.io/hashicorp/aws\"]",
      "instances": [
        {
          "index_key": 0,
          "schema_version": 0,
          "attributes": {
            "arn": "arn:aws:ec2:us-east-1:803035318642:route-table/rtb-0dcf05e1cde5e8a48",
            "default_route_table_id": "rtb-0dcf05e1cde5e8a48",
            "id": "rtb-0dcf05e1cde5e8a48",
            "owner_id": "803035318642",
            "propagating_vgws": [],
            "route": [],
            "tags": {
              "Name": "axon-10-4-default",
              "type": "production"
            },
            "tags_all": {
              "Name": "axon-10-4-default",
              "type": "production"
            },
            "timeouts": {
              "create": "5m",
              "update": "5m"
            },
            "vpc_id": "vpc-0d19730efc69cf3eb"
          },
          "sensitive_attributes": [],
          "private": "eyJlMmJmYjczMC1lY2FhLTExZTYtOGY4OC0zNDM2M2JjN2M0YzAiOnsiY3JlYXRlIjozMDAwMDAwMDAwMDAsInVwZGF0ZSI6MzAwMDAwMDAwMDAwfX0=",
          "dependencies": [
            "module.vpc.aws_vpc.this"
          ]
        }
      ]
    },
    {
      "module": "module.vpc",
      "mode": "managed",
      "type": "aws_default_security_group",
      "name": "this",
      "provider": "provider[\"registry.terraform.io/hashicorp/aws\"]",
      "instances": [
        {
          "index_key": 0,
          "schema_version": 1,
          "attributes": {
            "arn": "arn:aws:ec2:us-east-1:803035318642:security-group/sg-0a0db2b53aea86bd7",
            "description": "default VPC security group",
            "egress": [],
            "id": "sg-0a0db2b53aea86bd7",
            "ingress": [],
            "name": "default",
            "name_prefix": "",
            "owner_id": "803035318642",
            "revoke_rules_on_delete": false,
            "tags": {
              "Name": "axon-10-4-default",
              "type": "production"
            },
            "tags_all": {
              "Name": "axon-10-4-default",
              "type": "production"
            },
            "vpc_id": "vpc-0d19730efc69cf3eb"
          },
          "sensitive_attributes": [],
          "private": "eyJzY2hlbWFfdmVyc2lvbiI6IjEifQ==",
          "dependencies": [
            "module.vpc.aws_vpc.this"
          ]
        }
      ]
    },
    {
      "module": "module.vpc",
      "mode": "managed",
      "type": "aws_eip",
      "name": "nat",
      "provider": "provider[\"registry.terraform.io/hashicorp/aws\"]",
      "instances": [
        {
          "index_key": 0,
          "schema_version": 0,
          "attributes": {
            "address": null,
            "allocation_id": "eipalloc-0b0c4707231681d33",
            "arn": "arn:aws:ec2:us-east-1:803035318642:elastic-ip/eipalloc-0b0c4707231681d33",
            "associate_with_private_ip": null,
            "association_id": "eipassoc-06e3a85751d941e3e",
            "carrier_ip": "",
            "customer_owned_ip": "",
            "customer_owned_ipv4_pool": "",
            "domain": "vpc",
            "id": "eipalloc-0b0c4707231681d33",
            "instance": "",
            "network_border_group": "us-east-1",
            "network_interface": "eni-0b2f951a607ec53c1",
            "private_dns": "ip-10-4-171-236.ec2.internal",
            "private_ip": "10.4.171.236",
            "ptr_record": "",
            "public_dns": "ec2-18-232-8-250.compute-1.amazonaws.com",
            "public_ip": "18.232.8.250",
            "public_ipv4_pool": "amazon",
            "tags": {
              "Name": "axon-10-4-us-east-1a",
              "type": "production"
            },
            "tags_all": {
              "Name": "axon-10-4-us-east-1a",
              "type": "production"
            },
            "timeouts": null,
            "vpc": true
          },
          "sensitive_attributes": [],
          "private": "eyJlMmJmYjczMC1lY2FhLTExZTYtOGY4OC0zNDM2M2JjN2M0YzAiOnsiZGVsZXRlIjoxODAwMDAwMDAwMDAsInJlYWQiOjkwMDAwMDAwMDAwMCwidXBkYXRlIjozMDAwMDAwMDAwMDB9fQ==",
          "dependencies": [
            "module.vpc.aws_internet_gateway.this",
            "module.vpc.aws_vpc.this",
            "module.vpc.aws_vpc_ipv4_cidr_block_association.this"
          ]
        }
      ]
    },
    {
      "module": "module.vpc",
      "mode": "managed",
      "type": "aws_internet_gateway",
      "name": "this",
      "provider": "provider[\"registry.terraform.io/hashicorp/aws\"]",
      "instances": [
        {
          "index_key": 0,
          "schema_version": 0,
          "attributes": {
            "arn": "arn:aws:ec2:us-east-1:803035318642:internet-gateway/igw-089769b83c47f3137",
            "id": "igw-089769b83c47f3137",
            "owner_id": "803035318642",
            "tags": {
              "Name": "axon-10-4",
              "type": "production"
            },
            "tags_all": {
              "Name": "axon-10-4",
              "type": "production"
            },
            "timeouts": null,
            "vpc_id": "vpc-0d19730efc69cf3eb"
          },
          "sensitive_attributes": [],
          "private": "bnVsbA==",
          "dependencies": [
            "module.vpc.aws_vpc.this",
            "module.vpc.aws_vpc_ipv4_cidr_block_association.this"
          ]
        }
      ]
    },
    {
      "module": "module.vpc",
      "mode": "managed",
      "type": "aws_nat_gateway",
      "name": "this",
      "provider": "provider[\"registry.terraform.io/hashicorp/aws\"]",
      "instances": [
        {
          "index_key": 0,
          "schema_version": 0,
          "attributes": {
            "allocation_id": "eipalloc-0b0c4707231681d33",
            "association_id": "eipassoc-06e3a85751d941e3e",
            "connectivity_type": "public",
            "id": "nat-05500c5cb24b8fe6b",
            "network_interface_id": "eni-0b2f951a607ec53c1",
            "private_ip": "10.4.171.236",
            "public_ip": "18.232.8.250",
            "secondary_allocation_ids": [],
            "secondary_private_ip_address_count": 0,
            "secondary_private_ip_addresses": [],
            "subnet_id": "subnet-008a9917afdff49f4",
            "tags": {
              "Name": "axon-10-4-us-east-1a",
              "type": "production"
            },
            "tags_all": {
              "Name": "axon-10-4-us-east-1a",
              "type": "production"
            },
            "timeouts": null
          },
          "sensitive_attributes": [],
          "private": "bnVsbA==",
          "dependencies": [
            "module.vpc.aws_eip.nat",
            "module.vpc.aws_internet_gateway.this",
            "module.vpc.aws_subnet.public",
            "module.vpc.aws_vpc.this",
            "module.vpc.aws_vpc_ipv4_cidr_block_association.this"
          ]
        }
      ]
    },
    {
      "module": "module.vpc",
      "mode": "managed",
      "type": "aws_route",
      "name": "private_nat_gateway",
      "provider": "provider[\"registry.terraform.io/hashicorp/aws\"]",
      "instances": [
        {
          "index_key": 0,
          "schema_version": 0,
          "attributes": {
            "carrier_gateway_id": "",
            "core_network_arn": "",
            "destination_cidr_block": "0.0.0.0/0",
            "destination_ipv6_cidr_block": "",
            "destination_prefix_list_id": "",
            "egress_only_gateway_id": "",
            "gateway_id": "",
            "id": "r-rtb-0b12f13a6020052d71080289494",
            "instance_id": "",
            "instance_owner_id": "",
            "local_gateway_id": "",
            "nat_gateway_id": "nat-05500c5cb24b8fe6b",
            "network_interface_id": "",
            "origin": "CreateRoute",
            "route_table_id": "rtb-0b12f13a6020052d7",
            "state": "active",
            "timeouts": {
              "create": "5m",
              "delete": null,
              "update": null
            },
            "transit_gateway_id": "",
            "vpc_endpoint_id": "",
            "vpc_peering_connection_id": ""
          },
          "sensitive_attributes": [],
          "private": "eyJlMmJmYjczMC1lY2FhLTExZTYtOGY4OC0zNDM2M2JjN2M0YzAiOnsiY3JlYXRlIjozMDAwMDAwMDAwMDAsImRlbGV0ZSI6MzAwMDAwMDAwMDAwLCJ1cGRhdGUiOjEyMDAwMDAwMDAwMH19",
          "dependencies": [
            "module.vpc.aws_eip.nat",
            "module.vpc.aws_internet_gateway.this",
            "module.vpc.aws_nat_gateway.this",
            "module.vpc.aws_route_table.private",
            "module.vpc.aws_subnet.public",
            "module.vpc.aws_vpc.this",
            "module.vpc.aws_vpc_ipv4_cidr_block_association.this"
          ]
        }
      ]
    },
    {
      "module": "module.vpc",
      "mode": "managed",
      "type": "aws_route",
      "name": "public_internet_gateway",
      "provider": "provider[\"registry.terraform.io/hashicorp/aws\"]",
      "instances": [
        {
          "index_key": 0,
          "schema_version": 0,
          "attributes": {
            "carrier_gateway_id": "",
            "core_network_arn": "",
            "destination_cidr_block": "0.0.0.0/0",
            "destination_ipv6_cidr_block": "",
            "destination_prefix_list_id": "",
            "egress_only_gateway_id": "",
            "gateway_id": "igw-089769b83c47f3137",
            "id": "r-rtb-0cf3c880b1ffe67011080289494",
            "instance_id": "",
            "instance_owner_id": "",
            "local_gateway_id": "",
            "nat_gateway_id": "",
            "network_interface_id": "",
            "origin": "CreateRoute",
            "route_table_id": "rtb-0cf3c880b1ffe6701",
            "state": "active",
            "timeouts": {
              "create": "5m",
              "delete": null,
              "update": null
            },
            "transit_gateway_id": "",
            "vpc_endpoint_id": "",
            "vpc_peering_connection_id": ""
          },
          "sensitive_attributes": [],
          "private": "eyJlMmJmYjczMC1lY2FhLTExZTYtOGY4OC0zNDM2M2JjN2M0YzAiOnsiY3JlYXRlIjozMDAwMDAwMDAwMDAsImRlbGV0ZSI6MzAwMDAwMDAwMDAwLCJ1cGRhdGUiOjEyMDAwMDAwMDAwMH19",
          "dependencies": [
            "module.vpc.aws_internet_gateway.this",
            "module.vpc.aws_route_table.public",
            "module.vpc.aws_vpc.this",
            "module.vpc.aws_vpc_ipv4_cidr_block_association.this"
          ]
        }
      ]
    },
    {
      "module": "module.vpc",
      "mode": "managed",
      "type": "aws_route_table",
      "name": "private",
      "provider": "provider[\"registry.terraform.io/hashicorp/aws\"]",
      "instances": [
        {
          "index_key": 0,
          "schema_version": 0,
          "attributes": {
            "arn": "arn:aws:ec2:us-east-1:803035318642:route-table/rtb-0b12f13a6020052d7",
            "id": "rtb-0b12f13a6020052d7",
            "owner_id": "803035318642",
            "propagating_vgws": [],
            "route": [
              {
                "carrier_gateway_id": "",
                "cidr_block": "0.0.0.0/0",
                "core_network_arn": "",
                "destination_prefix_list_id": "",
                "egress_only_gateway_id": "",
                "gateway_id": "",
                "ipv6_cidr_block": "",
                "local_gateway_id": "",
                "nat_gateway_id": "nat-05500c5cb24b8fe6b",
                "network_interface_id": "",
                "transit_gateway_id": "",
                "vpc_endpoint_id": "",
                "vpc_peering_connection_id": ""
              }
            ],
            "tags": {
              "Name": "axon-10-4-private",
              "type": "production"
            },
            "tags_all": {
              "Name": "axon-10-4-private",
              "type": "production"
            },
            "timeouts": null,
            "vpc_id": "vpc-0d19730efc69cf3eb"
          },
          "sensitive_attributes": [],
          "private": "eyJlMmJmYjczMC1lY2FhLTExZTYtOGY4OC0zNDM2M2JjN2M0YzAiOnsiY3JlYXRlIjozMDAwMDAwMDAwMDAsImRlbGV0ZSI6MzAwMDAwMDAwMDAwLCJ1cGRhdGUiOjEyMDAwMDAwMDAwMH19",
          "dependencies": [
            "module.vpc.aws_vpc.this",
            "module.vpc.aws_vpc_ipv4_cidr_block_association.this"
          ]
        }
      ]
    },
    {
      "module": "module.vpc",
      "mode": "managed",
      "type": "aws_route_table",
      "name": "public",
      "provider": "provider[\"registry.terraform.io/hashicorp/aws\"]",
      "instances": [
        {
          "index_key": 0,
          "schema_version": 0,
          "attributes": {
            "arn": "arn:aws:ec2:us-east-1:803035318642:route-table/rtb-0cf3c880b1ffe6701",
            "id": "rtb-0cf3c880b1ffe6701",
            "owner_id": "803035318642",
            "propagating_vgws": [],
            "route": [
              {
                "carrier_gateway_id": "",
                "cidr_block": "0.0.0.0/0",
                "core_network_arn": "",
                "destination_prefix_list_id": "",
                "egress_only_gateway_id": "",
                "gateway_id": "igw-089769b83c47f3137",
                "ipv6_cidr_block": "",
                "local_gateway_id": "",
                "nat_gateway_id": "",
                "network_interface_id": "",
                "transit_gateway_id": "",
                "vpc_endpoint_id": "",
                "vpc_peering_connection_id": ""
              }
            ],
            "tags": {
              "Name": "axon-10-4-public",
              "type": "production"
            },
            "tags_all": {
              "Name": "axon-10-4-public",
              "type": "production"
            },
            "timeouts": null,
            "vpc_id": "vpc-0d19730efc69cf3eb"
          },
          "sensitive_attributes": [],
          "private": "eyJlMmJmYjczMC1lY2FhLTExZTYtOGY4OC0zNDM2M2JjN2M0YzAiOnsiY3JlYXRlIjozMDAwMDAwMDAwMDAsImRlbGV0ZSI6MzAwMDAwMDAwMDAwLCJ1cGRhdGUiOjEyMDAwMDAwMDAwMH19",
          "dependencies": [
            "module.vpc.aws_vpc.this",
            "module.vpc.aws_vpc_ipv4_cidr_block_association.this"
          ]
        }
      ]
    },
    {
      "module": "module.vpc",
      "mode": "managed",
      "type": "aws_route_table_association",
      "name": "private",
      "provider": "provider[\"registry.terraform.io/hashicorp/aws\"]",
      "instances": [
        {
          "index_key": 0,
          "schema_version": 0,
          "attributes": {
            "gateway_id": "",
            "id": "rtbassoc-00244d627bc4ffeac",
            "route_table_id": "rtb-0b12f13a6020052d7",
            "subnet_id": "subnet-01a9fe393503b760a",
            "timeouts": null
          },
          "sensitive_attributes": [],
          "private": "bnVsbA==",
          "dependencies": [
            "module.vpc.aws_route_table.private",
            "module.vpc.aws_subnet.private",
            "module.vpc.aws_vpc.this",
            "module.vpc.aws_vpc_ipv4_cidr_block_association.this"
          ]
        },
        {
          "index_key": 1,
          "schema_version": 0,
          "attributes": {
            "gateway_id": "",
            "id": "rtbassoc-0b38aeb0f524b7073",
            "route_table_id": "rtb-0b12f13a6020052d7",
            "subnet_id": "subnet-00a93b97fbdce7bb1",
            "timeouts": null
          },
          "sensitive_attributes": [],
          "private": "bnVsbA==",
          "dependencies": [
            "module.vpc.aws_route_table.private",
            "module.vpc.aws_subnet.private",
            "module.vpc.aws_vpc.this",
            "module.vpc.aws_vpc_ipv4_cidr_block_association.this"
          ]
        },
        {
          "index_key": 2,
          "schema_version": 0,
          "attributes": {
            "gateway_id": "",
            "id": "rtbassoc-0648cbff6a2e1059c",
            "route_table_id": "rtb-0b12f13a6020052d7",
            "subnet_id": "subnet-076c0ef7dc7936d83",
            "timeouts": null
          },
          "sensitive_attributes": [],
          "private": "bnVsbA==",
          "dependencies": [
            "module.vpc.aws_route_table.private",
            "module.vpc.aws_subnet.private",
            "module.vpc.aws_vpc.this",
            "module.vpc.aws_vpc_ipv4_cidr_block_association.this"
          ]
        }
      ]
    },
    {
      "module": "module.vpc",
      "mode": "managed",
      "type": "aws_route_table_association",
      "name": "public",
      "provider": "provider[\"registry.terraform.io/hashicorp/aws\"]",
      "instances": [
        {
          "index_key": 0,
          "schema_version": 0,
          "attributes": {
            "gateway_id": "",
            "id": "rtbassoc-0ec02e7a3533419a2",
            "route_table_id": "rtb-0cf3c880b1ffe6701",
            "subnet_id": "subnet-008a9917afdff49f4",
            "timeouts": null
          },
          "sensitive_attributes": [],
          "private": "bnVsbA==",
          "dependencies": [
            "module.vpc.aws_route_table.public",
            "module.vpc.aws_subnet.public",
            "module.vpc.aws_vpc.this",
            "module.vpc.aws_vpc_ipv4_cidr_block_association.this"
          ]
        },
        {
          "index_key": 1,
          "schema_version": 0,
          "attributes": {
            "gateway_id": "",
            "id": "rtbassoc-092a1d853adf19937",
            "route_table_id": "rtb-0cf3c880b1ffe6701",
            "subnet_id": "subnet-0e0ef94301d989243",
            "timeouts": null
          },
          "sensitive_attributes": [],
          "private": "bnVsbA==",
          "dependencies": [
            "module.vpc.aws_route_table.public",
            "module.vpc.aws_subnet.public",
            "module.vpc.aws_vpc.this",
            "module.vpc.aws_vpc_ipv4_cidr_block_association.this"
          ]
        },
        {
          "index_key": 2,
          "schema_version": 0,
          "attributes": {
            "gateway_id": "",
            "id": "rtbassoc-084ba8c05c078bccc",
            "route_table_id": "rtb-0cf3c880b1ffe6701",
            "subnet_id": "subnet-030265ae3c7c61edc",
            "timeouts": null
          },
          "sensitive_attributes": [],
          "private": "bnVsbA==",
          "dependencies": [
            "module.vpc.aws_route_table.public",
            "module.vpc.aws_subnet.public",
            "module.vpc.aws_vpc.this",
            "module.vpc.aws_vpc_ipv4_cidr_block_association.this"
          ]
        }
      ]
    },
    {
      "module": "module.vpc",
      "mode": "managed",
      "type": "aws_subnet",
      "name": "private",
      "provider": "provider[\"registry.terraform.io/hashicorp/aws\"]",
      "instances": [
        {
          "index_key": 0,
          "schema_version": 1,
          "attributes": {
            "arn": "arn:aws:ec2:us-east-1:803035318642:subnet/subnet-01a9fe393503b760a",
            "assign_ipv6_address_on_creation": false,
            "availability_zone": "us-east-1a",
            "availability_zone_id": "use1-az6",
            "cidr_block": "10.4.64.0/19",
            "customer_owned_ipv4_pool": "",
            "enable_dns64": false,
            "enable_lni_at_device_index": 0,
            "enable_resource_name_dns_a_record_on_launch": false,
            "enable_resource_name_dns_aaaa_record_on_launch": false,
            "id": "subnet-01a9fe393503b760a",
            "ipv6_cidr_block": "",
            "ipv6_cidr_block_association_id": "",
            "ipv6_native": false,
            "map_customer_owned_ip_on_launch": false,
            "map_public_ip_on_launch": false,
            "outpost_arn": "",
            "owner_id": "803035318642",
            "private_dns_hostname_type_on_launch": "ip-name",
            "tags": {
              "Name": "axon-10-4-private-us-east-1a",
              "kubernetes.io/cluster/axon-eks": "owned",
              "kubernetes.io/role/internal-elb": "1",
              "type": "production"
            },
            "tags_all": {
              "Name": "axon-10-4-private-us-east-1a",
              "kubernetes.io/cluster/axon-eks": "owned",
              "kubernetes.io/role/internal-elb": "1",
              "type": "production"
            },
            "timeouts": null,
            "vpc_id": "vpc-0d19730efc69cf3eb"
          },
          "sensitive_attributes": [],
          "private": "eyJlMmJmYjczMC1lY2FhLTExZTYtOGY4OC0zNDM2M2JjN2M0YzAiOnsiY3JlYXRlIjo2MDAwMDAwMDAwMDAsImRlbGV0ZSI6MTIwMDAwMDAwMDAwMH0sInNjaGVtYV92ZXJzaW9uIjoiMSJ9",
          "dependencies": [
            "module.vpc.aws_vpc.this",
            "module.vpc.aws_vpc_ipv4_cidr_block_association.this"
          ],
          "create_before_destroy": true
        },
        {
          "index_key": 1,
          "schema_version": 1,
          "attributes": {
            "arn": "arn:aws:ec2:us-east-1:803035318642:subnet/subnet-00a93b97fbdce7bb1",
            "assign_ipv6_address_on_creation": false,
            "availability_zone": "us-east-1b",
            "availability_zone_id": "use1-az1",
            "cidr_block": "10.4.96.0/19",
            "customer_owned_ipv4_pool": "",
            "enable_dns64": false,
            "enable_lni_at_device_index": 0,
            "enable_resource_name_dns_a_record_on_launch": false,
            "enable_resource_name_dns_aaaa_record_on_launch": false,
            "id": "subnet-00a93b97fbdce7bb1",
            "ipv6_cidr_block": "",
            "ipv6_cidr_block_association_id": "",
            "ipv6_native": false,
            "map_customer_owned_ip_on_launch": false,
            "map_public_ip_on_launch": false,
            "outpost_arn": "",
            "owner_id": "803035318642",
            "private_dns_hostname_type_on_launch": "ip-name",
            "tags": {
              "Name": "axon-10-4-private-us-east-1b",
              "kubernetes.io/cluster/axon-eks": "owned",
              "kubernetes.io/role/internal-elb": "1",
              "type": "production"
            },
            "tags_all": {
              "Name": "axon-10-4-private-us-east-1b",
              "kubernetes.io/cluster/axon-eks": "owned",
              "kubernetes.io/role/internal-elb": "1",
              "type": "production"
            },
            "timeouts": null,
            "vpc_id": "vpc-0d19730efc69cf3eb"
          },
          "sensitive_attributes": [],
          "private": "eyJlMmJmYjczMC1lY2FhLTExZTYtOGY4OC0zNDM2M2JjN2M0YzAiOnsiY3JlYXRlIjo2MDAwMDAwMDAwMDAsImRlbGV0ZSI6MTIwMDAwMDAwMDAwMH0sInNjaGVtYV92ZXJzaW9uIjoiMSJ9",
          "dependencies": [
            "module.vpc.aws_vpc.this",
            "module.vpc.aws_vpc_ipv4_cidr_block_association.this"
          ],
          "create_before_destroy": true
        },
        {
          "index_key": 2,
          "schema_version": 1,
          "attributes": {
            "arn": "arn:aws:ec2:us-east-1:803035318642:subnet/subnet-076c0ef7dc7936d83",
            "assign_ipv6_address_on_creation": false,
            "availability_zone": "us-east-1c",
            "availability_zone_id": "use1-az2",
            "cidr_block": "10.4.128.0/19",
            "customer_owned_ipv4_pool": "",
            "enable_dns64": false,
            "enable_lni_at_device_index": 0,
            "enable_resource_name_dns_a_record_on_launch": false,
            "enable_resource_name_dns_aaaa_record_on_launch": false,
            "id": "subnet-076c0ef7dc7936d83",
            "ipv6_cidr_block": "",
            "ipv6_cidr_block_association_id": "",
            "ipv6_native": false,
            "map_customer_owned_ip_on_launch": false,
            "map_public_ip_on_launch": false,
            "outpost_arn": "",
            "owner_id": "803035318642",
            "private_dns_hostname_type_on_launch": "ip-name",
            "tags": {
              "Name": "axon-10-4-private-us-east-1c",
              "kubernetes.io/cluster/axon-eks": "owned",
              "kubernetes.io/role/internal-elb": "1",
              "type": "production"
            },
            "tags_all": {
              "Name": "axon-10-4-private-us-east-1c",
              "kubernetes.io/cluster/axon-eks": "owned",
              "kubernetes.io/role/internal-elb": "1",
              "type": "production"
            },
            "timeouts": null,
            "vpc_id": "vpc-0d19730efc69cf3eb"
          },
          "sensitive_attributes": [],
          "private": "eyJlMmJmYjczMC1lY2FhLTExZTYtOGY4OC0zNDM2M2JjN2M0YzAiOnsiY3JlYXRlIjo2MDAwMDAwMDAwMDAsImRlbGV0ZSI6MTIwMDAwMDAwMDAwMH0sInNjaGVtYV92ZXJzaW9uIjoiMSJ9",
          "dependencies": [
            "module.vpc.aws_vpc.this",
            "module.vpc.aws_vpc_ipv4_cidr_block_association.this"
          ],
          "create_before_destroy": true
        }
      ]
    },
    {
      "module": "module.vpc",
      "mode": "managed",
      "type": "aws_subnet",
      "name": "public",
      "provider": "provider[\"registry.terraform.io/hashicorp/aws\"]",
      "instances": [
        {
          "index_key": 0,
          "schema_version": 1,
          "attributes": {
            "arn": "arn:aws:ec2:us-east-1:803035318642:subnet/subnet-008a9917afdff49f4",
            "assign_ipv6_address_on_creation": false,
            "availability_zone": "us-east-1a",
            "availability_zone_id": "use1-az6",
            "cidr_block": "10.4.160.0/19",
            "customer_owned_ipv4_pool": "",
            "enable_dns64": false,
            "enable_lni_at_device_index": 0,
            "enable_resource_name_dns_a_record_on_launch": false,
            "enable_resource_name_dns_aaaa_record_on_launch": false,
            "id": "subnet-008a9917afdff49f4",
            "ipv6_cidr_block": "",
            "ipv6_cidr_block_association_id": "",
            "ipv6_native": false,
            "map_customer_owned_ip_on_launch": false,
            "map_public_ip_on_launch": false,
            "outpost_arn": "",
            "owner_id": "803035318642",
            "private_dns_hostname_type_on_launch": "ip-name",
            "tags": {
              "Name": "axon-public-subnet",
              "kubernetes.io/cluster/axon-eks": "owned",
              "kubernetes.io/role/elb": "1",
              "type": "production"
            },
            "tags_all": {
              "Name": "axon-public-subnet",
              "kubernetes.io/cluster/axon-eks": "owned",
              "kubernetes.io/role/elb": "1",
              "type": "production"
            },
            "timeouts": null,
            "vpc_id": "vpc-0d19730efc69cf3eb"
          },
          "sensitive_attributes": [],
          "private": "eyJlMmJmYjczMC1lY2FhLTExZTYtOGY4OC0zNDM2M2JjN2M0YzAiOnsiY3JlYXRlIjo2MDAwMDAwMDAwMDAsImRlbGV0ZSI6MTIwMDAwMDAwMDAwMH0sInNjaGVtYV92ZXJzaW9uIjoiMSJ9",
          "dependencies": [
            "module.vpc.aws_vpc.this",
            "module.vpc.aws_vpc_ipv4_cidr_block_association.this"
          ]
        },
        {
          "index_key": 1,
          "schema_version": 1,
          "attributes": {
            "arn": "arn:aws:ec2:us-east-1:803035318642:subnet/subnet-0e0ef94301d989243",
            "assign_ipv6_address_on_creation": false,
            "availability_zone": "us-east-1b",
            "availability_zone_id": "use1-az1",
            "cidr_block": "10.4.192.0/19",
            "customer_owned_ipv4_pool": "",
            "enable_dns64": false,
            "enable_lni_at_device_index": 0,
            "enable_resource_name_dns_a_record_on_launch": false,
            "enable_resource_name_dns_aaaa_record_on_launch": false,
            "id": "subnet-0e0ef94301d989243",
            "ipv6_cidr_block": "",
            "ipv6_cidr_block_association_id": "",
            "ipv6_native": false,
            "map_customer_owned_ip_on_launch": false,
            "map_public_ip_on_launch": false,
            "outpost_arn": "",
            "owner_id": "803035318642",
            "private_dns_hostname_type_on_launch": "ip-name",
            "tags": {
              "Name": "axon-public-subnet",
              "kubernetes.io/cluster/axon-eks": "owned",
              "kubernetes.io/role/elb": "1",
              "type": "production"
            },
            "tags_all": {
              "Name": "axon-public-subnet",
              "kubernetes.io/cluster/axon-eks": "owned",
              "kubernetes.io/role/elb": "1",
              "type": "production"
            },
            "timeouts": null,
            "vpc_id": "vpc-0d19730efc69cf3eb"
          },
          "sensitive_attributes": [],
          "private": "eyJlMmJmYjczMC1lY2FhLTExZTYtOGY4OC0zNDM2M2JjN2M0YzAiOnsiY3JlYXRlIjo2MDAwMDAwMDAwMDAsImRlbGV0ZSI6MTIwMDAwMDAwMDAwMH0sInNjaGVtYV92ZXJzaW9uIjoiMSJ9",
          "dependencies": [
            "module.vpc.aws_vpc.this",
            "module.vpc.aws_vpc_ipv4_cidr_block_association.this"
          ]
        },
        {
          "index_key": 2,
          "schema_version": 1,
          "attributes": {
            "arn": "arn:aws:ec2:us-east-1:803035318642:subnet/subnet-030265ae3c7c61edc",
            "assign_ipv6_address_on_creation": false,
            "availability_zone": "us-east-1c",
            "availability_zone_id": "use1-az2",
            "cidr_block": "10.4.224.0/19",
            "customer_owned_ipv4_pool": "",
            "enable_dns64": false,
            "enable_lni_at_device_index": 0,
            "enable_resource_name_dns_a_record_on_launch": false,
            "enable_resource_name_dns_aaaa_record_on_launch": false,
            "id": "subnet-030265ae3c7c61edc",
            "ipv6_cidr_block": "",
            "ipv6_cidr_block_association_id": "",
            "ipv6_native": false,
            "map_customer_owned_ip_on_launch": false,
            "map_public_ip_on_launch": false,
            "outpost_arn": "",
            "owner_id": "803035318642",
            "private_dns_hostname_type_on_launch": "ip-name",
            "tags": {
              "Name": "axon-public-subnet",
              "kubernetes.io/cluster/axon-eks": "owned",
              "kubernetes.io/role/elb": "1",
              "type": "production"
            },
            "tags_all": {
              "Name": "axon-public-subnet",
              "kubernetes.io/cluster/axon-eks": "owned",
              "kubernetes.io/role/elb": "1",
              "type": "production"
            },
            "timeouts": null,
            "vpc_id": "vpc-0d19730efc69cf3eb"
          },
          "sensitive_attributes": [],
          "private": "eyJlMmJmYjczMC1lY2FhLTExZTYtOGY4OC0zNDM2M2JjN2M0YzAiOnsiY3JlYXRlIjo2MDAwMDAwMDAwMDAsImRlbGV0ZSI6MTIwMDAwMDAwMDAwMH0sInNjaGVtYV92ZXJzaW9uIjoiMSJ9",
          "dependencies": [
            "module.vpc.aws_vpc.this",
            "module.vpc.aws_vpc_ipv4_cidr_block_association.this"
          ]
        }
      ]
    },
    {
      "module": "module.vpc",
      "mode": "managed",
      "type": "aws_vpc",
      "name": "this",
      "provider": "provider[\"registry.terraform.io/hashicorp/aws\"]",
      "instances": [
        {
          "index_key": 0,
          "schema_version": 1,
          "attributes": {
            "arn": "arn:aws:ec2:us-east-1:803035318642:vpc/vpc-0d19730efc69cf3eb",
            "assign_generated_ipv6_cidr_block": false,
            "cidr_block": "10.4.0.0/16",
            "default_network_acl_id": "acl-0e2fb2ea3c03650a0",
            "default_route_table_id": "rtb-0dcf05e1cde5e8a48",
            "default_security_group_id": "sg-0a0db2b53aea86bd7",
            "dhcp_options_id": "dopt-0ba5706a9c47f7960",
            "enable_dns_hostnames": true,
            "enable_dns_support": true,
            "enable_network_address_usage_metrics": false,
            "id": "vpc-0d19730efc69cf3eb",
            "instance_tenancy": "default",
            "ipv4_ipam_pool_id": null,
            "ipv4_netmask_length": null,
            "ipv6_association_id": "",
            "ipv6_cidr_block": "",
            "ipv6_cidr_block_network_border_group": "",
            "ipv6_ipam_pool_id": "",
            "ipv6_netmask_length": 0,
            "main_route_table_id": "rtb-0dcf05e1cde5e8a48",
            "owner_id": "803035318642",
            "tags": {
              "Name": "axon-10-4",
              "type": "production"
            },
            "tags_all": {
              "Name": "axon-10-4",
              "type": "production"
            }
          },
          "sensitive_attributes": [],
          "private": "eyJzY2hlbWFfdmVyc2lvbiI6IjEifQ==",
          "create_before_destroy": true
        }
      ]
    }
  ],
  "check_results": null
}
