{
  "version": 4,
  "terraform_version": "1.4.6",
  "serial": 24,
  "lineage": "8f42df35-b783-3f5b-c90f-ed43f4ddf71c",
  "outputs": {
    "godwoken_validator_info": {
      "value": [
        {
          "bucket_name": "godwoken-testnet-validator-signatures-0",
          "key_alias": "alias/godwoken-testnet-hyperlane-validator-signer-0",
          "key_id": "ab6dd8cd-fe35-4f5f-adcb-c89d22d1f019",
          "role_arn": "arn:aws:iam::803035318642:role/godwoken-testnet-hyperlane-validator-0",
          "role_name": "godwoken-testnet-hyperlane-validator-0"
        },
        {
          "bucket_name": "godwoken-testnet-validator-signatures-1",
          "key_alias": "alias/godwoken-testnet-hyperlane-validator-signer-1",
          "key_id": "fa934dfc-f51e-482d-9e54-00f0c27564d1",
          "role_arn": "arn:aws:iam::803035318642:role/godwoken-testnet-hyperlane-validator-1",
          "role_name": "godwoken-testnet-hyperlane-validator-1"
        },
        {
          "bucket_name": "godwoken-testnet-validator-signatures-2",
          "key_alias": "alias/godwoken-testnet-hyperlane-validator-signer-2",
          "key_id": "149791e2-9655-4a81-8dd6-45548e3c1642",
          "role_arn": "arn:aws:iam::803035318642:role/godwoken-testnet-hyperlane-validator-2",
          "role_name": "godwoken-testnet-hyperlane-validator-2"
        }
      ],
      "type": [
        "tuple",
        [
          [
            "object",
            {
              "bucket_name": "string",
              "key_alias": "string",
              "key_id": "string",
              "role_arn": "string",
              "role_name": "string"
            }
          ],
          [
            "object",
            {
              "bucket_name": "string",
              "key_alias": "string",
              "key_id": "string",
              "role_arn": "string",
              "role_name": "string"
            }
          ],
          [
            "object",
            {
              "bucket_name": "string",
              "key_alias": "string",
              "key_id": "string",
              "role_arn": "string",
              "role_name": "string"
            }
          ]
        ]
      ]
    },
    "relayer_info": {
      "value": [
        {
          "key_alias": "alias/khalani-hyperlane-relayer-arbitrum-goerli",
          "key_id": "63abb668-6023-45cb-b67d-d8bdb9e06149",
          "role_arn": "arn:aws:iam::803035318642:role/khalani-hyperlane-relayer-arbitrum-goerli",
          "role_name": "khalani-hyperlane-relayer-arbitrum-goerli"
        },
        {
          "key_alias": "alias/khalani-hyperlane-relayer-bsc-testnet",
          "key_id": "ddb9c337-0f8e-467c-ad01-2d751675516f",
          "role_arn": "arn:aws:iam::803035318642:role/khalani-hyperlane-relayer-bsc-testnet",
          "role_name": "khalani-hyperlane-relayer-bsc-testnet"
        },
        {
          "key_alias": "alias/khalani-hyperlane-relayer-fuji",
          "key_id": "e7cc7fc6-42fd-4565-bcaf-d126cb6f5d10",
          "role_arn": "arn:aws:iam::803035318642:role/khalani-hyperlane-relayer-fuji",
          "role_name": "khalani-hyperlane-relayer-fuji"
        },
        {
          "key_alias": "alias/khalani-hyperlane-relayer-godwoken-testnet",
          "key_id": "e2f34d0c-2105-4d1d-8448-241b0b28209f",
          "role_arn": "arn:aws:iam::803035318642:role/khalani-hyperlane-relayer-godwoken-testnet",
          "role_name": "khalani-hyperlane-relayer-godwoken-testnet"
        },
        {
          "key_alias": "alias/khalani-hyperlane-relayer-khalani-testnet",
          "key_id": "541a29cf-b62b-4b0c-9031-94e2d00dfd9f",
          "role_arn": "arn:aws:iam::803035318642:role/khalani-hyperlane-relayer-khalani-testnet",
          "role_name": "khalani-hyperlane-relayer-khalani-testnet"
        },
        {
          "key_alias": "alias/khalani-hyperlane-relayer-mumbai",
          "key_id": "d185f7f0-d58b-4f4c-b621-c2b68723fe00",
          "role_arn": "arn:aws:iam::803035318642:role/khalani-hyperlane-relayer-mumbai",
          "role_name": "khalani-hyperlane-relayer-mumbai"
        },
        {
          "key_alias": "alias/khalani-hyperlane-relayer-optimism-goerli",
          "key_id": "d3ddec10-8156-4e7b-b522-d6ba0a58a640",
          "role_arn": "arn:aws:iam::803035318642:role/khalani-hyperlane-relayer-optimism-goerli",
          "role_name": "khalani-hyperlane-relayer-optimism-goerli"
        },
        {
          "key_alias": "alias/khalani-hyperlane-relayer-sepolia",
          "key_id": "366b6a01-b570-4012-825c-81bf16390789",
          "role_arn": "arn:aws:iam::803035318642:role/khalani-hyperlane-relayer-sepolia",
          "role_name": "khalani-hyperlane-relayer-sepolia"
        }
      ],
      "type": [
        "tuple",
        [
          [
            "object",
            {
              "key_alias": "string",
              "key_id": "string",
              "role_arn": "string",
              "role_name": "string"
            }
          ],
          [
            "object",
            {
              "key_alias": "string",
              "key_id": "string",
              "role_arn": "string",
              "role_name": "string"
            }
          ],
          [
            "object",
            {
              "key_alias": "string",
              "key_id": "string",
              "role_arn": "string",
              "role_name": "string"
            }
          ],
          [
            "object",
            {
              "key_alias": "string",
              "key_id": "string",
              "role_arn": "string",
              "role_name": "string"
            }
          ],
          [
            "object",
            {
              "key_alias": "string",
              "key_id": "string",
              "role_arn": "string",
              "role_name": "string"
            }
          ],
          [
            "object",
            {
              "key_alias": "string",
              "key_id": "string",
              "role_arn": "string",
              "role_name": "string"
            }
          ],
          [
            "object",
            {
              "key_alias": "string",
              "key_id": "string",
              "role_arn": "string",
              "role_name": "string"
            }
          ],
          [
            "object",
            {
              "key_alias": "string",
              "key_id": "string",
              "role_arn": "string",
              "role_name": "string"
            }
          ]
        ]
      ]
    },
    "validator_info": {
      "value": [
        {
          "bucket_name": "khalani-validator-signatures-0",
          "key_alias": "alias/khalani-hyperlane-validator-signer-0",
          "key_id": "dea61829-8c8e-4ec4-8d35-dddd11a729c6",
          "role_arn": "arn:aws:iam::803035318642:role/khalani-hyperlane-validator-0",
          "role_name": "khalani-hyperlane-validator-0"
        },
        {
          "bucket_name": "khalani-validator-signatures-1",
          "key_alias": "alias/khalani-hyperlane-validator-signer-1",
          "key_id": "a6abc8b7-144a-44ee-9e4d-21374b3a5cc0",
          "role_arn": "arn:aws:iam::803035318642:role/khalani-hyperlane-validator-1",
          "role_name": "khalani-hyperlane-validator-1"
        },
        {
          "bucket_name": "khalani-validator-signatures-2",
          "key_alias": "alias/khalani-hyperlane-validator-signer-2",
          "key_id": "7345f580-f733-4bb2-9bcb-196d08ff9a1e",
          "role_arn": "arn:aws:iam::803035318642:role/khalani-hyperlane-validator-2",
          "role_name": "khalani-hyperlane-validator-2"
        }
      ],
      "type": [
        "tuple",
        [
          [
            "object",
            {
              "bucket_name": "string",
              "key_alias": "string",
              "key_id": "string",
              "role_arn": "string",
              "role_name": "string"
            }
          ],
          [
            "object",
            {
              "bucket_name": "string",
              "key_alias": "string",
              "key_id": "string",
              "role_arn": "string",
              "role_name": "string"
            }
          ],
          [
            "object",
            {
              "bucket_name": "string",
              "key_alias": "string",
              "key_id": "string",
              "role_arn": "string",
              "role_name": "string"
            }
          ]
        ]
      ]
    }
  },
  "resources": [
    {
      "module": "module.godwoken_validators",
      "mode": "managed",
      "type": "aws_iam_role",
      "name": "validator_role",
      "provider": "provider[\"registry.terraform.io/hashicorp/aws\"]",
      "instances": [
        {
          "index_key": 0,
          "schema_version": 0,
          "attributes": {
            "arn": "arn:aws:iam::803035318642:role/godwoken-testnet-hyperlane-validator-0",
            "assume_role_policy": "{\"Statement\":[{\"Action\":\"sts:AssumeRoleWithWebIdentity\",\"Condition\":{\"StringEquals\":{\"oidc.eks.us-east-1.amazonaws.com/id/32803539C78C654C14D84BD9DDB105D9:aud\":\"sts.amazonaws.com\",\"oidc.eks.us-east-1.amazonaws.com/id/32803539C78C654C14D84BD9DDB105D9:sub\":\"system:serviceaccount:hyperlane:godwoken-testnet-hyperlane-validator-0\"}},\"Effect\":\"Allow\",\"Principal\":{\"Federated\":\"arn:aws:iam::803035318642:oidc-provider/oidc.eks.us-east-1.amazonaws.com/id/32803539C78C654C14D84BD9DDB105D9\"}}],\"Version\":\"2012-10-17\"}",
            "create_date": "2023-05-25T15:58:43Z",
            "description": "",
            "force_detach_policies": false,
            "id": "godwoken-testnet-hyperlane-validator-0",
            "inline_policy": [],
            "managed_policy_arns": [],
            "max_session_duration": 3600,
            "name": "godwoken-testnet-hyperlane-validator-0",
            "name_prefix": "",
            "path": "/",
            "permissions_boundary": null,
            "role_last_used": [
              {
                "last_used_date": "",
                "region": ""
              }
            ],
            "tags": null,
            "tags_all": {},
            "unique_id": "AROA3V6FCRFZPIICN4IWJ"
          },
          "sensitive_attributes": [],
          "private": "bnVsbA=="
        },
        {
          "index_key": 1,
          "schema_version": 0,
          "attributes": {
            "arn": "arn:aws:iam::803035318642:role/godwoken-testnet-hyperlane-validator-1",
            "assume_role_policy": "{\"Statement\":[{\"Action\":\"sts:AssumeRoleWithWebIdentity\",\"Condition\":{\"StringEquals\":{\"oidc.eks.us-east-1.amazonaws.com/id/32803539C78C654C14D84BD9DDB105D9:aud\":\"sts.amazonaws.com\",\"oidc.eks.us-east-1.amazonaws.com/id/32803539C78C654C14D84BD9DDB105D9:sub\":\"system:serviceaccount:hyperlane:godwoken-testnet-hyperlane-validator-1\"}},\"Effect\":\"Allow\",\"Principal\":{\"Federated\":\"arn:aws:iam::803035318642:oidc-provider/oidc.eks.us-east-1.amazonaws.com/id/32803539C78C654C14D84BD9DDB105D9\"}}],\"Version\":\"2012-10-17\"}",
            "create_date": "2023-05-25T15:58:43Z",
            "description": "",
            "force_detach_policies": false,
            "id": "godwoken-testnet-hyperlane-validator-1",
            "inline_policy": [],
            "managed_policy_arns": [],
            "max_session_duration": 3600,
            "name": "godwoken-testnet-hyperlane-validator-1",
            "name_prefix": "",
            "path": "/",
            "permissions_boundary": null,
            "role_last_used": [
              {
                "last_used_date": "",
                "region": ""
              }
            ],
            "tags": null,
            "tags_all": {},
            "unique_id": "AROA3V6FCRFZM3SFJA5O4"
          },
          "sensitive_attributes": [],
          "private": "bnVsbA=="
        },
        {
          "index_key": 2,
          "schema_version": 0,
          "attributes": {
            "arn": "arn:aws:iam::803035318642:role/godwoken-testnet-hyperlane-validator-2",
            "assume_role_policy": "{\"Statement\":[{\"Action\":\"sts:AssumeRoleWithWebIdentity\",\"Condition\":{\"StringEquals\":{\"oidc.eks.us-east-1.amazonaws.com/id/32803539C78C654C14D84BD9DDB105D9:aud\":\"sts.amazonaws.com\",\"oidc.eks.us-east-1.amazonaws.com/id/32803539C78C654C14D84BD9DDB105D9:sub\":\"system:serviceaccount:hyperlane:godwoken-testnet-hyperlane-validator-2\"}},\"Effect\":\"Allow\",\"Principal\":{\"Federated\":\"arn:aws:iam::803035318642:oidc-provider/oidc.eks.us-east-1.amazonaws.com/id/32803539C78C654C14D84BD9DDB105D9\"}}],\"Version\":\"2012-10-17\"}",
            "create_date": "2023-05-25T15:58:43Z",
            "description": "",
            "force_detach_policies": false,
            "id": "godwoken-testnet-hyperlane-validator-2",
            "inline_policy": [],
            "managed_policy_arns": [],
            "max_session_duration": 3600,
            "name": "godwoken-testnet-hyperlane-validator-2",
            "name_prefix": "",
            "path": "/",
            "permissions_boundary": null,
            "role_last_used": [
              {
                "last_used_date": "",
                "region": ""
              }
            ],
            "tags": null,
            "tags_all": {},
            "unique_id": "AROA3V6FCRFZMAMDRUPJM"
          },
          "sensitive_attributes": [],
          "private": "bnVsbA=="
        }
      ]
    },
    {
      "module": "module.godwoken_validators",
      "mode": "managed",
      "type": "aws_kms_alias",
      "name": "validator_alias",
      "provider": "provider[\"registry.terraform.io/hashicorp/aws\"]",
      "instances": [
        {
          "index_key": 0,
          "schema_version": 0,
          "attributes": {
            "arn": "arn:aws:kms:us-east-1:803035318642:alias/godwoken-testnet-hyperlane-validator-signer-0",
            "id": "alias/godwoken-testnet-hyperlane-validator-signer-0",
            "name": "alias/godwoken-testnet-hyperlane-validator-signer-0",
            "name_prefix": "",
            "target_key_arn": "arn:aws:kms:us-east-1:803035318642:key/ab6dd8cd-fe35-4f5f-adcb-c89d22d1f019",
            "target_key_id": "ab6dd8cd-fe35-4f5f-adcb-c89d22d1f019"
          },
          "sensitive_attributes": [],
          "private": "bnVsbA==",
          "dependencies": [
            "module.godwoken_validators.aws_iam_role.validator_role",
            "module.godwoken_validators.aws_kms_key.validator_key"
          ]
        },
        {
          "index_key": 1,
          "schema_version": 0,
          "attributes": {
            "arn": "arn:aws:kms:us-east-1:803035318642:alias/godwoken-testnet-hyperlane-validator-signer-1",
            "id": "alias/godwoken-testnet-hyperlane-validator-signer-1",
            "name": "alias/godwoken-testnet-hyperlane-validator-signer-1",
            "name_prefix": "",
            "target_key_arn": "arn:aws:kms:us-east-1:803035318642:key/fa934dfc-f51e-482d-9e54-00f0c27564d1",
            "target_key_id": "fa934dfc-f51e-482d-9e54-00f0c27564d1"
          },
          "sensitive_attributes": [],
          "private": "bnVsbA==",
          "dependencies": [
            "module.godwoken_validators.aws_iam_role.validator_role",
            "module.godwoken_validators.aws_kms_key.validator_key"
          ]
        },
        {
          "index_key": 2,
          "schema_version": 0,
          "attributes": {
            "arn": "arn:aws:kms:us-east-1:803035318642:alias/godwoken-testnet-hyperlane-validator-signer-2",
            "id": "alias/godwoken-testnet-hyperlane-validator-signer-2",
            "name": "alias/godwoken-testnet-hyperlane-validator-signer-2",
            "name_prefix": "",
            "target_key_arn": "arn:aws:kms:us-east-1:803035318642:key/149791e2-9655-4a81-8dd6-45548e3c1642",
            "target_key_id": "149791e2-9655-4a81-8dd6-45548e3c1642"
          },
          "sensitive_attributes": [],
          "private": "bnVsbA==",
          "dependencies": [
            "module.godwoken_validators.aws_iam_role.validator_role",
            "module.godwoken_validators.aws_kms_key.validator_key"
          ]
        }
      ]
    },
    {
      "module": "module.godwoken_validators",
      "mode": "managed",
      "type": "aws_kms_key",
      "name": "validator_key",
      "provider": "provider[\"registry.terraform.io/hashicorp/aws\"]",
      "instances": [
        {
          "index_key": 0,
          "schema_version": 0,
          "attributes": {
            "arn": "arn:aws:kms:us-east-1:803035318642:key/ab6dd8cd-fe35-4f5f-adcb-c89d22d1f019",
            "bypass_policy_lockout_safety_check": false,
            "custom_key_store_id": "",
            "customer_master_key_spec": "ECC_SECG_P256K1",
            "deletion_window_in_days": null,
            "description": "alias/godwoken-testnet-hyperlane-validator-signer-0",
            "enable_key_rotation": false,
            "id": "ab6dd8cd-fe35-4f5f-adcb-c89d22d1f019",
            "is_enabled": true,
            "key_id": "ab6dd8cd-fe35-4f5f-adcb-c89d22d1f019",
            "key_usage": "SIGN_VERIFY",
            "multi_region": false,
            "policy": "{\"Statement\":[{\"Action\":[\"kms:GetPublicKey\",\"kms:Sign\"],\"Effect\":\"Allow\",\"Principal\":{\"AWS\":\"arn:aws:iam::803035318642:role/godwoken-testnet-hyperlane-validator-0\"},\"Resource\":\"*\"},{\"Action\":[\"kms:*\"],\"Effect\":\"Allow\",\"Principal\":{\"AWS\":\"arn:aws:iam::803035318642:root\"},\"Resource\":\"*\"}],\"Version\":\"2012-10-17\"}",
            "tags": null,
            "tags_all": {}
          },
          "sensitive_attributes": [],
          "private": "bnVsbA==",
          "dependencies": [
            "module.godwoken_validators.aws_iam_role.validator_role"
          ]
        },
        {
          "index_key": 1,
          "schema_version": 0,
          "attributes": {
            "arn": "arn:aws:kms:us-east-1:803035318642:key/fa934dfc-f51e-482d-9e54-00f0c27564d1",
            "bypass_policy_lockout_safety_check": false,
            "custom_key_store_id": "",
            "customer_master_key_spec": "ECC_SECG_P256K1",
            "deletion_window_in_days": null,
            "description": "alias/godwoken-testnet-hyperlane-validator-signer-1",
            "enable_key_rotation": false,
            "id": "fa934dfc-f51e-482d-9e54-00f0c27564d1",
            "is_enabled": true,
            "key_id": "fa934dfc-f51e-482d-9e54-00f0c27564d1",
            "key_usage": "SIGN_VERIFY",
            "multi_region": false,
            "policy": "{\"Statement\":[{\"Action\":[\"kms:GetPublicKey\",\"kms:Sign\"],\"Effect\":\"Allow\",\"Principal\":{\"AWS\":\"arn:aws:iam::803035318642:role/godwoken-testnet-hyperlane-validator-1\"},\"Resource\":\"*\"},{\"Action\":[\"kms:*\"],\"Effect\":\"Allow\",\"Principal\":{\"AWS\":\"arn:aws:iam::803035318642:root\"},\"Resource\":\"*\"}],\"Version\":\"2012-10-17\"}",
            "tags": null,
            "tags_all": {}
          },
          "sensitive_attributes": [],
          "private": "bnVsbA==",
          "dependencies": [
            "module.godwoken_validators.aws_iam_role.validator_role"
          ]
        },
        {
          "index_key": 2,
          "schema_version": 0,
          "attributes": {
            "arn": "arn:aws:kms:us-east-1:803035318642:key/149791e2-9655-4a81-8dd6-45548e3c1642",
            "bypass_policy_lockout_safety_check": false,
            "custom_key_store_id": "",
            "customer_master_key_spec": "ECC_SECG_P256K1",
            "deletion_window_in_days": null,
            "description": "alias/godwoken-testnet-hyperlane-validator-signer-2",
            "enable_key_rotation": false,
            "id": "149791e2-9655-4a81-8dd6-45548e3c1642",
            "is_enabled": true,
            "key_id": "149791e2-9655-4a81-8dd6-45548e3c1642",
            "key_usage": "SIGN_VERIFY",
            "multi_region": false,
            "policy": "{\"Statement\":[{\"Action\":[\"kms:GetPublicKey\",\"kms:Sign\"],\"Effect\":\"Allow\",\"Principal\":{\"AWS\":\"arn:aws:iam::803035318642:role/godwoken-testnet-hyperlane-validator-2\"},\"Resource\":\"*\"},{\"Action\":[\"kms:*\"],\"Effect\":\"Allow\",\"Principal\":{\"AWS\":\"arn:aws:iam::803035318642:root\"},\"Resource\":\"*\"}],\"Version\":\"2012-10-17\"}",
            "tags": null,
            "tags_all": {}
          },
          "sensitive_attributes": [],
          "private": "bnVsbA==",
          "dependencies": [
            "module.godwoken_validators.aws_iam_role.validator_role"
          ]
        }
      ]
    },
    {
      "module": "module.godwoken_validators",
      "mode": "managed",
      "type": "aws_s3_bucket",
      "name": "bucket",
      "provider": "provider[\"registry.terraform.io/hashicorp/aws\"]",
      "instances": [
        {
          "index_key": 0,
          "schema_version": 0,
          "attributes": {
            "acceleration_status": "",
            "acl": null,
            "arn": "arn:aws:s3:::godwoken-testnet-validator-signatures-0",
            "bucket": "godwoken-testnet-validator-signatures-0",
            "bucket_domain_name": "godwoken-testnet-validator-signatures-0.s3.amazonaws.com",
            "bucket_prefix": "",
            "bucket_regional_domain_name": "godwoken-testnet-validator-signatures-0.s3.amazonaws.com",
            "cors_rule": [],
            "force_destroy": false,
            "grant": [
              {
                "id": "3bc8cf0784d7e39ed7d4259e44a9686c524e8228cf8e9ff743c0e9b5dfc563d4",
                "permissions": [
                  "FULL_CONTROL"
                ],
                "type": "CanonicalUser",
                "uri": ""
              }
            ],
            "hosted_zone_id": "Z3AQBSTGFYJSTF",
            "id": "godwoken-testnet-validator-signatures-0",
            "lifecycle_rule": [],
            "logging": [],
            "object_lock_configuration": [],
            "object_lock_enabled": false,
            "policy": "",
            "region": "us-east-1",
            "replication_configuration": [],
            "request_payer": "BucketOwner",
            "server_side_encryption_configuration": [
              {
                "rule": [
                  {
                    "apply_server_side_encryption_by_default": [
                      {
                        "kms_master_key_id": "",
                        "sse_algorithm": "AES256"
                      }
                    ],
                    "bucket_key_enabled": false
                  }
                ]
              }
            ],
            "tags": null,
            "tags_all": {},
            "timeouts": null,
            "versioning": [
              {
                "enabled": false,
                "mfa_delete": false
              }
            ],
            "website": [],
            "website_domain": null,
            "website_endpoint": null
          },
          "sensitive_attributes": [],
          "private": "eyJlMmJmYjczMC1lY2FhLTExZTYtOGY4OC0zNDM2M2JjN2M0YzAiOnsiY3JlYXRlIjoxMjAwMDAwMDAwMDAwLCJkZWxldGUiOjM2MDAwMDAwMDAwMDAsInJlYWQiOjEyMDAwMDAwMDAwMDAsInVwZGF0ZSI6MTIwMDAwMDAwMDAwMH19"
        },
        {
          "index_key": 1,
          "schema_version": 0,
          "attributes": {
            "acceleration_status": "",
            "acl": null,
            "arn": "arn:aws:s3:::godwoken-testnet-validator-signatures-1",
            "bucket": "godwoken-testnet-validator-signatures-1",
            "bucket_domain_name": "godwoken-testnet-validator-signatures-1.s3.amazonaws.com",
            "bucket_prefix": "",
            "bucket_regional_domain_name": "godwoken-testnet-validator-signatures-1.s3.amazonaws.com",
            "cors_rule": [],
            "force_destroy": false,
            "grant": [
              {
                "id": "3bc8cf0784d7e39ed7d4259e44a9686c524e8228cf8e9ff743c0e9b5dfc563d4",
                "permissions": [
                  "FULL_CONTROL"
                ],
                "type": "CanonicalUser",
                "uri": ""
              }
            ],
            "hosted_zone_id": "Z3AQBSTGFYJSTF",
            "id": "godwoken-testnet-validator-signatures-1",
            "lifecycle_rule": [],
            "logging": [],
            "object_lock_configuration": [],
            "object_lock_enabled": false,
            "policy": "",
            "region": "us-east-1",
            "replication_configuration": [],
            "request_payer": "BucketOwner",
            "server_side_encryption_configuration": [
              {
                "rule": [
                  {
                    "apply_server_side_encryption_by_default": [
                      {
                        "kms_master_key_id": "",
                        "sse_algorithm": "AES256"
                      }
                    ],
                    "bucket_key_enabled": false
                  }
                ]
              }
            ],
            "tags": null,
            "tags_all": {},
            "timeouts": null,
            "versioning": [
              {
                "enabled": false,
                "mfa_delete": false
              }
            ],
            "website": [],
            "website_domain": null,
            "website_endpoint": null
          },
          "sensitive_attributes": [],
          "private": "eyJlMmJmYjczMC1lY2FhLTExZTYtOGY4OC0zNDM2M2JjN2M0YzAiOnsiY3JlYXRlIjoxMjAwMDAwMDAwMDAwLCJkZWxldGUiOjM2MDAwMDAwMDAwMDAsInJlYWQiOjEyMDAwMDAwMDAwMDAsInVwZGF0ZSI6MTIwMDAwMDAwMDAwMH19"
        },
        {
          "index_key": 2,
          "schema_version": 0,
          "attributes": {
            "acceleration_status": "",
            "acl": null,
            "arn": "arn:aws:s3:::godwoken-testnet-validator-signatures-2",
            "bucket": "godwoken-testnet-validator-signatures-2",
            "bucket_domain_name": "godwoken-testnet-validator-signatures-2.s3.amazonaws.com",
            "bucket_prefix": "",
            "bucket_regional_domain_name": "godwoken-testnet-validator-signatures-2.s3.amazonaws.com",
            "cors_rule": [],
            "force_destroy": false,
            "grant": [
              {
                "id": "3bc8cf0784d7e39ed7d4259e44a9686c524e8228cf8e9ff743c0e9b5dfc563d4",
                "permissions": [
                  "FULL_CONTROL"
                ],
                "type": "CanonicalUser",
                "uri": ""
              }
            ],
            "hosted_zone_id": "Z3AQBSTGFYJSTF",
            "id": "godwoken-testnet-validator-signatures-2",
            "lifecycle_rule": [],
            "logging": [],
            "object_lock_configuration": [],
            "object_lock_enabled": false,
            "policy": "",
            "region": "us-east-1",
            "replication_configuration": [],
            "request_payer": "BucketOwner",
            "server_side_encryption_configuration": [
              {
                "rule": [
                  {
                    "apply_server_side_encryption_by_default": [
                      {
                        "kms_master_key_id": "",
                        "sse_algorithm": "AES256"
                      }
                    ],
                    "bucket_key_enabled": false
                  }
                ]
              }
            ],
            "tags": null,
            "tags_all": {},
            "timeouts": null,
            "versioning": [
              {
                "enabled": false,
                "mfa_delete": false
              }
            ],
            "website": [],
            "website_domain": null,
            "website_endpoint": null
          },
          "sensitive_attributes": [],
          "private": "eyJlMmJmYjczMC1lY2FhLTExZTYtOGY4OC0zNDM2M2JjN2M0YzAiOnsiY3JlYXRlIjoxMjAwMDAwMDAwMDAwLCJkZWxldGUiOjM2MDAwMDAwMDAwMDAsInJlYWQiOjEyMDAwMDAwMDAwMDAsInVwZGF0ZSI6MTIwMDAwMDAwMDAwMH19"
        }
      ]
    },
    {
      "module": "module.godwoken_validators",
      "mode": "managed",
      "type": "aws_s3_bucket_policy",
      "name": "bucket_policy",
      "provider": "provider[\"registry.terraform.io/hashicorp/aws\"]",
      "instances": [
        {
          "index_key": 0,
          "schema_version": 0,
          "attributes": {
            "bucket": "godwoken-testnet-validator-signatures-0",
            "id": "godwoken-testnet-validator-signatures-0",
            "policy": "{\"Statement\":[{\"Action\":[\"s3:GetObject\",\"s3:ListBucket\"],\"Effect\":\"Allow\",\"Principal\":\"*\",\"Resource\":[\"arn:aws:s3:::godwoken-testnet-validator-signatures-0\",\"arn:aws:s3:::godwoken-testnet-validator-signatures-0/*\"]},{\"Action\":[\"s3:DeleteObject\",\"s3:PutObject\"],\"Effect\":\"Allow\",\"Principal\":{\"AWS\":\"arn:aws:iam::803035318642:role/godwoken-testnet-hyperlane-validator-0\"},\"Resource\":\"arn:aws:s3:::godwoken-testnet-validator-signatures-0/*\"}],\"Version\":\"2012-10-17\"}"
          },
          "sensitive_attributes": [],
          "private": "bnVsbA==",
          "dependencies": [
            "module.godwoken_validators.aws_iam_role.validator_role",
            "module.godwoken_validators.aws_s3_bucket.bucket"
          ]
        },
        {
          "index_key": 1,
          "schema_version": 0,
          "attributes": {
            "bucket": "godwoken-testnet-validator-signatures-1",
            "id": "godwoken-testnet-validator-signatures-1",
            "policy": "{\"Statement\":[{\"Action\":[\"s3:GetObject\",\"s3:ListBucket\"],\"Effect\":\"Allow\",\"Principal\":\"*\",\"Resource\":[\"arn:aws:s3:::godwoken-testnet-validator-signatures-1\",\"arn:aws:s3:::godwoken-testnet-validator-signatures-1/*\"]},{\"Action\":[\"s3:DeleteObject\",\"s3:PutObject\"],\"Effect\":\"Allow\",\"Principal\":{\"AWS\":\"arn:aws:iam::803035318642:role/godwoken-testnet-hyperlane-validator-1\"},\"Resource\":\"arn:aws:s3:::godwoken-testnet-validator-signatures-1/*\"}],\"Version\":\"2012-10-17\"}"
          },
          "sensitive_attributes": [],
          "private": "bnVsbA==",
          "dependencies": [
            "module.godwoken_validators.aws_iam_role.validator_role",
            "module.godwoken_validators.aws_s3_bucket.bucket"
          ]
        },
        {
          "index_key": 2,
          "schema_version": 0,
          "attributes": {
            "bucket": "godwoken-testnet-validator-signatures-2",
            "id": "godwoken-testnet-validator-signatures-2",
            "policy": "{\"Statement\":[{\"Action\":[\"s3:GetObject\",\"s3:ListBucket\"],\"Effect\":\"Allow\",\"Principal\":\"*\",\"Resource\":[\"arn:aws:s3:::godwoken-testnet-validator-signatures-2\",\"arn:aws:s3:::godwoken-testnet-validator-signatures-2/*\"]},{\"Action\":[\"s3:DeleteObject\",\"s3:PutObject\"],\"Effect\":\"Allow\",\"Principal\":{\"AWS\":\"arn:aws:iam::803035318642:role/godwoken-testnet-hyperlane-validator-2\"},\"Resource\":\"arn:aws:s3:::godwoken-testnet-validator-signatures-2/*\"}],\"Version\":\"2012-10-17\"}"
          },
          "sensitive_attributes": [],
          "private": "bnVsbA==",
          "dependencies": [
            "module.godwoken_validators.aws_iam_role.validator_role",
            "module.godwoken_validators.aws_s3_bucket.bucket"
          ]
        }
      ]
    },
    {
      "module": "module.godwoken_validators",
      "mode": "managed",
      "type": "aws_s3_bucket_public_access_block",
      "name": "s3_public_access_block",
      "provider": "provider[\"registry.terraform.io/hashicorp/aws\"]",
      "instances": [
        {
          "index_key": 0,
          "schema_version": 0,
          "attributes": {
            "block_public_acls": false,
            "block_public_policy": false,
            "bucket": "godwoken-testnet-validator-signatures-0",
            "id": "godwoken-testnet-validator-signatures-0",
            "ignore_public_acls": false,
            "restrict_public_buckets": false
          },
          "sensitive_attributes": [],
          "private": "bnVsbA=="
        },
        {
          "index_key": 1,
          "schema_version": 0,
          "attributes": {
            "block_public_acls": false,
            "block_public_policy": false,
            "bucket": "godwoken-testnet-validator-signatures-1",
            "id": "godwoken-testnet-validator-signatures-1",
            "ignore_public_acls": false,
            "restrict_public_buckets": false
          },
          "sensitive_attributes": [],
          "private": "bnVsbA=="
        },
        {
          "index_key": 2,
          "schema_version": 0,
          "attributes": {
            "block_public_acls": false,
            "block_public_policy": false,
            "bucket": "godwoken-testnet-validator-signatures-2",
            "id": "godwoken-testnet-validator-signatures-2",
            "ignore_public_acls": false,
            "restrict_public_buckets": false
          },
          "sensitive_attributes": [],
          "private": "bnVsbA=="
        }
      ]
    },
    {
      "module": "module.relayers",
      "mode": "managed",
      "type": "aws_iam_role",
      "name": "relayer_role",
      "provider": "provider[\"registry.terraform.io/hashicorp/aws\"]",
      "instances": [
        {
          "index_key": "khalani-hyperlane-relayer-arbitrum-goerli",
          "schema_version": 0,
          "attributes": {
            "arn": "arn:aws:iam::803035318642:role/khalani-hyperlane-relayer-arbitrum-goerli",
            "assume_role_policy": "{\"Statement\":[{\"Action\":\"sts:AssumeRoleWithWebIdentity\",\"Condition\":{\"StringEquals\":{\"oidc.eks.us-east-1.amazonaws.com/id/32803539C78C654C14D84BD9DDB105D9:aud\":\"sts.amazonaws.com\",\"oidc.eks.us-east-1.amazonaws.com/id/32803539C78C654C14D84BD9DDB105D9:sub\":\"system:serviceaccount:hyperlane:khalani-hyperlane-relayer-arbitrum-goerli\"}},\"Effect\":\"Allow\",\"Principal\":{\"Federated\":\"arn:aws:iam::803035318642:oidc-provider/oidc.eks.us-east-1.amazonaws.com/id/32803539C78C654C14D84BD9DDB105D9\"}}],\"Version\":\"2012-10-17\"}",
            "create_date": "2023-05-19T09:57:13Z",
            "description": "",
            "force_detach_policies": false,
            "id": "khalani-hyperlane-relayer-arbitrum-goerli",
            "inline_policy": [],
            "managed_policy_arns": [],
            "max_session_duration": 3600,
            "name": "khalani-hyperlane-relayer-arbitrum-goerli",
            "name_prefix": "",
            "path": "/",
            "permissions_boundary": null,
            "role_last_used": [
              {
                "last_used_date": "",
                "region": ""
              }
            ],
            "tags": {},
            "tags_all": {},
            "unique_id": "AROA3V6FCRFZLJAOOFIEW"
          },
          "sensitive_attributes": [],
          "private": "bnVsbA=="
        },
        {
          "index_key": "khalani-hyperlane-relayer-bsc-testnet",
          "schema_version": 0,
          "attributes": {
            "arn": "arn:aws:iam::803035318642:role/khalani-hyperlane-relayer-bsc-testnet",
            "assume_role_policy": "{\"Statement\":[{\"Action\":\"sts:AssumeRoleWithWebIdentity\",\"Condition\":{\"StringEquals\":{\"oidc.eks.us-east-1.amazonaws.com/id/32803539C78C654C14D84BD9DDB105D9:aud\":\"sts.amazonaws.com\",\"oidc.eks.us-east-1.amazonaws.com/id/32803539C78C654C14D84BD9DDB105D9:sub\":\"system:serviceaccount:hyperlane:khalani-hyperlane-relayer-bsc-testnet\"}},\"Effect\":\"Allow\",\"Principal\":{\"Federated\":\"arn:aws:iam::803035318642:oidc-provider/oidc.eks.us-east-1.amazonaws.com/id/32803539C78C654C14D84BD9DDB105D9\"}}],\"Version\":\"2012-10-17\"}",
            "create_date": "2023-05-19T09:57:13Z",
            "description": "",
            "force_detach_policies": false,
            "id": "khalani-hyperlane-relayer-bsc-testnet",
            "inline_policy": [],
            "managed_policy_arns": [],
            "max_session_duration": 3600,
            "name": "khalani-hyperlane-relayer-bsc-testnet",
            "name_prefix": "",
            "path": "/",
            "permissions_boundary": null,
            "role_last_used": [
              {
                "last_used_date": "",
                "region": ""
              }
            ],
            "tags": {},
            "tags_all": {},
            "unique_id": "AROA3V6FCRFZIFUNJ7RVN"
          },
          "sensitive_attributes": [],
          "private": "bnVsbA=="
        },
        {
          "index_key": "khalani-hyperlane-relayer-fuji",
          "schema_version": 0,
          "attributes": {
            "arn": "arn:aws:iam::803035318642:role/khalani-hyperlane-relayer-fuji",
            "assume_role_policy": "{\"Statement\":[{\"Action\":\"sts:AssumeRoleWithWebIdentity\",\"Condition\":{\"StringEquals\":{\"oidc.eks.us-east-1.amazonaws.com/id/32803539C78C654C14D84BD9DDB105D9:aud\":\"sts.amazonaws.com\",\"oidc.eks.us-east-1.amazonaws.com/id/32803539C78C654C14D84BD9DDB105D9:sub\":\"system:serviceaccount:hyperlane:khalani-hyperlane-relayer-fuji\"}},\"Effect\":\"Allow\",\"Principal\":{\"Federated\":\"arn:aws:iam::803035318642:oidc-provider/oidc.eks.us-east-1.amazonaws.com/id/32803539C78C654C14D84BD9DDB105D9\"}}],\"Version\":\"2012-10-17\"}",
            "create_date": "2023-05-19T09:57:12Z",
            "description": "",
            "force_detach_policies": false,
            "id": "khalani-hyperlane-relayer-fuji",
            "inline_policy": [],
            "managed_policy_arns": [],
            "max_session_duration": 3600,
            "name": "khalani-hyperlane-relayer-fuji",
            "name_prefix": "",
            "path": "/",
            "permissions_boundary": null,
            "role_last_used": [
              {
                "last_used_date": "",
                "region": ""
              }
            ],
            "tags": {},
            "tags_all": {},
            "unique_id": "AROA3V6FCRFZFRQA4CHBY"
          },
          "sensitive_attributes": [],
          "private": "bnVsbA=="
        },
        {
          "index_key": "khalani-hyperlane-relayer-godwoken-testnet",
          "schema_version": 0,
          "attributes": {
            "arn": "arn:aws:iam::803035318642:role/khalani-hyperlane-relayer-godwoken-testnet",
            "assume_role_policy": "{\"Statement\":[{\"Action\":\"sts:AssumeRoleWithWebIdentity\",\"Condition\":{\"StringEquals\":{\"oidc.eks.us-east-1.amazonaws.com/id/32803539C78C654C14D84BD9DDB105D9:aud\":\"sts.amazonaws.com\",\"oidc.eks.us-east-1.amazonaws.com/id/32803539C78C654C14D84BD9DDB105D9:sub\":\"system:serviceaccount:hyperlane:khalani-hyperlane-relayer-godwoken-testnet\"}},\"Effect\":\"Allow\",\"Principal\":{\"Federated\":\"arn:aws:iam::803035318642:oidc-provider/oidc.eks.us-east-1.amazonaws.com/id/32803539C78C654C14D84BD9DDB105D9\"}}],\"Version\":\"2012-10-17\"}",
            "create_date": "2023-05-19T09:57:13Z",
            "description": "",
            "force_detach_policies": false,
            "id": "khalani-hyperlane-relayer-godwoken-testnet",
            "inline_policy": [],
            "managed_policy_arns": [],
            "max_session_duration": 3600,
            "name": "khalani-hyperlane-relayer-godwoken-testnet",
            "name_prefix": "",
            "path": "/",
            "permissions_boundary": null,
            "role_last_used": [
              {
                "last_used_date": "",
                "region": ""
              }
            ],
            "tags": {},
            "tags_all": {},
            "unique_id": "AROA3V6FCRFZMJARTG66U"
          },
          "sensitive_attributes": [],
          "private": "bnVsbA=="
        },
        {
          "index_key": "khalani-hyperlane-relayer-khalani-testnet",
          "schema_version": 0,
          "attributes": {
            "arn": "arn:aws:iam::803035318642:role/khalani-hyperlane-relayer-khalani-testnet",
            "assume_role_policy": "{\"Statement\":[{\"Action\":\"sts:AssumeRoleWithWebIdentity\",\"Condition\":{\"StringEquals\":{\"oidc.eks.us-east-1.amazonaws.com/id/32803539C78C654C14D84BD9DDB105D9:aud\":\"sts.amazonaws.com\",\"oidc.eks.us-east-1.amazonaws.com/id/32803539C78C654C14D84BD9DDB105D9:sub\":\"system:serviceaccount:hyperlane:khalani-hyperlane-relayer-khalani-testnet\"}},\"Effect\":\"Allow\",\"Principal\":{\"Federated\":\"arn:aws:iam::803035318642:oidc-provider/oidc.eks.us-east-1.amazonaws.com/id/32803539C78C654C14D84BD9DDB105D9\"}}],\"Version\":\"2012-10-17\"}",
            "create_date": "2023-05-19T09:57:13Z",
            "description": "",
            "force_detach_policies": false,
            "id": "khalani-hyperlane-relayer-khalani-testnet",
            "inline_policy": [],
            "managed_policy_arns": [],
            "max_session_duration": 3600,
            "name": "khalani-hyperlane-relayer-khalani-testnet",
            "name_prefix": "",
            "path": "/",
            "permissions_boundary": null,
            "role_last_used": [
              {
                "last_used_date": "",
                "region": ""
              }
            ],
            "tags": {},
            "tags_all": {},
            "unique_id": "AROA3V6FCRFZCTFFFPTXW"
          },
          "sensitive_attributes": [],
          "private": "bnVsbA=="
        },
        {
          "index_key": "khalani-hyperlane-relayer-mumbai",
          "schema_version": 0,
          "attributes": {
            "arn": "arn:aws:iam::803035318642:role/khalani-hyperlane-relayer-mumbai",
            "assume_role_policy": "{\"Statement\":[{\"Action\":\"sts:AssumeRoleWithWebIdentity\",\"Condition\":{\"StringEquals\":{\"oidc.eks.us-east-1.amazonaws.com/id/32803539C78C654C14D84BD9DDB105D9:aud\":\"sts.amazonaws.com\",\"oidc.eks.us-east-1.amazonaws.com/id/32803539C78C654C14D84BD9DDB105D9:sub\":\"system:serviceaccount:hyperlane:khalani-hyperlane-relayer-mumbai\"}},\"Effect\":\"Allow\",\"Principal\":{\"Federated\":\"arn:aws:iam::803035318642:oidc-provider/oidc.eks.us-east-1.amazonaws.com/id/32803539C78C654C14D84BD9DDB105D9\"}}],\"Version\":\"2012-10-17\"}",
            "create_date": "2023-05-19T09:57:12Z",
            "description": "",
            "force_detach_policies": false,
            "id": "khalani-hyperlane-relayer-mumbai",
            "inline_policy": [],
            "managed_policy_arns": [],
            "max_session_duration": 3600,
            "name": "khalani-hyperlane-relayer-mumbai",
            "name_prefix": "",
            "path": "/",
            "permissions_boundary": null,
            "role_last_used": [
              {
                "last_used_date": "",
                "region": ""
              }
            ],
            "tags": {},
            "tags_all": {},
            "unique_id": "AROA3V6FCRFZJBBHRXF6F"
          },
          "sensitive_attributes": [],
          "private": "bnVsbA=="
        },
        {
          "index_key": "khalani-hyperlane-relayer-optimism-goerli",
          "schema_version": 0,
          "attributes": {
            "arn": "arn:aws:iam::803035318642:role/khalani-hyperlane-relayer-optimism-goerli",
            "assume_role_policy": "{\"Statement\":[{\"Action\":\"sts:AssumeRoleWithWebIdentity\",\"Condition\":{\"StringEquals\":{\"oidc.eks.us-east-1.amazonaws.com/id/32803539C78C654C14D84BD9DDB105D9:aud\":\"sts.amazonaws.com\",\"oidc.eks.us-east-1.amazonaws.com/id/32803539C78C654C14D84BD9DDB105D9:sub\":\"system:serviceaccount:hyperlane:khalani-hyperlane-relayer-optimism-goerli\"}},\"Effect\":\"Allow\",\"Principal\":{\"Federated\":\"arn:aws:iam::803035318642:oidc-provider/oidc.eks.us-east-1.amazonaws.com/id/32803539C78C654C14D84BD9DDB105D9\"}}],\"Version\":\"2012-10-17\"}",
            "create_date": "2023-05-19T09:57:13Z",
            "description": "",
            "force_detach_policies": false,
            "id": "khalani-hyperlane-relayer-optimism-goerli",
            "inline_policy": [],
            "managed_policy_arns": [],
            "max_session_duration": 3600,
            "name": "khalani-hyperlane-relayer-optimism-goerli",
            "name_prefix": "",
            "path": "/",
            "permissions_boundary": null,
            "role_last_used": [
              {
                "last_used_date": "",
                "region": ""
              }
            ],
            "tags": {},
            "tags_all": {},
            "unique_id": "AROA3V6FCRFZDMPPQGZWY"
          },
          "sensitive_attributes": [],
          "private": "bnVsbA=="
        },
        {
          "index_key": "khalani-hyperlane-relayer-sepolia",
          "schema_version": 0,
          "attributes": {
            "arn": "arn:aws:iam::803035318642:role/khalani-hyperlane-relayer-sepolia",
            "assume_role_policy": "{\"Statement\":[{\"Action\":\"sts:AssumeRoleWithWebIdentity\",\"Condition\":{\"StringEquals\":{\"oidc.eks.us-east-1.amazonaws.com/id/32803539C78C654C14D84BD9DDB105D9:aud\":\"sts.amazonaws.com\",\"oidc.eks.us-east-1.amazonaws.com/id/32803539C78C654C14D84BD9DDB105D9:sub\":\"system:serviceaccount:hyperlane:khalani-hyperlane-relayer-sepolia\"}},\"Effect\":\"Allow\",\"Principal\":{\"Federated\":\"arn:aws:iam::803035318642:oidc-provider/oidc.eks.us-east-1.amazonaws.com/id/32803539C78C654C14D84BD9DDB105D9\"}}],\"Version\":\"2012-10-17\"}",
            "create_date": "2023-05-19T09:57:13Z",
            "description": "",
            "force_detach_policies": false,
            "id": "khalani-hyperlane-relayer-sepolia",
            "inline_policy": [],
            "managed_policy_arns": [],
            "max_session_duration": 3600,
            "name": "khalani-hyperlane-relayer-sepolia",
            "name_prefix": "",
            "path": "/",
            "permissions_boundary": null,
            "role_last_used": [
              {
                "last_used_date": "",
                "region": ""
              }
            ],
            "tags": {},
            "tags_all": {},
            "unique_id": "AROA3V6FCRFZMR2SLST3P"
          },
          "sensitive_attributes": [],
          "private": "bnVsbA=="
        }
      ]
    },
    {
      "module": "module.relayers",
      "mode": "managed",
      "type": "aws_kms_alias",
      "name": "relayer_alias",
      "provider": "provider[\"registry.terraform.io/hashicorp/aws\"]",
      "instances": [
        {
          "index_key": "khalani-hyperlane-relayer-arbitrum-goerli",
          "schema_version": 0,
          "attributes": {
            "arn": "arn:aws:kms:us-east-1:803035318642:alias/khalani-hyperlane-relayer-arbitrum-goerli",
            "id": "alias/khalani-hyperlane-relayer-arbitrum-goerli",
            "name": "alias/khalani-hyperlane-relayer-arbitrum-goerli",
            "name_prefix": "",
            "target_key_arn": "arn:aws:kms:us-east-1:803035318642:key/63abb668-6023-45cb-b67d-d8bdb9e06149",
            "target_key_id": "63abb668-6023-45cb-b67d-d8bdb9e06149"
          },
          "sensitive_attributes": [],
          "private": "bnVsbA==",
          "dependencies": [
            "module.relayers.aws_iam_role.relayer_role",
            "module.relayers.aws_kms_key.relayer_key"
          ]
        },
        {
          "index_key": "khalani-hyperlane-relayer-bsc-testnet",
          "schema_version": 0,
          "attributes": {
            "arn": "arn:aws:kms:us-east-1:803035318642:alias/khalani-hyperlane-relayer-bsc-testnet",
            "id": "alias/khalani-hyperlane-relayer-bsc-testnet",
            "name": "alias/khalani-hyperlane-relayer-bsc-testnet",
            "name_prefix": "",
            "target_key_arn": "arn:aws:kms:us-east-1:803035318642:key/ddb9c337-0f8e-467c-ad01-2d751675516f",
            "target_key_id": "ddb9c337-0f8e-467c-ad01-2d751675516f"
          },
          "sensitive_attributes": [],
          "private": "bnVsbA==",
          "dependencies": [
            "module.relayers.aws_iam_role.relayer_role",
            "module.relayers.aws_kms_key.relayer_key"
          ]
        },
        {
          "index_key": "khalani-hyperlane-relayer-fuji",
          "schema_version": 0,
          "attributes": {
            "arn": "arn:aws:kms:us-east-1:803035318642:alias/khalani-hyperlane-relayer-fuji",
            "id": "alias/khalani-hyperlane-relayer-fuji",
            "name": "alias/khalani-hyperlane-relayer-fuji",
            "name_prefix": "",
            "target_key_arn": "arn:aws:kms:us-east-1:803035318642:key/e7cc7fc6-42fd-4565-bcaf-d126cb6f5d10",
            "target_key_id": "e7cc7fc6-42fd-4565-bcaf-d126cb6f5d10"
          },
          "sensitive_attributes": [],
          "private": "bnVsbA==",
          "dependencies": [
            "module.relayers.aws_iam_role.relayer_role",
            "module.relayers.aws_kms_key.relayer_key"
          ]
        },
        {
          "index_key": "khalani-hyperlane-relayer-godwoken-testnet",
          "schema_version": 0,
          "attributes": {
            "arn": "arn:aws:kms:us-east-1:803035318642:alias/khalani-hyperlane-relayer-godwoken-testnet",
            "id": "alias/khalani-hyperlane-relayer-godwoken-testnet",
            "name": "alias/khalani-hyperlane-relayer-godwoken-testnet",
            "name_prefix": "",
            "target_key_arn": "arn:aws:kms:us-east-1:803035318642:key/e2f34d0c-2105-4d1d-8448-241b0b28209f",
            "target_key_id": "e2f34d0c-2105-4d1d-8448-241b0b28209f"
          },
          "sensitive_attributes": [],
          "private": "bnVsbA==",
          "dependencies": [
            "module.relayers.aws_iam_role.relayer_role",
            "module.relayers.aws_kms_key.relayer_key"
          ]
        },
        {
          "index_key": "khalani-hyperlane-relayer-khalani-testnet",
          "schema_version": 0,
          "attributes": {
            "arn": "arn:aws:kms:us-east-1:803035318642:alias/khalani-hyperlane-relayer-khalani-testnet",
            "id": "alias/khalani-hyperlane-relayer-khalani-testnet",
            "name": "alias/khalani-hyperlane-relayer-khalani-testnet",
            "name_prefix": "",
            "target_key_arn": "arn:aws:kms:us-east-1:803035318642:key/541a29cf-b62b-4b0c-9031-94e2d00dfd9f",
            "target_key_id": "541a29cf-b62b-4b0c-9031-94e2d00dfd9f"
          },
          "sensitive_attributes": [],
          "private": "bnVsbA==",
          "dependencies": [
            "module.relayers.aws_iam_role.relayer_role",
            "module.relayers.aws_kms_key.relayer_key"
          ]
        },
        {
          "index_key": "khalani-hyperlane-relayer-mumbai",
          "schema_version": 0,
          "attributes": {
            "arn": "arn:aws:kms:us-east-1:803035318642:alias/khalani-hyperlane-relayer-mumbai",
            "id": "alias/khalani-hyperlane-relayer-mumbai",
            "name": "alias/khalani-hyperlane-relayer-mumbai",
            "name_prefix": "",
            "target_key_arn": "arn:aws:kms:us-east-1:803035318642:key/d185f7f0-d58b-4f4c-b621-c2b68723fe00",
            "target_key_id": "d185f7f0-d58b-4f4c-b621-c2b68723fe00"
          },
          "sensitive_attributes": [],
          "private": "bnVsbA==",
          "dependencies": [
            "module.relayers.aws_iam_role.relayer_role",
            "module.relayers.aws_kms_key.relayer_key"
          ]
        },
        {
          "index_key": "khalani-hyperlane-relayer-optimism-goerli",
          "schema_version": 0,
          "attributes": {
            "arn": "arn:aws:kms:us-east-1:803035318642:alias/khalani-hyperlane-relayer-optimism-goerli",
            "id": "alias/khalani-hyperlane-relayer-optimism-goerli",
            "name": "alias/khalani-hyperlane-relayer-optimism-goerli",
            "name_prefix": "",
            "target_key_arn": "arn:aws:kms:us-east-1:803035318642:key/d3ddec10-8156-4e7b-b522-d6ba0a58a640",
            "target_key_id": "d3ddec10-8156-4e7b-b522-d6ba0a58a640"
          },
          "sensitive_attributes": [],
          "private": "bnVsbA==",
          "dependencies": [
            "module.relayers.aws_iam_role.relayer_role",
            "module.relayers.aws_kms_key.relayer_key"
          ]
        },
        {
          "index_key": "khalani-hyperlane-relayer-sepolia",
          "schema_version": 0,
          "attributes": {
            "arn": "arn:aws:kms:us-east-1:803035318642:alias/khalani-hyperlane-relayer-sepolia",
            "id": "alias/khalani-hyperlane-relayer-sepolia",
            "name": "alias/khalani-hyperlane-relayer-sepolia",
            "name_prefix": "",
            "target_key_arn": "arn:aws:kms:us-east-1:803035318642:key/366b6a01-b570-4012-825c-81bf16390789",
            "target_key_id": "366b6a01-b570-4012-825c-81bf16390789"
          },
          "sensitive_attributes": [],
          "private": "bnVsbA==",
          "dependencies": [
            "module.relayers.aws_iam_role.relayer_role",
            "module.relayers.aws_kms_key.relayer_key"
          ]
        }
      ]
    },
    {
      "module": "module.relayers",
      "mode": "managed",
      "type": "aws_kms_key",
      "name": "relayer_key",
      "provider": "provider[\"registry.terraform.io/hashicorp/aws\"]",
      "instances": [
        {
          "index_key": "khalani-hyperlane-relayer-arbitrum-goerli",
          "schema_version": 0,
          "attributes": {
            "arn": "arn:aws:kms:us-east-1:803035318642:key/63abb668-6023-45cb-b67d-d8bdb9e06149",
            "bypass_policy_lockout_safety_check": false,
            "custom_key_store_id": "",
            "customer_master_key_spec": "ECC_SECG_P256K1",
            "deletion_window_in_days": null,
            "description": "khalani-hyperlane-relayer-arbitrum-goerli",
            "enable_key_rotation": false,
            "id": "63abb668-6023-45cb-b67d-d8bdb9e06149",
            "is_enabled": true,
            "key_id": "63abb668-6023-45cb-b67d-d8bdb9e06149",
            "key_usage": "SIGN_VERIFY",
            "multi_region": false,
            "policy": "{\"Statement\":[{\"Action\":[\"kms:GetPublicKey\",\"kms:Sign\"],\"Effect\":\"Allow\",\"Principal\":{\"AWS\":\"arn:aws:iam::803035318642:role/khalani-hyperlane-relayer-arbitrum-goerli\"},\"Resource\":\"*\"},{\"Action\":[\"kms:*\"],\"Effect\":\"Allow\",\"Principal\":{\"AWS\":\"arn:aws:iam::803035318642:root\"},\"Resource\":\"*\"}],\"Version\":\"2012-10-17\"}",
            "tags": {},
            "tags_all": {}
          },
          "sensitive_attributes": [],
          "private": "bnVsbA==",
          "dependencies": [
            "module.relayers.aws_iam_role.relayer_role"
          ]
        },
        {
          "index_key": "khalani-hyperlane-relayer-bsc-testnet",
          "schema_version": 0,
          "attributes": {
            "arn": "arn:aws:kms:us-east-1:803035318642:key/ddb9c337-0f8e-467c-ad01-2d751675516f",
            "bypass_policy_lockout_safety_check": false,
            "custom_key_store_id": "",
            "customer_master_key_spec": "ECC_SECG_P256K1",
            "deletion_window_in_days": null,
            "description": "khalani-hyperlane-relayer-bsc-testnet",
            "enable_key_rotation": false,
            "id": "ddb9c337-0f8e-467c-ad01-2d751675516f",
            "is_enabled": true,
            "key_id": "ddb9c337-0f8e-467c-ad01-2d751675516f",
            "key_usage": "SIGN_VERIFY",
            "multi_region": false,
            "policy": "{\"Statement\":[{\"Action\":[\"kms:GetPublicKey\",\"kms:Sign\"],\"Effect\":\"Allow\",\"Principal\":{\"AWS\":\"arn:aws:iam::803035318642:role/khalani-hyperlane-relayer-bsc-testnet\"},\"Resource\":\"*\"},{\"Action\":[\"kms:*\"],\"Effect\":\"Allow\",\"Principal\":{\"AWS\":\"arn:aws:iam::803035318642:root\"},\"Resource\":\"*\"}],\"Version\":\"2012-10-17\"}",
            "tags": {},
            "tags_all": {}
          },
          "sensitive_attributes": [],
          "private": "bnVsbA==",
          "dependencies": [
            "module.relayers.aws_iam_role.relayer_role"
          ]
        },
        {
          "index_key": "khalani-hyperlane-relayer-fuji",
          "schema_version": 0,
          "attributes": {
            "arn": "arn:aws:kms:us-east-1:803035318642:key/e7cc7fc6-42fd-4565-bcaf-d126cb6f5d10",
            "bypass_policy_lockout_safety_check": false,
            "custom_key_store_id": "",
            "customer_master_key_spec": "ECC_SECG_P256K1",
            "deletion_window_in_days": null,
            "description": "khalani-hyperlane-relayer-fuji",
            "enable_key_rotation": false,
            "id": "e7cc7fc6-42fd-4565-bcaf-d126cb6f5d10",
            "is_enabled": true,
            "key_id": "e7cc7fc6-42fd-4565-bcaf-d126cb6f5d10",
            "key_usage": "SIGN_VERIFY",
            "multi_region": false,
            "policy": "{\"Statement\":[{\"Action\":[\"kms:GetPublicKey\",\"kms:Sign\"],\"Effect\":\"Allow\",\"Principal\":{\"AWS\":\"arn:aws:iam::803035318642:role/khalani-hyperlane-relayer-fuji\"},\"Resource\":\"*\"},{\"Action\":[\"kms:*\"],\"Effect\":\"Allow\",\"Principal\":{\"AWS\":\"arn:aws:iam::803035318642:root\"},\"Resource\":\"*\"}],\"Version\":\"2012-10-17\"}",
            "tags": {},
            "tags_all": {}
          },
          "sensitive_attributes": [],
          "private": "bnVsbA==",
          "dependencies": [
            "module.relayers.aws_iam_role.relayer_role"
          ]
        },
        {
          "index_key": "khalani-hyperlane-relayer-godwoken-testnet",
          "schema_version": 0,
          "attributes": {
            "arn": "arn:aws:kms:us-east-1:803035318642:key/e2f34d0c-2105-4d1d-8448-241b0b28209f",
            "bypass_policy_lockout_safety_check": false,
            "custom_key_store_id": "",
            "customer_master_key_spec": "ECC_SECG_P256K1",
            "deletion_window_in_days": null,
            "description": "khalani-hyperlane-relayer-godwoken-testnet",
            "enable_key_rotation": false,
            "id": "e2f34d0c-2105-4d1d-8448-241b0b28209f",
            "is_enabled": true,
            "key_id": "e2f34d0c-2105-4d1d-8448-241b0b28209f",
            "key_usage": "SIGN_VERIFY",
            "multi_region": false,
            "policy": "{\"Statement\":[{\"Action\":[\"kms:GetPublicKey\",\"kms:Sign\"],\"Effect\":\"Allow\",\"Principal\":{\"AWS\":\"arn:aws:iam::803035318642:role/khalani-hyperlane-relayer-godwoken-testnet\"},\"Resource\":\"*\"},{\"Action\":[\"kms:*\"],\"Effect\":\"Allow\",\"Principal\":{\"AWS\":\"arn:aws:iam::803035318642:root\"},\"Resource\":\"*\"}],\"Version\":\"2012-10-17\"}",
            "tags": {},
            "tags_all": {}
          },
          "sensitive_attributes": [],
          "private": "bnVsbA==",
          "dependencies": [
            "module.relayers.aws_iam_role.relayer_role"
          ]
        },
        {
          "index_key": "khalani-hyperlane-relayer-khalani-testnet",
          "schema_version": 0,
          "attributes": {
            "arn": "arn:aws:kms:us-east-1:803035318642:key/541a29cf-b62b-4b0c-9031-94e2d00dfd9f",
            "bypass_policy_lockout_safety_check": false,
            "custom_key_store_id": "",
            "customer_master_key_spec": "ECC_SECG_P256K1",
            "deletion_window_in_days": null,
            "description": "khalani-hyperlane-relayer-khalani-testnet",
            "enable_key_rotation": false,
            "id": "541a29cf-b62b-4b0c-9031-94e2d00dfd9f",
            "is_enabled": true,
            "key_id": "541a29cf-b62b-4b0c-9031-94e2d00dfd9f",
            "key_usage": "SIGN_VERIFY",
            "multi_region": false,
            "policy": "{\"Statement\":[{\"Action\":[\"kms:GetPublicKey\",\"kms:Sign\"],\"Effect\":\"Allow\",\"Principal\":{\"AWS\":\"arn:aws:iam::803035318642:role/khalani-hyperlane-relayer-khalani-testnet\"},\"Resource\":\"*\"},{\"Action\":[\"kms:*\"],\"Effect\":\"Allow\",\"Principal\":{\"AWS\":\"arn:aws:iam::803035318642:root\"},\"Resource\":\"*\"}],\"Version\":\"2012-10-17\"}",
            "tags": {},
            "tags_all": {}
          },
          "sensitive_attributes": [],
          "private": "bnVsbA==",
          "dependencies": [
            "module.relayers.aws_iam_role.relayer_role"
          ]
        },
        {
          "index_key": "khalani-hyperlane-relayer-mumbai",
          "schema_version": 0,
          "attributes": {
            "arn": "arn:aws:kms:us-east-1:803035318642:key/d185f7f0-d58b-4f4c-b621-c2b68723fe00",
            "bypass_policy_lockout_safety_check": false,
            "custom_key_store_id": "",
            "customer_master_key_spec": "ECC_SECG_P256K1",
            "deletion_window_in_days": null,
            "description": "khalani-hyperlane-relayer-mumbai",
            "enable_key_rotation": false,
            "id": "d185f7f0-d58b-4f4c-b621-c2b68723fe00",
            "is_enabled": true,
            "key_id": "d185f7f0-d58b-4f4c-b621-c2b68723fe00",
            "key_usage": "SIGN_VERIFY",
            "multi_region": false,
            "policy": "{\"Statement\":[{\"Action\":[\"kms:GetPublicKey\",\"kms:Sign\"],\"Effect\":\"Allow\",\"Principal\":{\"AWS\":\"arn:aws:iam::803035318642:role/khalani-hyperlane-relayer-mumbai\"},\"Resource\":\"*\"},{\"Action\":[\"kms:*\"],\"Effect\":\"Allow\",\"Principal\":{\"AWS\":\"arn:aws:iam::803035318642:root\"},\"Resource\":\"*\"}],\"Version\":\"2012-10-17\"}",
            "tags": {},
            "tags_all": {}
          },
          "sensitive_attributes": [],
          "private": "bnVsbA==",
          "dependencies": [
            "module.relayers.aws_iam_role.relayer_role"
          ]
        },
        {
          "index_key": "khalani-hyperlane-relayer-optimism-goerli",
          "schema_version": 0,
          "attributes": {
            "arn": "arn:aws:kms:us-east-1:803035318642:key/d3ddec10-8156-4e7b-b522-d6ba0a58a640",
            "bypass_policy_lockout_safety_check": false,
            "custom_key_store_id": "",
            "customer_master_key_spec": "ECC_SECG_P256K1",
            "deletion_window_in_days": null,
            "description": "khalani-hyperlane-relayer-optimism-goerli",
            "enable_key_rotation": false,
            "id": "d3ddec10-8156-4e7b-b522-d6ba0a58a640",
            "is_enabled": true,
            "key_id": "d3ddec10-8156-4e7b-b522-d6ba0a58a640",
            "key_usage": "SIGN_VERIFY",
            "multi_region": false,
            "policy": "{\"Statement\":[{\"Action\":[\"kms:GetPublicKey\",\"kms:Sign\"],\"Effect\":\"Allow\",\"Principal\":{\"AWS\":\"arn:aws:iam::803035318642:role/khalani-hyperlane-relayer-optimism-goerli\"},\"Resource\":\"*\"},{\"Action\":[\"kms:*\"],\"Effect\":\"Allow\",\"Principal\":{\"AWS\":\"arn:aws:iam::803035318642:root\"},\"Resource\":\"*\"}],\"Version\":\"2012-10-17\"}",
            "tags": {},
            "tags_all": {}
          },
          "sensitive_attributes": [],
          "private": "bnVsbA==",
          "dependencies": [
            "module.relayers.aws_iam_role.relayer_role"
          ]
        },
        {
          "index_key": "khalani-hyperlane-relayer-sepolia",
          "schema_version": 0,
          "attributes": {
            "arn": "arn:aws:kms:us-east-1:803035318642:key/366b6a01-b570-4012-825c-81bf16390789",
            "bypass_policy_lockout_safety_check": false,
            "custom_key_store_id": "",
            "customer_master_key_spec": "ECC_SECG_P256K1",
            "deletion_window_in_days": null,
            "description": "khalani-hyperlane-relayer-sepolia",
            "enable_key_rotation": false,
            "id": "366b6a01-b570-4012-825c-81bf16390789",
            "is_enabled": true,
            "key_id": "366b6a01-b570-4012-825c-81bf16390789",
            "key_usage": "SIGN_VERIFY",
            "multi_region": false,
            "policy": "{\"Statement\":[{\"Action\":[\"kms:GetPublicKey\",\"kms:Sign\"],\"Effect\":\"Allow\",\"Principal\":{\"AWS\":\"arn:aws:iam::803035318642:role/khalani-hyperlane-relayer-sepolia\"},\"Resource\":\"*\"},{\"Action\":[\"kms:*\"],\"Effect\":\"Allow\",\"Principal\":{\"AWS\":\"arn:aws:iam::803035318642:root\"},\"Resource\":\"*\"}],\"Version\":\"2012-10-17\"}",
            "tags": {},
            "tags_all": {}
          },
          "sensitive_attributes": [],
          "private": "bnVsbA==",
          "dependencies": [
            "module.relayers.aws_iam_role.relayer_role"
          ]
        }
      ]
    },
    {
      "module": "module.validators",
      "mode": "managed",
      "type": "aws_iam_role",
      "name": "validator_role",
      "provider": "provider[\"registry.terraform.io/hashicorp/aws\"]",
      "instances": [
        {
          "index_key": 0,
          "schema_version": 0,
          "attributes": {
            "arn": "arn:aws:iam::803035318642:role/khalani-hyperlane-validator-0",
            "assume_role_policy": "{\"Statement\":[{\"Action\":\"sts:AssumeRoleWithWebIdentity\",\"Condition\":{\"StringEquals\":{\"oidc.eks.us-east-1.amazonaws.com/id/32803539C78C654C14D84BD9DDB105D9:aud\":\"sts.amazonaws.com\",\"oidc.eks.us-east-1.amazonaws.com/id/32803539C78C654C14D84BD9DDB105D9:sub\":\"system:serviceaccount:hyperlane:khalani-hyperlane-validator-0\"}},\"Effect\":\"Allow\",\"Principal\":{\"Federated\":\"arn:aws:iam::803035318642:oidc-provider/oidc.eks.us-east-1.amazonaws.com/id/32803539C78C654C14D84BD9DDB105D9\"}}],\"Version\":\"2012-10-17\"}",
            "create_date": "2023-05-19T09:57:12Z",
            "description": "",
            "force_detach_policies": false,
            "id": "khalani-hyperlane-validator-0",
            "inline_policy": [],
            "managed_policy_arns": [],
            "max_session_duration": 3600,
            "name": "khalani-hyperlane-validator-0",
            "name_prefix": "",
            "path": "/",
            "permissions_boundary": null,
            "role_last_used": [
              {
                "last_used_date": "",
                "region": ""
              }
            ],
            "tags": {},
            "tags_all": {},
            "unique_id": "AROA3V6FCRFZOCDSW3CNF"
          },
          "sensitive_attributes": [],
          "private": "bnVsbA=="
        },
        {
          "index_key": 1,
          "schema_version": 0,
          "attributes": {
            "arn": "arn:aws:iam::803035318642:role/khalani-hyperlane-validator-1",
            "assume_role_policy": "{\"Statement\":[{\"Action\":\"sts:AssumeRoleWithWebIdentity\",\"Condition\":{\"StringEquals\":{\"oidc.eks.us-east-1.amazonaws.com/id/32803539C78C654C14D84BD9DDB105D9:aud\":\"sts.amazonaws.com\",\"oidc.eks.us-east-1.amazonaws.com/id/32803539C78C654C14D84BD9DDB105D9:sub\":\"system:serviceaccount:hyperlane:khalani-hyperlane-validator-1\"}},\"Effect\":\"Allow\",\"Principal\":{\"Federated\":\"arn:aws:iam::803035318642:oidc-provider/oidc.eks.us-east-1.amazonaws.com/id/32803539C78C654C14D84BD9DDB105D9\"}}],\"Version\":\"2012-10-17\"}",
            "create_date": "2023-05-19T09:57:12Z",
            "description": "",
            "force_detach_policies": false,
            "id": "khalani-hyperlane-validator-1",
            "inline_policy": [],
            "managed_policy_arns": [],
            "max_session_duration": 3600,
            "name": "khalani-hyperlane-validator-1",
            "name_prefix": "",
            "path": "/",
            "permissions_boundary": null,
            "role_last_used": [
              {
                "last_used_date": "",
                "region": ""
              }
            ],
            "tags": {},
            "tags_all": {},
            "unique_id": "AROA3V6FCRFZMYZNQO2XD"
          },
          "sensitive_attributes": [],
          "private": "bnVsbA=="
        },
        {
          "index_key": 2,
          "schema_version": 0,
          "attributes": {
            "arn": "arn:aws:iam::803035318642:role/khalani-hyperlane-validator-2",
            "assume_role_policy": "{\"Statement\":[{\"Action\":\"sts:AssumeRoleWithWebIdentity\",\"Condition\":{\"StringEquals\":{\"oidc.eks.us-east-1.amazonaws.com/id/32803539C78C654C14D84BD9DDB105D9:aud\":\"sts.amazonaws.com\",\"oidc.eks.us-east-1.amazonaws.com/id/32803539C78C654C14D84BD9DDB105D9:sub\":\"system:serviceaccount:hyperlane:khalani-hyperlane-validator-2\"}},\"Effect\":\"Allow\",\"Principal\":{\"Federated\":\"arn:aws:iam::803035318642:oidc-provider/oidc.eks.us-east-1.amazonaws.com/id/32803539C78C654C14D84BD9DDB105D9\"}}],\"Version\":\"2012-10-17\"}",
            "create_date": "2023-05-19T09:57:13Z",
            "description": "",
            "force_detach_policies": false,
            "id": "khalani-hyperlane-validator-2",
            "inline_policy": [],
            "managed_policy_arns": [],
            "max_session_duration": 3600,
            "name": "khalani-hyperlane-validator-2",
            "name_prefix": "",
            "path": "/",
            "permissions_boundary": null,
            "role_last_used": [
              {
                "last_used_date": "",
                "region": ""
              }
            ],
            "tags": {},
            "tags_all": {},
            "unique_id": "AROA3V6FCRFZCAEE4B3TE"
          },
          "sensitive_attributes": [],
          "private": "bnVsbA=="
        }
      ]
    },
    {
      "module": "module.validators",
      "mode": "managed",
      "type": "aws_kms_alias",
      "name": "validator_alias",
      "provider": "provider[\"registry.terraform.io/hashicorp/aws\"]",
      "instances": [
        {
          "index_key": 0,
          "schema_version": 0,
          "attributes": {
            "arn": "arn:aws:kms:us-east-1:803035318642:alias/khalani-hyperlane-validator-signer-0",
            "id": "alias/khalani-hyperlane-validator-signer-0",
            "name": "alias/khalani-hyperlane-validator-signer-0",
            "name_prefix": "",
            "target_key_arn": "arn:aws:kms:us-east-1:803035318642:key/dea61829-8c8e-4ec4-8d35-dddd11a729c6",
            "target_key_id": "dea61829-8c8e-4ec4-8d35-dddd11a729c6"
          },
          "sensitive_attributes": [],
          "private": "bnVsbA==",
          "dependencies": [
            "module.validators.aws_iam_role.validator_role",
            "module.validators.aws_kms_key.validator_key"
          ]
        },
        {
          "index_key": 1,
          "schema_version": 0,
          "attributes": {
            "arn": "arn:aws:kms:us-east-1:803035318642:alias/khalani-hyperlane-validator-signer-1",
            "id": "alias/khalani-hyperlane-validator-signer-1",
            "name": "alias/khalani-hyperlane-validator-signer-1",
            "name_prefix": "",
            "target_key_arn": "arn:aws:kms:us-east-1:803035318642:key/a6abc8b7-144a-44ee-9e4d-21374b3a5cc0",
            "target_key_id": "a6abc8b7-144a-44ee-9e4d-21374b3a5cc0"
          },
          "sensitive_attributes": [],
          "private": "bnVsbA==",
          "dependencies": [
            "module.validators.aws_iam_role.validator_role",
            "module.validators.aws_kms_key.validator_key"
          ]
        },
        {
          "index_key": 2,
          "schema_version": 0,
          "attributes": {
            "arn": "arn:aws:kms:us-east-1:803035318642:alias/khalani-hyperlane-validator-signer-2",
            "id": "alias/khalani-hyperlane-validator-signer-2",
            "name": "alias/khalani-hyperlane-validator-signer-2",
            "name_prefix": "",
            "target_key_arn": "arn:aws:kms:us-east-1:803035318642:key/7345f580-f733-4bb2-9bcb-196d08ff9a1e",
            "target_key_id": "7345f580-f733-4bb2-9bcb-196d08ff9a1e"
          },
          "sensitive_attributes": [],
          "private": "bnVsbA==",
          "dependencies": [
            "module.validators.aws_iam_role.validator_role",
            "module.validators.aws_kms_key.validator_key"
          ]
        }
      ]
    },
    {
      "module": "module.validators",
      "mode": "managed",
      "type": "aws_kms_key",
      "name": "validator_key",
      "provider": "provider[\"registry.terraform.io/hashicorp/aws\"]",
      "instances": [
        {
          "index_key": 0,
          "schema_version": 0,
          "attributes": {
            "arn": "arn:aws:kms:us-east-1:803035318642:key/dea61829-8c8e-4ec4-8d35-dddd11a729c6",
            "bypass_policy_lockout_safety_check": false,
            "custom_key_store_id": "",
            "customer_master_key_spec": "ECC_SECG_P256K1",
            "deletion_window_in_days": null,
            "description": "alias/khalani-hyperlane-validator-signer-0",
            "enable_key_rotation": false,
            "id": "dea61829-8c8e-4ec4-8d35-dddd11a729c6",
            "is_enabled": true,
            "key_id": "dea61829-8c8e-4ec4-8d35-dddd11a729c6",
            "key_usage": "SIGN_VERIFY",
            "multi_region": false,
            "policy": "{\"Statement\":[{\"Action\":[\"kms:GetPublicKey\",\"kms:Sign\"],\"Effect\":\"Allow\",\"Principal\":{\"AWS\":\"arn:aws:iam::803035318642:role/khalani-hyperlane-validator-0\"},\"Resource\":\"*\"},{\"Action\":[\"kms:*\"],\"Effect\":\"Allow\",\"Principal\":{\"AWS\":\"arn:aws:iam::803035318642:root\"},\"Resource\":\"*\"}],\"Version\":\"2012-10-17\"}",
            "tags": {},
            "tags_all": {}
          },
          "sensitive_attributes": [],
          "private": "bnVsbA==",
          "dependencies": [
            "module.validators.aws_iam_role.validator_role"
          ]
        },
        {
          "index_key": 1,
          "schema_version": 0,
          "attributes": {
            "arn": "arn:aws:kms:us-east-1:803035318642:key/a6abc8b7-144a-44ee-9e4d-21374b3a5cc0",
            "bypass_policy_lockout_safety_check": false,
            "custom_key_store_id": "",
            "customer_master_key_spec": "ECC_SECG_P256K1",
            "deletion_window_in_days": null,
            "description": "alias/khalani-hyperlane-validator-signer-1",
            "enable_key_rotation": false,
            "id": "a6abc8b7-144a-44ee-9e4d-21374b3a5cc0",
            "is_enabled": true,
            "key_id": "a6abc8b7-144a-44ee-9e4d-21374b3a5cc0",
            "key_usage": "SIGN_VERIFY",
            "multi_region": false,
            "policy": "{\"Statement\":[{\"Action\":[\"kms:GetPublicKey\",\"kms:Sign\"],\"Effect\":\"Allow\",\"Principal\":{\"AWS\":\"arn:aws:iam::803035318642:role/khalani-hyperlane-validator-1\"},\"Resource\":\"*\"},{\"Action\":[\"kms:*\"],\"Effect\":\"Allow\",\"Principal\":{\"AWS\":\"arn:aws:iam::803035318642:root\"},\"Resource\":\"*\"}],\"Version\":\"2012-10-17\"}",
            "tags": {},
            "tags_all": {}
          },
          "sensitive_attributes": [],
          "private": "bnVsbA==",
          "dependencies": [
            "module.validators.aws_iam_role.validator_role"
          ]
        },
        {
          "index_key": 2,
          "schema_version": 0,
          "attributes": {
            "arn": "arn:aws:kms:us-east-1:803035318642:key/7345f580-f733-4bb2-9bcb-196d08ff9a1e",
            "bypass_policy_lockout_safety_check": false,
            "custom_key_store_id": "",
            "customer_master_key_spec": "ECC_SECG_P256K1",
            "deletion_window_in_days": null,
            "description": "alias/khalani-hyperlane-validator-signer-2",
            "enable_key_rotation": false,
            "id": "7345f580-f733-4bb2-9bcb-196d08ff9a1e",
            "is_enabled": true,
            "key_id": "7345f580-f733-4bb2-9bcb-196d08ff9a1e",
            "key_usage": "SIGN_VERIFY",
            "multi_region": false,
            "policy": "{\"Statement\":[{\"Action\":[\"kms:GetPublicKey\",\"kms:Sign\"],\"Effect\":\"Allow\",\"Principal\":{\"AWS\":\"arn:aws:iam::803035318642:role/khalani-hyperlane-validator-2\"},\"Resource\":\"*\"},{\"Action\":[\"kms:*\"],\"Effect\":\"Allow\",\"Principal\":{\"AWS\":\"arn:aws:iam::803035318642:root\"},\"Resource\":\"*\"}],\"Version\":\"2012-10-17\"}",
            "tags": {},
            "tags_all": {}
          },
          "sensitive_attributes": [],
          "private": "bnVsbA==",
          "dependencies": [
            "module.validators.aws_iam_role.validator_role"
          ]
        }
      ]
    },
    {
      "module": "module.validators",
      "mode": "managed",
      "type": "aws_s3_bucket",
      "name": "bucket",
      "provider": "provider[\"registry.terraform.io/hashicorp/aws\"]",
      "instances": [
        {
          "index_key": 0,
          "schema_version": 0,
          "attributes": {
            "acceleration_status": "",
            "acl": null,
            "arn": "arn:aws:s3:::khalani-validator-signatures-0",
            "bucket": "khalani-validator-signatures-0",
            "bucket_domain_name": "khalani-validator-signatures-0.s3.amazonaws.com",
            "bucket_prefix": "",
            "bucket_regional_domain_name": "khalani-validator-signatures-0.s3.amazonaws.com",
            "cors_rule": [],
            "force_destroy": false,
            "grant": [
              {
                "id": "3bc8cf0784d7e39ed7d4259e44a9686c524e8228cf8e9ff743c0e9b5dfc563d4",
                "permissions": [
                  "FULL_CONTROL"
                ],
                "type": "CanonicalUser",
                "uri": ""
              }
            ],
            "hosted_zone_id": "Z3AQBSTGFYJSTF",
            "id": "khalani-validator-signatures-0",
            "lifecycle_rule": [],
            "logging": [],
            "object_lock_configuration": [],
            "object_lock_enabled": false,
            "policy": "{\"Statement\":[{\"Action\":[\"s3:GetObject\",\"s3:ListBucket\"],\"Effect\":\"Allow\",\"Principal\":\"*\",\"Resource\":[\"arn:aws:s3:::khalani-validator-signatures-0\",\"arn:aws:s3:::khalani-validator-signatures-0/*\"]},{\"Action\":[\"s3:DeleteObject\",\"s3:PutObject\"],\"Effect\":\"Allow\",\"Principal\":{\"AWS\":\"arn:aws:iam::803035318642:role/khalani-hyperlane-validator-0\"},\"Resource\":\"arn:aws:s3:::khalani-validator-signatures-0/*\"}],\"Version\":\"2012-10-17\"}",
            "region": "us-east-1",
            "replication_configuration": [],
            "request_payer": "BucketOwner",
            "server_side_encryption_configuration": [
              {
                "rule": [
                  {
                    "apply_server_side_encryption_by_default": [
                      {
                        "kms_master_key_id": "",
                        "sse_algorithm": "AES256"
                      }
                    ],
                    "bucket_key_enabled": false
                  }
                ]
              }
            ],
            "tags": {},
            "tags_all": {},
            "timeouts": null,
            "versioning": [
              {
                "enabled": false,
                "mfa_delete": false
              }
            ],
            "website": [],
            "website_domain": null,
            "website_endpoint": null
          },
          "sensitive_attributes": [],
          "private": "eyJlMmJmYjczMC1lY2FhLTExZTYtOGY4OC0zNDM2M2JjN2M0YzAiOnsiY3JlYXRlIjoxMjAwMDAwMDAwMDAwLCJkZWxldGUiOjM2MDAwMDAwMDAwMDAsInJlYWQiOjEyMDAwMDAwMDAwMDAsInVwZGF0ZSI6MTIwMDAwMDAwMDAwMH19"
        },
        {
          "index_key": 1,
          "schema_version": 0,
          "attributes": {
            "acceleration_status": "",
            "acl": null,
            "arn": "arn:aws:s3:::khalani-validator-signatures-1",
            "bucket": "khalani-validator-signatures-1",
            "bucket_domain_name": "khalani-validator-signatures-1.s3.amazonaws.com",
            "bucket_prefix": "",
            "bucket_regional_domain_name": "khalani-validator-signatures-1.s3.amazonaws.com",
            "cors_rule": [],
            "force_destroy": false,
            "grant": [
              {
                "id": "3bc8cf0784d7e39ed7d4259e44a9686c524e8228cf8e9ff743c0e9b5dfc563d4",
                "permissions": [
                  "FULL_CONTROL"
                ],
                "type": "CanonicalUser",
                "uri": ""
              }
            ],
            "hosted_zone_id": "Z3AQBSTGFYJSTF",
            "id": "khalani-validator-signatures-1",
            "lifecycle_rule": [],
            "logging": [],
            "object_lock_configuration": [],
            "object_lock_enabled": false,
            "policy": "{\"Statement\":[{\"Action\":[\"s3:GetObject\",\"s3:ListBucket\"],\"Effect\":\"Allow\",\"Principal\":\"*\",\"Resource\":[\"arn:aws:s3:::khalani-validator-signatures-1\",\"arn:aws:s3:::khalani-validator-signatures-1/*\"]},{\"Action\":[\"s3:DeleteObject\",\"s3:PutObject\"],\"Effect\":\"Allow\",\"Principal\":{\"AWS\":\"arn:aws:iam::803035318642:role/khalani-hyperlane-validator-1\"},\"Resource\":\"arn:aws:s3:::khalani-validator-signatures-1/*\"}],\"Version\":\"2012-10-17\"}",
            "region": "us-east-1",
            "replication_configuration": [],
            "request_payer": "BucketOwner",
            "server_side_encryption_configuration": [
              {
                "rule": [
                  {
                    "apply_server_side_encryption_by_default": [
                      {
                        "kms_master_key_id": "",
                        "sse_algorithm": "AES256"
                      }
                    ],
                    "bucket_key_enabled": false
                  }
                ]
              }
            ],
            "tags": {},
            "tags_all": {},
            "timeouts": null,
            "versioning": [
              {
                "enabled": false,
                "mfa_delete": false
              }
            ],
            "website": [],
            "website_domain": null,
            "website_endpoint": null
          },
          "sensitive_attributes": [],
          "private": "eyJlMmJmYjczMC1lY2FhLTExZTYtOGY4OC0zNDM2M2JjN2M0YzAiOnsiY3JlYXRlIjoxMjAwMDAwMDAwMDAwLCJkZWxldGUiOjM2MDAwMDAwMDAwMDAsInJlYWQiOjEyMDAwMDAwMDAwMDAsInVwZGF0ZSI6MTIwMDAwMDAwMDAwMH19"
        },
        {
          "index_key": 2,
          "schema_version": 0,
          "attributes": {
            "acceleration_status": "",
            "acl": null,
            "arn": "arn:aws:s3:::khalani-validator-signatures-2",
            "bucket": "khalani-validator-signatures-2",
            "bucket_domain_name": "khalani-validator-signatures-2.s3.amazonaws.com",
            "bucket_prefix": "",
            "bucket_regional_domain_name": "khalani-validator-signatures-2.s3.amazonaws.com",
            "cors_rule": [],
            "force_destroy": false,
            "grant": [
              {
                "id": "3bc8cf0784d7e39ed7d4259e44a9686c524e8228cf8e9ff743c0e9b5dfc563d4",
                "permissions": [
                  "FULL_CONTROL"
                ],
                "type": "CanonicalUser",
                "uri": ""
              }
            ],
            "hosted_zone_id": "Z3AQBSTGFYJSTF",
            "id": "khalani-validator-signatures-2",
            "lifecycle_rule": [],
            "logging": [],
            "object_lock_configuration": [],
            "object_lock_enabled": false,
            "policy": "{\"Statement\":[{\"Action\":[\"s3:GetObject\",\"s3:ListBucket\"],\"Effect\":\"Allow\",\"Principal\":\"*\",\"Resource\":[\"arn:aws:s3:::khalani-validator-signatures-2\",\"arn:aws:s3:::khalani-validator-signatures-2/*\"]},{\"Action\":[\"s3:DeleteObject\",\"s3:PutObject\"],\"Effect\":\"Allow\",\"Principal\":{\"AWS\":\"arn:aws:iam::803035318642:role/khalani-hyperlane-validator-2\"},\"Resource\":\"arn:aws:s3:::khalani-validator-signatures-2/*\"}],\"Version\":\"2012-10-17\"}",
            "region": "us-east-1",
            "replication_configuration": [],
            "request_payer": "BucketOwner",
            "server_side_encryption_configuration": [
              {
                "rule": [
                  {
                    "apply_server_side_encryption_by_default": [
                      {
                        "kms_master_key_id": "",
                        "sse_algorithm": "AES256"
                      }
                    ],
                    "bucket_key_enabled": false
                  }
                ]
              }
            ],
            "tags": {},
            "tags_all": {},
            "timeouts": null,
            "versioning": [
              {
                "enabled": false,
                "mfa_delete": false
              }
            ],
            "website": [],
            "website_domain": null,
            "website_endpoint": null
          },
          "sensitive_attributes": [],
          "private": "eyJlMmJmYjczMC1lY2FhLTExZTYtOGY4OC0zNDM2M2JjN2M0YzAiOnsiY3JlYXRlIjoxMjAwMDAwMDAwMDAwLCJkZWxldGUiOjM2MDAwMDAwMDAwMDAsInJlYWQiOjEyMDAwMDAwMDAwMDAsInVwZGF0ZSI6MTIwMDAwMDAwMDAwMH19"
        }
      ]
    },
    {
      "module": "module.validators",
      "mode": "managed",
      "type": "aws_s3_bucket_policy",
      "name": "bucket_policy",
      "provider": "provider[\"registry.terraform.io/hashicorp/aws\"]",
      "instances": [
        {
          "index_key": 0,
          "schema_version": 0,
          "attributes": {
            "bucket": "khalani-validator-signatures-0",
            "id": "khalani-validator-signatures-0",
            "policy": "{\"Statement\":[{\"Action\":[\"s3:GetObject\",\"s3:ListBucket\"],\"Effect\":\"Allow\",\"Principal\":\"*\",\"Resource\":[\"arn:aws:s3:::khalani-validator-signatures-0\",\"arn:aws:s3:::khalani-validator-signatures-0/*\"]},{\"Action\":[\"s3:DeleteObject\",\"s3:PutObject\"],\"Effect\":\"Allow\",\"Principal\":{\"AWS\":\"arn:aws:iam::803035318642:role/khalani-hyperlane-validator-0\"},\"Resource\":\"arn:aws:s3:::khalani-validator-signatures-0/*\"}],\"Version\":\"2012-10-17\"}"
          },
          "sensitive_attributes": [],
          "private": "bnVsbA==",
          "dependencies": [
            "module.validators.aws_iam_role.validator_role",
            "module.validators.aws_s3_bucket.bucket"
          ]
        },
        {
          "index_key": 1,
          "schema_version": 0,
          "attributes": {
            "bucket": "khalani-validator-signatures-1",
            "id": "khalani-validator-signatures-1",
            "policy": "{\"Statement\":[{\"Action\":[\"s3:GetObject\",\"s3:ListBucket\"],\"Effect\":\"Allow\",\"Principal\":\"*\",\"Resource\":[\"arn:aws:s3:::khalani-validator-signatures-1\",\"arn:aws:s3:::khalani-validator-signatures-1/*\"]},{\"Action\":[\"s3:DeleteObject\",\"s3:PutObject\"],\"Effect\":\"Allow\",\"Principal\":{\"AWS\":\"arn:aws:iam::803035318642:role/khalani-hyperlane-validator-1\"},\"Resource\":\"arn:aws:s3:::khalani-validator-signatures-1/*\"}],\"Version\":\"2012-10-17\"}"
          },
          "sensitive_attributes": [],
          "private": "bnVsbA==",
          "dependencies": [
            "module.validators.aws_iam_role.validator_role",
            "module.validators.aws_s3_bucket.bucket"
          ]
        },
        {
          "index_key": 2,
          "schema_version": 0,
          "attributes": {
            "bucket": "khalani-validator-signatures-2",
            "id": "khalani-validator-signatures-2",
            "policy": "{\"Statement\":[{\"Action\":[\"s3:GetObject\",\"s3:ListBucket\"],\"Effect\":\"Allow\",\"Principal\":\"*\",\"Resource\":[\"arn:aws:s3:::khalani-validator-signatures-2\",\"arn:aws:s3:::khalani-validator-signatures-2/*\"]},{\"Action\":[\"s3:DeleteObject\",\"s3:PutObject\"],\"Effect\":\"Allow\",\"Principal\":{\"AWS\":\"arn:aws:iam::803035318642:role/khalani-hyperlane-validator-2\"},\"Resource\":\"arn:aws:s3:::khalani-validator-signatures-2/*\"}],\"Version\":\"2012-10-17\"}"
          },
          "sensitive_attributes": [],
          "private": "bnVsbA==",
          "dependencies": [
            "module.validators.aws_iam_role.validator_role",
            "module.validators.aws_s3_bucket.bucket"
          ]
        }
      ]
    },
    {
      "module": "module.validators",
      "mode": "managed",
      "type": "aws_s3_bucket_public_access_block",
      "name": "s3_public_access_block",
      "provider": "provider[\"registry.terraform.io/hashicorp/aws\"]",
      "instances": [
        {
          "index_key": 0,
          "schema_version": 0,
          "attributes": {
            "block_public_acls": false,
            "block_public_policy": false,
            "bucket": "khalani-validator-signatures-0",
            "id": "khalani-validator-signatures-0",
            "ignore_public_acls": false,
            "restrict_public_buckets": false
          },
          "sensitive_attributes": [],
          "private": "bnVsbA=="
        },
        {
          "index_key": 1,
          "schema_version": 0,
          "attributes": {
            "block_public_acls": false,
            "block_public_policy": false,
            "bucket": "khalani-validator-signatures-1",
            "id": "khalani-validator-signatures-1",
            "ignore_public_acls": false,
            "restrict_public_buckets": false
          },
          "sensitive_attributes": [],
          "private": "bnVsbA=="
        },
        {
          "index_key": 2,
          "schema_version": 0,
          "attributes": {
            "block_public_acls": false,
            "block_public_policy": false,
            "bucket": "khalani-validator-signatures-2",
            "id": "khalani-validator-signatures-2",
            "ignore_public_acls": false,
            "restrict_public_buckets": false
          },
          "sensitive_attributes": [],
          "private": "bnVsbA=="
        }
      ]
    }
  ],
  "check_results": null
}
